{
    "version": 3,
    "terraform_version": "0.9.3",
    "serial": 30,
    "lineage": "c14154a6-b90c-40ad-bb9c-5587d07abe8d",
    "modules": [
        {
            "path": [
                "root"
            ],
            "outputs": {
                "db-server": {
                    "sensitive": false,
                    "type": "string",
                    "value": "192.168.0.14"
                },
                "job-queue": {
                    "sensitive": false,
                    "type": "string",
                    "value": "192.168.0.18"
                },
                "salt-master": {
                    "sensitive": false,
                    "type": "string",
                    "value": "192.168.0.9"
                },
                "tracker": {
                    "sensitive": false,
                    "type": "string",
                    "value": "192.168.0.15"
                },
                "worker-0": {
                    "sensitive": false,
                    "type": "string",
                    "value": "192.168.0.34"
                },
                "worker-1": {
                    "sensitive": false,
                    "type": "string",
                    "value": "192.168.0.26"
                },
                "worker-2": {
                    "sensitive": false,
                    "type": "string",
                    "value": "192.168.0.26"
                }
            },
            "resources": {
                "null_resource.hostnames": {
                    "type": "null_resource",
                    "depends_on": [
                        "openstack_compute_instance_v2.db-server",
                        "openstack_compute_instance_v2.job-queue",
                        "openstack_compute_instance_v2.salt-master",
                        "openstack_compute_instance_v2.tracker",
                        "openstack_compute_instance_v2.worker"
                    ],
                    "primary": {
                        "id": "6457932077875634596",
                        "attributes": {
                            "id": "6457932077875634596"
                        },
                        "meta": {},
                        "tainted": false
                    },
                    "deposed": [],
                    "provider": ""
                },
                "null_resource.masterip": {
                    "type": "null_resource",
                    "depends_on": [
                        "openstack_compute_instance_v2.salt-master"
                    ],
                    "primary": {
                        "id": "1989151047958578215",
                        "attributes": {
                            "id": "1989151047958578215",
                            "triggers.%": "1",
                            "triggers.address": "192.168.0.9"
                        },
                        "meta": {},
                        "tainted": false
                    },
                    "deposed": [],
                    "provider": ""
                },
                "openstack_compute_instance_v2.db-server": {
                    "type": "openstack_compute_instance_v2",
                    "depends_on": [
                        "null_resource.masterip",
                        "openstack_compute_instance_v2.salt-master",
                        "openstack_compute_secgroup_v2.allow-traffic"
                    ],
                    "primary": {
                        "id": "27068339-9954-4173-909f-5dbd34f5f223",
                        "attributes": {
                            "access_ip_v4": "192.168.0.14",
                            "access_ip_v6": "",
                            "all_metadata.%": "0",
                            "availability_zone": "AZ_1",
                            "flavor_id": "16",
                            "flavor_name": "s1.massive",
                            "force_delete": "false",
                            "id": "27068339-9954-4173-909f-5dbd34f5f223",
                            "image_id": "38618faa-3e30-454d-8166-7cfb2316548c",
                            "image_name": "butler_base",
                            "key_pair": "sergei",
                            "name": "butler-db-server",
                            "network.#": "1",
                            "network.0.access_network": "false",
                            "network.0.fixed_ip_v4": "192.168.0.14",
                            "network.0.fixed_ip_v6": "",
                            "network.0.floating_ip": "",
                            "network.0.mac": "fa:16:3e:f8:38:8a",
                            "network.0.name": "Germline_private",
                            "network.0.port": "",
                            "network.0.uuid": "3a8dbb6c-f1fb-48e7-9baa-82a2ab74e4e8",
                            "security_groups.#": "2",
                            "security_groups.200482051": "internal",
                            "security_groups.2299581210": "butler-firewall",
                            "stop_before_destroy": "false",
                            "volume.#": "0"
                        },
                        "meta": {
                            "e2bfb730-ecaa-11e6-8f88-34363bc7c4c0": {
                                "create": 1800000000000,
                                "delete": 1800000000000,
                                "update": 1800000000000
                            }
                        },
                        "tainted": false
                    },
                    "deposed": [],
                    "provider": ""
                },
                "openstack_compute_instance_v2.job-queue": {
                    "type": "openstack_compute_instance_v2",
                    "depends_on": [
                        "null_resource.masterip",
                        "openstack_compute_instance_v2.salt-master",
                        "openstack_compute_secgroup_v2.allow-traffic"
                    ],
                    "primary": {
                        "id": "d9877d2b-8323-45a1-9275-45b26a696c36",
                        "attributes": {
                            "access_ip_v4": "192.168.0.18",
                            "access_ip_v6": "",
                            "all_metadata.%": "0",
                            "availability_zone": "AZ_1",
                            "flavor_id": "16",
                            "flavor_name": "s1.massive",
                            "force_delete": "false",
                            "id": "d9877d2b-8323-45a1-9275-45b26a696c36",
                            "image_id": "38618faa-3e30-454d-8166-7cfb2316548c",
                            "image_name": "butler_base",
                            "key_pair": "sergei",
                            "name": "butler-job-queue",
                            "network.#": "1",
                            "network.0.access_network": "false",
                            "network.0.fixed_ip_v4": "192.168.0.18",
                            "network.0.fixed_ip_v6": "",
                            "network.0.floating_ip": "",
                            "network.0.mac": "fa:16:3e:3e:28:f9",
                            "network.0.name": "Germline_private",
                            "network.0.port": "",
                            "network.0.uuid": "3a8dbb6c-f1fb-48e7-9baa-82a2ab74e4e8",
                            "security_groups.#": "2",
                            "security_groups.200482051": "internal",
                            "security_groups.2299581210": "butler-firewall",
                            "stop_before_destroy": "false",
                            "volume.#": "0"
                        },
                        "meta": {
                            "e2bfb730-ecaa-11e6-8f88-34363bc7c4c0": {
                                "create": 1800000000000,
                                "delete": 1800000000000,
                                "update": 1800000000000
                            }
                        },
                        "tainted": false
                    },
                    "deposed": [],
                    "provider": ""
                },
                "openstack_compute_instance_v2.salt-master": {
                    "type": "openstack_compute_instance_v2",
                    "depends_on": [
                        "openstack_compute_secgroup_v2.allow-traffic"
                    ],
                    "primary": {
                        "id": "077a1583-f7b6-4dfc-9165-ae196c769690",
                        "attributes": {
                            "access_ip_v4": "192.168.0.9",
                            "access_ip_v6": "",
                            "all_metadata.%": "0",
                            "availability_zone": "AZ_1",
                            "flavor_id": "14",
                            "flavor_name": "s1.large",
                            "force_delete": "false",
                            "id": "077a1583-f7b6-4dfc-9165-ae196c769690",
                            "image_id": "38618faa-3e30-454d-8166-7cfb2316548c",
                            "image_name": "butler_base",
                            "key_pair": "sergei",
                            "name": "butler-salt-master",
                            "network.#": "1",
                            "network.0.access_network": "false",
                            "network.0.fixed_ip_v4": "192.168.0.9",
                            "network.0.fixed_ip_v6": "",
                            "network.0.floating_ip": "",
                            "network.0.mac": "fa:16:3e:53:20:0e",
                            "network.0.name": "Germline_private",
                            "network.0.port": "",
                            "network.0.uuid": "3a8dbb6c-f1fb-48e7-9baa-82a2ab74e4e8",
                            "security_groups.#": "2",
                            "security_groups.200482051": "internal",
                            "security_groups.2299581210": "butler-firewall",
                            "stop_before_destroy": "false",
                            "volume.#": "0"
                        },
                        "meta": {
                            "e2bfb730-ecaa-11e6-8f88-34363bc7c4c0": {
                                "create": 1800000000000,
                                "delete": 1800000000000,
                                "update": 1800000000000
                            }
                        },
                        "tainted": false
                    },
                    "deposed": [],
                    "provider": ""
                },
                "openstack_compute_instance_v2.tracker": {
                    "type": "openstack_compute_instance_v2",
                    "depends_on": [
                        "null_resource.masterip",
                        "openstack_compute_instance_v2.salt-master",
                        "openstack_compute_secgroup_v2.allow-traffic"
                    ],
                    "primary": {
                        "id": "9abff20f-9775-44fd-8778-ce5d66c48082",
                        "attributes": {
                            "access_ip_v4": "192.168.0.15",
                            "access_ip_v6": "",
                            "all_metadata.%": "0",
                            "availability_zone": "AZ_1",
                            "flavor_id": "16",
                            "flavor_name": "s1.massive",
                            "force_delete": "false",
                            "id": "9abff20f-9775-44fd-8778-ce5d66c48082",
                            "image_id": "38618faa-3e30-454d-8166-7cfb2316548c",
                            "image_name": "butler_base",
                            "key_pair": "sergei",
                            "name": "butler-tracker",
                            "network.#": "4",
                            "network.0.access_network": "false",
                            "network.0.fixed_ip_v4": "192.168.0.15",
                            "network.0.fixed_ip_v6": "",
                            "network.0.floating_ip": "",
                            "network.0.mac": "fa:16:3e:9a:84:ea",
                            "network.0.name": "Germline_private",
                            "network.0.port": "",
                            "network.0.uuid": "3a8dbb6c-f1fb-48e7-9baa-82a2ab74e4e8",
                            "network.1.access_network": "false",
                            "network.1.fixed_ip_v4": "10.35.104.5",
                            "network.1.fixed_ip_v6": "",
                            "network.1.floating_ip": "",
                            "network.1.mac": "fa:16:3e:1a:52:f8",
                            "network.1.name": "GNOS-readonly",
                            "network.1.port": "",
                            "network.1.uuid": "57e634e1-b42e-4d2c-ac4d-d8236b872a5c",
                            "network.2.access_network": "false",
                            "network.2.fixed_ip_v4": "10.35.105.10",
                            "network.2.fixed_ip_v6": "",
                            "network.2.floating_ip": "",
                            "network.2.mac": "fa:16:3e:2c:bd:88",
                            "network.2.name": "net_provider_vlan3105",
                            "network.2.port": "",
                            "network.2.uuid": "b200d942-b472-4409-885f-6b6f7bcf5691",
                            "network.3.access_network": "false",
                            "network.3.fixed_ip_v4": "10.35.110.13",
                            "network.3.fixed_ip_v6": "",
                            "network.3.floating_ip": "",
                            "network.3.mac": "fa:16:3e:ff:6a:ee",
                            "network.3.name": "net_provider_vlan3110",
                            "network.3.port": "",
                            "network.3.uuid": "6058aeb3-633f-4b2d-8726-b8e5514ccbb6",
                            "security_groups.#": "2",
                            "security_groups.200482051": "internal",
                            "security_groups.2299581210": "butler-firewall",
                            "stop_before_destroy": "false",
                            "volume.#": "0"
                        },
                        "meta": {
                            "e2bfb730-ecaa-11e6-8f88-34363bc7c4c0": {
                                "create": 1800000000000,
                                "delete": 1800000000000,
                                "update": 1800000000000
                            }
                        },
                        "tainted": false
                    },
                    "deposed": [],
                    "provider": ""
                },
                "openstack_compute_instance_v2.worker.0": {
                    "type": "openstack_compute_instance_v2",
                    "depends_on": [
                        "null_resource.masterip",
                        "openstack_compute_instance_v2.salt-master",
                        "openstack_compute_secgroup_v2.allow-traffic"
                    ],
                    "primary": {
                        "id": "6c9410a9-ab59-4179-94b7-d4739ae85dfc",
                        "attributes": {
                            "access_ip_v4": "192.168.0.34",
                            "access_ip_v6": "",
                            "all_metadata.%": "0",
                            "availability_zone": "AZ_1",
                            "flavor_id": "17",
                            "flavor_name": "s1.gargantuan",
                            "force_delete": "false",
                            "id": "6c9410a9-ab59-4179-94b7-d4739ae85dfc",
                            "image_id": "38618faa-3e30-454d-8166-7cfb2316548c",
                            "image_name": "butler_base",
                            "key_pair": "sergei",
                            "name": "butler-worker-0",
                            "network.#": "4",
                            "network.0.access_network": "false",
                            "network.0.fixed_ip_v4": "192.168.0.34",
                            "network.0.fixed_ip_v6": "",
                            "network.0.floating_ip": "",
                            "network.0.mac": "fa:16:3e:f9:20:26",
                            "network.0.name": "Germline_private",
                            "network.0.port": "",
                            "network.0.uuid": "3a8dbb6c-f1fb-48e7-9baa-82a2ab74e4e8",
                            "network.1.access_network": "false",
                            "network.1.fixed_ip_v4": "10.35.104.29",
                            "network.1.fixed_ip_v6": "",
                            "network.1.floating_ip": "",
                            "network.1.mac": "fa:16:3e:4a:6a:58",
                            "network.1.name": "GNOS-readonly",
                            "network.1.port": "",
                            "network.1.uuid": "57e634e1-b42e-4d2c-ac4d-d8236b872a5c",
                            "network.2.access_network": "false",
                            "network.2.fixed_ip_v4": "10.35.105.35",
                            "network.2.fixed_ip_v6": "",
                            "network.2.floating_ip": "",
                            "network.2.mac": "fa:16:3e:71:fd:e3",
                            "network.2.name": "net_provider_vlan3105",
                            "network.2.port": "",
                            "network.2.uuid": "b200d942-b472-4409-885f-6b6f7bcf5691",
                            "network.3.access_network": "false",
                            "network.3.fixed_ip_v4": "10.35.110.16",
                            "network.3.fixed_ip_v6": "",
                            "network.3.floating_ip": "",
                            "network.3.mac": "fa:16:3e:12:ed:d4",
                            "network.3.name": "net_provider_vlan3110",
                            "network.3.port": "",
                            "network.3.uuid": "6058aeb3-633f-4b2d-8726-b8e5514ccbb6",
                            "security_groups.#": "2",
                            "security_groups.200482051": "internal",
                            "security_groups.2299581210": "butler-firewall",
                            "stop_before_destroy": "false",
                            "volume.#": "0"
                        },
                        "meta": {
                            "e2bfb730-ecaa-11e6-8f88-34363bc7c4c0": {
                                "create": 1800000000000,
                                "delete": 1800000000000,
                                "update": 1800000000000
                            }
                        },
                        "tainted": false
                    },
                    "deposed": [],
                    "provider": ""
                },
                "openstack_compute_instance_v2.worker.1": {
                    "type": "openstack_compute_instance_v2",
                    "depends_on": [
                        "null_resource.masterip",
                        "openstack_compute_instance_v2.salt-master",
                        "openstack_compute_secgroup_v2.allow-traffic"
                    ],
                    "primary": {
                        "id": "161af2b2-f950-400e-a64b-0f61c839a8fc",
                        "attributes": {
                            "access_ip_v4": "192.168.0.26",
                            "access_ip_v6": "",
                            "all_metadata.%": "0",
                            "availability_zone": "AZ_1",
                            "flavor_id": "17",
                            "flavor_name": "s1.gargantuan",
                            "force_delete": "false",
                            "id": "161af2b2-f950-400e-a64b-0f61c839a8fc",
                            "image_id": "38618faa-3e30-454d-8166-7cfb2316548c",
                            "image_name": "butler_base",
                            "key_pair": "sergei",
                            "name": "butler-worker-1",
                            "network.#": "4",
                            "network.0.access_network": "false",
                            "network.0.fixed_ip_v4": "192.168.0.26",
                            "network.0.fixed_ip_v6": "",
                            "network.0.floating_ip": "",
                            "network.0.mac": "fa:16:3e:62:5a:8f",
                            "network.0.name": "Germline_private",
                            "network.0.port": "",
                            "network.0.uuid": "3a8dbb6c-f1fb-48e7-9baa-82a2ab74e4e8",
                            "network.1.access_network": "false",
                            "network.1.fixed_ip_v4": "10.35.104.25",
                            "network.1.fixed_ip_v6": "",
                            "network.1.floating_ip": "",
                            "network.1.mac": "fa:16:3e:89:4e:0a",
                            "network.1.name": "GNOS-readonly",
                            "network.1.port": "",
                            "network.1.uuid": "57e634e1-b42e-4d2c-ac4d-d8236b872a5c",
                            "network.2.access_network": "false",
                            "network.2.fixed_ip_v4": "10.35.105.18",
                            "network.2.fixed_ip_v6": "",
                            "network.2.floating_ip": "",
                            "network.2.mac": "fa:16:3e:3f:19:9c",
                            "network.2.name": "net_provider_vlan3105",
                            "network.2.port": "",
                            "network.2.uuid": "b200d942-b472-4409-885f-6b6f7bcf5691",
                            "network.3.access_network": "false",
                            "network.3.fixed_ip_v4": "10.35.110.20",
                            "network.3.fixed_ip_v6": "",
                            "network.3.floating_ip": "",
                            "network.3.mac": "fa:16:3e:d4:47:0e",
                            "network.3.name": "net_provider_vlan3110",
                            "network.3.port": "",
                            "network.3.uuid": "6058aeb3-633f-4b2d-8726-b8e5514ccbb6",
                            "security_groups.#": "2",
                            "security_groups.200482051": "internal",
                            "security_groups.2299581210": "butler-firewall",
                            "stop_before_destroy": "false",
                            "volume.#": "0"
                        },
                        "meta": {
                            "e2bfb730-ecaa-11e6-8f88-34363bc7c4c0": {
                                "create": 1800000000000,
                                "delete": 1800000000000,
                                "update": 1800000000000
                            }
                        },
                        "tainted": false
                    },
                    "deposed": [],
                    "provider": ""
                },
                "openstack_compute_instance_v2.worker.10": {
                    "type": "openstack_compute_instance_v2",
                    "depends_on": [
                        "null_resource.masterip",
                        "openstack_compute_instance_v2.salt-master",
                        "openstack_compute_secgroup_v2.allow-traffic"
                    ],
                    "primary": {
                        "id": "97e49e9d-0ff8-4015-818e-70a61c98587e",
                        "attributes": {
                            "access_ip_v4": "192.168.0.33",
                            "access_ip_v6": "",
                            "all_metadata.%": "0",
                            "availability_zone": "AZ_1",
                            "flavor_id": "17",
                            "flavor_name": "s1.gargantuan",
                            "force_delete": "false",
                            "id": "97e49e9d-0ff8-4015-818e-70a61c98587e",
                            "image_id": "38618faa-3e30-454d-8166-7cfb2316548c",
                            "image_name": "butler_base",
                            "key_pair": "sergei",
                            "name": "butler-worker-10",
                            "network.#": "4",
                            "network.0.access_network": "false",
                            "network.0.fixed_ip_v4": "192.168.0.33",
                            "network.0.fixed_ip_v6": "",
                            "network.0.floating_ip": "",
                            "network.0.mac": "fa:16:3e:fe:cd:01",
                            "network.0.name": "Germline_private",
                            "network.0.port": "",
                            "network.0.uuid": "3a8dbb6c-f1fb-48e7-9baa-82a2ab74e4e8",
                            "network.1.access_network": "false",
                            "network.1.fixed_ip_v4": "10.35.104.24",
                            "network.1.fixed_ip_v6": "",
                            "network.1.floating_ip": "",
                            "network.1.mac": "fa:16:3e:e8:68:0e",
                            "network.1.name": "GNOS-readonly",
                            "network.1.port": "",
                            "network.1.uuid": "57e634e1-b42e-4d2c-ac4d-d8236b872a5c",
                            "network.2.access_network": "false",
                            "network.2.fixed_ip_v4": "10.35.105.14",
                            "network.2.fixed_ip_v6": "",
                            "network.2.floating_ip": "",
                            "network.2.mac": "fa:16:3e:0f:ba:32",
                            "network.2.name": "net_provider_vlan3105",
                            "network.2.port": "",
                            "network.2.uuid": "b200d942-b472-4409-885f-6b6f7bcf5691",
                            "network.3.access_network": "false",
                            "network.3.fixed_ip_v4": "10.35.110.25",
                            "network.3.fixed_ip_v6": "",
                            "network.3.floating_ip": "",
                            "network.3.mac": "fa:16:3e:c4:4d:b0",
                            "network.3.name": "net_provider_vlan3110",
                            "network.3.port": "",
                            "network.3.uuid": "6058aeb3-633f-4b2d-8726-b8e5514ccbb6",
                            "security_groups.#": "2",
                            "security_groups.200482051": "internal",
                            "security_groups.2299581210": "butler-firewall",
                            "stop_before_destroy": "false",
                            "volume.#": "0"
                        },
                        "meta": {
                            "e2bfb730-ecaa-11e6-8f88-34363bc7c4c0": {
                                "create": 1800000000000,
                                "delete": 1800000000000,
                                "update": 1800000000000
                            }
                        },
                        "tainted": false
                    },
                    "deposed": [],
                    "provider": ""
                },
                "openstack_compute_instance_v2.worker.11": {
                    "type": "openstack_compute_instance_v2",
                    "depends_on": [
                        "null_resource.masterip",
                        "openstack_compute_instance_v2.salt-master",
                        "openstack_compute_secgroup_v2.allow-traffic"
                    ],
                    "primary": {
                        "id": "002658f7-ee7d-4a96-957b-7e0472797177",
                        "attributes": {
                            "access_ip_v4": "192.168.0.5",
                            "access_ip_v6": "",
                            "all_metadata.%": "0",
                            "availability_zone": "AZ_1",
                            "flavor_id": "17",
                            "flavor_name": "s1.gargantuan",
                            "force_delete": "false",
                            "id": "002658f7-ee7d-4a96-957b-7e0472797177",
                            "image_id": "38618faa-3e30-454d-8166-7cfb2316548c",
                            "image_name": "butler_base",
                            "key_pair": "sergei",
                            "name": "butler-worker-11",
                            "network.#": "4",
                            "network.0.access_network": "false",
                            "network.0.fixed_ip_v4": "192.168.0.5",
                            "network.0.fixed_ip_v6": "",
                            "network.0.floating_ip": "",
                            "network.0.mac": "fa:16:3e:60:da:0d",
                            "network.0.name": "Germline_private",
                            "network.0.port": "",
                            "network.0.uuid": "3a8dbb6c-f1fb-48e7-9baa-82a2ab74e4e8",
                            "network.1.access_network": "false",
                            "network.1.fixed_ip_v4": "10.35.104.14",
                            "network.1.fixed_ip_v6": "",
                            "network.1.floating_ip": "",
                            "network.1.mac": "fa:16:3e:e7:f8:6f",
                            "network.1.name": "GNOS-readonly",
                            "network.1.port": "",
                            "network.1.uuid": "57e634e1-b42e-4d2c-ac4d-d8236b872a5c",
                            "network.2.access_network": "false",
                            "network.2.fixed_ip_v4": "10.35.105.6",
                            "network.2.fixed_ip_v6": "",
                            "network.2.floating_ip": "",
                            "network.2.mac": "fa:16:3e:84:b2:ce",
                            "network.2.name": "net_provider_vlan3105",
                            "network.2.port": "",
                            "network.2.uuid": "b200d942-b472-4409-885f-6b6f7bcf5691",
                            "network.3.access_network": "false",
                            "network.3.fixed_ip_v4": "10.35.110.10",
                            "network.3.fixed_ip_v6": "",
                            "network.3.floating_ip": "",
                            "network.3.mac": "fa:16:3e:da:3e:bf",
                            "network.3.name": "net_provider_vlan3110",
                            "network.3.port": "",
                            "network.3.uuid": "6058aeb3-633f-4b2d-8726-b8e5514ccbb6",
                            "security_groups.#": "2",
                            "security_groups.200482051": "internal",
                            "security_groups.2299581210": "butler-firewall",
                            "stop_before_destroy": "false",
                            "volume.#": "0"
                        },
                        "meta": {
                            "e2bfb730-ecaa-11e6-8f88-34363bc7c4c0": {
                                "create": 1800000000000,
                                "delete": 1800000000000,
                                "update": 1800000000000
                            }
                        },
                        "tainted": false
                    },
                    "deposed": [],
                    "provider": ""
                },
                "openstack_compute_instance_v2.worker.12": {
                    "type": "openstack_compute_instance_v2",
                    "depends_on": [
                        "null_resource.masterip",
                        "openstack_compute_instance_v2.salt-master",
                        "openstack_compute_secgroup_v2.allow-traffic"
                    ],
                    "primary": {
                        "id": "dd31adfe-22f5-4f28-8ff3-72b16487f45c",
                        "attributes": {
                            "access_ip_v4": "192.168.0.45",
                            "access_ip_v6": "",
                            "all_metadata.%": "0",
                            "availability_zone": "AZ_1",
                            "flavor_id": "17",
                            "flavor_name": "s1.gargantuan",
                            "force_delete": "false",
                            "id": "dd31adfe-22f5-4f28-8ff3-72b16487f45c",
                            "image_id": "38618faa-3e30-454d-8166-7cfb2316548c",
                            "image_name": "butler_base",
                            "key_pair": "sergei",
                            "name": "butler-worker-12",
                            "network.#": "4",
                            "network.0.access_network": "false",
                            "network.0.fixed_ip_v4": "192.168.0.45",
                            "network.0.fixed_ip_v6": "",
                            "network.0.floating_ip": "",
                            "network.0.mac": "fa:16:3e:df:68:20",
                            "network.0.name": "Germline_private",
                            "network.0.port": "",
                            "network.0.uuid": "3a8dbb6c-f1fb-48e7-9baa-82a2ab74e4e8",
                            "network.1.access_network": "false",
                            "network.1.fixed_ip_v4": "10.35.104.41",
                            "network.1.fixed_ip_v6": "",
                            "network.1.floating_ip": "",
                            "network.1.mac": "fa:16:3e:fb:59:95",
                            "network.1.name": "GNOS-readonly",
                            "network.1.port": "",
                            "network.1.uuid": "57e634e1-b42e-4d2c-ac4d-d8236b872a5c",
                            "network.2.access_network": "false",
                            "network.2.fixed_ip_v4": "10.35.105.38",
                            "network.2.fixed_ip_v6": "",
                            "network.2.floating_ip": "",
                            "network.2.mac": "fa:16:3e:b7:97:96",
                            "network.2.name": "net_provider_vlan3105",
                            "network.2.port": "",
                            "network.2.uuid": "b200d942-b472-4409-885f-6b6f7bcf5691",
                            "network.3.access_network": "false",
                            "network.3.fixed_ip_v4": "10.35.110.33",
                            "network.3.fixed_ip_v6": "",
                            "network.3.floating_ip": "",
                            "network.3.mac": "fa:16:3e:41:de:c0",
                            "network.3.name": "net_provider_vlan3110",
                            "network.3.port": "",
                            "network.3.uuid": "6058aeb3-633f-4b2d-8726-b8e5514ccbb6",
                            "security_groups.#": "2",
                            "security_groups.200482051": "internal",
                            "security_groups.2299581210": "butler-firewall",
                            "stop_before_destroy": "false",
                            "volume.#": "0"
                        },
                        "meta": {
                            "e2bfb730-ecaa-11e6-8f88-34363bc7c4c0": {
                                "create": 1800000000000,
                                "delete": 1800000000000,
                                "update": 1800000000000
                            }
                        },
                        "tainted": false
                    },
                    "deposed": [],
                    "provider": ""
                },
                "openstack_compute_instance_v2.worker.13": {
                    "type": "openstack_compute_instance_v2",
                    "depends_on": [
                        "null_resource.masterip",
                        "openstack_compute_instance_v2.salt-master",
                        "openstack_compute_secgroup_v2.allow-traffic"
                    ],
                    "primary": {
                        "id": "1a0652a4-f8fc-4f78-93a5-15eff4719f2b",
                        "attributes": {
                            "access_ip_v4": "192.168.0.17",
                            "access_ip_v6": "",
                            "all_metadata.%": "0",
                            "availability_zone": "AZ_1",
                            "flavor_id": "17",
                            "flavor_name": "s1.gargantuan",
                            "force_delete": "false",
                            "id": "1a0652a4-f8fc-4f78-93a5-15eff4719f2b",
                            "image_id": "38618faa-3e30-454d-8166-7cfb2316548c",
                            "image_name": "butler_base",
                            "key_pair": "sergei",
                            "name": "butler-worker-13",
                            "network.#": "4",
                            "network.0.access_network": "false",
                            "network.0.fixed_ip_v4": "192.168.0.17",
                            "network.0.fixed_ip_v6": "",
                            "network.0.floating_ip": "",
                            "network.0.mac": "fa:16:3e:cb:e7:7b",
                            "network.0.name": "Germline_private",
                            "network.0.port": "",
                            "network.0.uuid": "3a8dbb6c-f1fb-48e7-9baa-82a2ab74e4e8",
                            "network.1.access_network": "false",
                            "network.1.fixed_ip_v4": "10.35.104.9",
                            "network.1.fixed_ip_v6": "",
                            "network.1.floating_ip": "",
                            "network.1.mac": "fa:16:3e:b4:f7:32",
                            "network.1.name": "GNOS-readonly",
                            "network.1.port": "",
                            "network.1.uuid": "57e634e1-b42e-4d2c-ac4d-d8236b872a5c",
                            "network.2.access_network": "false",
                            "network.2.fixed_ip_v4": "10.35.105.13",
                            "network.2.fixed_ip_v6": "",
                            "network.2.floating_ip": "",
                            "network.2.mac": "fa:16:3e:f5:85:4f",
                            "network.2.name": "net_provider_vlan3105",
                            "network.2.port": "",
                            "network.2.uuid": "b200d942-b472-4409-885f-6b6f7bcf5691",
                            "network.3.access_network": "false",
                            "network.3.fixed_ip_v4": "10.35.110.12",
                            "network.3.fixed_ip_v6": "",
                            "network.3.floating_ip": "",
                            "network.3.mac": "fa:16:3e:18:2e:20",
                            "network.3.name": "net_provider_vlan3110",
                            "network.3.port": "",
                            "network.3.uuid": "6058aeb3-633f-4b2d-8726-b8e5514ccbb6",
                            "security_groups.#": "2",
                            "security_groups.200482051": "internal",
                            "security_groups.2299581210": "butler-firewall",
                            "stop_before_destroy": "false",
                            "volume.#": "0"
                        },
                        "meta": {
                            "e2bfb730-ecaa-11e6-8f88-34363bc7c4c0": {
                                "create": 1800000000000,
                                "delete": 1800000000000,
                                "update": 1800000000000
                            }
                        },
                        "tainted": false
                    },
                    "deposed": [],
                    "provider": ""
                },
                "openstack_compute_instance_v2.worker.14": {
                    "type": "openstack_compute_instance_v2",
                    "depends_on": [
                        "null_resource.masterip",
                        "openstack_compute_instance_v2.salt-master",
                        "openstack_compute_secgroup_v2.allow-traffic"
                    ],
                    "primary": {
                        "id": "9ebb49fd-24c7-47df-8e08-34695761d85b",
                        "attributes": {
                            "access_ip_v4": "192.168.0.21",
                            "access_ip_v6": "",
                            "all_metadata.%": "0",
                            "availability_zone": "AZ_1",
                            "flavor_id": "17",
                            "flavor_name": "s1.gargantuan",
                            "force_delete": "false",
                            "id": "9ebb49fd-24c7-47df-8e08-34695761d85b",
                            "image_id": "38618faa-3e30-454d-8166-7cfb2316548c",
                            "image_name": "butler_base",
                            "key_pair": "sergei",
                            "name": "butler-worker-14",
                            "network.#": "4",
                            "network.0.access_network": "false",
                            "network.0.fixed_ip_v4": "192.168.0.21",
                            "network.0.fixed_ip_v6": "",
                            "network.0.floating_ip": "",
                            "network.0.mac": "fa:16:3e:da:20:11",
                            "network.0.name": "Germline_private",
                            "network.0.port": "",
                            "network.0.uuid": "3a8dbb6c-f1fb-48e7-9baa-82a2ab74e4e8",
                            "network.1.access_network": "false",
                            "network.1.fixed_ip_v4": "10.35.104.31",
                            "network.1.fixed_ip_v6": "",
                            "network.1.floating_ip": "",
                            "network.1.mac": "fa:16:3e:77:db:0b",
                            "network.1.name": "GNOS-readonly",
                            "network.1.port": "",
                            "network.1.uuid": "57e634e1-b42e-4d2c-ac4d-d8236b872a5c",
                            "network.2.access_network": "false",
                            "network.2.fixed_ip_v4": "10.35.105.30",
                            "network.2.fixed_ip_v6": "",
                            "network.2.floating_ip": "",
                            "network.2.mac": "fa:16:3e:02:77:b4",
                            "network.2.name": "net_provider_vlan3105",
                            "network.2.port": "",
                            "network.2.uuid": "b200d942-b472-4409-885f-6b6f7bcf5691",
                            "network.3.access_network": "false",
                            "network.3.fixed_ip_v4": "10.35.110.37",
                            "network.3.fixed_ip_v6": "",
                            "network.3.floating_ip": "",
                            "network.3.mac": "fa:16:3e:23:72:20",
                            "network.3.name": "net_provider_vlan3110",
                            "network.3.port": "",
                            "network.3.uuid": "6058aeb3-633f-4b2d-8726-b8e5514ccbb6",
                            "security_groups.#": "2",
                            "security_groups.200482051": "internal",
                            "security_groups.2299581210": "butler-firewall",
                            "stop_before_destroy": "false",
                            "volume.#": "0"
                        },
                        "meta": {
                            "e2bfb730-ecaa-11e6-8f88-34363bc7c4c0": {
                                "create": 1800000000000,
                                "delete": 1800000000000,
                                "update": 1800000000000
                            }
                        },
                        "tainted": false
                    },
                    "deposed": [],
                    "provider": ""
                },
                "openstack_compute_instance_v2.worker.15": {
                    "type": "openstack_compute_instance_v2",
                    "depends_on": [
                        "null_resource.masterip",
                        "openstack_compute_instance_v2.salt-master",
                        "openstack_compute_secgroup_v2.allow-traffic"
                    ],
                    "primary": {
                        "id": "8f1cc415-cbf9-45dc-a759-ecb7cf6571ac",
                        "attributes": {
                            "access_ip_v4": "192.168.0.49",
                            "access_ip_v6": "",
                            "all_metadata.%": "0",
                            "availability_zone": "AZ_1",
                            "flavor_id": "17",
                            "flavor_name": "s1.gargantuan",
                            "force_delete": "false",
                            "id": "8f1cc415-cbf9-45dc-a759-ecb7cf6571ac",
                            "image_id": "38618faa-3e30-454d-8166-7cfb2316548c",
                            "image_name": "butler_base",
                            "key_pair": "sergei",
                            "name": "butler-worker-15",
                            "network.#": "4",
                            "network.0.access_network": "false",
                            "network.0.fixed_ip_v4": "192.168.0.49",
                            "network.0.fixed_ip_v6": "",
                            "network.0.floating_ip": "",
                            "network.0.mac": "fa:16:3e:5b:2b:83",
                            "network.0.name": "Germline_private",
                            "network.0.port": "",
                            "network.0.uuid": "3a8dbb6c-f1fb-48e7-9baa-82a2ab74e4e8",
                            "network.1.access_network": "false",
                            "network.1.fixed_ip_v4": "10.35.104.59",
                            "network.1.fixed_ip_v6": "",
                            "network.1.floating_ip": "",
                            "network.1.mac": "fa:16:3e:22:47:fa",
                            "network.1.name": "GNOS-readonly",
                            "network.1.port": "",
                            "network.1.uuid": "57e634e1-b42e-4d2c-ac4d-d8236b872a5c",
                            "network.2.access_network": "false",
                            "network.2.fixed_ip_v4": "10.35.105.48",
                            "network.2.fixed_ip_v6": "",
                            "network.2.floating_ip": "",
                            "network.2.mac": "fa:16:3e:66:a2:3a",
                            "network.2.name": "net_provider_vlan3105",
                            "network.2.port": "",
                            "network.2.uuid": "b200d942-b472-4409-885f-6b6f7bcf5691",
                            "network.3.access_network": "false",
                            "network.3.fixed_ip_v4": "10.35.110.22",
                            "network.3.fixed_ip_v6": "",
                            "network.3.floating_ip": "",
                            "network.3.mac": "fa:16:3e:f7:a1:92",
                            "network.3.name": "net_provider_vlan3110",
                            "network.3.port": "",
                            "network.3.uuid": "6058aeb3-633f-4b2d-8726-b8e5514ccbb6",
                            "security_groups.#": "2",
                            "security_groups.200482051": "internal",
                            "security_groups.2299581210": "butler-firewall",
                            "stop_before_destroy": "false",
                            "volume.#": "0"
                        },
                        "meta": {
                            "e2bfb730-ecaa-11e6-8f88-34363bc7c4c0": {
                                "create": 1800000000000,
                                "delete": 1800000000000,
                                "update": 1800000000000
                            }
                        },
                        "tainted": false
                    },
                    "deposed": [],
                    "provider": ""
                },
                "openstack_compute_instance_v2.worker.16": {
                    "type": "openstack_compute_instance_v2",
                    "depends_on": [
                        "null_resource.masterip",
                        "openstack_compute_instance_v2.salt-master",
                        "openstack_compute_secgroup_v2.allow-traffic"
                    ],
                    "primary": {
                        "id": "f756b817-d59a-454a-82a8-247eca5cf449",
                        "attributes": {
                            "access_ip_v4": "192.168.0.54",
                            "access_ip_v6": "",
                            "all_metadata.%": "0",
                            "availability_zone": "AZ_1",
                            "flavor_id": "17",
                            "flavor_name": "s1.gargantuan",
                            "force_delete": "false",
                            "id": "f756b817-d59a-454a-82a8-247eca5cf449",
                            "image_id": "38618faa-3e30-454d-8166-7cfb2316548c",
                            "image_name": "butler_base",
                            "key_pair": "sergei",
                            "name": "butler-worker-16",
                            "network.#": "4",
                            "network.0.access_network": "false",
                            "network.0.fixed_ip_v4": "192.168.0.54",
                            "network.0.fixed_ip_v6": "",
                            "network.0.floating_ip": "",
                            "network.0.mac": "fa:16:3e:f3:a1:da",
                            "network.0.name": "Germline_private",
                            "network.0.port": "",
                            "network.0.uuid": "3a8dbb6c-f1fb-48e7-9baa-82a2ab74e4e8",
                            "network.1.access_network": "false",
                            "network.1.fixed_ip_v4": "10.35.104.38",
                            "network.1.fixed_ip_v6": "",
                            "network.1.floating_ip": "",
                            "network.1.mac": "fa:16:3e:31:91:e4",
                            "network.1.name": "GNOS-readonly",
                            "network.1.port": "",
                            "network.1.uuid": "57e634e1-b42e-4d2c-ac4d-d8236b872a5c",
                            "network.2.access_network": "false",
                            "network.2.fixed_ip_v4": "10.35.105.43",
                            "network.2.fixed_ip_v6": "",
                            "network.2.floating_ip": "",
                            "network.2.mac": "fa:16:3e:9d:3c:45",
                            "network.2.name": "net_provider_vlan3105",
                            "network.2.port": "",
                            "network.2.uuid": "b200d942-b472-4409-885f-6b6f7bcf5691",
                            "network.3.access_network": "false",
                            "network.3.fixed_ip_v4": "10.35.110.50",
                            "network.3.fixed_ip_v6": "",
                            "network.3.floating_ip": "",
                            "network.3.mac": "fa:16:3e:bb:a3:e3",
                            "network.3.name": "net_provider_vlan3110",
                            "network.3.port": "",
                            "network.3.uuid": "6058aeb3-633f-4b2d-8726-b8e5514ccbb6",
                            "security_groups.#": "2",
                            "security_groups.200482051": "internal",
                            "security_groups.2299581210": "butler-firewall",
                            "stop_before_destroy": "false",
                            "volume.#": "0"
                        },
                        "meta": {
                            "e2bfb730-ecaa-11e6-8f88-34363bc7c4c0": {
                                "create": 1800000000000,
                                "delete": 1800000000000,
                                "update": 1800000000000
                            }
                        },
                        "tainted": false
                    },
                    "deposed": [],
                    "provider": ""
                },
                "openstack_compute_instance_v2.worker.17": {
                    "type": "openstack_compute_instance_v2",
                    "depends_on": [
                        "null_resource.masterip",
                        "openstack_compute_instance_v2.salt-master",
                        "openstack_compute_secgroup_v2.allow-traffic"
                    ],
                    "primary": {
                        "id": "21ab955f-8946-41c3-9b2c-1ae49f76b00e",
                        "attributes": {
                            "access_ip_v4": "192.168.0.44",
                            "access_ip_v6": "",
                            "all_metadata.%": "0",
                            "availability_zone": "AZ_1",
                            "flavor_id": "17",
                            "flavor_name": "s1.gargantuan",
                            "force_delete": "false",
                            "id": "21ab955f-8946-41c3-9b2c-1ae49f76b00e",
                            "image_id": "38618faa-3e30-454d-8166-7cfb2316548c",
                            "image_name": "butler_base",
                            "key_pair": "sergei",
                            "name": "butler-worker-17",
                            "network.#": "4",
                            "network.0.access_network": "false",
                            "network.0.fixed_ip_v4": "192.168.0.44",
                            "network.0.fixed_ip_v6": "",
                            "network.0.floating_ip": "",
                            "network.0.mac": "fa:16:3e:13:b3:68",
                            "network.0.name": "Germline_private",
                            "network.0.port": "",
                            "network.0.uuid": "3a8dbb6c-f1fb-48e7-9baa-82a2ab74e4e8",
                            "network.1.access_network": "false",
                            "network.1.fixed_ip_v4": "10.35.104.32",
                            "network.1.fixed_ip_v6": "",
                            "network.1.floating_ip": "",
                            "network.1.mac": "fa:16:3e:f9:23:3d",
                            "network.1.name": "GNOS-readonly",
                            "network.1.port": "",
                            "network.1.uuid": "57e634e1-b42e-4d2c-ac4d-d8236b872a5c",
                            "network.2.access_network": "false",
                            "network.2.fixed_ip_v4": "10.35.105.28",
                            "network.2.fixed_ip_v6": "",
                            "network.2.floating_ip": "",
                            "network.2.mac": "fa:16:3e:c6:98:b5",
                            "network.2.name": "net_provider_vlan3105",
                            "network.2.port": "",
                            "network.2.uuid": "b200d942-b472-4409-885f-6b6f7bcf5691",
                            "network.3.access_network": "false",
                            "network.3.fixed_ip_v4": "10.35.110.38",
                            "network.3.fixed_ip_v6": "",
                            "network.3.floating_ip": "",
                            "network.3.mac": "fa:16:3e:3f:9c:78",
                            "network.3.name": "net_provider_vlan3110",
                            "network.3.port": "",
                            "network.3.uuid": "6058aeb3-633f-4b2d-8726-b8e5514ccbb6",
                            "security_groups.#": "2",
                            "security_groups.200482051": "internal",
                            "security_groups.2299581210": "butler-firewall",
                            "stop_before_destroy": "false",
                            "volume.#": "0"
                        },
                        "meta": {
                            "e2bfb730-ecaa-11e6-8f88-34363bc7c4c0": {
                                "create": 1800000000000,
                                "delete": 1800000000000,
                                "update": 1800000000000
                            }
                        },
                        "tainted": false
                    },
                    "deposed": [],
                    "provider": ""
                },
                "openstack_compute_instance_v2.worker.18": {
                    "type": "openstack_compute_instance_v2",
                    "depends_on": [
                        "null_resource.masterip",
                        "openstack_compute_instance_v2.salt-master",
                        "openstack_compute_secgroup_v2.allow-traffic"
                    ],
                    "primary": {
                        "id": "53834036-bd8c-4c8b-920e-e745f3d80829",
                        "attributes": {
                            "access_ip_v4": "192.168.0.53",
                            "access_ip_v6": "",
                            "all_metadata.%": "0",
                            "availability_zone": "AZ_1",
                            "flavor_id": "17",
                            "flavor_name": "s1.gargantuan",
                            "force_delete": "false",
                            "id": "53834036-bd8c-4c8b-920e-e745f3d80829",
                            "image_id": "38618faa-3e30-454d-8166-7cfb2316548c",
                            "image_name": "butler_base",
                            "key_pair": "sergei",
                            "name": "butler-worker-18",
                            "network.#": "4",
                            "network.0.access_network": "false",
                            "network.0.fixed_ip_v4": "192.168.0.53",
                            "network.0.fixed_ip_v6": "",
                            "network.0.floating_ip": "",
                            "network.0.mac": "fa:16:3e:24:af:e4",
                            "network.0.name": "Germline_private",
                            "network.0.port": "",
                            "network.0.uuid": "3a8dbb6c-f1fb-48e7-9baa-82a2ab74e4e8",
                            "network.1.access_network": "false",
                            "network.1.fixed_ip_v4": "10.35.104.62",
                            "network.1.fixed_ip_v6": "",
                            "network.1.floating_ip": "",
                            "network.1.mac": "fa:16:3e:7a:1d:ad",
                            "network.1.name": "GNOS-readonly",
                            "network.1.port": "",
                            "network.1.uuid": "57e634e1-b42e-4d2c-ac4d-d8236b872a5c",
                            "network.2.access_network": "false",
                            "network.2.fixed_ip_v4": "10.35.105.62",
                            "network.2.fixed_ip_v6": "",
                            "network.2.floating_ip": "",
                            "network.2.mac": "fa:16:3e:14:07:d7",
                            "network.2.name": "net_provider_vlan3105",
                            "network.2.port": "",
                            "network.2.uuid": "b200d942-b472-4409-885f-6b6f7bcf5691",
                            "network.3.access_network": "false",
                            "network.3.fixed_ip_v4": "10.35.110.65",
                            "network.3.fixed_ip_v6": "",
                            "network.3.floating_ip": "",
                            "network.3.mac": "fa:16:3e:4a:80:4c",
                            "network.3.name": "net_provider_vlan3110",
                            "network.3.port": "",
                            "network.3.uuid": "6058aeb3-633f-4b2d-8726-b8e5514ccbb6",
                            "security_groups.#": "2",
                            "security_groups.200482051": "internal",
                            "security_groups.2299581210": "butler-firewall",
                            "stop_before_destroy": "false",
                            "volume.#": "0"
                        },
                        "meta": {
                            "e2bfb730-ecaa-11e6-8f88-34363bc7c4c0": {
                                "create": 1800000000000,
                                "delete": 1800000000000,
                                "update": 1800000000000
                            }
                        },
                        "tainted": false
                    },
                    "deposed": [],
                    "provider": ""
                },
                "openstack_compute_instance_v2.worker.19": {
                    "type": "openstack_compute_instance_v2",
                    "depends_on": [
                        "null_resource.masterip",
                        "openstack_compute_instance_v2.salt-master",
                        "openstack_compute_secgroup_v2.allow-traffic"
                    ],
                    "primary": {
                        "id": "52531257-077e-4b05-8dcc-cfa8da734f88",
                        "attributes": {
                            "access_ip_v4": "192.168.0.50",
                            "access_ip_v6": "",
                            "all_metadata.%": "0",
                            "availability_zone": "AZ_1",
                            "flavor_id": "17",
                            "flavor_name": "s1.gargantuan",
                            "force_delete": "false",
                            "id": "52531257-077e-4b05-8dcc-cfa8da734f88",
                            "image_id": "38618faa-3e30-454d-8166-7cfb2316548c",
                            "image_name": "butler_base",
                            "key_pair": "sergei",
                            "name": "butler-worker-19",
                            "network.#": "4",
                            "network.0.access_network": "false",
                            "network.0.fixed_ip_v4": "192.168.0.50",
                            "network.0.fixed_ip_v6": "",
                            "network.0.floating_ip": "",
                            "network.0.mac": "fa:16:3e:fc:ef:2f",
                            "network.0.name": "Germline_private",
                            "network.0.port": "",
                            "network.0.uuid": "3a8dbb6c-f1fb-48e7-9baa-82a2ab74e4e8",
                            "network.1.access_network": "false",
                            "network.1.fixed_ip_v4": "10.35.104.52",
                            "network.1.fixed_ip_v6": "",
                            "network.1.floating_ip": "",
                            "network.1.mac": "fa:16:3e:f0:01:4b",
                            "network.1.name": "GNOS-readonly",
                            "network.1.port": "",
                            "network.1.uuid": "57e634e1-b42e-4d2c-ac4d-d8236b872a5c",
                            "network.2.access_network": "false",
                            "network.2.fixed_ip_v4": "10.35.105.33",
                            "network.2.fixed_ip_v6": "",
                            "network.2.floating_ip": "",
                            "network.2.mac": "fa:16:3e:e6:7b:cb",
                            "network.2.name": "net_provider_vlan3105",
                            "network.2.port": "",
                            "network.2.uuid": "b200d942-b472-4409-885f-6b6f7bcf5691",
                            "network.3.access_network": "false",
                            "network.3.fixed_ip_v4": "10.35.110.46",
                            "network.3.fixed_ip_v6": "",
                            "network.3.floating_ip": "",
                            "network.3.mac": "fa:16:3e:2c:9a:67",
                            "network.3.name": "net_provider_vlan3110",
                            "network.3.port": "",
                            "network.3.uuid": "6058aeb3-633f-4b2d-8726-b8e5514ccbb6",
                            "security_groups.#": "2",
                            "security_groups.200482051": "internal",
                            "security_groups.2299581210": "butler-firewall",
                            "stop_before_destroy": "false",
                            "volume.#": "0"
                        },
                        "meta": {
                            "e2bfb730-ecaa-11e6-8f88-34363bc7c4c0": {
                                "create": 1800000000000,
                                "delete": 1800000000000,
                                "update": 1800000000000
                            }
                        },
                        "tainted": false
                    },
                    "deposed": [],
                    "provider": ""
                },
                "openstack_compute_instance_v2.worker.2": {
                    "type": "openstack_compute_instance_v2",
                    "depends_on": [
                        "null_resource.masterip",
                        "openstack_compute_instance_v2.salt-master",
                        "openstack_compute_secgroup_v2.allow-traffic"
                    ],
                    "primary": {
                        "id": "f8a22072-94c2-4a0c-8378-c2ba112cbb57",
                        "attributes": {
                            "access_ip_v4": "192.168.0.10",
                            "access_ip_v6": "",
                            "all_metadata.%": "0",
                            "availability_zone": "AZ_1",
                            "flavor_id": "17",
                            "flavor_name": "s1.gargantuan",
                            "force_delete": "false",
                            "id": "f8a22072-94c2-4a0c-8378-c2ba112cbb57",
                            "image_id": "38618faa-3e30-454d-8166-7cfb2316548c",
                            "image_name": "butler_base",
                            "key_pair": "sergei",
                            "name": "butler-worker-2",
                            "network.#": "4",
                            "network.0.access_network": "false",
                            "network.0.fixed_ip_v4": "192.168.0.10",
                            "network.0.fixed_ip_v6": "",
                            "network.0.floating_ip": "",
                            "network.0.mac": "fa:16:3e:7d:e2:a8",
                            "network.0.name": "Germline_private",
                            "network.0.port": "",
                            "network.0.uuid": "3a8dbb6c-f1fb-48e7-9baa-82a2ab74e4e8",
                            "network.1.access_network": "false",
                            "network.1.fixed_ip_v4": "10.35.104.51",
                            "network.1.fixed_ip_v6": "",
                            "network.1.floating_ip": "",
                            "network.1.mac": "fa:16:3e:cb:62:aa",
                            "network.1.name": "GNOS-readonly",
                            "network.1.port": "",
                            "network.1.uuid": "57e634e1-b42e-4d2c-ac4d-d8236b872a5c",
                            "network.2.access_network": "false",
                            "network.2.fixed_ip_v4": "10.35.105.45",
                            "network.2.fixed_ip_v6": "",
                            "network.2.floating_ip": "",
                            "network.2.mac": "fa:16:3e:0e:96:0e",
                            "network.2.name": "net_provider_vlan3105",
                            "network.2.port": "",
                            "network.2.uuid": "b200d942-b472-4409-885f-6b6f7bcf5691",
                            "network.3.access_network": "false",
                            "network.3.fixed_ip_v4": "10.35.110.52",
                            "network.3.fixed_ip_v6": "",
                            "network.3.floating_ip": "",
                            "network.3.mac": "fa:16:3e:0e:fc:21",
                            "network.3.name": "net_provider_vlan3110",
                            "network.3.port": "",
                            "network.3.uuid": "6058aeb3-633f-4b2d-8726-b8e5514ccbb6",
                            "security_groups.#": "2",
                            "security_groups.200482051": "internal",
                            "security_groups.2299581210": "butler-firewall",
                            "stop_before_destroy": "false",
                            "volume.#": "0"
                        },
                        "meta": {
                            "e2bfb730-ecaa-11e6-8f88-34363bc7c4c0": {
                                "create": 1800000000000,
                                "delete": 1800000000000,
                                "update": 1800000000000
                            }
                        },
                        "tainted": false
                    },
                    "deposed": [],
                    "provider": ""
                },
                "openstack_compute_instance_v2.worker.20": {
                    "type": "openstack_compute_instance_v2",
                    "depends_on": [
                        "null_resource.masterip",
                        "openstack_compute_instance_v2.salt-master",
                        "openstack_compute_secgroup_v2.allow-traffic"
                    ],
                    "primary": {
                        "id": "70b50b52-352a-4101-8268-8d02da4770ab",
                        "attributes": {
                            "access_ip_v4": "192.168.0.47",
                            "access_ip_v6": "",
                            "all_metadata.%": "0",
                            "availability_zone": "AZ_1",
                            "flavor_id": "17",
                            "flavor_name": "s1.gargantuan",
                            "force_delete": "false",
                            "id": "70b50b52-352a-4101-8268-8d02da4770ab",
                            "image_id": "38618faa-3e30-454d-8166-7cfb2316548c",
                            "image_name": "butler_base",
                            "key_pair": "sergei",
                            "name": "butler-worker-20",
                            "network.#": "4",
                            "network.0.access_network": "false",
                            "network.0.fixed_ip_v4": "192.168.0.47",
                            "network.0.fixed_ip_v6": "",
                            "network.0.floating_ip": "",
                            "network.0.mac": "fa:16:3e:b2:80:fd",
                            "network.0.name": "Germline_private",
                            "network.0.port": "",
                            "network.0.uuid": "3a8dbb6c-f1fb-48e7-9baa-82a2ab74e4e8",
                            "network.1.access_network": "false",
                            "network.1.fixed_ip_v4": "10.35.104.13",
                            "network.1.fixed_ip_v6": "",
                            "network.1.floating_ip": "",
                            "network.1.mac": "fa:16:3e:28:c1:32",
                            "network.1.name": "GNOS-readonly",
                            "network.1.port": "",
                            "network.1.uuid": "57e634e1-b42e-4d2c-ac4d-d8236b872a5c",
                            "network.2.access_network": "false",
                            "network.2.fixed_ip_v4": "10.35.105.22",
                            "network.2.fixed_ip_v6": "",
                            "network.2.floating_ip": "",
                            "network.2.mac": "fa:16:3e:39:3d:57",
                            "network.2.name": "net_provider_vlan3105",
                            "network.2.port": "",
                            "network.2.uuid": "b200d942-b472-4409-885f-6b6f7bcf5691",
                            "network.3.access_network": "false",
                            "network.3.fixed_ip_v4": "10.35.110.6",
                            "network.3.fixed_ip_v6": "",
                            "network.3.floating_ip": "",
                            "network.3.mac": "fa:16:3e:76:eb:99",
                            "network.3.name": "net_provider_vlan3110",
                            "network.3.port": "",
                            "network.3.uuid": "6058aeb3-633f-4b2d-8726-b8e5514ccbb6",
                            "security_groups.#": "2",
                            "security_groups.200482051": "internal",
                            "security_groups.2299581210": "butler-firewall",
                            "stop_before_destroy": "false",
                            "volume.#": "0"
                        },
                        "meta": {
                            "e2bfb730-ecaa-11e6-8f88-34363bc7c4c0": {
                                "create": 1800000000000,
                                "delete": 1800000000000,
                                "update": 1800000000000
                            }
                        },
                        "tainted": false
                    },
                    "deposed": [],
                    "provider": ""
                },
                "openstack_compute_instance_v2.worker.21": {
                    "type": "openstack_compute_instance_v2",
                    "depends_on": [
                        "null_resource.masterip",
                        "openstack_compute_instance_v2.salt-master",
                        "openstack_compute_secgroup_v2.allow-traffic"
                    ],
                    "primary": {
                        "id": "8c806005-1a54-4913-9918-53f1373c2919",
                        "attributes": {
                            "access_ip_v4": "192.168.0.22",
                            "access_ip_v6": "",
                            "all_metadata.%": "0",
                            "availability_zone": "AZ_1",
                            "flavor_id": "17",
                            "flavor_name": "s1.gargantuan",
                            "force_delete": "false",
                            "id": "8c806005-1a54-4913-9918-53f1373c2919",
                            "image_id": "38618faa-3e30-454d-8166-7cfb2316548c",
                            "image_name": "butler_base",
                            "key_pair": "sergei",
                            "name": "butler-worker-21",
                            "network.#": "4",
                            "network.0.access_network": "false",
                            "network.0.fixed_ip_v4": "192.168.0.22",
                            "network.0.fixed_ip_v6": "",
                            "network.0.floating_ip": "",
                            "network.0.mac": "fa:16:3e:10:ea:2a",
                            "network.0.name": "Germline_private",
                            "network.0.port": "",
                            "network.0.uuid": "3a8dbb6c-f1fb-48e7-9baa-82a2ab74e4e8",
                            "network.1.access_network": "false",
                            "network.1.fixed_ip_v4": "10.35.104.18",
                            "network.1.fixed_ip_v6": "",
                            "network.1.floating_ip": "",
                            "network.1.mac": "fa:16:3e:9d:44:b4",
                            "network.1.name": "GNOS-readonly",
                            "network.1.port": "",
                            "network.1.uuid": "57e634e1-b42e-4d2c-ac4d-d8236b872a5c",
                            "network.2.access_network": "false",
                            "network.2.fixed_ip_v4": "10.35.105.9",
                            "network.2.fixed_ip_v6": "",
                            "network.2.floating_ip": "",
                            "network.2.mac": "fa:16:3e:d4:f6:26",
                            "network.2.name": "net_provider_vlan3105",
                            "network.2.port": "",
                            "network.2.uuid": "b200d942-b472-4409-885f-6b6f7bcf5691",
                            "network.3.access_network": "false",
                            "network.3.fixed_ip_v4": "10.35.110.15",
                            "network.3.fixed_ip_v6": "",
                            "network.3.floating_ip": "",
                            "network.3.mac": "fa:16:3e:37:73:4b",
                            "network.3.name": "net_provider_vlan3110",
                            "network.3.port": "",
                            "network.3.uuid": "6058aeb3-633f-4b2d-8726-b8e5514ccbb6",
                            "security_groups.#": "2",
                            "security_groups.200482051": "internal",
                            "security_groups.2299581210": "butler-firewall",
                            "stop_before_destroy": "false",
                            "volume.#": "0"
                        },
                        "meta": {
                            "e2bfb730-ecaa-11e6-8f88-34363bc7c4c0": {
                                "create": 1800000000000,
                                "delete": 1800000000000,
                                "update": 1800000000000
                            }
                        },
                        "tainted": false
                    },
                    "deposed": [],
                    "provider": ""
                },
                "openstack_compute_instance_v2.worker.22": {
                    "type": "openstack_compute_instance_v2",
                    "depends_on": [
                        "null_resource.masterip",
                        "openstack_compute_instance_v2.salt-master",
                        "openstack_compute_secgroup_v2.allow-traffic"
                    ],
                    "primary": {
                        "id": "da327f11-e742-417e-9574-0b96bf3b6935",
                        "attributes": {
                            "access_ip_v4": "192.168.0.36",
                            "access_ip_v6": "",
                            "all_metadata.%": "0",
                            "availability_zone": "AZ_1",
                            "flavor_id": "17",
                            "flavor_name": "s1.gargantuan",
                            "force_delete": "false",
                            "id": "da327f11-e742-417e-9574-0b96bf3b6935",
                            "image_id": "38618faa-3e30-454d-8166-7cfb2316548c",
                            "image_name": "butler_base",
                            "key_pair": "sergei",
                            "name": "butler-worker-22",
                            "network.#": "4",
                            "network.0.access_network": "false",
                            "network.0.fixed_ip_v4": "192.168.0.36",
                            "network.0.fixed_ip_v6": "",
                            "network.0.floating_ip": "",
                            "network.0.mac": "fa:16:3e:08:52:f0",
                            "network.0.name": "Germline_private",
                            "network.0.port": "",
                            "network.0.uuid": "3a8dbb6c-f1fb-48e7-9baa-82a2ab74e4e8",
                            "network.1.access_network": "false",
                            "network.1.fixed_ip_v4": "10.35.104.22",
                            "network.1.fixed_ip_v6": "",
                            "network.1.floating_ip": "",
                            "network.1.mac": "fa:16:3e:09:06:30",
                            "network.1.name": "GNOS-readonly",
                            "network.1.port": "",
                            "network.1.uuid": "57e634e1-b42e-4d2c-ac4d-d8236b872a5c",
                            "network.2.access_network": "false",
                            "network.2.fixed_ip_v4": "10.35.105.19",
                            "network.2.fixed_ip_v6": "",
                            "network.2.floating_ip": "",
                            "network.2.mac": "fa:16:3e:c8:b8:62",
                            "network.2.name": "net_provider_vlan3105",
                            "network.2.port": "",
                            "network.2.uuid": "b200d942-b472-4409-885f-6b6f7bcf5691",
                            "network.3.access_network": "false",
                            "network.3.fixed_ip_v4": "10.35.110.28",
                            "network.3.fixed_ip_v6": "",
                            "network.3.floating_ip": "",
                            "network.3.mac": "fa:16:3e:79:5a:3f",
                            "network.3.name": "net_provider_vlan3110",
                            "network.3.port": "",
                            "network.3.uuid": "6058aeb3-633f-4b2d-8726-b8e5514ccbb6",
                            "security_groups.#": "2",
                            "security_groups.200482051": "internal",
                            "security_groups.2299581210": "butler-firewall",
                            "stop_before_destroy": "false",
                            "volume.#": "0"
                        },
                        "meta": {
                            "e2bfb730-ecaa-11e6-8f88-34363bc7c4c0": {
                                "create": 1800000000000,
                                "delete": 1800000000000,
                                "update": 1800000000000
                            }
                        },
                        "tainted": false
                    },
                    "deposed": [],
                    "provider": ""
                },
                "openstack_compute_instance_v2.worker.23": {
                    "type": "openstack_compute_instance_v2",
                    "depends_on": [
                        "null_resource.masterip",
                        "openstack_compute_instance_v2.salt-master",
                        "openstack_compute_secgroup_v2.allow-traffic"
                    ],
                    "primary": {
                        "id": "a2cf9dcd-61d8-4b4e-b0fc-176939d095de",
                        "attributes": {
                            "access_ip_v4": "192.168.0.28",
                            "access_ip_v6": "",
                            "all_metadata.%": "0",
                            "availability_zone": "AZ_1",
                            "flavor_id": "17",
                            "flavor_name": "s1.gargantuan",
                            "force_delete": "false",
                            "id": "a2cf9dcd-61d8-4b4e-b0fc-176939d095de",
                            "image_id": "38618faa-3e30-454d-8166-7cfb2316548c",
                            "image_name": "butler_base",
                            "key_pair": "sergei",
                            "name": "butler-worker-23",
                            "network.#": "4",
                            "network.0.access_network": "false",
                            "network.0.fixed_ip_v4": "192.168.0.28",
                            "network.0.fixed_ip_v6": "",
                            "network.0.floating_ip": "",
                            "network.0.mac": "fa:16:3e:43:78:c5",
                            "network.0.name": "Germline_private",
                            "network.0.port": "",
                            "network.0.uuid": "3a8dbb6c-f1fb-48e7-9baa-82a2ab74e4e8",
                            "network.1.access_network": "false",
                            "network.1.fixed_ip_v4": "10.35.104.21",
                            "network.1.fixed_ip_v6": "",
                            "network.1.floating_ip": "",
                            "network.1.mac": "fa:16:3e:3e:45:1c",
                            "network.1.name": "GNOS-readonly",
                            "network.1.port": "",
                            "network.1.uuid": "57e634e1-b42e-4d2c-ac4d-d8236b872a5c",
                            "network.2.access_network": "false",
                            "network.2.fixed_ip_v4": "10.35.105.25",
                            "network.2.fixed_ip_v6": "",
                            "network.2.floating_ip": "",
                            "network.2.mac": "fa:16:3e:7f:0d:1d",
                            "network.2.name": "net_provider_vlan3105",
                            "network.2.port": "",
                            "network.2.uuid": "b200d942-b472-4409-885f-6b6f7bcf5691",
                            "network.3.access_network": "false",
                            "network.3.fixed_ip_v4": "10.35.110.26",
                            "network.3.fixed_ip_v6": "",
                            "network.3.floating_ip": "",
                            "network.3.mac": "fa:16:3e:98:e1:3f",
                            "network.3.name": "net_provider_vlan3110",
                            "network.3.port": "",
                            "network.3.uuid": "6058aeb3-633f-4b2d-8726-b8e5514ccbb6",
                            "security_groups.#": "2",
                            "security_groups.200482051": "internal",
                            "security_groups.2299581210": "butler-firewall",
                            "stop_before_destroy": "false",
                            "volume.#": "0"
                        },
                        "meta": {
                            "e2bfb730-ecaa-11e6-8f88-34363bc7c4c0": {
                                "create": 1800000000000,
                                "delete": 1800000000000,
                                "update": 1800000000000
                            }
                        },
                        "tainted": false
                    },
                    "deposed": [],
                    "provider": ""
                },
                "openstack_compute_instance_v2.worker.24": {
                    "type": "openstack_compute_instance_v2",
                    "depends_on": [
                        "null_resource.masterip",
                        "openstack_compute_instance_v2.salt-master",
                        "openstack_compute_secgroup_v2.allow-traffic"
                    ],
                    "primary": {
                        "id": "9deb4ace-0f08-48c4-a1d5-4bff3ac32ebf",
                        "attributes": {
                            "access_ip_v4": "192.168.0.39",
                            "access_ip_v6": "",
                            "all_metadata.%": "0",
                            "availability_zone": "AZ_1",
                            "flavor_id": "17",
                            "flavor_name": "s1.gargantuan",
                            "force_delete": "false",
                            "id": "9deb4ace-0f08-48c4-a1d5-4bff3ac32ebf",
                            "image_id": "38618faa-3e30-454d-8166-7cfb2316548c",
                            "image_name": "butler_base",
                            "key_pair": "sergei",
                            "name": "butler-worker-24",
                            "network.#": "4",
                            "network.0.access_network": "false",
                            "network.0.fixed_ip_v4": "192.168.0.39",
                            "network.0.fixed_ip_v6": "",
                            "network.0.floating_ip": "",
                            "network.0.mac": "fa:16:3e:e7:9b:f9",
                            "network.0.name": "Germline_private",
                            "network.0.port": "",
                            "network.0.uuid": "3a8dbb6c-f1fb-48e7-9baa-82a2ab74e4e8",
                            "network.1.access_network": "false",
                            "network.1.fixed_ip_v4": "10.35.104.40",
                            "network.1.fixed_ip_v6": "",
                            "network.1.floating_ip": "",
                            "network.1.mac": "fa:16:3e:5c:15:a3",
                            "network.1.name": "GNOS-readonly",
                            "network.1.port": "",
                            "network.1.uuid": "57e634e1-b42e-4d2c-ac4d-d8236b872a5c",
                            "network.2.access_network": "false",
                            "network.2.fixed_ip_v4": "10.35.105.39",
                            "network.2.fixed_ip_v6": "",
                            "network.2.floating_ip": "",
                            "network.2.mac": "fa:16:3e:8b:60:55",
                            "network.2.name": "net_provider_vlan3105",
                            "network.2.port": "",
                            "network.2.uuid": "b200d942-b472-4409-885f-6b6f7bcf5691",
                            "network.3.access_network": "false",
                            "network.3.fixed_ip_v4": "10.35.110.41",
                            "network.3.fixed_ip_v6": "",
                            "network.3.floating_ip": "",
                            "network.3.mac": "fa:16:3e:12:59:03",
                            "network.3.name": "net_provider_vlan3110",
                            "network.3.port": "",
                            "network.3.uuid": "6058aeb3-633f-4b2d-8726-b8e5514ccbb6",
                            "security_groups.#": "2",
                            "security_groups.200482051": "internal",
                            "security_groups.2299581210": "butler-firewall",
                            "stop_before_destroy": "false",
                            "volume.#": "0"
                        },
                        "meta": {
                            "e2bfb730-ecaa-11e6-8f88-34363bc7c4c0": {
                                "create": 1800000000000,
                                "delete": 1800000000000,
                                "update": 1800000000000
                            }
                        },
                        "tainted": false
                    },
                    "deposed": [],
                    "provider": ""
                },
                "openstack_compute_instance_v2.worker.25": {
                    "type": "openstack_compute_instance_v2",
                    "depends_on": [
                        "null_resource.masterip",
                        "openstack_compute_instance_v2.salt-master",
                        "openstack_compute_secgroup_v2.allow-traffic"
                    ],
                    "primary": {
                        "id": "d51b79aa-ba7e-44db-9116-ff03858a5501",
                        "attributes": {
                            "access_ip_v4": "192.168.0.65",
                            "access_ip_v6": "",
                            "all_metadata.%": "0",
                            "availability_zone": "AZ_1",
                            "flavor_id": "17",
                            "flavor_name": "s1.gargantuan",
                            "force_delete": "false",
                            "id": "d51b79aa-ba7e-44db-9116-ff03858a5501",
                            "image_id": "38618faa-3e30-454d-8166-7cfb2316548c",
                            "image_name": "butler_base",
                            "key_pair": "sergei",
                            "name": "butler-worker-25",
                            "network.#": "4",
                            "network.0.access_network": "false",
                            "network.0.fixed_ip_v4": "192.168.0.65",
                            "network.0.fixed_ip_v6": "",
                            "network.0.floating_ip": "",
                            "network.0.mac": "fa:16:3e:52:7b:f0",
                            "network.0.name": "Germline_private",
                            "network.0.port": "",
                            "network.0.uuid": "3a8dbb6c-f1fb-48e7-9baa-82a2ab74e4e8",
                            "network.1.access_network": "false",
                            "network.1.fixed_ip_v4": "10.35.104.56",
                            "network.1.fixed_ip_v6": "",
                            "network.1.floating_ip": "",
                            "network.1.mac": "fa:16:3e:d6:d9:df",
                            "network.1.name": "GNOS-readonly",
                            "network.1.port": "",
                            "network.1.uuid": "57e634e1-b42e-4d2c-ac4d-d8236b872a5c",
                            "network.2.access_network": "false",
                            "network.2.fixed_ip_v4": "10.35.105.68",
                            "network.2.fixed_ip_v6": "",
                            "network.2.floating_ip": "",
                            "network.2.mac": "fa:16:3e:53:68:04",
                            "network.2.name": "net_provider_vlan3105",
                            "network.2.port": "",
                            "network.2.uuid": "b200d942-b472-4409-885f-6b6f7bcf5691",
                            "network.3.access_network": "false",
                            "network.3.fixed_ip_v4": "10.35.110.48",
                            "network.3.fixed_ip_v6": "",
                            "network.3.floating_ip": "",
                            "network.3.mac": "fa:16:3e:1e:38:d1",
                            "network.3.name": "net_provider_vlan3110",
                            "network.3.port": "",
                            "network.3.uuid": "6058aeb3-633f-4b2d-8726-b8e5514ccbb6",
                            "security_groups.#": "2",
                            "security_groups.200482051": "internal",
                            "security_groups.2299581210": "butler-firewall",
                            "stop_before_destroy": "false",
                            "volume.#": "0"
                        },
                        "meta": {
                            "e2bfb730-ecaa-11e6-8f88-34363bc7c4c0": {
                                "create": 1800000000000,
                                "delete": 1800000000000,
                                "update": 1800000000000
                            }
                        },
                        "tainted": false
                    },
                    "deposed": [],
                    "provider": ""
                },
                "openstack_compute_instance_v2.worker.26": {
                    "type": "openstack_compute_instance_v2",
                    "depends_on": [
                        "null_resource.masterip",
                        "openstack_compute_instance_v2.salt-master",
                        "openstack_compute_secgroup_v2.allow-traffic"
                    ],
                    "primary": {
                        "id": "d29d3b5b-4dbf-4b72-840c-d81aa7dba8e4",
                        "attributes": {
                            "access_ip_v4": "192.168.0.6",
                            "access_ip_v6": "",
                            "all_metadata.%": "0",
                            "availability_zone": "AZ_1",
                            "flavor_id": "17",
                            "flavor_name": "s1.gargantuan",
                            "force_delete": "false",
                            "id": "d29d3b5b-4dbf-4b72-840c-d81aa7dba8e4",
                            "image_id": "38618faa-3e30-454d-8166-7cfb2316548c",
                            "image_name": "butler_base",
                            "key_pair": "sergei",
                            "name": "butler-worker-26",
                            "network.#": "4",
                            "network.0.access_network": "false",
                            "network.0.fixed_ip_v4": "192.168.0.6",
                            "network.0.fixed_ip_v6": "",
                            "network.0.floating_ip": "",
                            "network.0.mac": "fa:16:3e:fc:44:6d",
                            "network.0.name": "Germline_private",
                            "network.0.port": "",
                            "network.0.uuid": "3a8dbb6c-f1fb-48e7-9baa-82a2ab74e4e8",
                            "network.1.access_network": "false",
                            "network.1.fixed_ip_v4": "10.35.104.12",
                            "network.1.fixed_ip_v6": "",
                            "network.1.floating_ip": "",
                            "network.1.mac": "fa:16:3e:7a:3c:01",
                            "network.1.name": "GNOS-readonly",
                            "network.1.port": "",
                            "network.1.uuid": "57e634e1-b42e-4d2c-ac4d-d8236b872a5c",
                            "network.2.access_network": "false",
                            "network.2.fixed_ip_v4": "10.35.105.5",
                            "network.2.fixed_ip_v6": "",
                            "network.2.floating_ip": "",
                            "network.2.mac": "fa:16:3e:40:73:b0",
                            "network.2.name": "net_provider_vlan3105",
                            "network.2.port": "",
                            "network.2.uuid": "b200d942-b472-4409-885f-6b6f7bcf5691",
                            "network.3.access_network": "false",
                            "network.3.fixed_ip_v4": "10.35.110.11",
                            "network.3.fixed_ip_v6": "",
                            "network.3.floating_ip": "",
                            "network.3.mac": "fa:16:3e:cb:f4:38",
                            "network.3.name": "net_provider_vlan3110",
                            "network.3.port": "",
                            "network.3.uuid": "6058aeb3-633f-4b2d-8726-b8e5514ccbb6",
                            "security_groups.#": "2",
                            "security_groups.200482051": "internal",
                            "security_groups.2299581210": "butler-firewall",
                            "stop_before_destroy": "false",
                            "volume.#": "0"
                        },
                        "meta": {
                            "e2bfb730-ecaa-11e6-8f88-34363bc7c4c0": {
                                "create": 1800000000000,
                                "delete": 1800000000000,
                                "update": 1800000000000
                            }
                        },
                        "tainted": false
                    },
                    "deposed": [],
                    "provider": ""
                },
                "openstack_compute_instance_v2.worker.27": {
                    "type": "openstack_compute_instance_v2",
                    "depends_on": [
                        "null_resource.masterip",
                        "openstack_compute_instance_v2.salt-master",
                        "openstack_compute_secgroup_v2.allow-traffic"
                    ],
                    "primary": {
                        "id": "c4289a46-ef4e-4742-a663-97cbbacf9cd2",
                        "attributes": {
                            "access_ip_v4": "192.168.0.52",
                            "access_ip_v6": "",
                            "all_metadata.%": "0",
                            "availability_zone": "AZ_1",
                            "flavor_id": "17",
                            "flavor_name": "s1.gargantuan",
                            "force_delete": "false",
                            "id": "c4289a46-ef4e-4742-a663-97cbbacf9cd2",
                            "image_id": "38618faa-3e30-454d-8166-7cfb2316548c",
                            "image_name": "butler_base",
                            "key_pair": "sergei",
                            "name": "butler-worker-27",
                            "network.#": "4",
                            "network.0.access_network": "false",
                            "network.0.fixed_ip_v4": "192.168.0.52",
                            "network.0.fixed_ip_v6": "",
                            "network.0.floating_ip": "",
                            "network.0.mac": "fa:16:3e:d4:bb:5c",
                            "network.0.name": "Germline_private",
                            "network.0.port": "",
                            "network.0.uuid": "3a8dbb6c-f1fb-48e7-9baa-82a2ab74e4e8",
                            "network.1.access_network": "false",
                            "network.1.fixed_ip_v4": "10.35.104.45",
                            "network.1.fixed_ip_v6": "",
                            "network.1.floating_ip": "",
                            "network.1.mac": "fa:16:3e:47:d8:db",
                            "network.1.name": "GNOS-readonly",
                            "network.1.port": "",
                            "network.1.uuid": "57e634e1-b42e-4d2c-ac4d-d8236b872a5c",
                            "network.2.access_network": "false",
                            "network.2.fixed_ip_v4": "10.35.105.44",
                            "network.2.fixed_ip_v6": "",
                            "network.2.floating_ip": "",
                            "network.2.mac": "fa:16:3e:e1:aa:78",
                            "network.2.name": "net_provider_vlan3105",
                            "network.2.port": "",
                            "network.2.uuid": "b200d942-b472-4409-885f-6b6f7bcf5691",
                            "network.3.access_network": "false",
                            "network.3.fixed_ip_v4": "10.35.110.39",
                            "network.3.fixed_ip_v6": "",
                            "network.3.floating_ip": "",
                            "network.3.mac": "fa:16:3e:eb:de:77",
                            "network.3.name": "net_provider_vlan3110",
                            "network.3.port": "",
                            "network.3.uuid": "6058aeb3-633f-4b2d-8726-b8e5514ccbb6",
                            "security_groups.#": "2",
                            "security_groups.200482051": "internal",
                            "security_groups.2299581210": "butler-firewall",
                            "stop_before_destroy": "false",
                            "volume.#": "0"
                        },
                        "meta": {
                            "e2bfb730-ecaa-11e6-8f88-34363bc7c4c0": {
                                "create": 1800000000000,
                                "delete": 1800000000000,
                                "update": 1800000000000
                            }
                        },
                        "tainted": false
                    },
                    "deposed": [],
                    "provider": ""
                },
                "openstack_compute_instance_v2.worker.28": {
                    "type": "openstack_compute_instance_v2",
                    "depends_on": [
                        "null_resource.masterip",
                        "openstack_compute_instance_v2.salt-master",
                        "openstack_compute_secgroup_v2.allow-traffic"
                    ],
                    "primary": {
                        "id": "0e99af25-e33f-4613-b6e1-8fe766641d5d",
                        "attributes": {
                            "access_ip_v4": "192.168.0.51",
                            "access_ip_v6": "",
                            "all_metadata.%": "0",
                            "availability_zone": "AZ_1",
                            "flavor_id": "17",
                            "flavor_name": "s1.gargantuan",
                            "force_delete": "false",
                            "id": "0e99af25-e33f-4613-b6e1-8fe766641d5d",
                            "image_id": "38618faa-3e30-454d-8166-7cfb2316548c",
                            "image_name": "butler_base",
                            "key_pair": "sergei",
                            "name": "butler-worker-28",
                            "network.#": "4",
                            "network.0.access_network": "false",
                            "network.0.fixed_ip_v4": "192.168.0.51",
                            "network.0.fixed_ip_v6": "",
                            "network.0.floating_ip": "",
                            "network.0.mac": "fa:16:3e:dd:d9:8c",
                            "network.0.name": "Germline_private",
                            "network.0.port": "",
                            "network.0.uuid": "3a8dbb6c-f1fb-48e7-9baa-82a2ab74e4e8",
                            "network.1.access_network": "false",
                            "network.1.fixed_ip_v4": "10.35.104.55",
                            "network.1.fixed_ip_v6": "",
                            "network.1.floating_ip": "",
                            "network.1.mac": "fa:16:3e:cb:16:97",
                            "network.1.name": "GNOS-readonly",
                            "network.1.port": "",
                            "network.1.uuid": "57e634e1-b42e-4d2c-ac4d-d8236b872a5c",
                            "network.2.access_network": "false",
                            "network.2.fixed_ip_v4": "10.35.105.56",
                            "network.2.fixed_ip_v6": "",
                            "network.2.floating_ip": "",
                            "network.2.mac": "fa:16:3e:ca:21:8d",
                            "network.2.name": "net_provider_vlan3105",
                            "network.2.port": "",
                            "network.2.uuid": "b200d942-b472-4409-885f-6b6f7bcf5691",
                            "network.3.access_network": "false",
                            "network.3.fixed_ip_v4": "10.35.110.55",
                            "network.3.fixed_ip_v6": "",
                            "network.3.floating_ip": "",
                            "network.3.mac": "fa:16:3e:dd:12:6b",
                            "network.3.name": "net_provider_vlan3110",
                            "network.3.port": "",
                            "network.3.uuid": "6058aeb3-633f-4b2d-8726-b8e5514ccbb6",
                            "security_groups.#": "2",
                            "security_groups.200482051": "internal",
                            "security_groups.2299581210": "butler-firewall",
                            "stop_before_destroy": "false",
                            "volume.#": "0"
                        },
                        "meta": {
                            "e2bfb730-ecaa-11e6-8f88-34363bc7c4c0": {
                                "create": 1800000000000,
                                "delete": 1800000000000,
                                "update": 1800000000000
                            }
                        },
                        "tainted": false
                    },
                    "deposed": [],
                    "provider": ""
                },
                "openstack_compute_instance_v2.worker.29": {
                    "type": "openstack_compute_instance_v2",
                    "depends_on": [
                        "null_resource.masterip",
                        "openstack_compute_instance_v2.salt-master",
                        "openstack_compute_secgroup_v2.allow-traffic"
                    ],
                    "primary": {
                        "id": "423abcbf-4fae-4ff8-8a05-7db30dd852af",
                        "attributes": {
                            "access_ip_v4": "192.168.0.23",
                            "access_ip_v6": "",
                            "all_metadata.%": "0",
                            "availability_zone": "AZ_1",
                            "flavor_id": "17",
                            "flavor_name": "s1.gargantuan",
                            "force_delete": "false",
                            "id": "423abcbf-4fae-4ff8-8a05-7db30dd852af",
                            "image_id": "38618faa-3e30-454d-8166-7cfb2316548c",
                            "image_name": "butler_base",
                            "key_pair": "sergei",
                            "name": "butler-worker-29",
                            "network.#": "4",
                            "network.0.access_network": "false",
                            "network.0.fixed_ip_v4": "192.168.0.23",
                            "network.0.fixed_ip_v6": "",
                            "network.0.floating_ip": "",
                            "network.0.mac": "fa:16:3e:4f:96:04",
                            "network.0.name": "Germline_private",
                            "network.0.port": "",
                            "network.0.uuid": "3a8dbb6c-f1fb-48e7-9baa-82a2ab74e4e8",
                            "network.1.access_network": "false",
                            "network.1.fixed_ip_v4": "10.35.104.16",
                            "network.1.fixed_ip_v6": "",
                            "network.1.floating_ip": "",
                            "network.1.mac": "fa:16:3e:8b:25:df",
                            "network.1.name": "GNOS-readonly",
                            "network.1.port": "",
                            "network.1.uuid": "57e634e1-b42e-4d2c-ac4d-d8236b872a5c",
                            "network.2.access_network": "false",
                            "network.2.fixed_ip_v4": "10.35.105.11",
                            "network.2.fixed_ip_v6": "",
                            "network.2.floating_ip": "",
                            "network.2.mac": "fa:16:3e:22:3a:1a",
                            "network.2.name": "net_provider_vlan3105",
                            "network.2.port": "",
                            "network.2.uuid": "b200d942-b472-4409-885f-6b6f7bcf5691",
                            "network.3.access_network": "false",
                            "network.3.fixed_ip_v4": "10.35.110.14",
                            "network.3.fixed_ip_v6": "",
                            "network.3.floating_ip": "",
                            "network.3.mac": "fa:16:3e:d3:59:ef",
                            "network.3.name": "net_provider_vlan3110",
                            "network.3.port": "",
                            "network.3.uuid": "6058aeb3-633f-4b2d-8726-b8e5514ccbb6",
                            "security_groups.#": "2",
                            "security_groups.200482051": "internal",
                            "security_groups.2299581210": "butler-firewall",
                            "stop_before_destroy": "false",
                            "volume.#": "0"
                        },
                        "meta": {
                            "e2bfb730-ecaa-11e6-8f88-34363bc7c4c0": {
                                "create": 1800000000000,
                                "delete": 1800000000000,
                                "update": 1800000000000
                            }
                        },
                        "tainted": false
                    },
                    "deposed": [],
                    "provider": ""
                },
                "openstack_compute_instance_v2.worker.3": {
                    "type": "openstack_compute_instance_v2",
                    "depends_on": [
                        "null_resource.masterip",
                        "openstack_compute_instance_v2.salt-master",
                        "openstack_compute_secgroup_v2.allow-traffic"
                    ],
                    "primary": {
                        "id": "eefc1e7f-a1a1-4353-b2f2-13103127ba1f",
                        "attributes": {
                            "access_ip_v4": "192.168.0.61",
                            "access_ip_v6": "",
                            "all_metadata.%": "0",
                            "availability_zone": "AZ_1",
                            "flavor_id": "17",
                            "flavor_name": "s1.gargantuan",
                            "force_delete": "false",
                            "id": "eefc1e7f-a1a1-4353-b2f2-13103127ba1f",
                            "image_id": "38618faa-3e30-454d-8166-7cfb2316548c",
                            "image_name": "butler_base",
                            "key_pair": "sergei",
                            "name": "butler-worker-3",
                            "network.#": "4",
                            "network.0.access_network": "false",
                            "network.0.fixed_ip_v4": "192.168.0.61",
                            "network.0.fixed_ip_v6": "",
                            "network.0.floating_ip": "",
                            "network.0.mac": "fa:16:3e:84:19:fc",
                            "network.0.name": "Germline_private",
                            "network.0.port": "",
                            "network.0.uuid": "3a8dbb6c-f1fb-48e7-9baa-82a2ab74e4e8",
                            "network.1.access_network": "false",
                            "network.1.fixed_ip_v4": "10.35.104.49",
                            "network.1.fixed_ip_v6": "",
                            "network.1.floating_ip": "",
                            "network.1.mac": "fa:16:3e:b8:a4:dc",
                            "network.1.name": "GNOS-readonly",
                            "network.1.port": "",
                            "network.1.uuid": "57e634e1-b42e-4d2c-ac4d-d8236b872a5c",
                            "network.2.access_network": "false",
                            "network.2.fixed_ip_v4": "10.35.105.63",
                            "network.2.fixed_ip_v6": "",
                            "network.2.floating_ip": "",
                            "network.2.mac": "fa:16:3e:ca:b1:6e",
                            "network.2.name": "net_provider_vlan3105",
                            "network.2.port": "",
                            "network.2.uuid": "b200d942-b472-4409-885f-6b6f7bcf5691",
                            "network.3.access_network": "false",
                            "network.3.fixed_ip_v4": "10.35.110.62",
                            "network.3.fixed_ip_v6": "",
                            "network.3.floating_ip": "",
                            "network.3.mac": "fa:16:3e:e2:11:9f",
                            "network.3.name": "net_provider_vlan3110",
                            "network.3.port": "",
                            "network.3.uuid": "6058aeb3-633f-4b2d-8726-b8e5514ccbb6",
                            "security_groups.#": "2",
                            "security_groups.200482051": "internal",
                            "security_groups.2299581210": "butler-firewall",
                            "stop_before_destroy": "false",
                            "volume.#": "0"
                        },
                        "meta": {
                            "e2bfb730-ecaa-11e6-8f88-34363bc7c4c0": {
                                "create": 1800000000000,
                                "delete": 1800000000000,
                                "update": 1800000000000
                            }
                        },
                        "tainted": false
                    },
                    "deposed": [],
                    "provider": ""
                },
                "openstack_compute_instance_v2.worker.30": {
                    "type": "openstack_compute_instance_v2",
                    "depends_on": [
                        "null_resource.masterip",
                        "openstack_compute_instance_v2.salt-master",
                        "openstack_compute_secgroup_v2.allow-traffic"
                    ],
                    "primary": {
                        "id": "be09caa1-1679-4a4e-be0a-9db76ed427ed",
                        "attributes": {
                            "access_ip_v4": "192.168.0.46",
                            "access_ip_v6": "",
                            "all_metadata.%": "0",
                            "availability_zone": "AZ_1",
                            "flavor_id": "17",
                            "flavor_name": "s1.gargantuan",
                            "force_delete": "false",
                            "id": "be09caa1-1679-4a4e-be0a-9db76ed427ed",
                            "image_id": "38618faa-3e30-454d-8166-7cfb2316548c",
                            "image_name": "butler_base",
                            "key_pair": "sergei",
                            "name": "butler-worker-30",
                            "network.#": "4",
                            "network.0.access_network": "false",
                            "network.0.fixed_ip_v4": "192.168.0.46",
                            "network.0.fixed_ip_v6": "",
                            "network.0.floating_ip": "",
                            "network.0.mac": "fa:16:3e:97:d8:a8",
                            "network.0.name": "Germline_private",
                            "network.0.port": "",
                            "network.0.uuid": "3a8dbb6c-f1fb-48e7-9baa-82a2ab74e4e8",
                            "network.1.access_network": "false",
                            "network.1.fixed_ip_v4": "10.35.104.27",
                            "network.1.fixed_ip_v6": "",
                            "network.1.floating_ip": "",
                            "network.1.mac": "fa:16:3e:d4:e2:8d",
                            "network.1.name": "GNOS-readonly",
                            "network.1.port": "",
                            "network.1.uuid": "57e634e1-b42e-4d2c-ac4d-d8236b872a5c",
                            "network.2.access_network": "false",
                            "network.2.fixed_ip_v4": "10.35.105.42",
                            "network.2.fixed_ip_v6": "",
                            "network.2.floating_ip": "",
                            "network.2.mac": "fa:16:3e:46:f5:da",
                            "network.2.name": "net_provider_vlan3105",
                            "network.2.port": "",
                            "network.2.uuid": "b200d942-b472-4409-885f-6b6f7bcf5691",
                            "network.3.access_network": "false",
                            "network.3.fixed_ip_v4": "10.35.110.40",
                            "network.3.fixed_ip_v6": "",
                            "network.3.floating_ip": "",
                            "network.3.mac": "fa:16:3e:b7:c0:2f",
                            "network.3.name": "net_provider_vlan3110",
                            "network.3.port": "",
                            "network.3.uuid": "6058aeb3-633f-4b2d-8726-b8e5514ccbb6",
                            "security_groups.#": "2",
                            "security_groups.200482051": "internal",
                            "security_groups.2299581210": "butler-firewall",
                            "stop_before_destroy": "false",
                            "volume.#": "0"
                        },
                        "meta": {
                            "e2bfb730-ecaa-11e6-8f88-34363bc7c4c0": {
                                "create": 1800000000000,
                                "delete": 1800000000000,
                                "update": 1800000000000
                            }
                        },
                        "tainted": false
                    },
                    "deposed": [],
                    "provider": ""
                },
                "openstack_compute_instance_v2.worker.31": {
                    "type": "openstack_compute_instance_v2",
                    "depends_on": [
                        "null_resource.masterip",
                        "openstack_compute_instance_v2.salt-master",
                        "openstack_compute_secgroup_v2.allow-traffic"
                    ],
                    "primary": {
                        "id": "0c552c82-aa96-4d1f-98b8-9cc0c573557d",
                        "attributes": {
                            "access_ip_v4": "192.168.0.56",
                            "access_ip_v6": "",
                            "all_metadata.%": "0",
                            "availability_zone": "AZ_1",
                            "flavor_id": "17",
                            "flavor_name": "s1.gargantuan",
                            "force_delete": "false",
                            "id": "0c552c82-aa96-4d1f-98b8-9cc0c573557d",
                            "image_id": "38618faa-3e30-454d-8166-7cfb2316548c",
                            "image_name": "butler_base",
                            "key_pair": "sergei",
                            "name": "butler-worker-31",
                            "network.#": "4",
                            "network.0.access_network": "false",
                            "network.0.fixed_ip_v4": "192.168.0.56",
                            "network.0.fixed_ip_v6": "",
                            "network.0.floating_ip": "",
                            "network.0.mac": "fa:16:3e:47:3e:8e",
                            "network.0.name": "Germline_private",
                            "network.0.port": "",
                            "network.0.uuid": "3a8dbb6c-f1fb-48e7-9baa-82a2ab74e4e8",
                            "network.1.access_network": "false",
                            "network.1.fixed_ip_v4": "10.35.104.54",
                            "network.1.fixed_ip_v6": "",
                            "network.1.floating_ip": "",
                            "network.1.mac": "fa:16:3e:e0:dd:a3",
                            "network.1.name": "GNOS-readonly",
                            "network.1.port": "",
                            "network.1.uuid": "57e634e1-b42e-4d2c-ac4d-d8236b872a5c",
                            "network.2.access_network": "false",
                            "network.2.fixed_ip_v4": "10.35.105.60",
                            "network.2.fixed_ip_v6": "",
                            "network.2.floating_ip": "",
                            "network.2.mac": "fa:16:3e:f5:d8:15",
                            "network.2.name": "net_provider_vlan3105",
                            "network.2.port": "",
                            "network.2.uuid": "b200d942-b472-4409-885f-6b6f7bcf5691",
                            "network.3.access_network": "false",
                            "network.3.fixed_ip_v4": "10.35.110.57",
                            "network.3.fixed_ip_v6": "",
                            "network.3.floating_ip": "",
                            "network.3.mac": "fa:16:3e:4c:2e:94",
                            "network.3.name": "net_provider_vlan3110",
                            "network.3.port": "",
                            "network.3.uuid": "6058aeb3-633f-4b2d-8726-b8e5514ccbb6",
                            "security_groups.#": "2",
                            "security_groups.200482051": "internal",
                            "security_groups.2299581210": "butler-firewall",
                            "stop_before_destroy": "false",
                            "volume.#": "0"
                        },
                        "meta": {
                            "e2bfb730-ecaa-11e6-8f88-34363bc7c4c0": {
                                "create": 1800000000000,
                                "delete": 1800000000000,
                                "update": 1800000000000
                            }
                        },
                        "tainted": false
                    },
                    "deposed": [],
                    "provider": ""
                },
                "openstack_compute_instance_v2.worker.32": {
                    "type": "openstack_compute_instance_v2",
                    "depends_on": [
                        "null_resource.masterip",
                        "openstack_compute_instance_v2.salt-master",
                        "openstack_compute_secgroup_v2.allow-traffic"
                    ],
                    "primary": {
                        "id": "e40ce4fb-21f7-4c2b-a8b8-96c79892d0c2",
                        "attributes": {
                            "access_ip_v4": "192.168.0.7",
                            "access_ip_v6": "",
                            "all_metadata.%": "0",
                            "availability_zone": "AZ_1",
                            "flavor_id": "17",
                            "flavor_name": "s1.gargantuan",
                            "force_delete": "false",
                            "id": "e40ce4fb-21f7-4c2b-a8b8-96c79892d0c2",
                            "image_id": "38618faa-3e30-454d-8166-7cfb2316548c",
                            "image_name": "butler_base",
                            "key_pair": "sergei",
                            "name": "butler-worker-32",
                            "network.#": "4",
                            "network.0.access_network": "false",
                            "network.0.fixed_ip_v4": "192.168.0.7",
                            "network.0.fixed_ip_v6": "",
                            "network.0.floating_ip": "",
                            "network.0.mac": "fa:16:3e:6e:63:dd",
                            "network.0.name": "Germline_private",
                            "network.0.port": "",
                            "network.0.uuid": "3a8dbb6c-f1fb-48e7-9baa-82a2ab74e4e8",
                            "network.1.access_network": "false",
                            "network.1.fixed_ip_v4": "10.35.104.23",
                            "network.1.fixed_ip_v6": "",
                            "network.1.floating_ip": "",
                            "network.1.mac": "fa:16:3e:8b:cb:fd",
                            "network.1.name": "GNOS-readonly",
                            "network.1.port": "",
                            "network.1.uuid": "57e634e1-b42e-4d2c-ac4d-d8236b872a5c",
                            "network.2.access_network": "false",
                            "network.2.fixed_ip_v4": "10.35.105.23",
                            "network.2.fixed_ip_v6": "",
                            "network.2.floating_ip": "",
                            "network.2.mac": "fa:16:3e:b8:24:0e",
                            "network.2.name": "net_provider_vlan3105",
                            "network.2.port": "",
                            "network.2.uuid": "b200d942-b472-4409-885f-6b6f7bcf5691",
                            "network.3.access_network": "false",
                            "network.3.fixed_ip_v4": "10.35.110.17",
                            "network.3.fixed_ip_v6": "",
                            "network.3.floating_ip": "",
                            "network.3.mac": "fa:16:3e:82:7c:30",
                            "network.3.name": "net_provider_vlan3110",
                            "network.3.port": "",
                            "network.3.uuid": "6058aeb3-633f-4b2d-8726-b8e5514ccbb6",
                            "security_groups.#": "2",
                            "security_groups.200482051": "internal",
                            "security_groups.2299581210": "butler-firewall",
                            "stop_before_destroy": "false",
                            "volume.#": "0"
                        },
                        "meta": {
                            "e2bfb730-ecaa-11e6-8f88-34363bc7c4c0": {
                                "create": 1800000000000,
                                "delete": 1800000000000,
                                "update": 1800000000000
                            }
                        },
                        "tainted": false
                    },
                    "deposed": [],
                    "provider": ""
                },
                "openstack_compute_instance_v2.worker.33": {
                    "type": "openstack_compute_instance_v2",
                    "depends_on": [
                        "null_resource.masterip",
                        "openstack_compute_instance_v2.salt-master",
                        "openstack_compute_secgroup_v2.allow-traffic"
                    ],
                    "primary": {
                        "id": "516abfa4-8e6e-434a-8e12-6a2afbd081e2",
                        "attributes": {
                            "access_ip_v4": "192.168.0.71",
                            "access_ip_v6": "",
                            "all_metadata.%": "0",
                            "availability_zone": "AZ_1",
                            "flavor_id": "17",
                            "flavor_name": "s1.gargantuan",
                            "force_delete": "false",
                            "id": "516abfa4-8e6e-434a-8e12-6a2afbd081e2",
                            "image_id": "38618faa-3e30-454d-8166-7cfb2316548c",
                            "image_name": "butler_base",
                            "key_pair": "sergei",
                            "name": "butler-worker-33",
                            "network.#": "4",
                            "network.0.access_network": "false",
                            "network.0.fixed_ip_v4": "192.168.0.71",
                            "network.0.fixed_ip_v6": "",
                            "network.0.floating_ip": "",
                            "network.0.mac": "fa:16:3e:01:ca:79",
                            "network.0.name": "Germline_private",
                            "network.0.port": "",
                            "network.0.uuid": "3a8dbb6c-f1fb-48e7-9baa-82a2ab74e4e8",
                            "network.1.access_network": "false",
                            "network.1.fixed_ip_v4": "10.35.104.63",
                            "network.1.fixed_ip_v6": "",
                            "network.1.floating_ip": "",
                            "network.1.mac": "fa:16:3e:71:4d:dd",
                            "network.1.name": "GNOS-readonly",
                            "network.1.port": "",
                            "network.1.uuid": "57e634e1-b42e-4d2c-ac4d-d8236b872a5c",
                            "network.2.access_network": "false",
                            "network.2.fixed_ip_v4": "10.35.105.36",
                            "network.2.fixed_ip_v6": "",
                            "network.2.floating_ip": "",
                            "network.2.mac": "fa:16:3e:cb:87:9b",
                            "network.2.name": "net_provider_vlan3105",
                            "network.2.port": "",
                            "network.2.uuid": "b200d942-b472-4409-885f-6b6f7bcf5691",
                            "network.3.access_network": "false",
                            "network.3.fixed_ip_v4": "10.35.110.64",
                            "network.3.fixed_ip_v6": "",
                            "network.3.floating_ip": "",
                            "network.3.mac": "fa:16:3e:fe:bb:96",
                            "network.3.name": "net_provider_vlan3110",
                            "network.3.port": "",
                            "network.3.uuid": "6058aeb3-633f-4b2d-8726-b8e5514ccbb6",
                            "security_groups.#": "2",
                            "security_groups.200482051": "internal",
                            "security_groups.2299581210": "butler-firewall",
                            "stop_before_destroy": "false",
                            "volume.#": "0"
                        },
                        "meta": {
                            "e2bfb730-ecaa-11e6-8f88-34363bc7c4c0": {
                                "create": 1800000000000,
                                "delete": 1800000000000,
                                "update": 1800000000000
                            }
                        },
                        "tainted": false
                    },
                    "deposed": [],
                    "provider": ""
                },
                "openstack_compute_instance_v2.worker.34": {
                    "type": "openstack_compute_instance_v2",
                    "depends_on": [
                        "null_resource.masterip",
                        "openstack_compute_instance_v2.salt-master",
                        "openstack_compute_secgroup_v2.allow-traffic"
                    ],
                    "primary": {
                        "id": "68c967eb-7f9b-4be0-9a85-c33db136a4ce",
                        "attributes": {
                            "access_ip_v4": "192.168.0.12",
                            "access_ip_v6": "",
                            "all_metadata.%": "0",
                            "availability_zone": "AZ_1",
                            "flavor_id": "17",
                            "flavor_name": "s1.gargantuan",
                            "force_delete": "false",
                            "id": "68c967eb-7f9b-4be0-9a85-c33db136a4ce",
                            "image_id": "38618faa-3e30-454d-8166-7cfb2316548c",
                            "image_name": "butler_base",
                            "key_pair": "sergei",
                            "name": "butler-worker-34",
                            "network.#": "4",
                            "network.0.access_network": "false",
                            "network.0.fixed_ip_v4": "192.168.0.12",
                            "network.0.fixed_ip_v6": "",
                            "network.0.floating_ip": "",
                            "network.0.mac": "fa:16:3e:96:55:bb",
                            "network.0.name": "Germline_private",
                            "network.0.port": "",
                            "network.0.uuid": "3a8dbb6c-f1fb-48e7-9baa-82a2ab74e4e8",
                            "network.1.access_network": "false",
                            "network.1.fixed_ip_v4": "10.35.104.7",
                            "network.1.fixed_ip_v6": "",
                            "network.1.floating_ip": "",
                            "network.1.mac": "fa:16:3e:9e:b5:69",
                            "network.1.name": "GNOS-readonly",
                            "network.1.port": "",
                            "network.1.uuid": "57e634e1-b42e-4d2c-ac4d-d8236b872a5c",
                            "network.2.access_network": "false",
                            "network.2.fixed_ip_v4": "10.35.105.4",
                            "network.2.fixed_ip_v6": "",
                            "network.2.floating_ip": "",
                            "network.2.mac": "fa:16:3e:93:cb:11",
                            "network.2.name": "net_provider_vlan3105",
                            "network.2.port": "",
                            "network.2.uuid": "b200d942-b472-4409-885f-6b6f7bcf5691",
                            "network.3.access_network": "false",
                            "network.3.fixed_ip_v4": "10.35.110.8",
                            "network.3.fixed_ip_v6": "",
                            "network.3.floating_ip": "",
                            "network.3.mac": "fa:16:3e:32:34:24",
                            "network.3.name": "net_provider_vlan3110",
                            "network.3.port": "",
                            "network.3.uuid": "6058aeb3-633f-4b2d-8726-b8e5514ccbb6",
                            "security_groups.#": "2",
                            "security_groups.200482051": "internal",
                            "security_groups.2299581210": "butler-firewall",
                            "stop_before_destroy": "false",
                            "volume.#": "0"
                        },
                        "meta": {
                            "e2bfb730-ecaa-11e6-8f88-34363bc7c4c0": {
                                "create": 1800000000000,
                                "delete": 1800000000000,
                                "update": 1800000000000
                            }
                        },
                        "tainted": false
                    },
                    "deposed": [],
                    "provider": ""
                },
                "openstack_compute_instance_v2.worker.35": {
                    "type": "openstack_compute_instance_v2",
                    "depends_on": [
                        "null_resource.masterip",
                        "openstack_compute_instance_v2.salt-master",
                        "openstack_compute_secgroup_v2.allow-traffic"
                    ],
                    "primary": {
                        "id": "fcbce799-5334-4348-8fc8-77634bc386e2",
                        "attributes": {
                            "access_ip_v4": "192.168.0.58",
                            "access_ip_v6": "",
                            "all_metadata.%": "0",
                            "availability_zone": "AZ_1",
                            "flavor_id": "17",
                            "flavor_name": "s1.gargantuan",
                            "force_delete": "false",
                            "id": "fcbce799-5334-4348-8fc8-77634bc386e2",
                            "image_id": "38618faa-3e30-454d-8166-7cfb2316548c",
                            "image_name": "butler_base",
                            "key_pair": "sergei",
                            "name": "butler-worker-35",
                            "network.#": "4",
                            "network.0.access_network": "false",
                            "network.0.fixed_ip_v4": "192.168.0.58",
                            "network.0.fixed_ip_v6": "",
                            "network.0.floating_ip": "",
                            "network.0.mac": "fa:16:3e:d7:0d:36",
                            "network.0.name": "Germline_private",
                            "network.0.port": "",
                            "network.0.uuid": "3a8dbb6c-f1fb-48e7-9baa-82a2ab74e4e8",
                            "network.1.access_network": "false",
                            "network.1.fixed_ip_v4": "10.35.104.48",
                            "network.1.fixed_ip_v6": "",
                            "network.1.floating_ip": "",
                            "network.1.mac": "fa:16:3e:d9:fe:0e",
                            "network.1.name": "GNOS-readonly",
                            "network.1.port": "",
                            "network.1.uuid": "57e634e1-b42e-4d2c-ac4d-d8236b872a5c",
                            "network.2.access_network": "false",
                            "network.2.fixed_ip_v4": "10.35.105.49",
                            "network.2.fixed_ip_v6": "",
                            "network.2.floating_ip": "",
                            "network.2.mac": "fa:16:3e:fd:19:d4",
                            "network.2.name": "net_provider_vlan3105",
                            "network.2.port": "",
                            "network.2.uuid": "b200d942-b472-4409-885f-6b6f7bcf5691",
                            "network.3.access_network": "false",
                            "network.3.fixed_ip_v4": "10.35.110.51",
                            "network.3.fixed_ip_v6": "",
                            "network.3.floating_ip": "",
                            "network.3.mac": "fa:16:3e:2c:16:80",
                            "network.3.name": "net_provider_vlan3110",
                            "network.3.port": "",
                            "network.3.uuid": "6058aeb3-633f-4b2d-8726-b8e5514ccbb6",
                            "security_groups.#": "2",
                            "security_groups.200482051": "internal",
                            "security_groups.2299581210": "butler-firewall",
                            "stop_before_destroy": "false",
                            "volume.#": "0"
                        },
                        "meta": {
                            "e2bfb730-ecaa-11e6-8f88-34363bc7c4c0": {
                                "create": 1800000000000,
                                "delete": 1800000000000,
                                "update": 1800000000000
                            }
                        },
                        "tainted": false
                    },
                    "deposed": [],
                    "provider": ""
                },
                "openstack_compute_instance_v2.worker.36": {
                    "type": "openstack_compute_instance_v2",
                    "depends_on": [
                        "null_resource.masterip",
                        "openstack_compute_instance_v2.salt-master",
                        "openstack_compute_secgroup_v2.allow-traffic"
                    ],
                    "primary": {
                        "id": "87e6fe3e-582f-4425-9369-b68802f48e2a",
                        "attributes": {
                            "access_ip_v4": "192.168.0.27",
                            "access_ip_v6": "",
                            "all_metadata.%": "0",
                            "availability_zone": "AZ_1",
                            "flavor_id": "17",
                            "flavor_name": "s1.gargantuan",
                            "force_delete": "false",
                            "id": "87e6fe3e-582f-4425-9369-b68802f48e2a",
                            "image_id": "38618faa-3e30-454d-8166-7cfb2316548c",
                            "image_name": "butler_base",
                            "key_pair": "sergei",
                            "name": "butler-worker-36",
                            "network.#": "4",
                            "network.0.access_network": "false",
                            "network.0.fixed_ip_v4": "192.168.0.27",
                            "network.0.fixed_ip_v6": "",
                            "network.0.floating_ip": "",
                            "network.0.mac": "fa:16:3e:57:c5:58",
                            "network.0.name": "Germline_private",
                            "network.0.port": "",
                            "network.0.uuid": "3a8dbb6c-f1fb-48e7-9baa-82a2ab74e4e8",
                            "network.1.access_network": "false",
                            "network.1.fixed_ip_v4": "10.35.104.11",
                            "network.1.fixed_ip_v6": "",
                            "network.1.floating_ip": "",
                            "network.1.mac": "fa:16:3e:be:a4:3e",
                            "network.1.name": "GNOS-readonly",
                            "network.1.port": "",
                            "network.1.uuid": "57e634e1-b42e-4d2c-ac4d-d8236b872a5c",
                            "network.2.access_network": "false",
                            "network.2.fixed_ip_v4": "10.35.105.20",
                            "network.2.fixed_ip_v6": "",
                            "network.2.floating_ip": "",
                            "network.2.mac": "fa:16:3e:f9:eb:a1",
                            "network.2.name": "net_provider_vlan3105",
                            "network.2.port": "",
                            "network.2.uuid": "b200d942-b472-4409-885f-6b6f7bcf5691",
                            "network.3.access_network": "false",
                            "network.3.fixed_ip_v4": "10.35.110.24",
                            "network.3.fixed_ip_v6": "",
                            "network.3.floating_ip": "",
                            "network.3.mac": "fa:16:3e:79:28:1e",
                            "network.3.name": "net_provider_vlan3110",
                            "network.3.port": "",
                            "network.3.uuid": "6058aeb3-633f-4b2d-8726-b8e5514ccbb6",
                            "security_groups.#": "2",
                            "security_groups.200482051": "internal",
                            "security_groups.2299581210": "butler-firewall",
                            "stop_before_destroy": "false",
                            "volume.#": "0"
                        },
                        "meta": {
                            "e2bfb730-ecaa-11e6-8f88-34363bc7c4c0": {
                                "create": 1800000000000,
                                "delete": 1800000000000,
                                "update": 1800000000000
                            }
                        },
                        "tainted": false
                    },
                    "deposed": [],
                    "provider": ""
                },
                "openstack_compute_instance_v2.worker.37": {
                    "type": "openstack_compute_instance_v2",
                    "depends_on": [
                        "null_resource.masterip",
                        "openstack_compute_instance_v2.salt-master",
                        "openstack_compute_secgroup_v2.allow-traffic"
                    ],
                    "primary": {
                        "id": "d9e6356e-016f-46fe-b735-fa11767ec27a",
                        "attributes": {
                            "access_ip_v4": "192.168.0.32",
                            "access_ip_v6": "",
                            "all_metadata.%": "0",
                            "availability_zone": "AZ_1",
                            "flavor_id": "17",
                            "flavor_name": "s1.gargantuan",
                            "force_delete": "false",
                            "id": "d9e6356e-016f-46fe-b735-fa11767ec27a",
                            "image_id": "38618faa-3e30-454d-8166-7cfb2316548c",
                            "image_name": "butler_base",
                            "key_pair": "sergei",
                            "name": "butler-worker-37",
                            "network.#": "4",
                            "network.0.access_network": "false",
                            "network.0.fixed_ip_v4": "192.168.0.32",
                            "network.0.fixed_ip_v6": "",
                            "network.0.floating_ip": "",
                            "network.0.mac": "fa:16:3e:3e:37:e6",
                            "network.0.name": "Germline_private",
                            "network.0.port": "",
                            "network.0.uuid": "3a8dbb6c-f1fb-48e7-9baa-82a2ab74e4e8",
                            "network.1.access_network": "false",
                            "network.1.fixed_ip_v4": "10.35.104.26",
                            "network.1.fixed_ip_v6": "",
                            "network.1.floating_ip": "",
                            "network.1.mac": "fa:16:3e:3c:ae:9b",
                            "network.1.name": "GNOS-readonly",
                            "network.1.port": "",
                            "network.1.uuid": "57e634e1-b42e-4d2c-ac4d-d8236b872a5c",
                            "network.2.access_network": "false",
                            "network.2.fixed_ip_v4": "10.35.105.21",
                            "network.2.fixed_ip_v6": "",
                            "network.2.floating_ip": "",
                            "network.2.mac": "fa:16:3e:24:09:84",
                            "network.2.name": "net_provider_vlan3105",
                            "network.2.port": "",
                            "network.2.uuid": "b200d942-b472-4409-885f-6b6f7bcf5691",
                            "network.3.access_network": "false",
                            "network.3.fixed_ip_v4": "10.35.110.27",
                            "network.3.fixed_ip_v6": "",
                            "network.3.floating_ip": "",
                            "network.3.mac": "fa:16:3e:70:f8:ed",
                            "network.3.name": "net_provider_vlan3110",
                            "network.3.port": "",
                            "network.3.uuid": "6058aeb3-633f-4b2d-8726-b8e5514ccbb6",
                            "security_groups.#": "2",
                            "security_groups.200482051": "internal",
                            "security_groups.2299581210": "butler-firewall",
                            "stop_before_destroy": "false",
                            "volume.#": "0"
                        },
                        "meta": {
                            "e2bfb730-ecaa-11e6-8f88-34363bc7c4c0": {
                                "create": 1800000000000,
                                "delete": 1800000000000,
                                "update": 1800000000000
                            }
                        },
                        "tainted": false
                    },
                    "deposed": [],
                    "provider": ""
                },
                "openstack_compute_instance_v2.worker.38": {
                    "type": "openstack_compute_instance_v2",
                    "depends_on": [
                        "null_resource.masterip",
                        "openstack_compute_instance_v2.salt-master",
                        "openstack_compute_secgroup_v2.allow-traffic"
                    ],
                    "primary": {
                        "id": "4d316803-6192-4c61-a985-355587464bf3",
                        "attributes": {
                            "access_ip_v4": "192.168.0.29",
                            "access_ip_v6": "",
                            "all_metadata.%": "0",
                            "availability_zone": "AZ_1",
                            "flavor_id": "17",
                            "flavor_name": "s1.gargantuan",
                            "force_delete": "false",
                            "id": "4d316803-6192-4c61-a985-355587464bf3",
                            "image_id": "38618faa-3e30-454d-8166-7cfb2316548c",
                            "image_name": "butler_base",
                            "key_pair": "sergei",
                            "name": "butler-worker-38",
                            "network.#": "4",
                            "network.0.access_network": "false",
                            "network.0.fixed_ip_v4": "192.168.0.29",
                            "network.0.fixed_ip_v6": "",
                            "network.0.floating_ip": "",
                            "network.0.mac": "fa:16:3e:0f:b6:67",
                            "network.0.name": "Germline_private",
                            "network.0.port": "",
                            "network.0.uuid": "3a8dbb6c-f1fb-48e7-9baa-82a2ab74e4e8",
                            "network.1.access_network": "false",
                            "network.1.fixed_ip_v4": "10.35.104.19",
                            "network.1.fixed_ip_v6": "",
                            "network.1.floating_ip": "",
                            "network.1.mac": "fa:16:3e:a2:69:90",
                            "network.1.name": "GNOS-readonly",
                            "network.1.port": "",
                            "network.1.uuid": "57e634e1-b42e-4d2c-ac4d-d8236b872a5c",
                            "network.2.access_network": "false",
                            "network.2.fixed_ip_v4": "10.35.105.26",
                            "network.2.fixed_ip_v6": "",
                            "network.2.floating_ip": "",
                            "network.2.mac": "fa:16:3e:54:8c:fe",
                            "network.2.name": "net_provider_vlan3105",
                            "network.2.port": "",
                            "network.2.uuid": "b200d942-b472-4409-885f-6b6f7bcf5691",
                            "network.3.access_network": "false",
                            "network.3.fixed_ip_v4": "10.35.110.29",
                            "network.3.fixed_ip_v6": "",
                            "network.3.floating_ip": "",
                            "network.3.mac": "fa:16:3e:ed:23:53",
                            "network.3.name": "net_provider_vlan3110",
                            "network.3.port": "",
                            "network.3.uuid": "6058aeb3-633f-4b2d-8726-b8e5514ccbb6",
                            "security_groups.#": "2",
                            "security_groups.200482051": "internal",
                            "security_groups.2299581210": "butler-firewall",
                            "stop_before_destroy": "false",
                            "volume.#": "0"
                        },
                        "meta": {
                            "e2bfb730-ecaa-11e6-8f88-34363bc7c4c0": {
                                "create": 1800000000000,
                                "delete": 1800000000000,
                                "update": 1800000000000
                            }
                        },
                        "tainted": false
                    },
                    "deposed": [],
                    "provider": ""
                },
                "openstack_compute_instance_v2.worker.39": {
                    "type": "openstack_compute_instance_v2",
                    "depends_on": [
                        "null_resource.masterip",
                        "openstack_compute_instance_v2.salt-master",
                        "openstack_compute_secgroup_v2.allow-traffic"
                    ],
                    "primary": {
                        "id": "10634d32-7d15-4c0e-85b2-c62fc1289a79",
                        "attributes": {
                            "access_ip_v4": "192.168.0.25",
                            "access_ip_v6": "",
                            "all_metadata.%": "0",
                            "availability_zone": "AZ_1",
                            "flavor_id": "17",
                            "flavor_name": "s1.gargantuan",
                            "force_delete": "false",
                            "id": "10634d32-7d15-4c0e-85b2-c62fc1289a79",
                            "image_id": "38618faa-3e30-454d-8166-7cfb2316548c",
                            "image_name": "butler_base",
                            "key_pair": "sergei",
                            "name": "butler-worker-39",
                            "network.#": "4",
                            "network.0.access_network": "false",
                            "network.0.fixed_ip_v4": "192.168.0.25",
                            "network.0.fixed_ip_v6": "",
                            "network.0.floating_ip": "",
                            "network.0.mac": "fa:16:3e:10:16:ba",
                            "network.0.name": "Germline_private",
                            "network.0.port": "",
                            "network.0.uuid": "3a8dbb6c-f1fb-48e7-9baa-82a2ab74e4e8",
                            "network.1.access_network": "false",
                            "network.1.fixed_ip_v4": "10.35.104.53",
                            "network.1.fixed_ip_v6": "",
                            "network.1.floating_ip": "",
                            "network.1.mac": "fa:16:3e:20:f6:f6",
                            "network.1.name": "GNOS-readonly",
                            "network.1.port": "",
                            "network.1.uuid": "57e634e1-b42e-4d2c-ac4d-d8236b872a5c",
                            "network.2.access_network": "false",
                            "network.2.fixed_ip_v4": "10.35.105.53",
                            "network.2.fixed_ip_v6": "",
                            "network.2.floating_ip": "",
                            "network.2.mac": "fa:16:3e:1a:23:1f",
                            "network.2.name": "net_provider_vlan3105",
                            "network.2.port": "",
                            "network.2.uuid": "b200d942-b472-4409-885f-6b6f7bcf5691",
                            "network.3.access_network": "false",
                            "network.3.fixed_ip_v4": "10.35.110.45",
                            "network.3.fixed_ip_v6": "",
                            "network.3.floating_ip": "",
                            "network.3.mac": "fa:16:3e:ec:2f:55",
                            "network.3.name": "net_provider_vlan3110",
                            "network.3.port": "",
                            "network.3.uuid": "6058aeb3-633f-4b2d-8726-b8e5514ccbb6",
                            "security_groups.#": "2",
                            "security_groups.200482051": "internal",
                            "security_groups.2299581210": "butler-firewall",
                            "stop_before_destroy": "false",
                            "volume.#": "0"
                        },
                        "meta": {
                            "e2bfb730-ecaa-11e6-8f88-34363bc7c4c0": {
                                "create": 1800000000000,
                                "delete": 1800000000000,
                                "update": 1800000000000
                            }
                        },
                        "tainted": false
                    },
                    "deposed": [],
                    "provider": ""
                },
                "openstack_compute_instance_v2.worker.4": {
                    "type": "openstack_compute_instance_v2",
                    "depends_on": [
                        "null_resource.masterip",
                        "openstack_compute_instance_v2.salt-master",
                        "openstack_compute_secgroup_v2.allow-traffic"
                    ],
                    "primary": {
                        "id": "3af8760d-0fc0-47d4-b39a-9eb999df5da2",
                        "attributes": {
                            "access_ip_v4": "192.168.0.69",
                            "access_ip_v6": "",
                            "all_metadata.%": "0",
                            "availability_zone": "AZ_1",
                            "flavor_id": "17",
                            "flavor_name": "s1.gargantuan",
                            "force_delete": "false",
                            "id": "3af8760d-0fc0-47d4-b39a-9eb999df5da2",
                            "image_id": "38618faa-3e30-454d-8166-7cfb2316548c",
                            "image_name": "butler_base",
                            "key_pair": "sergei",
                            "name": "butler-worker-4",
                            "network.#": "4",
                            "network.0.access_network": "false",
                            "network.0.fixed_ip_v4": "192.168.0.69",
                            "network.0.fixed_ip_v6": "",
                            "network.0.floating_ip": "",
                            "network.0.mac": "fa:16:3e:18:21:5c",
                            "network.0.name": "Germline_private",
                            "network.0.port": "",
                            "network.0.uuid": "3a8dbb6c-f1fb-48e7-9baa-82a2ab74e4e8",
                            "network.1.access_network": "false",
                            "network.1.fixed_ip_v4": "10.35.104.65",
                            "network.1.fixed_ip_v6": "",
                            "network.1.floating_ip": "",
                            "network.1.mac": "fa:16:3e:fd:19:74",
                            "network.1.name": "GNOS-readonly",
                            "network.1.port": "",
                            "network.1.uuid": "57e634e1-b42e-4d2c-ac4d-d8236b872a5c",
                            "network.2.access_network": "false",
                            "network.2.fixed_ip_v4": "10.35.105.67",
                            "network.2.fixed_ip_v6": "",
                            "network.2.floating_ip": "",
                            "network.2.mac": "fa:16:3e:01:2e:fa",
                            "network.2.name": "net_provider_vlan3105",
                            "network.2.port": "",
                            "network.2.uuid": "b200d942-b472-4409-885f-6b6f7bcf5691",
                            "network.3.access_network": "false",
                            "network.3.fixed_ip_v4": "10.35.110.63",
                            "network.3.fixed_ip_v6": "",
                            "network.3.floating_ip": "",
                            "network.3.mac": "fa:16:3e:1b:45:53",
                            "network.3.name": "net_provider_vlan3110",
                            "network.3.port": "",
                            "network.3.uuid": "6058aeb3-633f-4b2d-8726-b8e5514ccbb6",
                            "security_groups.#": "2",
                            "security_groups.200482051": "internal",
                            "security_groups.2299581210": "butler-firewall",
                            "stop_before_destroy": "false",
                            "volume.#": "0"
                        },
                        "meta": {
                            "e2bfb730-ecaa-11e6-8f88-34363bc7c4c0": {
                                "create": 1800000000000,
                                "delete": 1800000000000,
                                "update": 1800000000000
                            }
                        },
                        "tainted": false
                    },
                    "deposed": [],
                    "provider": ""
                },
                "openstack_compute_instance_v2.worker.40": {
                    "type": "openstack_compute_instance_v2",
                    "depends_on": [
                        "null_resource.masterip",
                        "openstack_compute_instance_v2.salt-master",
                        "openstack_compute_secgroup_v2.allow-traffic"
                    ],
                    "primary": {
                        "id": "5a06566d-86eb-45e2-8283-ce50def58676",
                        "attributes": {
                            "access_ip_v4": "192.168.0.76",
                            "access_ip_v6": "",
                            "all_metadata.%": "0",
                            "availability_zone": "AZ_1",
                            "flavor_id": "17",
                            "flavor_name": "s1.gargantuan",
                            "force_delete": "false",
                            "id": "5a06566d-86eb-45e2-8283-ce50def58676",
                            "image_id": "38618faa-3e30-454d-8166-7cfb2316548c",
                            "image_name": "butler_base",
                            "key_pair": "sergei",
                            "name": "butler-worker-40",
                            "network.#": "4",
                            "network.0.access_network": "false",
                            "network.0.fixed_ip_v4": "192.168.0.76",
                            "network.0.fixed_ip_v6": "",
                            "network.0.floating_ip": "",
                            "network.0.mac": "fa:16:3e:24:18:32",
                            "network.0.name": "Germline_private",
                            "network.0.port": "",
                            "network.0.uuid": "3a8dbb6c-f1fb-48e7-9baa-82a2ab74e4e8",
                            "network.1.access_network": "false",
                            "network.1.fixed_ip_v4": "10.35.104.58",
                            "network.1.fixed_ip_v6": "",
                            "network.1.floating_ip": "",
                            "network.1.mac": "fa:16:3e:49:13:b2",
                            "network.1.name": "GNOS-readonly",
                            "network.1.port": "",
                            "network.1.uuid": "57e634e1-b42e-4d2c-ac4d-d8236b872a5c",
                            "network.2.access_network": "false",
                            "network.2.fixed_ip_v4": "10.35.105.65",
                            "network.2.fixed_ip_v6": "",
                            "network.2.floating_ip": "",
                            "network.2.mac": "fa:16:3e:49:9b:53",
                            "network.2.name": "net_provider_vlan3105",
                            "network.2.port": "",
                            "network.2.uuid": "b200d942-b472-4409-885f-6b6f7bcf5691",
                            "network.3.access_network": "false",
                            "network.3.fixed_ip_v4": "10.35.110.66",
                            "network.3.fixed_ip_v6": "",
                            "network.3.floating_ip": "",
                            "network.3.mac": "fa:16:3e:45:f1:b9",
                            "network.3.name": "net_provider_vlan3110",
                            "network.3.port": "",
                            "network.3.uuid": "6058aeb3-633f-4b2d-8726-b8e5514ccbb6",
                            "security_groups.#": "2",
                            "security_groups.200482051": "internal",
                            "security_groups.2299581210": "butler-firewall",
                            "stop_before_destroy": "false",
                            "volume.#": "0"
                        },
                        "meta": {
                            "e2bfb730-ecaa-11e6-8f88-34363bc7c4c0": {
                                "create": 1800000000000,
                                "delete": 1800000000000,
                                "update": 1800000000000
                            }
                        },
                        "tainted": false
                    },
                    "deposed": [],
                    "provider": ""
                },
                "openstack_compute_instance_v2.worker.41": {
                    "type": "openstack_compute_instance_v2",
                    "depends_on": [
                        "null_resource.masterip",
                        "openstack_compute_instance_v2.salt-master",
                        "openstack_compute_secgroup_v2.allow-traffic"
                    ],
                    "primary": {
                        "id": "fbeb129b-6490-4186-8740-1eb5ac788673",
                        "attributes": {
                            "access_ip_v4": "192.168.0.31",
                            "access_ip_v6": "",
                            "all_metadata.%": "0",
                            "availability_zone": "AZ_1",
                            "flavor_id": "17",
                            "flavor_name": "s1.gargantuan",
                            "force_delete": "false",
                            "id": "fbeb129b-6490-4186-8740-1eb5ac788673",
                            "image_id": "38618faa-3e30-454d-8166-7cfb2316548c",
                            "image_name": "butler_base",
                            "key_pair": "sergei",
                            "name": "butler-worker-41",
                            "network.#": "4",
                            "network.0.access_network": "false",
                            "network.0.fixed_ip_v4": "192.168.0.31",
                            "network.0.fixed_ip_v6": "",
                            "network.0.floating_ip": "",
                            "network.0.mac": "fa:16:3e:b0:a6:94",
                            "network.0.name": "Germline_private",
                            "network.0.port": "",
                            "network.0.uuid": "3a8dbb6c-f1fb-48e7-9baa-82a2ab74e4e8",
                            "network.1.access_network": "false",
                            "network.1.fixed_ip_v4": "10.35.104.17",
                            "network.1.fixed_ip_v6": "",
                            "network.1.floating_ip": "",
                            "network.1.mac": "fa:16:3e:2d:3c:e3",
                            "network.1.name": "GNOS-readonly",
                            "network.1.port": "",
                            "network.1.uuid": "57e634e1-b42e-4d2c-ac4d-d8236b872a5c",
                            "network.2.access_network": "false",
                            "network.2.fixed_ip_v4": "10.35.105.24",
                            "network.2.fixed_ip_v6": "",
                            "network.2.floating_ip": "",
                            "network.2.mac": "fa:16:3e:f3:7b:75",
                            "network.2.name": "net_provider_vlan3105",
                            "network.2.port": "",
                            "network.2.uuid": "b200d942-b472-4409-885f-6b6f7bcf5691",
                            "network.3.access_network": "false",
                            "network.3.fixed_ip_v4": "10.35.110.7",
                            "network.3.fixed_ip_v6": "",
                            "network.3.floating_ip": "",
                            "network.3.mac": "fa:16:3e:5f:98:49",
                            "network.3.name": "net_provider_vlan3110",
                            "network.3.port": "",
                            "network.3.uuid": "6058aeb3-633f-4b2d-8726-b8e5514ccbb6",
                            "security_groups.#": "2",
                            "security_groups.200482051": "internal",
                            "security_groups.2299581210": "butler-firewall",
                            "stop_before_destroy": "false",
                            "volume.#": "0"
                        },
                        "meta": {
                            "e2bfb730-ecaa-11e6-8f88-34363bc7c4c0": {
                                "create": 1800000000000,
                                "delete": 1800000000000,
                                "update": 1800000000000
                            }
                        },
                        "tainted": false
                    },
                    "deposed": [],
                    "provider": ""
                },
                "openstack_compute_instance_v2.worker.42": {
                    "type": "openstack_compute_instance_v2",
                    "depends_on": [
                        "null_resource.masterip",
                        "openstack_compute_instance_v2.salt-master",
                        "openstack_compute_secgroup_v2.allow-traffic"
                    ],
                    "primary": {
                        "id": "dd375040-d1f3-43aa-8f3c-cedc407e4409",
                        "attributes": {
                            "access_ip_v4": "192.168.0.16",
                            "access_ip_v6": "",
                            "all_metadata.%": "0",
                            "availability_zone": "AZ_1",
                            "flavor_id": "17",
                            "flavor_name": "s1.gargantuan",
                            "force_delete": "false",
                            "id": "dd375040-d1f3-43aa-8f3c-cedc407e4409",
                            "image_id": "38618faa-3e30-454d-8166-7cfb2316548c",
                            "image_name": "butler_base",
                            "key_pair": "sergei",
                            "name": "butler-worker-42",
                            "network.#": "4",
                            "network.0.access_network": "false",
                            "network.0.fixed_ip_v4": "192.168.0.16",
                            "network.0.fixed_ip_v6": "",
                            "network.0.floating_ip": "",
                            "network.0.mac": "fa:16:3e:b7:ae:26",
                            "network.0.name": "Germline_private",
                            "network.0.port": "",
                            "network.0.uuid": "3a8dbb6c-f1fb-48e7-9baa-82a2ab74e4e8",
                            "network.1.access_network": "false",
                            "network.1.fixed_ip_v4": "10.35.104.10",
                            "network.1.fixed_ip_v6": "",
                            "network.1.floating_ip": "",
                            "network.1.mac": "fa:16:3e:eb:68:96",
                            "network.1.name": "GNOS-readonly",
                            "network.1.port": "",
                            "network.1.uuid": "57e634e1-b42e-4d2c-ac4d-d8236b872a5c",
                            "network.2.access_network": "false",
                            "network.2.fixed_ip_v4": "10.35.105.16",
                            "network.2.fixed_ip_v6": "",
                            "network.2.floating_ip": "",
                            "network.2.mac": "fa:16:3e:37:cf:29",
                            "network.2.name": "net_provider_vlan3105",
                            "network.2.port": "",
                            "network.2.uuid": "b200d942-b472-4409-885f-6b6f7bcf5691",
                            "network.3.access_network": "false",
                            "network.3.fixed_ip_v4": "10.35.110.4",
                            "network.3.fixed_ip_v6": "",
                            "network.3.floating_ip": "",
                            "network.3.mac": "fa:16:3e:54:30:2c",
                            "network.3.name": "net_provider_vlan3110",
                            "network.3.port": "",
                            "network.3.uuid": "6058aeb3-633f-4b2d-8726-b8e5514ccbb6",
                            "security_groups.#": "2",
                            "security_groups.200482051": "internal",
                            "security_groups.2299581210": "butler-firewall",
                            "stop_before_destroy": "false",
                            "volume.#": "0"
                        },
                        "meta": {
                            "e2bfb730-ecaa-11e6-8f88-34363bc7c4c0": {
                                "create": 1800000000000,
                                "delete": 1800000000000,
                                "update": 1800000000000
                            }
                        },
                        "tainted": false
                    },
                    "deposed": [],
                    "provider": ""
                },
                "openstack_compute_instance_v2.worker.43": {
                    "type": "openstack_compute_instance_v2",
                    "depends_on": [
                        "null_resource.masterip",
                        "openstack_compute_instance_v2.salt-master",
                        "openstack_compute_secgroup_v2.allow-traffic"
                    ],
                    "primary": {
                        "id": "48e0cb44-87cf-49a5-aa83-b68f68214f4f",
                        "attributes": {
                            "access_ip_v4": "192.168.0.42",
                            "access_ip_v6": "",
                            "all_metadata.%": "0",
                            "availability_zone": "AZ_1",
                            "flavor_id": "17",
                            "flavor_name": "s1.gargantuan",
                            "force_delete": "false",
                            "id": "48e0cb44-87cf-49a5-aa83-b68f68214f4f",
                            "image_id": "38618faa-3e30-454d-8166-7cfb2316548c",
                            "image_name": "butler_base",
                            "key_pair": "sergei",
                            "name": "butler-worker-43",
                            "network.#": "4",
                            "network.0.access_network": "false",
                            "network.0.fixed_ip_v4": "192.168.0.42",
                            "network.0.fixed_ip_v6": "",
                            "network.0.floating_ip": "",
                            "network.0.mac": "fa:16:3e:6b:24:aa",
                            "network.0.name": "Germline_private",
                            "network.0.port": "",
                            "network.0.uuid": "3a8dbb6c-f1fb-48e7-9baa-82a2ab74e4e8",
                            "network.1.access_network": "false",
                            "network.1.fixed_ip_v4": "10.35.104.37",
                            "network.1.fixed_ip_v6": "",
                            "network.1.floating_ip": "",
                            "network.1.mac": "fa:16:3e:f9:02:a6",
                            "network.1.name": "GNOS-readonly",
                            "network.1.port": "",
                            "network.1.uuid": "57e634e1-b42e-4d2c-ac4d-d8236b872a5c",
                            "network.2.access_network": "false",
                            "network.2.fixed_ip_v4": "10.35.105.47",
                            "network.2.fixed_ip_v6": "",
                            "network.2.floating_ip": "",
                            "network.2.mac": "fa:16:3e:71:1f:a1",
                            "network.2.name": "net_provider_vlan3105",
                            "network.2.port": "",
                            "network.2.uuid": "b200d942-b472-4409-885f-6b6f7bcf5691",
                            "network.3.access_network": "false",
                            "network.3.fixed_ip_v4": "10.35.110.47",
                            "network.3.fixed_ip_v6": "",
                            "network.3.floating_ip": "",
                            "network.3.mac": "fa:16:3e:00:52:16",
                            "network.3.name": "net_provider_vlan3110",
                            "network.3.port": "",
                            "network.3.uuid": "6058aeb3-633f-4b2d-8726-b8e5514ccbb6",
                            "security_groups.#": "2",
                            "security_groups.200482051": "internal",
                            "security_groups.2299581210": "butler-firewall",
                            "stop_before_destroy": "false",
                            "volume.#": "0"
                        },
                        "meta": {
                            "e2bfb730-ecaa-11e6-8f88-34363bc7c4c0": {
                                "create": 1800000000000,
                                "delete": 1800000000000,
                                "update": 1800000000000
                            }
                        },
                        "tainted": false
                    },
                    "deposed": [],
                    "provider": ""
                },
                "openstack_compute_instance_v2.worker.44": {
                    "type": "openstack_compute_instance_v2",
                    "depends_on": [
                        "null_resource.masterip",
                        "openstack_compute_instance_v2.salt-master",
                        "openstack_compute_secgroup_v2.allow-traffic"
                    ],
                    "primary": {
                        "id": "ac99eece-b228-40d5-8cf0-bb04f420aa7d",
                        "attributes": {
                            "access_ip_v4": "192.168.0.73",
                            "access_ip_v6": "",
                            "all_metadata.%": "0",
                            "availability_zone": "AZ_1",
                            "flavor_id": "17",
                            "flavor_name": "s1.gargantuan",
                            "force_delete": "false",
                            "id": "ac99eece-b228-40d5-8cf0-bb04f420aa7d",
                            "image_id": "38618faa-3e30-454d-8166-7cfb2316548c",
                            "image_name": "butler_base",
                            "key_pair": "sergei",
                            "name": "butler-worker-44",
                            "network.#": "4",
                            "network.0.access_network": "false",
                            "network.0.fixed_ip_v4": "192.168.0.73",
                            "network.0.fixed_ip_v6": "",
                            "network.0.floating_ip": "",
                            "network.0.mac": "fa:16:3e:20:78:15",
                            "network.0.name": "Germline_private",
                            "network.0.port": "",
                            "network.0.uuid": "3a8dbb6c-f1fb-48e7-9baa-82a2ab74e4e8",
                            "network.1.access_network": "false",
                            "network.1.fixed_ip_v4": "10.35.104.69",
                            "network.1.fixed_ip_v6": "",
                            "network.1.floating_ip": "",
                            "network.1.mac": "fa:16:3e:fb:36:e0",
                            "network.1.name": "GNOS-readonly",
                            "network.1.port": "",
                            "network.1.uuid": "57e634e1-b42e-4d2c-ac4d-d8236b872a5c",
                            "network.2.access_network": "false",
                            "network.2.fixed_ip_v4": "10.35.105.61",
                            "network.2.fixed_ip_v6": "",
                            "network.2.floating_ip": "",
                            "network.2.mac": "fa:16:3e:c7:a5:d9",
                            "network.2.name": "net_provider_vlan3105",
                            "network.2.port": "",
                            "network.2.uuid": "b200d942-b472-4409-885f-6b6f7bcf5691",
                            "network.3.access_network": "false",
                            "network.3.fixed_ip_v4": "10.35.110.59",
                            "network.3.fixed_ip_v6": "",
                            "network.3.floating_ip": "",
                            "network.3.mac": "fa:16:3e:0a:9d:f2",
                            "network.3.name": "net_provider_vlan3110",
                            "network.3.port": "",
                            "network.3.uuid": "6058aeb3-633f-4b2d-8726-b8e5514ccbb6",
                            "security_groups.#": "2",
                            "security_groups.200482051": "internal",
                            "security_groups.2299581210": "butler-firewall",
                            "stop_before_destroy": "false",
                            "volume.#": "0"
                        },
                        "meta": {
                            "e2bfb730-ecaa-11e6-8f88-34363bc7c4c0": {
                                "create": 1800000000000,
                                "delete": 1800000000000,
                                "update": 1800000000000
                            }
                        },
                        "tainted": false
                    },
                    "deposed": [],
                    "provider": ""
                },
                "openstack_compute_instance_v2.worker.45": {
                    "type": "openstack_compute_instance_v2",
                    "depends_on": [
                        "null_resource.masterip",
                        "openstack_compute_instance_v2.salt-master",
                        "openstack_compute_secgroup_v2.allow-traffic"
                    ],
                    "primary": {
                        "id": "7f762a07-aec3-4302-b25c-b0317ee70b68",
                        "attributes": {
                            "access_ip_v4": "192.168.0.20",
                            "access_ip_v6": "",
                            "all_metadata.%": "0",
                            "availability_zone": "AZ_1",
                            "flavor_id": "17",
                            "flavor_name": "s1.gargantuan",
                            "force_delete": "false",
                            "id": "7f762a07-aec3-4302-b25c-b0317ee70b68",
                            "image_id": "38618faa-3e30-454d-8166-7cfb2316548c",
                            "image_name": "butler_base",
                            "key_pair": "sergei",
                            "name": "butler-worker-45",
                            "network.#": "4",
                            "network.0.access_network": "false",
                            "network.0.fixed_ip_v4": "192.168.0.20",
                            "network.0.fixed_ip_v6": "",
                            "network.0.floating_ip": "",
                            "network.0.mac": "fa:16:3e:e3:b7:70",
                            "network.0.name": "Germline_private",
                            "network.0.port": "",
                            "network.0.uuid": "3a8dbb6c-f1fb-48e7-9baa-82a2ab74e4e8",
                            "network.1.access_network": "false",
                            "network.1.fixed_ip_v4": "10.35.104.15",
                            "network.1.fixed_ip_v6": "",
                            "network.1.floating_ip": "",
                            "network.1.mac": "fa:16:3e:5a:c0:84",
                            "network.1.name": "GNOS-readonly",
                            "network.1.port": "",
                            "network.1.uuid": "57e634e1-b42e-4d2c-ac4d-d8236b872a5c",
                            "network.2.access_network": "false",
                            "network.2.fixed_ip_v4": "10.35.105.7",
                            "network.2.fixed_ip_v6": "",
                            "network.2.floating_ip": "",
                            "network.2.mac": "fa:16:3e:48:ae:2e",
                            "network.2.name": "net_provider_vlan3105",
                            "network.2.port": "",
                            "network.2.uuid": "b200d942-b472-4409-885f-6b6f7bcf5691",
                            "network.3.access_network": "false",
                            "network.3.fixed_ip_v4": "10.35.110.9",
                            "network.3.fixed_ip_v6": "",
                            "network.3.floating_ip": "",
                            "network.3.mac": "fa:16:3e:ba:53:62",
                            "network.3.name": "net_provider_vlan3110",
                            "network.3.port": "",
                            "network.3.uuid": "6058aeb3-633f-4b2d-8726-b8e5514ccbb6",
                            "security_groups.#": "2",
                            "security_groups.200482051": "internal",
                            "security_groups.2299581210": "butler-firewall",
                            "stop_before_destroy": "false",
                            "volume.#": "0"
                        },
                        "meta": {
                            "e2bfb730-ecaa-11e6-8f88-34363bc7c4c0": {
                                "create": 1800000000000,
                                "delete": 1800000000000,
                                "update": 1800000000000
                            }
                        },
                        "tainted": false
                    },
                    "deposed": [],
                    "provider": ""
                },
                "openstack_compute_instance_v2.worker.46": {
                    "type": "openstack_compute_instance_v2",
                    "depends_on": [
                        "null_resource.masterip",
                        "openstack_compute_instance_v2.salt-master",
                        "openstack_compute_secgroup_v2.allow-traffic"
                    ],
                    "primary": {
                        "id": "d56b9d23-6416-40c0-bda1-35206e5f9978",
                        "attributes": {
                            "access_ip_v4": "192.168.0.37",
                            "access_ip_v6": "",
                            "all_metadata.%": "0",
                            "availability_zone": "AZ_1",
                            "flavor_id": "17",
                            "flavor_name": "s1.gargantuan",
                            "force_delete": "false",
                            "id": "d56b9d23-6416-40c0-bda1-35206e5f9978",
                            "image_id": "38618faa-3e30-454d-8166-7cfb2316548c",
                            "image_name": "butler_base",
                            "key_pair": "sergei",
                            "name": "butler-worker-46",
                            "network.#": "4",
                            "network.0.access_network": "false",
                            "network.0.fixed_ip_v4": "192.168.0.37",
                            "network.0.fixed_ip_v6": "",
                            "network.0.floating_ip": "",
                            "network.0.mac": "fa:16:3e:c9:6a:a5",
                            "network.0.name": "Germline_private",
                            "network.0.port": "",
                            "network.0.uuid": "3a8dbb6c-f1fb-48e7-9baa-82a2ab74e4e8",
                            "network.1.access_network": "false",
                            "network.1.fixed_ip_v4": "10.35.104.6",
                            "network.1.fixed_ip_v6": "",
                            "network.1.floating_ip": "",
                            "network.1.mac": "fa:16:3e:20:6b:f8",
                            "network.1.name": "GNOS-readonly",
                            "network.1.port": "",
                            "network.1.uuid": "57e634e1-b42e-4d2c-ac4d-d8236b872a5c",
                            "network.2.access_network": "false",
                            "network.2.fixed_ip_v4": "10.35.105.12",
                            "network.2.fixed_ip_v6": "",
                            "network.2.floating_ip": "",
                            "network.2.mac": "fa:16:3e:8b:4e:99",
                            "network.2.name": "net_provider_vlan3105",
                            "network.2.port": "",
                            "network.2.uuid": "b200d942-b472-4409-885f-6b6f7bcf5691",
                            "network.3.access_network": "false",
                            "network.3.fixed_ip_v4": "10.35.110.32",
                            "network.3.fixed_ip_v6": "",
                            "network.3.floating_ip": "",
                            "network.3.mac": "fa:16:3e:8b:b6:1d",
                            "network.3.name": "net_provider_vlan3110",
                            "network.3.port": "",
                            "network.3.uuid": "6058aeb3-633f-4b2d-8726-b8e5514ccbb6",
                            "security_groups.#": "2",
                            "security_groups.200482051": "internal",
                            "security_groups.2299581210": "butler-firewall",
                            "stop_before_destroy": "false",
                            "volume.#": "0"
                        },
                        "meta": {
                            "e2bfb730-ecaa-11e6-8f88-34363bc7c4c0": {
                                "create": 1800000000000,
                                "delete": 1800000000000,
                                "update": 1800000000000
                            }
                        },
                        "tainted": false
                    },
                    "deposed": [],
                    "provider": ""
                },
                "openstack_compute_instance_v2.worker.47": {
                    "type": "openstack_compute_instance_v2",
                    "depends_on": [
                        "null_resource.masterip",
                        "openstack_compute_instance_v2.salt-master",
                        "openstack_compute_secgroup_v2.allow-traffic"
                    ],
                    "primary": {
                        "id": "fe38855d-27e2-48f4-b919-99a5da210eee",
                        "attributes": {
                            "access_ip_v4": "192.168.0.57",
                            "access_ip_v6": "",
                            "all_metadata.%": "0",
                            "availability_zone": "AZ_1",
                            "flavor_id": "17",
                            "flavor_name": "s1.gargantuan",
                            "force_delete": "false",
                            "id": "fe38855d-27e2-48f4-b919-99a5da210eee",
                            "image_id": "38618faa-3e30-454d-8166-7cfb2316548c",
                            "image_name": "butler_base",
                            "key_pair": "sergei",
                            "name": "butler-worker-47",
                            "network.#": "4",
                            "network.0.access_network": "false",
                            "network.0.fixed_ip_v4": "192.168.0.57",
                            "network.0.fixed_ip_v6": "",
                            "network.0.floating_ip": "",
                            "network.0.mac": "fa:16:3e:dc:8d:19",
                            "network.0.name": "Germline_private",
                            "network.0.port": "",
                            "network.0.uuid": "3a8dbb6c-f1fb-48e7-9baa-82a2ab74e4e8",
                            "network.1.access_network": "false",
                            "network.1.fixed_ip_v4": "10.35.104.57",
                            "network.1.fixed_ip_v6": "",
                            "network.1.floating_ip": "",
                            "network.1.mac": "fa:16:3e:96:35:8f",
                            "network.1.name": "GNOS-readonly",
                            "network.1.port": "",
                            "network.1.uuid": "57e634e1-b42e-4d2c-ac4d-d8236b872a5c",
                            "network.2.access_network": "false",
                            "network.2.fixed_ip_v4": "10.35.105.54",
                            "network.2.fixed_ip_v6": "",
                            "network.2.floating_ip": "",
                            "network.2.mac": "fa:16:3e:5f:5d:d5",
                            "network.2.name": "net_provider_vlan3105",
                            "network.2.port": "",
                            "network.2.uuid": "b200d942-b472-4409-885f-6b6f7bcf5691",
                            "network.3.access_network": "false",
                            "network.3.fixed_ip_v4": "10.35.110.49",
                            "network.3.fixed_ip_v6": "",
                            "network.3.floating_ip": "",
                            "network.3.mac": "fa:16:3e:9b:c8:e0",
                            "network.3.name": "net_provider_vlan3110",
                            "network.3.port": "",
                            "network.3.uuid": "6058aeb3-633f-4b2d-8726-b8e5514ccbb6",
                            "security_groups.#": "2",
                            "security_groups.200482051": "internal",
                            "security_groups.2299581210": "butler-firewall",
                            "stop_before_destroy": "false",
                            "volume.#": "0"
                        },
                        "meta": {
                            "e2bfb730-ecaa-11e6-8f88-34363bc7c4c0": {
                                "create": 1800000000000,
                                "delete": 1800000000000,
                                "update": 1800000000000
                            }
                        },
                        "tainted": false
                    },
                    "deposed": [],
                    "provider": ""
                },
                "openstack_compute_instance_v2.worker.48": {
                    "type": "openstack_compute_instance_v2",
                    "depends_on": [
                        "null_resource.masterip",
                        "openstack_compute_instance_v2.salt-master",
                        "openstack_compute_secgroup_v2.allow-traffic"
                    ],
                    "primary": {
                        "id": "0bdad09c-a44e-4cea-9b6d-a73d615e31e4",
                        "attributes": {
                            "access_ip_v4": "192.168.0.55",
                            "access_ip_v6": "",
                            "all_metadata.%": "0",
                            "availability_zone": "AZ_1",
                            "flavor_id": "17",
                            "flavor_name": "s1.gargantuan",
                            "force_delete": "false",
                            "id": "0bdad09c-a44e-4cea-9b6d-a73d615e31e4",
                            "image_id": "38618faa-3e30-454d-8166-7cfb2316548c",
                            "image_name": "butler_base",
                            "key_pair": "sergei",
                            "name": "butler-worker-48",
                            "network.#": "4",
                            "network.0.access_network": "false",
                            "network.0.fixed_ip_v4": "192.168.0.55",
                            "network.0.fixed_ip_v6": "",
                            "network.0.floating_ip": "",
                            "network.0.mac": "fa:16:3e:9c:d7:6c",
                            "network.0.name": "Germline_private",
                            "network.0.port": "",
                            "network.0.uuid": "3a8dbb6c-f1fb-48e7-9baa-82a2ab74e4e8",
                            "network.1.access_network": "false",
                            "network.1.fixed_ip_v4": "10.35.104.44",
                            "network.1.fixed_ip_v6": "",
                            "network.1.floating_ip": "",
                            "network.1.mac": "fa:16:3e:06:45:eb",
                            "network.1.name": "GNOS-readonly",
                            "network.1.port": "",
                            "network.1.uuid": "57e634e1-b42e-4d2c-ac4d-d8236b872a5c",
                            "network.2.access_network": "false",
                            "network.2.fixed_ip_v4": "10.35.105.46",
                            "network.2.fixed_ip_v6": "",
                            "network.2.floating_ip": "",
                            "network.2.mac": "fa:16:3e:04:6b:d4",
                            "network.2.name": "net_provider_vlan3105",
                            "network.2.port": "",
                            "network.2.uuid": "b200d942-b472-4409-885f-6b6f7bcf5691",
                            "network.3.access_network": "false",
                            "network.3.fixed_ip_v4": "10.35.110.30",
                            "network.3.fixed_ip_v6": "",
                            "network.3.floating_ip": "",
                            "network.3.mac": "fa:16:3e:4e:65:b6",
                            "network.3.name": "net_provider_vlan3110",
                            "network.3.port": "",
                            "network.3.uuid": "6058aeb3-633f-4b2d-8726-b8e5514ccbb6",
                            "security_groups.#": "2",
                            "security_groups.200482051": "internal",
                            "security_groups.2299581210": "butler-firewall",
                            "stop_before_destroy": "false",
                            "volume.#": "0"
                        },
                        "meta": {
                            "e2bfb730-ecaa-11e6-8f88-34363bc7c4c0": {
                                "create": 1800000000000,
                                "delete": 1800000000000,
                                "update": 1800000000000
                            }
                        },
                        "tainted": false
                    },
                    "deposed": [],
                    "provider": ""
                },
                "openstack_compute_instance_v2.worker.49": {
                    "type": "openstack_compute_instance_v2",
                    "depends_on": [
                        "null_resource.masterip",
                        "openstack_compute_instance_v2.salt-master",
                        "openstack_compute_secgroup_v2.allow-traffic"
                    ],
                    "primary": {
                        "id": "dd633e85-f283-4bbf-aa09-b8e2cd91e02a",
                        "attributes": {
                            "access_ip_v4": "192.168.0.35",
                            "access_ip_v6": "",
                            "all_metadata.%": "0",
                            "availability_zone": "AZ_1",
                            "flavor_id": "17",
                            "flavor_name": "s1.gargantuan",
                            "force_delete": "false",
                            "id": "dd633e85-f283-4bbf-aa09-b8e2cd91e02a",
                            "image_id": "38618faa-3e30-454d-8166-7cfb2316548c",
                            "image_name": "butler_base",
                            "key_pair": "sergei",
                            "name": "butler-worker-49",
                            "network.#": "4",
                            "network.0.access_network": "false",
                            "network.0.fixed_ip_v4": "192.168.0.35",
                            "network.0.fixed_ip_v6": "",
                            "network.0.floating_ip": "",
                            "network.0.mac": "fa:16:3e:ed:02:e9",
                            "network.0.name": "Germline_private",
                            "network.0.port": "",
                            "network.0.uuid": "3a8dbb6c-f1fb-48e7-9baa-82a2ab74e4e8",
                            "network.1.access_network": "false",
                            "network.1.fixed_ip_v4": "10.35.104.39",
                            "network.1.fixed_ip_v6": "",
                            "network.1.floating_ip": "",
                            "network.1.mac": "fa:16:3e:31:b3:e7",
                            "network.1.name": "GNOS-readonly",
                            "network.1.port": "",
                            "network.1.uuid": "57e634e1-b42e-4d2c-ac4d-d8236b872a5c",
                            "network.2.access_network": "false",
                            "network.2.fixed_ip_v4": "10.35.105.34",
                            "network.2.fixed_ip_v6": "",
                            "network.2.floating_ip": "",
                            "network.2.mac": "fa:16:3e:23:55:20",
                            "network.2.name": "net_provider_vlan3105",
                            "network.2.port": "",
                            "network.2.uuid": "b200d942-b472-4409-885f-6b6f7bcf5691",
                            "network.3.access_network": "false",
                            "network.3.fixed_ip_v4": "10.35.110.43",
                            "network.3.fixed_ip_v6": "",
                            "network.3.floating_ip": "",
                            "network.3.mac": "fa:16:3e:40:a5:e9",
                            "network.3.name": "net_provider_vlan3110",
                            "network.3.port": "",
                            "network.3.uuid": "6058aeb3-633f-4b2d-8726-b8e5514ccbb6",
                            "security_groups.#": "2",
                            "security_groups.200482051": "internal",
                            "security_groups.2299581210": "butler-firewall",
                            "stop_before_destroy": "false",
                            "volume.#": "0"
                        },
                        "meta": {
                            "e2bfb730-ecaa-11e6-8f88-34363bc7c4c0": {
                                "create": 1800000000000,
                                "delete": 1800000000000,
                                "update": 1800000000000
                            }
                        },
                        "tainted": false
                    },
                    "deposed": [],
                    "provider": ""
                },
                "openstack_compute_instance_v2.worker.5": {
                    "type": "openstack_compute_instance_v2",
                    "depends_on": [
                        "null_resource.masterip",
                        "openstack_compute_instance_v2.salt-master",
                        "openstack_compute_secgroup_v2.allow-traffic"
                    ],
                    "primary": {
                        "id": "b312d6d2-2a75-4cce-8aa8-9c9afb6945c1",
                        "attributes": {
                            "access_ip_v4": "192.168.0.70",
                            "access_ip_v6": "",
                            "all_metadata.%": "0",
                            "availability_zone": "AZ_1",
                            "flavor_id": "17",
                            "flavor_name": "s1.gargantuan",
                            "force_delete": "false",
                            "id": "b312d6d2-2a75-4cce-8aa8-9c9afb6945c1",
                            "image_id": "38618faa-3e30-454d-8166-7cfb2316548c",
                            "image_name": "butler_base",
                            "key_pair": "sergei",
                            "name": "butler-worker-5",
                            "network.#": "4",
                            "network.0.access_network": "false",
                            "network.0.fixed_ip_v4": "192.168.0.70",
                            "network.0.fixed_ip_v6": "",
                            "network.0.floating_ip": "",
                            "network.0.mac": "fa:16:3e:15:24:2b",
                            "network.0.name": "Germline_private",
                            "network.0.port": "",
                            "network.0.uuid": "3a8dbb6c-f1fb-48e7-9baa-82a2ab74e4e8",
                            "network.1.access_network": "false",
                            "network.1.fixed_ip_v4": "10.35.104.42",
                            "network.1.fixed_ip_v6": "",
                            "network.1.floating_ip": "",
                            "network.1.mac": "fa:16:3e:4f:98:10",
                            "network.1.name": "GNOS-readonly",
                            "network.1.port": "",
                            "network.1.uuid": "57e634e1-b42e-4d2c-ac4d-d8236b872a5c",
                            "network.2.access_network": "false",
                            "network.2.fixed_ip_v4": "10.35.105.73",
                            "network.2.fixed_ip_v6": "",
                            "network.2.floating_ip": "",
                            "network.2.mac": "fa:16:3e:30:28:87",
                            "network.2.name": "net_provider_vlan3105",
                            "network.2.port": "",
                            "network.2.uuid": "b200d942-b472-4409-885f-6b6f7bcf5691",
                            "network.3.access_network": "false",
                            "network.3.fixed_ip_v4": "10.35.110.71",
                            "network.3.fixed_ip_v6": "",
                            "network.3.floating_ip": "",
                            "network.3.mac": "fa:16:3e:e1:17:48",
                            "network.3.name": "net_provider_vlan3110",
                            "network.3.port": "",
                            "network.3.uuid": "6058aeb3-633f-4b2d-8726-b8e5514ccbb6",
                            "security_groups.#": "2",
                            "security_groups.200482051": "internal",
                            "security_groups.2299581210": "butler-firewall",
                            "stop_before_destroy": "false",
                            "volume.#": "0"
                        },
                        "meta": {
                            "e2bfb730-ecaa-11e6-8f88-34363bc7c4c0": {
                                "create": 1800000000000,
                                "delete": 1800000000000,
                                "update": 1800000000000
                            }
                        },
                        "tainted": false
                    },
                    "deposed": [],
                    "provider": ""
                },
                "openstack_compute_instance_v2.worker.50": {
                    "type": "openstack_compute_instance_v2",
                    "depends_on": [
                        "null_resource.masterip",
                        "openstack_compute_instance_v2.salt-master",
                        "openstack_compute_secgroup_v2.allow-traffic"
                    ],
                    "primary": {
                        "id": "cf1c2041-8532-44b7-bcaf-b43162362475",
                        "attributes": {
                            "access_ip_v4": "192.168.0.24",
                            "access_ip_v6": "",
                            "all_metadata.%": "0",
                            "availability_zone": "AZ_1",
                            "flavor_id": "17",
                            "flavor_name": "s1.gargantuan",
                            "force_delete": "false",
                            "id": "cf1c2041-8532-44b7-bcaf-b43162362475",
                            "image_id": "38618faa-3e30-454d-8166-7cfb2316548c",
                            "image_name": "butler_base",
                            "key_pair": "sergei",
                            "name": "butler-worker-50",
                            "network.#": "4",
                            "network.0.access_network": "false",
                            "network.0.fixed_ip_v4": "192.168.0.24",
                            "network.0.fixed_ip_v6": "",
                            "network.0.floating_ip": "",
                            "network.0.mac": "fa:16:3e:fb:5a:61",
                            "network.0.name": "Germline_private",
                            "network.0.port": "",
                            "network.0.uuid": "3a8dbb6c-f1fb-48e7-9baa-82a2ab74e4e8",
                            "network.1.access_network": "false",
                            "network.1.fixed_ip_v4": "10.35.104.20",
                            "network.1.fixed_ip_v6": "",
                            "network.1.floating_ip": "",
                            "network.1.mac": "fa:16:3e:31:56:88",
                            "network.1.name": "GNOS-readonly",
                            "network.1.port": "",
                            "network.1.uuid": "57e634e1-b42e-4d2c-ac4d-d8236b872a5c",
                            "network.2.access_network": "false",
                            "network.2.fixed_ip_v4": "10.35.105.15",
                            "network.2.fixed_ip_v6": "",
                            "network.2.floating_ip": "",
                            "network.2.mac": "fa:16:3e:c3:3d:9a",
                            "network.2.name": "net_provider_vlan3105",
                            "network.2.port": "",
                            "network.2.uuid": "b200d942-b472-4409-885f-6b6f7bcf5691",
                            "network.3.access_network": "false",
                            "network.3.fixed_ip_v4": "10.35.110.21",
                            "network.3.fixed_ip_v6": "",
                            "network.3.floating_ip": "",
                            "network.3.mac": "fa:16:3e:74:bc:05",
                            "network.3.name": "net_provider_vlan3110",
                            "network.3.port": "",
                            "network.3.uuid": "6058aeb3-633f-4b2d-8726-b8e5514ccbb6",
                            "security_groups.#": "2",
                            "security_groups.200482051": "internal",
                            "security_groups.2299581210": "butler-firewall",
                            "stop_before_destroy": "false",
                            "volume.#": "0"
                        },
                        "meta": {
                            "e2bfb730-ecaa-11e6-8f88-34363bc7c4c0": {
                                "create": 1800000000000,
                                "delete": 1800000000000,
                                "update": 1800000000000
                            }
                        },
                        "tainted": false
                    },
                    "deposed": [],
                    "provider": ""
                },
                "openstack_compute_instance_v2.worker.51": {
                    "type": "openstack_compute_instance_v2",
                    "depends_on": [
                        "null_resource.masterip",
                        "openstack_compute_instance_v2.salt-master",
                        "openstack_compute_secgroup_v2.allow-traffic"
                    ],
                    "primary": {
                        "id": "517a6863-8d7d-4550-a9a8-c6c756227290",
                        "attributes": {
                            "access_ip_v4": "192.168.0.62",
                            "access_ip_v6": "",
                            "all_metadata.%": "0",
                            "availability_zone": "AZ_1",
                            "flavor_id": "17",
                            "flavor_name": "s1.gargantuan",
                            "force_delete": "false",
                            "id": "517a6863-8d7d-4550-a9a8-c6c756227290",
                            "image_id": "38618faa-3e30-454d-8166-7cfb2316548c",
                            "image_name": "butler_base",
                            "key_pair": "sergei",
                            "name": "butler-worker-51",
                            "network.#": "4",
                            "network.0.access_network": "false",
                            "network.0.fixed_ip_v4": "192.168.0.62",
                            "network.0.fixed_ip_v6": "",
                            "network.0.floating_ip": "",
                            "network.0.mac": "fa:16:3e:6e:8b:e3",
                            "network.0.name": "Germline_private",
                            "network.0.port": "",
                            "network.0.uuid": "3a8dbb6c-f1fb-48e7-9baa-82a2ab74e4e8",
                            "network.1.access_network": "false",
                            "network.1.fixed_ip_v4": "10.35.104.64",
                            "network.1.fixed_ip_v6": "",
                            "network.1.floating_ip": "",
                            "network.1.mac": "fa:16:3e:a7:c8:a6",
                            "network.1.name": "GNOS-readonly",
                            "network.1.port": "",
                            "network.1.uuid": "57e634e1-b42e-4d2c-ac4d-d8236b872a5c",
                            "network.2.access_network": "false",
                            "network.2.fixed_ip_v4": "10.35.105.58",
                            "network.2.fixed_ip_v6": "",
                            "network.2.floating_ip": "",
                            "network.2.mac": "fa:16:3e:7a:33:c8",
                            "network.2.name": "net_provider_vlan3105",
                            "network.2.port": "",
                            "network.2.uuid": "b200d942-b472-4409-885f-6b6f7bcf5691",
                            "network.3.access_network": "false",
                            "network.3.fixed_ip_v4": "10.35.110.56",
                            "network.3.fixed_ip_v6": "",
                            "network.3.floating_ip": "",
                            "network.3.mac": "fa:16:3e:15:c9:a9",
                            "network.3.name": "net_provider_vlan3110",
                            "network.3.port": "",
                            "network.3.uuid": "6058aeb3-633f-4b2d-8726-b8e5514ccbb6",
                            "security_groups.#": "2",
                            "security_groups.200482051": "internal",
                            "security_groups.2299581210": "butler-firewall",
                            "stop_before_destroy": "false",
                            "volume.#": "0"
                        },
                        "meta": {
                            "e2bfb730-ecaa-11e6-8f88-34363bc7c4c0": {
                                "create": 1800000000000,
                                "delete": 1800000000000,
                                "update": 1800000000000
                            }
                        },
                        "tainted": false
                    },
                    "deposed": [],
                    "provider": ""
                },
                "openstack_compute_instance_v2.worker.52": {
                    "type": "openstack_compute_instance_v2",
                    "depends_on": [
                        "null_resource.masterip",
                        "openstack_compute_instance_v2.salt-master",
                        "openstack_compute_secgroup_v2.allow-traffic"
                    ],
                    "primary": {
                        "id": "7d3edfd7-ba89-4894-9fa1-6d342e5b59c4",
                        "attributes": {
                            "access_ip_v4": "192.168.0.67",
                            "access_ip_v6": "",
                            "all_metadata.%": "0",
                            "availability_zone": "AZ_1",
                            "flavor_id": "17",
                            "flavor_name": "s1.gargantuan",
                            "force_delete": "false",
                            "id": "7d3edfd7-ba89-4894-9fa1-6d342e5b59c4",
                            "image_id": "38618faa-3e30-454d-8166-7cfb2316548c",
                            "image_name": "butler_base",
                            "key_pair": "sergei",
                            "name": "butler-worker-52",
                            "network.#": "4",
                            "network.0.access_network": "false",
                            "network.0.fixed_ip_v4": "192.168.0.67",
                            "network.0.fixed_ip_v6": "",
                            "network.0.floating_ip": "",
                            "network.0.mac": "fa:16:3e:0e:3a:3e",
                            "network.0.name": "Germline_private",
                            "network.0.port": "",
                            "network.0.uuid": "3a8dbb6c-f1fb-48e7-9baa-82a2ab74e4e8",
                            "network.1.access_network": "false",
                            "network.1.fixed_ip_v4": "10.35.104.61",
                            "network.1.fixed_ip_v6": "",
                            "network.1.floating_ip": "",
                            "network.1.mac": "fa:16:3e:dd:be:fe",
                            "network.1.name": "GNOS-readonly",
                            "network.1.port": "",
                            "network.1.uuid": "57e634e1-b42e-4d2c-ac4d-d8236b872a5c",
                            "network.2.access_network": "false",
                            "network.2.fixed_ip_v4": "10.35.105.50",
                            "network.2.fixed_ip_v6": "",
                            "network.2.floating_ip": "",
                            "network.2.mac": "fa:16:3e:5c:c7:80",
                            "network.2.name": "net_provider_vlan3105",
                            "network.2.port": "",
                            "network.2.uuid": "b200d942-b472-4409-885f-6b6f7bcf5691",
                            "network.3.access_network": "false",
                            "network.3.fixed_ip_v4": "10.35.110.60",
                            "network.3.fixed_ip_v6": "",
                            "network.3.floating_ip": "",
                            "network.3.mac": "fa:16:3e:be:19:c0",
                            "network.3.name": "net_provider_vlan3110",
                            "network.3.port": "",
                            "network.3.uuid": "6058aeb3-633f-4b2d-8726-b8e5514ccbb6",
                            "security_groups.#": "2",
                            "security_groups.200482051": "internal",
                            "security_groups.2299581210": "butler-firewall",
                            "stop_before_destroy": "false",
                            "volume.#": "0"
                        },
                        "meta": {
                            "e2bfb730-ecaa-11e6-8f88-34363bc7c4c0": {
                                "create": 1800000000000,
                                "delete": 1800000000000,
                                "update": 1800000000000
                            }
                        },
                        "tainted": false
                    },
                    "deposed": [],
                    "provider": ""
                },
                "openstack_compute_instance_v2.worker.53": {
                    "type": "openstack_compute_instance_v2",
                    "depends_on": [
                        "null_resource.masterip",
                        "openstack_compute_instance_v2.salt-master",
                        "openstack_compute_secgroup_v2.allow-traffic"
                    ],
                    "primary": {
                        "id": "9f81c156-4abd-4604-bd5e-aa2d320c59ae",
                        "attributes": {
                            "access_ip_v4": "192.168.0.41",
                            "access_ip_v6": "",
                            "all_metadata.%": "0",
                            "availability_zone": "AZ_1",
                            "flavor_id": "17",
                            "flavor_name": "s1.gargantuan",
                            "force_delete": "false",
                            "id": "9f81c156-4abd-4604-bd5e-aa2d320c59ae",
                            "image_id": "38618faa-3e30-454d-8166-7cfb2316548c",
                            "image_name": "butler_base",
                            "key_pair": "sergei",
                            "name": "butler-worker-53",
                            "network.#": "4",
                            "network.0.access_network": "false",
                            "network.0.fixed_ip_v4": "192.168.0.41",
                            "network.0.fixed_ip_v6": "",
                            "network.0.floating_ip": "",
                            "network.0.mac": "fa:16:3e:74:9c:19",
                            "network.0.name": "Germline_private",
                            "network.0.port": "",
                            "network.0.uuid": "3a8dbb6c-f1fb-48e7-9baa-82a2ab74e4e8",
                            "network.1.access_network": "false",
                            "network.1.fixed_ip_v4": "10.35.104.36",
                            "network.1.fixed_ip_v6": "",
                            "network.1.floating_ip": "",
                            "network.1.mac": "fa:16:3e:71:f9:76",
                            "network.1.name": "GNOS-readonly",
                            "network.1.port": "",
                            "network.1.uuid": "57e634e1-b42e-4d2c-ac4d-d8236b872a5c",
                            "network.2.access_network": "false",
                            "network.2.fixed_ip_v4": "10.35.105.29",
                            "network.2.fixed_ip_v6": "",
                            "network.2.floating_ip": "",
                            "network.2.mac": "fa:16:3e:b4:ea:e9",
                            "network.2.name": "net_provider_vlan3105",
                            "network.2.port": "",
                            "network.2.uuid": "b200d942-b472-4409-885f-6b6f7bcf5691",
                            "network.3.access_network": "false",
                            "network.3.fixed_ip_v4": "10.35.110.23",
                            "network.3.fixed_ip_v6": "",
                            "network.3.floating_ip": "",
                            "network.3.mac": "fa:16:3e:f8:f6:0f",
                            "network.3.name": "net_provider_vlan3110",
                            "network.3.port": "",
                            "network.3.uuid": "6058aeb3-633f-4b2d-8726-b8e5514ccbb6",
                            "security_groups.#": "2",
                            "security_groups.200482051": "internal",
                            "security_groups.2299581210": "butler-firewall",
                            "stop_before_destroy": "false",
                            "volume.#": "0"
                        },
                        "meta": {
                            "e2bfb730-ecaa-11e6-8f88-34363bc7c4c0": {
                                "create": 1800000000000,
                                "delete": 1800000000000,
                                "update": 1800000000000
                            }
                        },
                        "tainted": false
                    },
                    "deposed": [],
                    "provider": ""
                },
                "openstack_compute_instance_v2.worker.54": {
                    "type": "openstack_compute_instance_v2",
                    "depends_on": [
                        "null_resource.masterip",
                        "openstack_compute_instance_v2.salt-master",
                        "openstack_compute_secgroup_v2.allow-traffic"
                    ],
                    "primary": {
                        "id": "0dc4bac3-ffac-4068-9208-7ce7f51371f8",
                        "attributes": {
                            "access_ip_v4": "192.168.0.19",
                            "access_ip_v6": "",
                            "all_metadata.%": "0",
                            "availability_zone": "AZ_1",
                            "flavor_id": "17",
                            "flavor_name": "s1.gargantuan",
                            "force_delete": "false",
                            "id": "0dc4bac3-ffac-4068-9208-7ce7f51371f8",
                            "image_id": "38618faa-3e30-454d-8166-7cfb2316548c",
                            "image_name": "butler_base",
                            "key_pair": "sergei",
                            "name": "butler-worker-54",
                            "network.#": "4",
                            "network.0.access_network": "false",
                            "network.0.fixed_ip_v4": "192.168.0.19",
                            "network.0.fixed_ip_v6": "",
                            "network.0.floating_ip": "",
                            "network.0.mac": "fa:16:3e:90:4c:1a",
                            "network.0.name": "Germline_private",
                            "network.0.port": "",
                            "network.0.uuid": "3a8dbb6c-f1fb-48e7-9baa-82a2ab74e4e8",
                            "network.1.access_network": "false",
                            "network.1.fixed_ip_v4": "10.35.104.4",
                            "network.1.fixed_ip_v6": "",
                            "network.1.floating_ip": "",
                            "network.1.mac": "fa:16:3e:3f:b0:00",
                            "network.1.name": "GNOS-readonly",
                            "network.1.port": "",
                            "network.1.uuid": "57e634e1-b42e-4d2c-ac4d-d8236b872a5c",
                            "network.2.access_network": "false",
                            "network.2.fixed_ip_v4": "10.35.105.17",
                            "network.2.fixed_ip_v6": "",
                            "network.2.floating_ip": "",
                            "network.2.mac": "fa:16:3e:a2:b6:73",
                            "network.2.name": "net_provider_vlan3105",
                            "network.2.port": "",
                            "network.2.uuid": "b200d942-b472-4409-885f-6b6f7bcf5691",
                            "network.3.access_network": "false",
                            "network.3.fixed_ip_v4": "10.35.110.18",
                            "network.3.fixed_ip_v6": "",
                            "network.3.floating_ip": "",
                            "network.3.mac": "fa:16:3e:f2:96:72",
                            "network.3.name": "net_provider_vlan3110",
                            "network.3.port": "",
                            "network.3.uuid": "6058aeb3-633f-4b2d-8726-b8e5514ccbb6",
                            "security_groups.#": "2",
                            "security_groups.200482051": "internal",
                            "security_groups.2299581210": "butler-firewall",
                            "stop_before_destroy": "false",
                            "volume.#": "0"
                        },
                        "meta": {
                            "e2bfb730-ecaa-11e6-8f88-34363bc7c4c0": {
                                "create": 1800000000000,
                                "delete": 1800000000000,
                                "update": 1800000000000
                            }
                        },
                        "tainted": false
                    },
                    "deposed": [],
                    "provider": ""
                },
                "openstack_compute_instance_v2.worker.55": {
                    "type": "openstack_compute_instance_v2",
                    "depends_on": [
                        "null_resource.masterip",
                        "openstack_compute_instance_v2.salt-master",
                        "openstack_compute_secgroup_v2.allow-traffic"
                    ],
                    "primary": {
                        "id": "22f4a762-f29f-4dbb-99aa-e6b620e80289",
                        "attributes": {
                            "access_ip_v4": "192.168.0.11",
                            "access_ip_v6": "",
                            "all_metadata.%": "0",
                            "availability_zone": "AZ_1",
                            "flavor_id": "17",
                            "flavor_name": "s1.gargantuan",
                            "force_delete": "false",
                            "id": "22f4a762-f29f-4dbb-99aa-e6b620e80289",
                            "image_id": "38618faa-3e30-454d-8166-7cfb2316548c",
                            "image_name": "butler_base",
                            "key_pair": "sergei",
                            "name": "butler-worker-55",
                            "network.#": "4",
                            "network.0.access_network": "false",
                            "network.0.fixed_ip_v4": "192.168.0.11",
                            "network.0.fixed_ip_v6": "",
                            "network.0.floating_ip": "",
                            "network.0.mac": "fa:16:3e:a5:ea:20",
                            "network.0.name": "Germline_private",
                            "network.0.port": "",
                            "network.0.uuid": "3a8dbb6c-f1fb-48e7-9baa-82a2ab74e4e8",
                            "network.1.access_network": "false",
                            "network.1.fixed_ip_v4": "10.35.104.8",
                            "network.1.fixed_ip_v6": "",
                            "network.1.floating_ip": "",
                            "network.1.mac": "fa:16:3e:cf:80:e8",
                            "network.1.name": "GNOS-readonly",
                            "network.1.port": "",
                            "network.1.uuid": "57e634e1-b42e-4d2c-ac4d-d8236b872a5c",
                            "network.2.access_network": "false",
                            "network.2.fixed_ip_v4": "10.35.105.8",
                            "network.2.fixed_ip_v6": "",
                            "network.2.floating_ip": "",
                            "network.2.mac": "fa:16:3e:2f:cc:bb",
                            "network.2.name": "net_provider_vlan3105",
                            "network.2.port": "",
                            "network.2.uuid": "b200d942-b472-4409-885f-6b6f7bcf5691",
                            "network.3.access_network": "false",
                            "network.3.fixed_ip_v4": "10.35.110.5",
                            "network.3.fixed_ip_v6": "",
                            "network.3.floating_ip": "",
                            "network.3.mac": "fa:16:3e:bc:f8:3e",
                            "network.3.name": "net_provider_vlan3110",
                            "network.3.port": "",
                            "network.3.uuid": "6058aeb3-633f-4b2d-8726-b8e5514ccbb6",
                            "security_groups.#": "2",
                            "security_groups.200482051": "internal",
                            "security_groups.2299581210": "butler-firewall",
                            "stop_before_destroy": "false",
                            "volume.#": "0"
                        },
                        "meta": {
                            "e2bfb730-ecaa-11e6-8f88-34363bc7c4c0": {
                                "create": 1800000000000,
                                "delete": 1800000000000,
                                "update": 1800000000000
                            }
                        },
                        "tainted": false
                    },
                    "deposed": [],
                    "provider": ""
                },
                "openstack_compute_instance_v2.worker.56": {
                    "type": "openstack_compute_instance_v2",
                    "depends_on": [
                        "null_resource.masterip",
                        "openstack_compute_instance_v2.salt-master",
                        "openstack_compute_secgroup_v2.allow-traffic"
                    ],
                    "primary": {
                        "id": "34c6ea40-36b0-4fb3-a44a-aa515425f44a",
                        "attributes": {
                            "access_ip_v4": "192.168.0.30",
                            "access_ip_v6": "",
                            "all_metadata.%": "0",
                            "availability_zone": "AZ_1",
                            "flavor_id": "17",
                            "flavor_name": "s1.gargantuan",
                            "force_delete": "false",
                            "id": "34c6ea40-36b0-4fb3-a44a-aa515425f44a",
                            "image_id": "38618faa-3e30-454d-8166-7cfb2316548c",
                            "image_name": "butler_base",
                            "key_pair": "sergei",
                            "name": "butler-worker-56",
                            "network.#": "4",
                            "network.0.access_network": "false",
                            "network.0.fixed_ip_v4": "192.168.0.30",
                            "network.0.fixed_ip_v6": "",
                            "network.0.floating_ip": "",
                            "network.0.mac": "fa:16:3e:a2:42:a8",
                            "network.0.name": "Germline_private",
                            "network.0.port": "",
                            "network.0.uuid": "3a8dbb6c-f1fb-48e7-9baa-82a2ab74e4e8",
                            "network.1.access_network": "false",
                            "network.1.fixed_ip_v4": "10.35.104.33",
                            "network.1.fixed_ip_v6": "",
                            "network.1.floating_ip": "",
                            "network.1.mac": "fa:16:3e:a6:b3:b2",
                            "network.1.name": "GNOS-readonly",
                            "network.1.port": "",
                            "network.1.uuid": "57e634e1-b42e-4d2c-ac4d-d8236b872a5c",
                            "network.2.access_network": "false",
                            "network.2.fixed_ip_v4": "10.35.105.27",
                            "network.2.fixed_ip_v6": "",
                            "network.2.floating_ip": "",
                            "network.2.mac": "fa:16:3e:4d:7a:95",
                            "network.2.name": "net_provider_vlan3105",
                            "network.2.port": "",
                            "network.2.uuid": "b200d942-b472-4409-885f-6b6f7bcf5691",
                            "network.3.access_network": "false",
                            "network.3.fixed_ip_v4": "10.35.110.34",
                            "network.3.fixed_ip_v6": "",
                            "network.3.floating_ip": "",
                            "network.3.mac": "fa:16:3e:7e:2c:a8",
                            "network.3.name": "net_provider_vlan3110",
                            "network.3.port": "",
                            "network.3.uuid": "6058aeb3-633f-4b2d-8726-b8e5514ccbb6",
                            "security_groups.#": "2",
                            "security_groups.200482051": "internal",
                            "security_groups.2299581210": "butler-firewall",
                            "stop_before_destroy": "false",
                            "volume.#": "0"
                        },
                        "meta": {
                            "e2bfb730-ecaa-11e6-8f88-34363bc7c4c0": {
                                "create": 1800000000000,
                                "delete": 1800000000000,
                                "update": 1800000000000
                            }
                        },
                        "tainted": false
                    },
                    "deposed": [],
                    "provider": ""
                },
                "openstack_compute_instance_v2.worker.57": {
                    "type": "openstack_compute_instance_v2",
                    "depends_on": [
                        "null_resource.masterip",
                        "openstack_compute_instance_v2.salt-master",
                        "openstack_compute_secgroup_v2.allow-traffic"
                    ],
                    "primary": {
                        "id": "e7bb472a-506e-4b53-b3ed-fc7c48c14be1",
                        "attributes": {
                            "access_ip_v4": "192.168.0.59",
                            "access_ip_v6": "",
                            "all_metadata.%": "0",
                            "availability_zone": "AZ_1",
                            "flavor_id": "17",
                            "flavor_name": "s1.gargantuan",
                            "force_delete": "false",
                            "id": "e7bb472a-506e-4b53-b3ed-fc7c48c14be1",
                            "image_id": "38618faa-3e30-454d-8166-7cfb2316548c",
                            "image_name": "butler_base",
                            "key_pair": "sergei",
                            "name": "butler-worker-57",
                            "network.#": "4",
                            "network.0.access_network": "false",
                            "network.0.fixed_ip_v4": "192.168.0.59",
                            "network.0.fixed_ip_v6": "",
                            "network.0.floating_ip": "",
                            "network.0.mac": "fa:16:3e:c1:5b:55",
                            "network.0.name": "Germline_private",
                            "network.0.port": "",
                            "network.0.uuid": "3a8dbb6c-f1fb-48e7-9baa-82a2ab74e4e8",
                            "network.1.access_network": "false",
                            "network.1.fixed_ip_v4": "10.35.104.43",
                            "network.1.fixed_ip_v6": "",
                            "network.1.floating_ip": "",
                            "network.1.mac": "fa:16:3e:6b:65:da",
                            "network.1.name": "GNOS-readonly",
                            "network.1.port": "",
                            "network.1.uuid": "57e634e1-b42e-4d2c-ac4d-d8236b872a5c",
                            "network.2.access_network": "false",
                            "network.2.fixed_ip_v4": "10.35.105.51",
                            "network.2.fixed_ip_v6": "",
                            "network.2.floating_ip": "",
                            "network.2.mac": "fa:16:3e:ff:57:e4",
                            "network.2.name": "net_provider_vlan3105",
                            "network.2.port": "",
                            "network.2.uuid": "b200d942-b472-4409-885f-6b6f7bcf5691",
                            "network.3.access_network": "false",
                            "network.3.fixed_ip_v4": "10.35.110.36",
                            "network.3.fixed_ip_v6": "",
                            "network.3.floating_ip": "",
                            "network.3.mac": "fa:16:3e:a9:59:80",
                            "network.3.name": "net_provider_vlan3110",
                            "network.3.port": "",
                            "network.3.uuid": "6058aeb3-633f-4b2d-8726-b8e5514ccbb6",
                            "security_groups.#": "2",
                            "security_groups.200482051": "internal",
                            "security_groups.2299581210": "butler-firewall",
                            "stop_before_destroy": "false",
                            "volume.#": "0"
                        },
                        "meta": {
                            "e2bfb730-ecaa-11e6-8f88-34363bc7c4c0": {
                                "create": 1800000000000,
                                "delete": 1800000000000,
                                "update": 1800000000000
                            }
                        },
                        "tainted": false
                    },
                    "deposed": [],
                    "provider": ""
                },
                "openstack_compute_instance_v2.worker.58": {
                    "type": "openstack_compute_instance_v2",
                    "depends_on": [
                        "null_resource.masterip",
                        "openstack_compute_instance_v2.salt-master",
                        "openstack_compute_secgroup_v2.allow-traffic"
                    ],
                    "primary": {
                        "id": "de48a3f9-58bd-4c88-9001-332ebf8a8ac6",
                        "attributes": {
                            "access_ip_v4": "192.168.0.38",
                            "access_ip_v6": "",
                            "all_metadata.%": "0",
                            "availability_zone": "AZ_1",
                            "flavor_id": "17",
                            "flavor_name": "s1.gargantuan",
                            "force_delete": "false",
                            "id": "de48a3f9-58bd-4c88-9001-332ebf8a8ac6",
                            "image_id": "38618faa-3e30-454d-8166-7cfb2316548c",
                            "image_name": "butler_base",
                            "key_pair": "sergei",
                            "name": "butler-worker-58",
                            "network.#": "4",
                            "network.0.access_network": "false",
                            "network.0.fixed_ip_v4": "192.168.0.38",
                            "network.0.fixed_ip_v6": "",
                            "network.0.floating_ip": "",
                            "network.0.mac": "fa:16:3e:ec:1b:6e",
                            "network.0.name": "Germline_private",
                            "network.0.port": "",
                            "network.0.uuid": "3a8dbb6c-f1fb-48e7-9baa-82a2ab74e4e8",
                            "network.1.access_network": "false",
                            "network.1.fixed_ip_v4": "10.35.104.47",
                            "network.1.fixed_ip_v6": "",
                            "network.1.floating_ip": "",
                            "network.1.mac": "fa:16:3e:35:01:9e",
                            "network.1.name": "GNOS-readonly",
                            "network.1.port": "",
                            "network.1.uuid": "57e634e1-b42e-4d2c-ac4d-d8236b872a5c",
                            "network.2.access_network": "false",
                            "network.2.fixed_ip_v4": "10.35.105.40",
                            "network.2.fixed_ip_v6": "",
                            "network.2.floating_ip": "",
                            "network.2.mac": "fa:16:3e:3c:68:bc",
                            "network.2.name": "net_provider_vlan3105",
                            "network.2.port": "",
                            "network.2.uuid": "b200d942-b472-4409-885f-6b6f7bcf5691",
                            "network.3.access_network": "false",
                            "network.3.fixed_ip_v4": "10.35.110.42",
                            "network.3.fixed_ip_v6": "",
                            "network.3.floating_ip": "",
                            "network.3.mac": "fa:16:3e:28:aa:29",
                            "network.3.name": "net_provider_vlan3110",
                            "network.3.port": "",
                            "network.3.uuid": "6058aeb3-633f-4b2d-8726-b8e5514ccbb6",
                            "security_groups.#": "2",
                            "security_groups.200482051": "internal",
                            "security_groups.2299581210": "butler-firewall",
                            "stop_before_destroy": "false",
                            "volume.#": "0"
                        },
                        "meta": {
                            "e2bfb730-ecaa-11e6-8f88-34363bc7c4c0": {
                                "create": 1800000000000,
                                "delete": 1800000000000,
                                "update": 1800000000000
                            }
                        },
                        "tainted": false
                    },
                    "deposed": [],
                    "provider": ""
                },
                "openstack_compute_instance_v2.worker.59": {
                    "type": "openstack_compute_instance_v2",
                    "depends_on": [
                        "null_resource.masterip",
                        "openstack_compute_instance_v2.salt-master",
                        "openstack_compute_secgroup_v2.allow-traffic"
                    ],
                    "primary": {
                        "id": "682af252-d27e-4a5f-ac5d-4e1911f7fe02",
                        "attributes": {
                            "access_ip_v4": "192.168.0.43",
                            "access_ip_v6": "",
                            "all_metadata.%": "0",
                            "availability_zone": "AZ_1",
                            "flavor_id": "17",
                            "flavor_name": "s1.gargantuan",
                            "force_delete": "false",
                            "id": "682af252-d27e-4a5f-ac5d-4e1911f7fe02",
                            "image_id": "38618faa-3e30-454d-8166-7cfb2316548c",
                            "image_name": "butler_base",
                            "key_pair": "sergei",
                            "name": "butler-worker-59",
                            "network.#": "4",
                            "network.0.access_network": "false",
                            "network.0.fixed_ip_v4": "192.168.0.43",
                            "network.0.fixed_ip_v6": "",
                            "network.0.floating_ip": "",
                            "network.0.mac": "fa:16:3e:ed:9e:48",
                            "network.0.name": "Germline_private",
                            "network.0.port": "",
                            "network.0.uuid": "3a8dbb6c-f1fb-48e7-9baa-82a2ab74e4e8",
                            "network.1.access_network": "false",
                            "network.1.fixed_ip_v4": "10.35.104.35",
                            "network.1.fixed_ip_v6": "",
                            "network.1.floating_ip": "",
                            "network.1.mac": "fa:16:3e:7e:54:9c",
                            "network.1.name": "GNOS-readonly",
                            "network.1.port": "",
                            "network.1.uuid": "57e634e1-b42e-4d2c-ac4d-d8236b872a5c",
                            "network.2.access_network": "false",
                            "network.2.fixed_ip_v4": "10.35.105.57",
                            "network.2.fixed_ip_v6": "",
                            "network.2.floating_ip": "",
                            "network.2.mac": "fa:16:3e:b6:18:0e",
                            "network.2.name": "net_provider_vlan3105",
                            "network.2.port": "",
                            "network.2.uuid": "b200d942-b472-4409-885f-6b6f7bcf5691",
                            "network.3.access_network": "false",
                            "network.3.fixed_ip_v4": "10.35.110.53",
                            "network.3.fixed_ip_v6": "",
                            "network.3.floating_ip": "",
                            "network.3.mac": "fa:16:3e:7e:a4:f4",
                            "network.3.name": "net_provider_vlan3110",
                            "network.3.port": "",
                            "network.3.uuid": "6058aeb3-633f-4b2d-8726-b8e5514ccbb6",
                            "security_groups.#": "2",
                            "security_groups.200482051": "internal",
                            "security_groups.2299581210": "butler-firewall",
                            "stop_before_destroy": "false",
                            "volume.#": "0"
                        },
                        "meta": {
                            "e2bfb730-ecaa-11e6-8f88-34363bc7c4c0": {
                                "create": 1800000000000,
                                "delete": 1800000000000,
                                "update": 1800000000000
                            }
                        },
                        "tainted": false
                    },
                    "deposed": [],
                    "provider": ""
                },
                "openstack_compute_instance_v2.worker.6": {
                    "type": "openstack_compute_instance_v2",
                    "depends_on": [
                        "null_resource.masterip",
                        "openstack_compute_instance_v2.salt-master",
                        "openstack_compute_secgroup_v2.allow-traffic"
                    ],
                    "primary": {
                        "id": "f2a326fb-9c92-44eb-8f7d-a5e855adc6f3",
                        "attributes": {
                            "access_ip_v4": "192.168.0.64",
                            "access_ip_v6": "",
                            "all_metadata.%": "0",
                            "availability_zone": "AZ_1",
                            "flavor_id": "17",
                            "flavor_name": "s1.gargantuan",
                            "force_delete": "false",
                            "id": "f2a326fb-9c92-44eb-8f7d-a5e855adc6f3",
                            "image_id": "38618faa-3e30-454d-8166-7cfb2316548c",
                            "image_name": "butler_base",
                            "key_pair": "sergei",
                            "name": "butler-worker-6",
                            "network.#": "4",
                            "network.0.access_network": "false",
                            "network.0.fixed_ip_v4": "192.168.0.64",
                            "network.0.fixed_ip_v6": "",
                            "network.0.floating_ip": "",
                            "network.0.mac": "fa:16:3e:a0:7a:0d",
                            "network.0.name": "Germline_private",
                            "network.0.port": "",
                            "network.0.uuid": "3a8dbb6c-f1fb-48e7-9baa-82a2ab74e4e8",
                            "network.1.access_network": "false",
                            "network.1.fixed_ip_v4": "10.35.104.28",
                            "network.1.fixed_ip_v6": "",
                            "network.1.floating_ip": "",
                            "network.1.mac": "fa:16:3e:01:c2:8e",
                            "network.1.name": "GNOS-readonly",
                            "network.1.port": "",
                            "network.1.uuid": "57e634e1-b42e-4d2c-ac4d-d8236b872a5c",
                            "network.2.access_network": "false",
                            "network.2.fixed_ip_v4": "10.35.105.55",
                            "network.2.fixed_ip_v6": "",
                            "network.2.floating_ip": "",
                            "network.2.mac": "fa:16:3e:80:27:58",
                            "network.2.name": "net_provider_vlan3105",
                            "network.2.port": "",
                            "network.2.uuid": "b200d942-b472-4409-885f-6b6f7bcf5691",
                            "network.3.access_network": "false",
                            "network.3.fixed_ip_v4": "10.35.110.54",
                            "network.3.fixed_ip_v6": "",
                            "network.3.floating_ip": "",
                            "network.3.mac": "fa:16:3e:04:c2:a3",
                            "network.3.name": "net_provider_vlan3110",
                            "network.3.port": "",
                            "network.3.uuid": "6058aeb3-633f-4b2d-8726-b8e5514ccbb6",
                            "security_groups.#": "2",
                            "security_groups.200482051": "internal",
                            "security_groups.2299581210": "butler-firewall",
                            "stop_before_destroy": "false",
                            "volume.#": "0"
                        },
                        "meta": {
                            "e2bfb730-ecaa-11e6-8f88-34363bc7c4c0": {
                                "create": 1800000000000,
                                "delete": 1800000000000,
                                "update": 1800000000000
                            }
                        },
                        "tainted": false
                    },
                    "deposed": [],
                    "provider": ""
                },
                "openstack_compute_instance_v2.worker.7": {
                    "type": "openstack_compute_instance_v2",
                    "depends_on": [
                        "null_resource.masterip",
                        "openstack_compute_instance_v2.salt-master",
                        "openstack_compute_secgroup_v2.allow-traffic"
                    ],
                    "primary": {
                        "id": "2ae7f226-86ff-48f1-bd1e-9fe2221cb21b",
                        "attributes": {
                            "access_ip_v4": "192.168.0.8",
                            "access_ip_v6": "",
                            "all_metadata.%": "0",
                            "availability_zone": "AZ_1",
                            "flavor_id": "17",
                            "flavor_name": "s1.gargantuan",
                            "force_delete": "false",
                            "id": "2ae7f226-86ff-48f1-bd1e-9fe2221cb21b",
                            "image_id": "38618faa-3e30-454d-8166-7cfb2316548c",
                            "image_name": "butler_base",
                            "key_pair": "sergei",
                            "name": "butler-worker-7",
                            "network.#": "4",
                            "network.0.access_network": "false",
                            "network.0.fixed_ip_v4": "192.168.0.8",
                            "network.0.fixed_ip_v6": "",
                            "network.0.floating_ip": "",
                            "network.0.mac": "fa:16:3e:27:e1:e8",
                            "network.0.name": "Germline_private",
                            "network.0.port": "",
                            "network.0.uuid": "3a8dbb6c-f1fb-48e7-9baa-82a2ab74e4e8",
                            "network.1.access_network": "false",
                            "network.1.fixed_ip_v4": "10.35.104.34",
                            "network.1.fixed_ip_v6": "",
                            "network.1.floating_ip": "",
                            "network.1.mac": "fa:16:3e:0f:cf:96",
                            "network.1.name": "GNOS-readonly",
                            "network.1.port": "",
                            "network.1.uuid": "57e634e1-b42e-4d2c-ac4d-d8236b872a5c",
                            "network.2.access_network": "false",
                            "network.2.fixed_ip_v4": "10.35.105.31",
                            "network.2.fixed_ip_v6": "",
                            "network.2.floating_ip": "",
                            "network.2.mac": "fa:16:3e:66:14:ba",
                            "network.2.name": "net_provider_vlan3105",
                            "network.2.port": "",
                            "network.2.uuid": "b200d942-b472-4409-885f-6b6f7bcf5691",
                            "network.3.access_network": "false",
                            "network.3.fixed_ip_v4": "10.35.110.19",
                            "network.3.fixed_ip_v6": "",
                            "network.3.floating_ip": "",
                            "network.3.mac": "fa:16:3e:61:24:60",
                            "network.3.name": "net_provider_vlan3110",
                            "network.3.port": "",
                            "network.3.uuid": "6058aeb3-633f-4b2d-8726-b8e5514ccbb6",
                            "security_groups.#": "2",
                            "security_groups.200482051": "internal",
                            "security_groups.2299581210": "butler-firewall",
                            "stop_before_destroy": "false",
                            "volume.#": "0"
                        },
                        "meta": {
                            "e2bfb730-ecaa-11e6-8f88-34363bc7c4c0": {
                                "create": 1800000000000,
                                "delete": 1800000000000,
                                "update": 1800000000000
                            }
                        },
                        "tainted": false
                    },
                    "deposed": [],
                    "provider": ""
                },
                "openstack_compute_instance_v2.worker.8": {
                    "type": "openstack_compute_instance_v2",
                    "depends_on": [
                        "null_resource.masterip",
                        "openstack_compute_instance_v2.salt-master",
                        "openstack_compute_secgroup_v2.allow-traffic"
                    ],
                    "primary": {
                        "id": "deb48b2f-ff34-4c3c-bd78-a26f6f60af5c",
                        "attributes": {
                            "access_ip_v4": "192.168.0.60",
                            "access_ip_v6": "",
                            "all_metadata.%": "0",
                            "availability_zone": "AZ_1",
                            "flavor_id": "17",
                            "flavor_name": "s1.gargantuan",
                            "force_delete": "false",
                            "id": "deb48b2f-ff34-4c3c-bd78-a26f6f60af5c",
                            "image_id": "38618faa-3e30-454d-8166-7cfb2316548c",
                            "image_name": "butler_base",
                            "key_pair": "sergei",
                            "name": "butler-worker-8",
                            "network.#": "4",
                            "network.0.access_network": "false",
                            "network.0.fixed_ip_v4": "192.168.0.60",
                            "network.0.fixed_ip_v6": "",
                            "network.0.floating_ip": "",
                            "network.0.mac": "fa:16:3e:94:79:2b",
                            "network.0.name": "Germline_private",
                            "network.0.port": "",
                            "network.0.uuid": "3a8dbb6c-f1fb-48e7-9baa-82a2ab74e4e8",
                            "network.1.access_network": "false",
                            "network.1.fixed_ip_v4": "10.35.104.46",
                            "network.1.fixed_ip_v6": "",
                            "network.1.floating_ip": "",
                            "network.1.mac": "fa:16:3e:2f:29:f7",
                            "network.1.name": "GNOS-readonly",
                            "network.1.port": "",
                            "network.1.uuid": "57e634e1-b42e-4d2c-ac4d-d8236b872a5c",
                            "network.2.access_network": "false",
                            "network.2.fixed_ip_v4": "10.35.105.37",
                            "network.2.fixed_ip_v6": "",
                            "network.2.floating_ip": "",
                            "network.2.mac": "fa:16:3e:6c:8f:63",
                            "network.2.name": "net_provider_vlan3105",
                            "network.2.port": "",
                            "network.2.uuid": "b200d942-b472-4409-885f-6b6f7bcf5691",
                            "network.3.access_network": "false",
                            "network.3.fixed_ip_v4": "10.35.110.35",
                            "network.3.fixed_ip_v6": "",
                            "network.3.floating_ip": "",
                            "network.3.mac": "fa:16:3e:d7:06:59",
                            "network.3.name": "net_provider_vlan3110",
                            "network.3.port": "",
                            "network.3.uuid": "6058aeb3-633f-4b2d-8726-b8e5514ccbb6",
                            "security_groups.#": "2",
                            "security_groups.200482051": "internal",
                            "security_groups.2299581210": "butler-firewall",
                            "stop_before_destroy": "false",
                            "volume.#": "0"
                        },
                        "meta": {
                            "e2bfb730-ecaa-11e6-8f88-34363bc7c4c0": {
                                "create": 1800000000000,
                                "delete": 1800000000000,
                                "update": 1800000000000
                            }
                        },
                        "tainted": false
                    },
                    "deposed": [],
                    "provider": ""
                },
                "openstack_compute_instance_v2.worker.9": {
                    "type": "openstack_compute_instance_v2",
                    "depends_on": [
                        "null_resource.masterip",
                        "openstack_compute_instance_v2.salt-master",
                        "openstack_compute_secgroup_v2.allow-traffic"
                    ],
                    "primary": {
                        "id": "e0faaf97-4cb7-4eec-bb15-9a1efdd94d37",
                        "attributes": {
                            "access_ip_v4": "192.168.0.40",
                            "access_ip_v6": "",
                            "all_metadata.%": "0",
                            "availability_zone": "AZ_1",
                            "flavor_id": "17",
                            "flavor_name": "s1.gargantuan",
                            "force_delete": "false",
                            "id": "e0faaf97-4cb7-4eec-bb15-9a1efdd94d37",
                            "image_id": "38618faa-3e30-454d-8166-7cfb2316548c",
                            "image_name": "butler_base",
                            "key_pair": "sergei",
                            "name": "butler-worker-9",
                            "network.#": "4",
                            "network.0.access_network": "false",
                            "network.0.fixed_ip_v4": "192.168.0.40",
                            "network.0.fixed_ip_v6": "",
                            "network.0.floating_ip": "",
                            "network.0.mac": "fa:16:3e:4e:73:ec",
                            "network.0.name": "Germline_private",
                            "network.0.port": "",
                            "network.0.uuid": "3a8dbb6c-f1fb-48e7-9baa-82a2ab74e4e8",
                            "network.1.access_network": "false",
                            "network.1.fixed_ip_v4": "10.35.104.30",
                            "network.1.fixed_ip_v6": "",
                            "network.1.floating_ip": "",
                            "network.1.mac": "fa:16:3e:64:79:c8",
                            "network.1.name": "GNOS-readonly",
                            "network.1.port": "",
                            "network.1.uuid": "57e634e1-b42e-4d2c-ac4d-d8236b872a5c",
                            "network.2.access_network": "false",
                            "network.2.fixed_ip_v4": "10.35.105.32",
                            "network.2.fixed_ip_v6": "",
                            "network.2.floating_ip": "",
                            "network.2.mac": "fa:16:3e:16:62:b1",
                            "network.2.name": "net_provider_vlan3105",
                            "network.2.port": "",
                            "network.2.uuid": "b200d942-b472-4409-885f-6b6f7bcf5691",
                            "network.3.access_network": "false",
                            "network.3.fixed_ip_v4": "10.35.110.31",
                            "network.3.fixed_ip_v6": "",
                            "network.3.floating_ip": "",
                            "network.3.mac": "fa:16:3e:f5:78:c8",
                            "network.3.name": "net_provider_vlan3110",
                            "network.3.port": "",
                            "network.3.uuid": "6058aeb3-633f-4b2d-8726-b8e5514ccbb6",
                            "security_groups.#": "2",
                            "security_groups.200482051": "internal",
                            "security_groups.2299581210": "butler-firewall",
                            "stop_before_destroy": "false",
                            "volume.#": "0"
                        },
                        "meta": {
                            "e2bfb730-ecaa-11e6-8f88-34363bc7c4c0": {
                                "create": 1800000000000,
                                "delete": 1800000000000,
                                "update": 1800000000000
                            }
                        },
                        "tainted": false
                    },
                    "deposed": [],
                    "provider": ""
                },
                "openstack_compute_secgroup_v2.allow-traffic": {
                    "type": "openstack_compute_secgroup_v2",
                    "depends_on": [],
                    "primary": {
                        "id": "281de607-1f21-4068-a650-8a4a3edd5ba4",
                        "attributes": {
                            "description": "Allow traffic across butler instances",
                            "id": "281de607-1f21-4068-a650-8a4a3edd5ba4",
                            "name": "butler-firewall",
                            "region": "",
                            "rule.#": "4",
                            "rule.112275015.cidr": "",
                            "rule.112275015.from_group_id": "",
                            "rule.112275015.from_port": "1",
                            "rule.112275015.id": "b81ed692-ff37-49fd-b359-f2e0c6ac8ff5",
                            "rule.112275015.ip_protocol": "tcp",
                            "rule.112275015.self": "true",
                            "rule.112275015.to_port": "65535",
                            "rule.2180185248.cidr": "0.0.0.0/0",
                            "rule.2180185248.from_group_id": "",
                            "rule.2180185248.from_port": "-1",
                            "rule.2180185248.id": "26a2c053-4b05-4a59-a7e0-6d39742383ae",
                            "rule.2180185248.ip_protocol": "icmp",
                            "rule.2180185248.self": "false",
                            "rule.2180185248.to_port": "-1",
                            "rule.3811720511.cidr": "0.0.0.0/0",
                            "rule.3811720511.from_group_id": "",
                            "rule.3811720511.from_port": "3000",
                            "rule.3811720511.id": "b44e9b5a-d769-4cb0-ace6-66d94d53b7f6",
                            "rule.3811720511.ip_protocol": "tcp",
                            "rule.3811720511.self": "false",
                            "rule.3811720511.to_port": "3000",
                            "rule.836640770.cidr": "0.0.0.0/0",
                            "rule.836640770.from_group_id": "",
                            "rule.836640770.from_port": "22",
                            "rule.836640770.id": "6a23d951-4018-4fbc-919a-54d8ac130dd3",
                            "rule.836640770.ip_protocol": "tcp",
                            "rule.836640770.self": "false",
                            "rule.836640770.to_port": "22"
                        },
                        "meta": {
                            "e2bfb730-ecaa-11e6-8f88-34363bc7c4c0": {
                                "delete": 600000000000
                            }
                        },
                        "tainted": false
                    },
                    "deposed": [],
                    "provider": ""
                }
            },
            "depends_on": []
        }
    ]
}
