{
    "version": 3,
    "terraform_version": "0.9.3",
    "serial": 45,
    "lineage": "4ee7259d-05f9-4410-b835-4554427b35cf",
    "modules": [
        {
            "path": [
                "root"
            ],
            "outputs": {
                "db-server": {
                    "sensitive": false,
                    "type": "string",
                    "value": "10.39.20.31"
                },
                "job-queue": {
                    "sensitive": false,
                    "type": "string",
                    "value": "10.39.20.32"
                },
                "salt-master": {
                    "sensitive": false,
                    "type": "string",
                    "value": "10.39.20.30"
                },
                "tracker": {
                    "sensitive": false,
                    "type": "string",
                    "value": "10.39.20.33"
                },
                "worker-0": {
                    "sensitive": false,
                    "type": "string",
                    "value": "10.39.20.34"
                },
                "worker-1": {
                    "sensitive": false,
                    "type": "string",
                    "value": ""
                },
                "worker-2": {
                    "sensitive": false,
                    "type": "string",
                    "value": ""
                }
            },
            "resources": {
                "null_resource.hostnames": {
                    "type": "null_resource",
                    "depends_on": [
                        "openstack_compute_instance_v2.db-server",
                        "openstack_compute_instance_v2.job-queue",
                        "openstack_compute_instance_v2.salt-master",
                        "openstack_compute_instance_v2.tracker",
                        "openstack_compute_instance_v2.worker"
                    ],
                    "primary": {
                        "id": "7910916064737351000",
                        "attributes": {
                            "id": "7910916064737351000"
                        },
                        "meta": {},
                        "tainted": false
                    },
                    "deposed": [],
                    "provider": ""
                },
                "null_resource.masterip": {
                    "type": "null_resource",
                    "depends_on": [
                        "openstack_compute_instance_v2.salt-master"
                    ],
                    "primary": {
                        "id": "686593066822665958",
                        "attributes": {
                            "id": "686593066822665958",
                            "triggers.%": "1",
                            "triggers.address": "10.39.20.30"
                        },
                        "meta": {},
                        "tainted": false
                    },
                    "deposed": [],
                    "provider": ""
                },
                "openstack_compute_instance_v2.db-server": {
                    "type": "openstack_compute_instance_v2",
                    "depends_on": [
                        "null_resource.masterip",
                        "openstack_compute_instance_v2.salt-master",
                        "openstack_compute_secgroup_v2.allow-traffic"
                    ],
                    "primary": {
                        "id": "ee7a5549-bf8f-488c-b566-d07b9564d830",
                        "attributes": {
                            "access_ip_v4": "10.39.20.31",
                            "access_ip_v6": "",
                            "all_metadata.%": "0",
                            "availability_zone": "nova",
                            "flavor_id": "0eb207f9-4575-4bd2-a430-1ed50e821d05",
                            "flavor_name": "c8-60gb-186",
                            "force_delete": "false",
                            "id": "ee7a5549-bf8f-488c-b566-d07b9564d830",
                            "image_id": "5550b32e-f335-468a-9d21-751822294afb",
                            "image_name": "butler_base",
                            "key_pair": "sergei",
                            "name": "butler-db-server",
                            "network.#": "1",
                            "network.0.access_network": "false",
                            "network.0.fixed_ip_v4": "10.39.20.31",
                            "network.0.fixed_ip_v6": "",
                            "network.0.floating_ip": "",
                            "network.0.mac": "fa:16:3e:3d:0e:d5",
                            "network.0.name": "VLAN3331_network",
                            "network.0.port": "",
                            "network.0.uuid": "dedbfee7-55a0-4201-8b19-a50b673f822d",
                            "security_groups.#": "2",
                            "security_groups.2299581210": "butler-firewall",
                            "security_groups.3814588639": "default",
                            "stop_before_destroy": "false",
                            "volume.#": "0"
                        },
                        "meta": {
                            "e2bfb730-ecaa-11e6-8f88-34363bc7c4c0": {
                                "create": 1800000000000,
                                "delete": 1800000000000,
                                "update": 1800000000000
                            }
                        },
                        "tainted": false
                    },
                    "deposed": [],
                    "provider": ""
                },
                "openstack_compute_instance_v2.job-queue": {
                    "type": "openstack_compute_instance_v2",
                    "depends_on": [
                        "null_resource.masterip",
                        "openstack_compute_instance_v2.salt-master",
                        "openstack_compute_secgroup_v2.allow-traffic"
                    ],
                    "primary": {
                        "id": "f2c5d1a8-ce19-4bb6-a75d-8375a2ebd487",
                        "attributes": {
                            "access_ip_v4": "10.39.20.32",
                            "access_ip_v6": "",
                            "all_metadata.%": "0",
                            "availability_zone": "nova",
                            "flavor_id": "d2d56ca5-511b-4a4b-89eb-1d6f06ee58b1",
                            "flavor_name": "c8-30gb-186",
                            "force_delete": "false",
                            "id": "f2c5d1a8-ce19-4bb6-a75d-8375a2ebd487",
                            "image_id": "5550b32e-f335-468a-9d21-751822294afb",
                            "image_name": "butler_base",
                            "key_pair": "sergei",
                            "name": "butler-job-queue",
                            "network.#": "1",
                            "network.0.access_network": "false",
                            "network.0.fixed_ip_v4": "10.39.20.32",
                            "network.0.fixed_ip_v6": "",
                            "network.0.floating_ip": "",
                            "network.0.mac": "fa:16:3e:c0:84:12",
                            "network.0.name": "VLAN3331_network",
                            "network.0.port": "",
                            "network.0.uuid": "dedbfee7-55a0-4201-8b19-a50b673f822d",
                            "security_groups.#": "2",
                            "security_groups.2299581210": "butler-firewall",
                            "security_groups.3814588639": "default",
                            "stop_before_destroy": "false",
                            "volume.#": "0"
                        },
                        "meta": {
                            "e2bfb730-ecaa-11e6-8f88-34363bc7c4c0": {
                                "create": 1800000000000,
                                "delete": 1800000000000,
                                "update": 1800000000000
                            }
                        },
                        "tainted": false
                    },
                    "deposed": [],
                    "provider": ""
                },
                "openstack_compute_instance_v2.salt-master": {
                    "type": "openstack_compute_instance_v2",
                    "depends_on": [
                        "openstack_compute_secgroup_v2.allow-traffic"
                    ],
                    "primary": {
                        "id": "939eef64-5831-4c26-8ad8-b5f3010a937b",
                        "attributes": {
                            "access_ip_v4": "10.39.20.30",
                            "access_ip_v6": "",
                            "all_metadata.%": "0",
                            "availability_zone": "nova",
                            "flavor_id": "9493fdd3-3100-440d-a9a1-020d93701ed2",
                            "flavor_name": "c4-15gb-83",
                            "force_delete": "false",
                            "id": "939eef64-5831-4c26-8ad8-b5f3010a937b",
                            "image_id": "5550b32e-f335-468a-9d21-751822294afb",
                            "image_name": "butler_base",
                            "key_pair": "sergei",
                            "name": "butler-salt-master",
                            "network.#": "1",
                            "network.0.access_network": "false",
                            "network.0.fixed_ip_v4": "10.39.20.30",
                            "network.0.fixed_ip_v6": "",
                            "network.0.floating_ip": "",
                            "network.0.mac": "fa:16:3e:6b:61:57",
                            "network.0.name": "VLAN3331_network",
                            "network.0.port": "",
                            "network.0.uuid": "dedbfee7-55a0-4201-8b19-a50b673f822d",
                            "security_groups.#": "2",
                            "security_groups.2299581210": "butler-firewall",
                            "security_groups.3814588639": "default",
                            "stop_before_destroy": "false",
                            "volume.#": "0"
                        },
                        "meta": {
                            "e2bfb730-ecaa-11e6-8f88-34363bc7c4c0": {
                                "create": 1800000000000,
                                "delete": 1800000000000,
                                "update": 1800000000000
                            }
                        },
                        "tainted": false
                    },
                    "deposed": [],
                    "provider": ""
                },
                "openstack_compute_instance_v2.tracker": {
                    "type": "openstack_compute_instance_v2",
                    "depends_on": [
                        "null_resource.masterip",
                        "openstack_compute_instance_v2.salt-master",
                        "openstack_compute_secgroup_v2.allow-traffic"
                    ],
                    "primary": {
                        "id": "c9f075b5-2483-4b2b-9224-d5529745eca1",
                        "attributes": {
                            "access_ip_v4": "10.39.20.33",
                            "access_ip_v6": "",
                            "all_metadata.%": "0",
                            "availability_zone": "nova",
                            "flavor_id": "d2d56ca5-511b-4a4b-89eb-1d6f06ee58b1",
                            "flavor_name": "c8-30gb-186",
                            "force_delete": "false",
                            "id": "c9f075b5-2483-4b2b-9224-d5529745eca1",
                            "image_id": "5550b32e-f335-468a-9d21-751822294afb",
                            "image_name": "butler_base",
                            "key_pair": "sergei",
                            "name": "butler-tracker",
                            "network.#": "1",
                            "network.0.access_network": "false",
                            "network.0.fixed_ip_v4": "10.39.20.33",
                            "network.0.fixed_ip_v6": "",
                            "network.0.floating_ip": "",
                            "network.0.mac": "fa:16:3e:7e:eb:3a",
                            "network.0.name": "VLAN3331_network",
                            "network.0.port": "",
                            "network.0.uuid": "dedbfee7-55a0-4201-8b19-a50b673f822d",
                            "security_groups.#": "2",
                            "security_groups.2299581210": "butler-firewall",
                            "security_groups.3814588639": "default",
                            "stop_before_destroy": "false",
                            "volume.#": "0"
                        },
                        "meta": {
                            "e2bfb730-ecaa-11e6-8f88-34363bc7c4c0": {
                                "create": 1800000000000,
                                "delete": 1800000000000,
                                "update": 1800000000000
                            }
                        },
                        "tainted": false
                    },
                    "deposed": [],
                    "provider": ""
                },
                "openstack_compute_instance_v2.worker.0": {
                    "type": "openstack_compute_instance_v2",
                    "depends_on": [
                        "null_resource.masterip",
                        "openstack_compute_instance_v2.salt-master",
                        "openstack_compute_secgroup_v2.allow-traffic"
                    ],
                    "primary": {
                        "id": "948319ac-35be-41af-aa74-b0c4f9313d52",
                        "attributes": {
                            "access_ip_v4": "10.39.20.34",
                            "access_ip_v6": "",
                            "all_metadata.%": "0",
                            "availability_zone": "nova",
                            "flavor_id": "d2d56ca5-511b-4a4b-89eb-1d6f06ee58b1",
                            "flavor_name": "c8-30gb-186",
                            "force_delete": "false",
                            "id": "948319ac-35be-41af-aa74-b0c4f9313d52",
                            "image_id": "5550b32e-f335-468a-9d21-751822294afb",
                            "image_name": "butler_base",
                            "key_pair": "sergei",
                            "name": "butler-worker-0",
                            "network.#": "1",
                            "network.0.access_network": "false",
                            "network.0.fixed_ip_v4": "10.39.20.34",
                            "network.0.fixed_ip_v6": "",
                            "network.0.floating_ip": "",
                            "network.0.mac": "fa:16:3e:66:47:7a",
                            "network.0.name": "VLAN3331_network",
                            "network.0.port": "",
                            "network.0.uuid": "dedbfee7-55a0-4201-8b19-a50b673f822d",
                            "security_groups.#": "2",
                            "security_groups.2299581210": "butler-firewall",
                            "security_groups.3814588639": "default",
                            "stop_before_destroy": "false",
                            "volume.#": "0"
                        },
                        "meta": {
                            "e2bfb730-ecaa-11e6-8f88-34363bc7c4c0": {
                                "create": 1800000000000,
                                "delete": 1800000000000,
                                "update": 1800000000000
                            }
                        },
                        "tainted": false
                    },
                    "deposed": [],
                    "provider": ""
                },
                "openstack_compute_instance_v2.worker.1": {
                    "type": "openstack_compute_instance_v2",
                    "depends_on": [
                        "null_resource.masterip",
                        "openstack_compute_instance_v2.salt-master",
                        "openstack_compute_secgroup_v2.allow-traffic"
                    ],
                    "primary": {
                        "id": "060279fe-65dc-4702-aa8e-6df422da14b0",
                        "attributes": {
                            "flavor_name": "c8-30gb-186",
                            "force_delete": "false",
                            "id": "060279fe-65dc-4702-aa8e-6df422da14b0",
                            "image_id": "5550b32e-f335-468a-9d21-751822294afb",
                            "key_pair": "sergei",
                            "name": "butler-worker-1",
                            "network.#": "1",
                            "network.0.access_network": "false",
                            "network.0.fixed_ip_v4": "",
                            "network.0.fixed_ip_v6": "",
                            "network.0.floating_ip": "",
                            "network.0.mac": "",
                            "network.0.name": "",
                            "network.0.port": "",
                            "network.0.uuid": "dedbfee7-55a0-4201-8b19-a50b673f822d",
                            "security_groups.#": "2",
                            "security_groups.2299581210": "butler-firewall",
                            "security_groups.3814588639": "default",
                            "stop_before_destroy": "false"
                        },
                        "meta": {
                            "e2bfb730-ecaa-11e6-8f88-34363bc7c4c0": {
                                "create": 1800000000000,
                                "delete": 1800000000000,
                                "update": 1800000000000
                            }
                        },
                        "tainted": true
                    },
                    "deposed": [],
                    "provider": ""
                },
                "openstack_compute_instance_v2.worker.10": {
                    "type": "openstack_compute_instance_v2",
                    "depends_on": [
                        "null_resource.masterip",
                        "openstack_compute_instance_v2.salt-master",
                        "openstack_compute_secgroup_v2.allow-traffic"
                    ],
                    "primary": {
                        "id": "e5abdd60-a5ff-4c34-b61e-1a3081dadf43",
                        "attributes": {
                            "flavor_name": "c8-30gb-186",
                            "force_delete": "false",
                            "id": "e5abdd60-a5ff-4c34-b61e-1a3081dadf43",
                            "image_id": "5550b32e-f335-468a-9d21-751822294afb",
                            "key_pair": "sergei",
                            "name": "butler-worker-10",
                            "network.#": "1",
                            "network.0.access_network": "false",
                            "network.0.fixed_ip_v4": "",
                            "network.0.fixed_ip_v6": "",
                            "network.0.floating_ip": "",
                            "network.0.mac": "",
                            "network.0.name": "",
                            "network.0.port": "",
                            "network.0.uuid": "dedbfee7-55a0-4201-8b19-a50b673f822d",
                            "security_groups.#": "2",
                            "security_groups.2299581210": "butler-firewall",
                            "security_groups.3814588639": "default",
                            "stop_before_destroy": "false"
                        },
                        "meta": {
                            "e2bfb730-ecaa-11e6-8f88-34363bc7c4c0": {
                                "create": 1800000000000,
                                "delete": 1800000000000,
                                "update": 1800000000000
                            }
                        },
                        "tainted": true
                    },
                    "deposed": [],
                    "provider": ""
                },
                "openstack_compute_instance_v2.worker.100": {
                    "type": "openstack_compute_instance_v2",
                    "depends_on": [
                        "null_resource.masterip",
                        "openstack_compute_instance_v2.salt-master",
                        "openstack_compute_secgroup_v2.allow-traffic"
                    ],
                    "primary": {
                        "id": "593d2e67-5a8f-43d0-bff5-a72eb56aa71c",
                        "attributes": {
                            "access_ip_v4": "10.39.20.44",
                            "access_ip_v6": "",
                            "all_metadata.%": "0",
                            "availability_zone": "nova",
                            "flavor_id": "d2d56ca5-511b-4a4b-89eb-1d6f06ee58b1",
                            "flavor_name": "c8-30gb-186",
                            "force_delete": "false",
                            "id": "593d2e67-5a8f-43d0-bff5-a72eb56aa71c",
                            "image_id": "5550b32e-f335-468a-9d21-751822294afb",
                            "image_name": "butler_base",
                            "key_pair": "sergei",
                            "name": "butler-worker-100",
                            "network.#": "1",
                            "network.0.access_network": "false",
                            "network.0.fixed_ip_v4": "10.39.20.44",
                            "network.0.fixed_ip_v6": "",
                            "network.0.floating_ip": "",
                            "network.0.mac": "fa:16:3e:eb:ff:bb",
                            "network.0.name": "VLAN3331_network",
                            "network.0.port": "",
                            "network.0.uuid": "dedbfee7-55a0-4201-8b19-a50b673f822d",
                            "security_groups.#": "2",
                            "security_groups.2299581210": "butler-firewall",
                            "security_groups.3814588639": "default",
                            "stop_before_destroy": "false",
                            "volume.#": "0"
                        },
                        "meta": {
                            "e2bfb730-ecaa-11e6-8f88-34363bc7c4c0": {
                                "create": 1800000000000,
                                "delete": 1800000000000,
                                "update": 1800000000000
                            }
                        },
                        "tainted": false
                    },
                    "deposed": [],
                    "provider": ""
                },
                "openstack_compute_instance_v2.worker.101": {
                    "type": "openstack_compute_instance_v2",
                    "depends_on": [
                        "null_resource.masterip",
                        "openstack_compute_instance_v2.salt-master",
                        "openstack_compute_secgroup_v2.allow-traffic"
                    ],
                    "primary": {
                        "id": "c4f2d3ab-f805-49ca-bc16-1a6cacb4224d",
                        "attributes": {
                            "access_ip_v4": "10.39.20.152",
                            "access_ip_v6": "",
                            "all_metadata.%": "0",
                            "availability_zone": "nova",
                            "flavor_id": "d2d56ca5-511b-4a4b-89eb-1d6f06ee58b1",
                            "flavor_name": "c8-30gb-186",
                            "force_delete": "false",
                            "id": "c4f2d3ab-f805-49ca-bc16-1a6cacb4224d",
                            "image_id": "5550b32e-f335-468a-9d21-751822294afb",
                            "image_name": "butler_base",
                            "key_pair": "sergei",
                            "name": "butler-worker-101",
                            "network.#": "1",
                            "network.0.access_network": "false",
                            "network.0.fixed_ip_v4": "10.39.20.152",
                            "network.0.fixed_ip_v6": "",
                            "network.0.floating_ip": "",
                            "network.0.mac": "fa:16:3e:6b:9e:79",
                            "network.0.name": "VLAN3331_network",
                            "network.0.port": "",
                            "network.0.uuid": "dedbfee7-55a0-4201-8b19-a50b673f822d",
                            "security_groups.#": "2",
                            "security_groups.2299581210": "butler-firewall",
                            "security_groups.3814588639": "default",
                            "stop_before_destroy": "false",
                            "volume.#": "0"
                        },
                        "meta": {
                            "e2bfb730-ecaa-11e6-8f88-34363bc7c4c0": {
                                "create": 1800000000000,
                                "delete": 1800000000000,
                                "update": 1800000000000
                            }
                        },
                        "tainted": true
                    },
                    "deposed": [],
                    "provider": ""
                },
                "openstack_compute_instance_v2.worker.102": {
                    "type": "openstack_compute_instance_v2",
                    "depends_on": [
                        "null_resource.masterip",
                        "openstack_compute_instance_v2.salt-master",
                        "openstack_compute_secgroup_v2.allow-traffic"
                    ],
                    "primary": {
                        "id": "b0e59f87-b9ef-4a09-b2f1-03a8082dceda",
                        "attributes": {
                            "flavor_name": "c8-30gb-186",
                            "force_delete": "false",
                            "id": "b0e59f87-b9ef-4a09-b2f1-03a8082dceda",
                            "image_id": "5550b32e-f335-468a-9d21-751822294afb",
                            "key_pair": "sergei",
                            "name": "butler-worker-102",
                            "network.#": "1",
                            "network.0.access_network": "false",
                            "network.0.fixed_ip_v4": "",
                            "network.0.fixed_ip_v6": "",
                            "network.0.floating_ip": "",
                            "network.0.mac": "",
                            "network.0.name": "",
                            "network.0.port": "",
                            "network.0.uuid": "dedbfee7-55a0-4201-8b19-a50b673f822d",
                            "security_groups.#": "2",
                            "security_groups.2299581210": "butler-firewall",
                            "security_groups.3814588639": "default",
                            "stop_before_destroy": "false"
                        },
                        "meta": {
                            "e2bfb730-ecaa-11e6-8f88-34363bc7c4c0": {
                                "create": 1800000000000,
                                "delete": 1800000000000,
                                "update": 1800000000000
                            }
                        },
                        "tainted": true
                    },
                    "deposed": [],
                    "provider": ""
                },
                "openstack_compute_instance_v2.worker.103": {
                    "type": "openstack_compute_instance_v2",
                    "depends_on": [
                        "null_resource.masterip",
                        "openstack_compute_instance_v2.salt-master",
                        "openstack_compute_secgroup_v2.allow-traffic"
                    ],
                    "primary": {
                        "id": "4d851330-2abc-4335-816e-b0ba2cc6979a",
                        "attributes": {
                            "flavor_name": "c8-30gb-186",
                            "force_delete": "false",
                            "id": "4d851330-2abc-4335-816e-b0ba2cc6979a",
                            "image_id": "5550b32e-f335-468a-9d21-751822294afb",
                            "key_pair": "sergei",
                            "name": "butler-worker-103",
                            "network.#": "1",
                            "network.0.access_network": "false",
                            "network.0.fixed_ip_v4": "",
                            "network.0.fixed_ip_v6": "",
                            "network.0.floating_ip": "",
                            "network.0.mac": "",
                            "network.0.name": "",
                            "network.0.port": "",
                            "network.0.uuid": "dedbfee7-55a0-4201-8b19-a50b673f822d",
                            "security_groups.#": "2",
                            "security_groups.2299581210": "butler-firewall",
                            "security_groups.3814588639": "default",
                            "stop_before_destroy": "false"
                        },
                        "meta": {
                            "e2bfb730-ecaa-11e6-8f88-34363bc7c4c0": {
                                "create": 1800000000000,
                                "delete": 1800000000000,
                                "update": 1800000000000
                            }
                        },
                        "tainted": true
                    },
                    "deposed": [],
                    "provider": ""
                },
                "openstack_compute_instance_v2.worker.104": {
                    "type": "openstack_compute_instance_v2",
                    "depends_on": [
                        "null_resource.masterip",
                        "openstack_compute_instance_v2.salt-master",
                        "openstack_compute_secgroup_v2.allow-traffic"
                    ],
                    "primary": {
                        "id": "7b7f3fd1-d3e2-499f-87e4-7a8801470eb3",
                        "attributes": {
                            "access_ip_v4": "10.39.20.48",
                            "access_ip_v6": "",
                            "all_metadata.%": "0",
                            "availability_zone": "nova",
                            "flavor_id": "d2d56ca5-511b-4a4b-89eb-1d6f06ee58b1",
                            "flavor_name": "c8-30gb-186",
                            "force_delete": "false",
                            "id": "7b7f3fd1-d3e2-499f-87e4-7a8801470eb3",
                            "image_id": "5550b32e-f335-468a-9d21-751822294afb",
                            "image_name": "butler_base",
                            "key_pair": "sergei",
                            "name": "butler-worker-104",
                            "network.#": "1",
                            "network.0.access_network": "false",
                            "network.0.fixed_ip_v4": "10.39.20.48",
                            "network.0.fixed_ip_v6": "",
                            "network.0.floating_ip": "",
                            "network.0.mac": "fa:16:3e:12:56:06",
                            "network.0.name": "VLAN3331_network",
                            "network.0.port": "",
                            "network.0.uuid": "dedbfee7-55a0-4201-8b19-a50b673f822d",
                            "security_groups.#": "2",
                            "security_groups.2299581210": "butler-firewall",
                            "security_groups.3814588639": "default",
                            "stop_before_destroy": "false",
                            "volume.#": "0"
                        },
                        "meta": {
                            "e2bfb730-ecaa-11e6-8f88-34363bc7c4c0": {
                                "create": 1800000000000,
                                "delete": 1800000000000,
                                "update": 1800000000000
                            }
                        },
                        "tainted": false
                    },
                    "deposed": [],
                    "provider": ""
                },
                "openstack_compute_instance_v2.worker.105": {
                    "type": "openstack_compute_instance_v2",
                    "depends_on": [
                        "null_resource.masterip",
                        "openstack_compute_instance_v2.salt-master",
                        "openstack_compute_secgroup_v2.allow-traffic"
                    ],
                    "primary": {
                        "id": "79f47116-569b-46cf-8ece-a17572f06a7c",
                        "attributes": {
                            "flavor_name": "c8-30gb-186",
                            "force_delete": "false",
                            "id": "79f47116-569b-46cf-8ece-a17572f06a7c",
                            "image_id": "5550b32e-f335-468a-9d21-751822294afb",
                            "key_pair": "sergei",
                            "name": "butler-worker-105",
                            "network.#": "1",
                            "network.0.access_network": "false",
                            "network.0.fixed_ip_v4": "",
                            "network.0.fixed_ip_v6": "",
                            "network.0.floating_ip": "",
                            "network.0.mac": "",
                            "network.0.name": "",
                            "network.0.port": "",
                            "network.0.uuid": "dedbfee7-55a0-4201-8b19-a50b673f822d",
                            "security_groups.#": "2",
                            "security_groups.2299581210": "butler-firewall",
                            "security_groups.3814588639": "default",
                            "stop_before_destroy": "false"
                        },
                        "meta": {
                            "e2bfb730-ecaa-11e6-8f88-34363bc7c4c0": {
                                "create": 1800000000000,
                                "delete": 1800000000000,
                                "update": 1800000000000
                            }
                        },
                        "tainted": true
                    },
                    "deposed": [],
                    "provider": ""
                },
                "openstack_compute_instance_v2.worker.106": {
                    "type": "openstack_compute_instance_v2",
                    "depends_on": [
                        "null_resource.masterip",
                        "openstack_compute_instance_v2.salt-master",
                        "openstack_compute_secgroup_v2.allow-traffic"
                    ],
                    "primary": {
                        "id": "0389d829-f82e-4743-acaf-3f48c0a623ba",
                        "attributes": {
                            "access_ip_v4": "10.39.20.61",
                            "access_ip_v6": "",
                            "all_metadata.%": "0",
                            "availability_zone": "nova",
                            "flavor_id": "d2d56ca5-511b-4a4b-89eb-1d6f06ee58b1",
                            "flavor_name": "c8-30gb-186",
                            "force_delete": "false",
                            "id": "0389d829-f82e-4743-acaf-3f48c0a623ba",
                            "image_id": "5550b32e-f335-468a-9d21-751822294afb",
                            "image_name": "butler_base",
                            "key_pair": "sergei",
                            "name": "butler-worker-106",
                            "network.#": "1",
                            "network.0.access_network": "false",
                            "network.0.fixed_ip_v4": "10.39.20.61",
                            "network.0.fixed_ip_v6": "",
                            "network.0.floating_ip": "",
                            "network.0.mac": "fa:16:3e:f9:7e:87",
                            "network.0.name": "VLAN3331_network",
                            "network.0.port": "",
                            "network.0.uuid": "dedbfee7-55a0-4201-8b19-a50b673f822d",
                            "security_groups.#": "2",
                            "security_groups.2299581210": "butler-firewall",
                            "security_groups.3814588639": "default",
                            "stop_before_destroy": "false",
                            "volume.#": "0"
                        },
                        "meta": {
                            "e2bfb730-ecaa-11e6-8f88-34363bc7c4c0": {
                                "create": 1800000000000,
                                "delete": 1800000000000,
                                "update": 1800000000000
                            }
                        },
                        "tainted": false
                    },
                    "deposed": [],
                    "provider": ""
                },
                "openstack_compute_instance_v2.worker.107": {
                    "type": "openstack_compute_instance_v2",
                    "depends_on": [
                        "null_resource.masterip",
                        "openstack_compute_instance_v2.salt-master",
                        "openstack_compute_secgroup_v2.allow-traffic"
                    ],
                    "primary": {
                        "id": "2a619c22-1cef-4ed3-aada-34da98cb6991",
                        "attributes": {
                            "access_ip_v4": "10.39.20.46",
                            "access_ip_v6": "",
                            "all_metadata.%": "0",
                            "availability_zone": "nova",
                            "flavor_id": "d2d56ca5-511b-4a4b-89eb-1d6f06ee58b1",
                            "flavor_name": "c8-30gb-186",
                            "force_delete": "false",
                            "id": "2a619c22-1cef-4ed3-aada-34da98cb6991",
                            "image_id": "5550b32e-f335-468a-9d21-751822294afb",
                            "image_name": "butler_base",
                            "key_pair": "sergei",
                            "name": "butler-worker-107",
                            "network.#": "1",
                            "network.0.access_network": "false",
                            "network.0.fixed_ip_v4": "10.39.20.46",
                            "network.0.fixed_ip_v6": "",
                            "network.0.floating_ip": "",
                            "network.0.mac": "fa:16:3e:0b:95:33",
                            "network.0.name": "VLAN3331_network",
                            "network.0.port": "",
                            "network.0.uuid": "dedbfee7-55a0-4201-8b19-a50b673f822d",
                            "security_groups.#": "2",
                            "security_groups.2299581210": "butler-firewall",
                            "security_groups.3814588639": "default",
                            "stop_before_destroy": "false",
                            "volume.#": "0"
                        },
                        "meta": {
                            "e2bfb730-ecaa-11e6-8f88-34363bc7c4c0": {
                                "create": 1800000000000,
                                "delete": 1800000000000,
                                "update": 1800000000000
                            }
                        },
                        "tainted": false
                    },
                    "deposed": [],
                    "provider": ""
                },
                "openstack_compute_instance_v2.worker.108": {
                    "type": "openstack_compute_instance_v2",
                    "depends_on": [
                        "null_resource.masterip",
                        "openstack_compute_instance_v2.salt-master",
                        "openstack_compute_secgroup_v2.allow-traffic"
                    ],
                    "primary": {
                        "id": "e0269625-f0b3-4aa5-a9c3-34867c9bfbf9",
                        "attributes": {
                            "flavor_name": "c8-30gb-186",
                            "force_delete": "false",
                            "id": "e0269625-f0b3-4aa5-a9c3-34867c9bfbf9",
                            "image_id": "5550b32e-f335-468a-9d21-751822294afb",
                            "key_pair": "sergei",
                            "name": "butler-worker-108",
                            "network.#": "1",
                            "network.0.access_network": "false",
                            "network.0.fixed_ip_v4": "",
                            "network.0.fixed_ip_v6": "",
                            "network.0.floating_ip": "",
                            "network.0.mac": "",
                            "network.0.name": "",
                            "network.0.port": "",
                            "network.0.uuid": "dedbfee7-55a0-4201-8b19-a50b673f822d",
                            "security_groups.#": "2",
                            "security_groups.2299581210": "butler-firewall",
                            "security_groups.3814588639": "default",
                            "stop_before_destroy": "false"
                        },
                        "meta": {
                            "e2bfb730-ecaa-11e6-8f88-34363bc7c4c0": {
                                "create": 1800000000000,
                                "delete": 1800000000000,
                                "update": 1800000000000
                            }
                        },
                        "tainted": true
                    },
                    "deposed": [],
                    "provider": ""
                },
                "openstack_compute_instance_v2.worker.109": {
                    "type": "openstack_compute_instance_v2",
                    "depends_on": [
                        "null_resource.masterip",
                        "openstack_compute_instance_v2.salt-master",
                        "openstack_compute_secgroup_v2.allow-traffic"
                    ],
                    "primary": {
                        "id": "590ef276-1376-4936-94bd-cf8b831d858e",
                        "attributes": {
                            "access_ip_v4": "10.39.20.45",
                            "access_ip_v6": "",
                            "all_metadata.%": "0",
                            "availability_zone": "nova",
                            "flavor_id": "d2d56ca5-511b-4a4b-89eb-1d6f06ee58b1",
                            "flavor_name": "c8-30gb-186",
                            "force_delete": "false",
                            "id": "590ef276-1376-4936-94bd-cf8b831d858e",
                            "image_id": "5550b32e-f335-468a-9d21-751822294afb",
                            "image_name": "butler_base",
                            "key_pair": "sergei",
                            "name": "butler-worker-109",
                            "network.#": "1",
                            "network.0.access_network": "false",
                            "network.0.fixed_ip_v4": "10.39.20.45",
                            "network.0.fixed_ip_v6": "",
                            "network.0.floating_ip": "",
                            "network.0.mac": "fa:16:3e:33:b8:f0",
                            "network.0.name": "VLAN3331_network",
                            "network.0.port": "",
                            "network.0.uuid": "dedbfee7-55a0-4201-8b19-a50b673f822d",
                            "security_groups.#": "2",
                            "security_groups.2299581210": "butler-firewall",
                            "security_groups.3814588639": "default",
                            "stop_before_destroy": "false",
                            "volume.#": "0"
                        },
                        "meta": {
                            "e2bfb730-ecaa-11e6-8f88-34363bc7c4c0": {
                                "create": 1800000000000,
                                "delete": 1800000000000,
                                "update": 1800000000000
                            }
                        },
                        "tainted": false
                    },
                    "deposed": [],
                    "provider": ""
                },
                "openstack_compute_instance_v2.worker.11": {
                    "type": "openstack_compute_instance_v2",
                    "depends_on": [
                        "null_resource.masterip",
                        "openstack_compute_instance_v2.salt-master",
                        "openstack_compute_secgroup_v2.allow-traffic"
                    ],
                    "primary": {
                        "id": "3b59ef00-9553-4a15-9531-16c31a10aead",
                        "attributes": {
                            "access_ip_v4": "10.39.20.148",
                            "access_ip_v6": "",
                            "all_metadata.%": "0",
                            "availability_zone": "nova",
                            "flavor_id": "d2d56ca5-511b-4a4b-89eb-1d6f06ee58b1",
                            "flavor_name": "c8-30gb-186",
                            "force_delete": "false",
                            "id": "3b59ef00-9553-4a15-9531-16c31a10aead",
                            "image_id": "5550b32e-f335-468a-9d21-751822294afb",
                            "image_name": "butler_base",
                            "key_pair": "sergei",
                            "name": "butler-worker-11",
                            "network.#": "1",
                            "network.0.access_network": "false",
                            "network.0.fixed_ip_v4": "10.39.20.148",
                            "network.0.fixed_ip_v6": "",
                            "network.0.floating_ip": "",
                            "network.0.mac": "fa:16:3e:5f:24:23",
                            "network.0.name": "VLAN3331_network",
                            "network.0.port": "",
                            "network.0.uuid": "dedbfee7-55a0-4201-8b19-a50b673f822d",
                            "security_groups.#": "2",
                            "security_groups.2299581210": "butler-firewall",
                            "security_groups.3814588639": "default",
                            "stop_before_destroy": "false",
                            "volume.#": "0"
                        },
                        "meta": {
                            "e2bfb730-ecaa-11e6-8f88-34363bc7c4c0": {
                                "create": 1800000000000,
                                "delete": 1800000000000,
                                "update": 1800000000000
                            }
                        },
                        "tainted": true
                    },
                    "deposed": [],
                    "provider": ""
                },
                "openstack_compute_instance_v2.worker.110": {
                    "type": "openstack_compute_instance_v2",
                    "depends_on": [
                        "null_resource.masterip",
                        "openstack_compute_instance_v2.salt-master",
                        "openstack_compute_secgroup_v2.allow-traffic"
                    ],
                    "primary": {
                        "id": "8cbd9f13-a4db-4548-9c7a-e2e456016894",
                        "attributes": {
                            "flavor_name": "c8-30gb-186",
                            "force_delete": "false",
                            "id": "8cbd9f13-a4db-4548-9c7a-e2e456016894",
                            "image_id": "5550b32e-f335-468a-9d21-751822294afb",
                            "key_pair": "sergei",
                            "name": "butler-worker-110",
                            "network.#": "1",
                            "network.0.access_network": "false",
                            "network.0.fixed_ip_v4": "",
                            "network.0.fixed_ip_v6": "",
                            "network.0.floating_ip": "",
                            "network.0.mac": "",
                            "network.0.name": "",
                            "network.0.port": "",
                            "network.0.uuid": "dedbfee7-55a0-4201-8b19-a50b673f822d",
                            "security_groups.#": "2",
                            "security_groups.2299581210": "butler-firewall",
                            "security_groups.3814588639": "default",
                            "stop_before_destroy": "false"
                        },
                        "meta": {
                            "e2bfb730-ecaa-11e6-8f88-34363bc7c4c0": {
                                "create": 1800000000000,
                                "delete": 1800000000000,
                                "update": 1800000000000
                            }
                        },
                        "tainted": true
                    },
                    "deposed": [],
                    "provider": ""
                },
                "openstack_compute_instance_v2.worker.111": {
                    "type": "openstack_compute_instance_v2",
                    "depends_on": [
                        "null_resource.masterip",
                        "openstack_compute_instance_v2.salt-master",
                        "openstack_compute_secgroup_v2.allow-traffic"
                    ],
                    "primary": {
                        "id": "39851436-ac7d-48a5-a781-df95154f3639",
                        "attributes": {
                            "access_ip_v4": "10.39.20.53",
                            "access_ip_v6": "",
                            "all_metadata.%": "0",
                            "availability_zone": "nova",
                            "flavor_id": "d2d56ca5-511b-4a4b-89eb-1d6f06ee58b1",
                            "flavor_name": "c8-30gb-186",
                            "force_delete": "false",
                            "id": "39851436-ac7d-48a5-a781-df95154f3639",
                            "image_id": "5550b32e-f335-468a-9d21-751822294afb",
                            "image_name": "butler_base",
                            "key_pair": "sergei",
                            "name": "butler-worker-111",
                            "network.#": "1",
                            "network.0.access_network": "false",
                            "network.0.fixed_ip_v4": "10.39.20.53",
                            "network.0.fixed_ip_v6": "",
                            "network.0.floating_ip": "",
                            "network.0.mac": "fa:16:3e:5c:99:64",
                            "network.0.name": "VLAN3331_network",
                            "network.0.port": "",
                            "network.0.uuid": "dedbfee7-55a0-4201-8b19-a50b673f822d",
                            "security_groups.#": "2",
                            "security_groups.2299581210": "butler-firewall",
                            "security_groups.3814588639": "default",
                            "stop_before_destroy": "false",
                            "volume.#": "0"
                        },
                        "meta": {
                            "e2bfb730-ecaa-11e6-8f88-34363bc7c4c0": {
                                "create": 1800000000000,
                                "delete": 1800000000000,
                                "update": 1800000000000
                            }
                        },
                        "tainted": false
                    },
                    "deposed": [],
                    "provider": ""
                },
                "openstack_compute_instance_v2.worker.112": {
                    "type": "openstack_compute_instance_v2",
                    "depends_on": [
                        "null_resource.masterip",
                        "openstack_compute_instance_v2.salt-master",
                        "openstack_compute_secgroup_v2.allow-traffic"
                    ],
                    "primary": {
                        "id": "c6697790-cfa0-4e0f-b1c0-edf2e708717e",
                        "attributes": {
                            "access_ip_v4": "10.39.20.52",
                            "access_ip_v6": "",
                            "all_metadata.%": "0",
                            "availability_zone": "nova",
                            "flavor_id": "d2d56ca5-511b-4a4b-89eb-1d6f06ee58b1",
                            "flavor_name": "c8-30gb-186",
                            "force_delete": "false",
                            "id": "c6697790-cfa0-4e0f-b1c0-edf2e708717e",
                            "image_id": "5550b32e-f335-468a-9d21-751822294afb",
                            "image_name": "butler_base",
                            "key_pair": "sergei",
                            "name": "butler-worker-112",
                            "network.#": "1",
                            "network.0.access_network": "false",
                            "network.0.fixed_ip_v4": "10.39.20.52",
                            "network.0.fixed_ip_v6": "",
                            "network.0.floating_ip": "",
                            "network.0.mac": "fa:16:3e:62:b7:41",
                            "network.0.name": "VLAN3331_network",
                            "network.0.port": "",
                            "network.0.uuid": "dedbfee7-55a0-4201-8b19-a50b673f822d",
                            "security_groups.#": "2",
                            "security_groups.2299581210": "butler-firewall",
                            "security_groups.3814588639": "default",
                            "stop_before_destroy": "false",
                            "volume.#": "0"
                        },
                        "meta": {
                            "e2bfb730-ecaa-11e6-8f88-34363bc7c4c0": {
                                "create": 1800000000000,
                                "delete": 1800000000000,
                                "update": 1800000000000
                            }
                        },
                        "tainted": false
                    },
                    "deposed": [],
                    "provider": ""
                },
                "openstack_compute_instance_v2.worker.113": {
                    "type": "openstack_compute_instance_v2",
                    "depends_on": [
                        "null_resource.masterip",
                        "openstack_compute_instance_v2.salt-master",
                        "openstack_compute_secgroup_v2.allow-traffic"
                    ],
                    "primary": {
                        "id": "931785a6-2c3d-47be-b91f-7d1859547d9f",
                        "attributes": {
                            "flavor_name": "c8-30gb-186",
                            "force_delete": "false",
                            "id": "931785a6-2c3d-47be-b91f-7d1859547d9f",
                            "image_id": "5550b32e-f335-468a-9d21-751822294afb",
                            "key_pair": "sergei",
                            "name": "butler-worker-113",
                            "network.#": "1",
                            "network.0.access_network": "false",
                            "network.0.fixed_ip_v4": "",
                            "network.0.fixed_ip_v6": "",
                            "network.0.floating_ip": "",
                            "network.0.mac": "",
                            "network.0.name": "",
                            "network.0.port": "",
                            "network.0.uuid": "dedbfee7-55a0-4201-8b19-a50b673f822d",
                            "security_groups.#": "2",
                            "security_groups.2299581210": "butler-firewall",
                            "security_groups.3814588639": "default",
                            "stop_before_destroy": "false"
                        },
                        "meta": {
                            "e2bfb730-ecaa-11e6-8f88-34363bc7c4c0": {
                                "create": 1800000000000,
                                "delete": 1800000000000,
                                "update": 1800000000000
                            }
                        },
                        "tainted": true
                    },
                    "deposed": [],
                    "provider": ""
                },
                "openstack_compute_instance_v2.worker.114": {
                    "type": "openstack_compute_instance_v2",
                    "depends_on": [
                        "null_resource.masterip",
                        "openstack_compute_instance_v2.salt-master",
                        "openstack_compute_secgroup_v2.allow-traffic"
                    ],
                    "primary": {
                        "id": "3c8bc0a3-2eb2-43e7-953d-dfc0dfeab5a5",
                        "attributes": {
                            "flavor_name": "c8-30gb-186",
                            "force_delete": "false",
                            "id": "3c8bc0a3-2eb2-43e7-953d-dfc0dfeab5a5",
                            "image_id": "5550b32e-f335-468a-9d21-751822294afb",
                            "key_pair": "sergei",
                            "name": "butler-worker-114",
                            "network.#": "1",
                            "network.0.access_network": "false",
                            "network.0.fixed_ip_v4": "",
                            "network.0.fixed_ip_v6": "",
                            "network.0.floating_ip": "",
                            "network.0.mac": "",
                            "network.0.name": "",
                            "network.0.port": "",
                            "network.0.uuid": "dedbfee7-55a0-4201-8b19-a50b673f822d",
                            "security_groups.#": "2",
                            "security_groups.2299581210": "butler-firewall",
                            "security_groups.3814588639": "default",
                            "stop_before_destroy": "false"
                        },
                        "meta": {
                            "e2bfb730-ecaa-11e6-8f88-34363bc7c4c0": {
                                "create": 1800000000000,
                                "delete": 1800000000000,
                                "update": 1800000000000
                            }
                        },
                        "tainted": true
                    },
                    "deposed": [],
                    "provider": ""
                },
                "openstack_compute_instance_v2.worker.115": {
                    "type": "openstack_compute_instance_v2",
                    "depends_on": [
                        "null_resource.masterip",
                        "openstack_compute_instance_v2.salt-master",
                        "openstack_compute_secgroup_v2.allow-traffic"
                    ],
                    "primary": {
                        "id": "ba010a00-11f7-42ce-9ddb-83c9dabd53d9",
                        "attributes": {
                            "flavor_name": "c8-30gb-186",
                            "force_delete": "false",
                            "id": "ba010a00-11f7-42ce-9ddb-83c9dabd53d9",
                            "image_id": "5550b32e-f335-468a-9d21-751822294afb",
                            "key_pair": "sergei",
                            "name": "butler-worker-115",
                            "network.#": "1",
                            "network.0.access_network": "false",
                            "network.0.fixed_ip_v4": "",
                            "network.0.fixed_ip_v6": "",
                            "network.0.floating_ip": "",
                            "network.0.mac": "",
                            "network.0.name": "",
                            "network.0.port": "",
                            "network.0.uuid": "dedbfee7-55a0-4201-8b19-a50b673f822d",
                            "security_groups.#": "2",
                            "security_groups.2299581210": "butler-firewall",
                            "security_groups.3814588639": "default",
                            "stop_before_destroy": "false"
                        },
                        "meta": {
                            "e2bfb730-ecaa-11e6-8f88-34363bc7c4c0": {
                                "create": 1800000000000,
                                "delete": 1800000000000,
                                "update": 1800000000000
                            }
                        },
                        "tainted": true
                    },
                    "deposed": [],
                    "provider": ""
                },
                "openstack_compute_instance_v2.worker.116": {
                    "type": "openstack_compute_instance_v2",
                    "depends_on": [
                        "null_resource.masterip",
                        "openstack_compute_instance_v2.salt-master",
                        "openstack_compute_secgroup_v2.allow-traffic"
                    ],
                    "primary": {
                        "id": "a650de44-70e6-410d-a1cc-85fa259c896a",
                        "attributes": {
                            "access_ip_v4": "10.39.20.168",
                            "access_ip_v6": "",
                            "all_metadata.%": "0",
                            "availability_zone": "nova",
                            "flavor_id": "d2d56ca5-511b-4a4b-89eb-1d6f06ee58b1",
                            "flavor_name": "c8-30gb-186",
                            "force_delete": "false",
                            "id": "a650de44-70e6-410d-a1cc-85fa259c896a",
                            "image_id": "5550b32e-f335-468a-9d21-751822294afb",
                            "image_name": "butler_base",
                            "key_pair": "sergei",
                            "name": "butler-worker-116",
                            "network.#": "1",
                            "network.0.access_network": "false",
                            "network.0.fixed_ip_v4": "10.39.20.168",
                            "network.0.fixed_ip_v6": "",
                            "network.0.floating_ip": "",
                            "network.0.mac": "fa:16:3e:a8:68:53",
                            "network.0.name": "VLAN3331_network",
                            "network.0.port": "",
                            "network.0.uuid": "dedbfee7-55a0-4201-8b19-a50b673f822d",
                            "security_groups.#": "2",
                            "security_groups.2299581210": "butler-firewall",
                            "security_groups.3814588639": "default",
                            "stop_before_destroy": "false",
                            "volume.#": "0"
                        },
                        "meta": {
                            "e2bfb730-ecaa-11e6-8f88-34363bc7c4c0": {
                                "create": 1800000000000,
                                "delete": 1800000000000,
                                "update": 1800000000000
                            }
                        },
                        "tainted": true
                    },
                    "deposed": [],
                    "provider": ""
                },
                "openstack_compute_instance_v2.worker.117": {
                    "type": "openstack_compute_instance_v2",
                    "depends_on": [
                        "null_resource.masterip",
                        "openstack_compute_instance_v2.salt-master",
                        "openstack_compute_secgroup_v2.allow-traffic"
                    ],
                    "primary": {
                        "id": "d24f6df9-ff9d-46fd-afa8-f85552410b51",
                        "attributes": {
                            "access_ip_v4": "10.39.20.51",
                            "access_ip_v6": "",
                            "all_metadata.%": "0",
                            "availability_zone": "nova",
                            "flavor_id": "d2d56ca5-511b-4a4b-89eb-1d6f06ee58b1",
                            "flavor_name": "c8-30gb-186",
                            "force_delete": "false",
                            "id": "d24f6df9-ff9d-46fd-afa8-f85552410b51",
                            "image_id": "5550b32e-f335-468a-9d21-751822294afb",
                            "image_name": "butler_base",
                            "key_pair": "sergei",
                            "name": "butler-worker-117",
                            "network.#": "1",
                            "network.0.access_network": "false",
                            "network.0.fixed_ip_v4": "10.39.20.51",
                            "network.0.fixed_ip_v6": "",
                            "network.0.floating_ip": "",
                            "network.0.mac": "fa:16:3e:db:40:62",
                            "network.0.name": "VLAN3331_network",
                            "network.0.port": "",
                            "network.0.uuid": "dedbfee7-55a0-4201-8b19-a50b673f822d",
                            "security_groups.#": "2",
                            "security_groups.2299581210": "butler-firewall",
                            "security_groups.3814588639": "default",
                            "stop_before_destroy": "false",
                            "volume.#": "0"
                        },
                        "meta": {
                            "e2bfb730-ecaa-11e6-8f88-34363bc7c4c0": {
                                "create": 1800000000000,
                                "delete": 1800000000000,
                                "update": 1800000000000
                            }
                        },
                        "tainted": false
                    },
                    "deposed": [],
                    "provider": ""
                },
                "openstack_compute_instance_v2.worker.118": {
                    "type": "openstack_compute_instance_v2",
                    "depends_on": [
                        "null_resource.masterip",
                        "openstack_compute_instance_v2.salt-master",
                        "openstack_compute_secgroup_v2.allow-traffic"
                    ],
                    "primary": {
                        "id": "322b4c87-1f20-4574-a1cc-1c9d2fe730c0",
                        "attributes": {
                            "access_ip_v4": "10.39.20.162",
                            "access_ip_v6": "",
                            "all_metadata.%": "0",
                            "availability_zone": "nova",
                            "flavor_id": "d2d56ca5-511b-4a4b-89eb-1d6f06ee58b1",
                            "flavor_name": "c8-30gb-186",
                            "force_delete": "false",
                            "id": "322b4c87-1f20-4574-a1cc-1c9d2fe730c0",
                            "image_id": "5550b32e-f335-468a-9d21-751822294afb",
                            "image_name": "butler_base",
                            "key_pair": "sergei",
                            "name": "butler-worker-118",
                            "network.#": "1",
                            "network.0.access_network": "false",
                            "network.0.fixed_ip_v4": "10.39.20.162",
                            "network.0.fixed_ip_v6": "",
                            "network.0.floating_ip": "",
                            "network.0.mac": "fa:16:3e:4a:11:c3",
                            "network.0.name": "VLAN3331_network",
                            "network.0.port": "",
                            "network.0.uuid": "dedbfee7-55a0-4201-8b19-a50b673f822d",
                            "security_groups.#": "2",
                            "security_groups.2299581210": "butler-firewall",
                            "security_groups.3814588639": "default",
                            "stop_before_destroy": "false",
                            "volume.#": "0"
                        },
                        "meta": {
                            "e2bfb730-ecaa-11e6-8f88-34363bc7c4c0": {
                                "create": 1800000000000,
                                "delete": 1800000000000,
                                "update": 1800000000000
                            }
                        },
                        "tainted": true
                    },
                    "deposed": [],
                    "provider": ""
                },
                "openstack_compute_instance_v2.worker.119": {
                    "type": "openstack_compute_instance_v2",
                    "depends_on": [
                        "null_resource.masterip",
                        "openstack_compute_instance_v2.salt-master",
                        "openstack_compute_secgroup_v2.allow-traffic"
                    ],
                    "primary": {
                        "id": "0b306a75-5a84-41e6-b019-69d75dcbfd3c",
                        "attributes": {
                            "access_ip_v4": "10.39.20.137",
                            "access_ip_v6": "",
                            "all_metadata.%": "0",
                            "availability_zone": "nova",
                            "flavor_id": "d2d56ca5-511b-4a4b-89eb-1d6f06ee58b1",
                            "flavor_name": "c8-30gb-186",
                            "force_delete": "false",
                            "id": "0b306a75-5a84-41e6-b019-69d75dcbfd3c",
                            "image_id": "5550b32e-f335-468a-9d21-751822294afb",
                            "image_name": "butler_base",
                            "key_pair": "sergei",
                            "name": "butler-worker-119",
                            "network.#": "1",
                            "network.0.access_network": "false",
                            "network.0.fixed_ip_v4": "10.39.20.137",
                            "network.0.fixed_ip_v6": "",
                            "network.0.floating_ip": "",
                            "network.0.mac": "fa:16:3e:b1:35:e3",
                            "network.0.name": "VLAN3331_network",
                            "network.0.port": "",
                            "network.0.uuid": "dedbfee7-55a0-4201-8b19-a50b673f822d",
                            "security_groups.#": "2",
                            "security_groups.2299581210": "butler-firewall",
                            "security_groups.3814588639": "default",
                            "stop_before_destroy": "false",
                            "volume.#": "0"
                        },
                        "meta": {
                            "e2bfb730-ecaa-11e6-8f88-34363bc7c4c0": {
                                "create": 1800000000000,
                                "delete": 1800000000000,
                                "update": 1800000000000
                            }
                        },
                        "tainted": true
                    },
                    "deposed": [],
                    "provider": ""
                },
                "openstack_compute_instance_v2.worker.12": {
                    "type": "openstack_compute_instance_v2",
                    "depends_on": [
                        "null_resource.masterip",
                        "openstack_compute_instance_v2.salt-master",
                        "openstack_compute_secgroup_v2.allow-traffic"
                    ],
                    "primary": {
                        "id": "8cc57d1a-8498-4778-b9aa-f7b219cb9ec7",
                        "attributes": {
                            "access_ip_v4": "10.39.20.98",
                            "access_ip_v6": "",
                            "all_metadata.%": "0",
                            "availability_zone": "nova",
                            "flavor_id": "d2d56ca5-511b-4a4b-89eb-1d6f06ee58b1",
                            "flavor_name": "c8-30gb-186",
                            "force_delete": "false",
                            "id": "8cc57d1a-8498-4778-b9aa-f7b219cb9ec7",
                            "image_id": "5550b32e-f335-468a-9d21-751822294afb",
                            "image_name": "butler_base",
                            "key_pair": "sergei",
                            "name": "butler-worker-12",
                            "network.#": "1",
                            "network.0.access_network": "false",
                            "network.0.fixed_ip_v4": "10.39.20.98",
                            "network.0.fixed_ip_v6": "",
                            "network.0.floating_ip": "",
                            "network.0.mac": "fa:16:3e:81:d7:ad",
                            "network.0.name": "VLAN3331_network",
                            "network.0.port": "",
                            "network.0.uuid": "dedbfee7-55a0-4201-8b19-a50b673f822d",
                            "security_groups.#": "2",
                            "security_groups.2299581210": "butler-firewall",
                            "security_groups.3814588639": "default",
                            "stop_before_destroy": "false",
                            "volume.#": "0"
                        },
                        "meta": {
                            "e2bfb730-ecaa-11e6-8f88-34363bc7c4c0": {
                                "create": 1800000000000,
                                "delete": 1800000000000,
                                "update": 1800000000000
                            }
                        },
                        "tainted": false
                    },
                    "deposed": [],
                    "provider": ""
                },
                "openstack_compute_instance_v2.worker.120": {
                    "type": "openstack_compute_instance_v2",
                    "depends_on": [
                        "null_resource.masterip",
                        "openstack_compute_instance_v2.salt-master",
                        "openstack_compute_secgroup_v2.allow-traffic"
                    ],
                    "primary": {
                        "id": "403cf3f3-550f-4550-a8c5-e7c7b25b291b",
                        "attributes": {
                            "flavor_name": "c8-30gb-186",
                            "force_delete": "false",
                            "id": "403cf3f3-550f-4550-a8c5-e7c7b25b291b",
                            "image_id": "5550b32e-f335-468a-9d21-751822294afb",
                            "key_pair": "sergei",
                            "name": "butler-worker-120",
                            "network.#": "1",
                            "network.0.access_network": "false",
                            "network.0.fixed_ip_v4": "",
                            "network.0.fixed_ip_v6": "",
                            "network.0.floating_ip": "",
                            "network.0.mac": "",
                            "network.0.name": "",
                            "network.0.port": "",
                            "network.0.uuid": "dedbfee7-55a0-4201-8b19-a50b673f822d",
                            "security_groups.#": "2",
                            "security_groups.2299581210": "butler-firewall",
                            "security_groups.3814588639": "default",
                            "stop_before_destroy": "false"
                        },
                        "meta": {
                            "e2bfb730-ecaa-11e6-8f88-34363bc7c4c0": {
                                "create": 1800000000000,
                                "delete": 1800000000000,
                                "update": 1800000000000
                            }
                        },
                        "tainted": true
                    },
                    "deposed": [],
                    "provider": ""
                },
                "openstack_compute_instance_v2.worker.13": {
                    "type": "openstack_compute_instance_v2",
                    "depends_on": [
                        "null_resource.masterip",
                        "openstack_compute_instance_v2.salt-master",
                        "openstack_compute_secgroup_v2.allow-traffic"
                    ],
                    "primary": {
                        "id": "62302803-0908-45e4-9d9a-159573545262",
                        "attributes": {
                            "access_ip_v4": "10.39.20.132",
                            "access_ip_v6": "",
                            "all_metadata.%": "0",
                            "availability_zone": "nova",
                            "flavor_id": "d2d56ca5-511b-4a4b-89eb-1d6f06ee58b1",
                            "flavor_name": "c8-30gb-186",
                            "force_delete": "false",
                            "id": "62302803-0908-45e4-9d9a-159573545262",
                            "image_id": "5550b32e-f335-468a-9d21-751822294afb",
                            "image_name": "butler_base",
                            "key_pair": "sergei",
                            "name": "butler-worker-13",
                            "network.#": "1",
                            "network.0.access_network": "false",
                            "network.0.fixed_ip_v4": "10.39.20.132",
                            "network.0.fixed_ip_v6": "",
                            "network.0.floating_ip": "",
                            "network.0.mac": "fa:16:3e:db:04:17",
                            "network.0.name": "VLAN3331_network",
                            "network.0.port": "",
                            "network.0.uuid": "dedbfee7-55a0-4201-8b19-a50b673f822d",
                            "security_groups.#": "2",
                            "security_groups.2299581210": "butler-firewall",
                            "security_groups.3814588639": "default",
                            "stop_before_destroy": "false",
                            "volume.#": "0"
                        },
                        "meta": {
                            "e2bfb730-ecaa-11e6-8f88-34363bc7c4c0": {
                                "create": 1800000000000,
                                "delete": 1800000000000,
                                "update": 1800000000000
                            }
                        },
                        "tainted": true
                    },
                    "deposed": [],
                    "provider": ""
                },
                "openstack_compute_instance_v2.worker.14": {
                    "type": "openstack_compute_instance_v2",
                    "depends_on": [
                        "null_resource.masterip",
                        "openstack_compute_instance_v2.salt-master",
                        "openstack_compute_secgroup_v2.allow-traffic"
                    ],
                    "primary": {
                        "id": "d4b0f00f-ed01-4204-a03e-ae85d05c0eca",
                        "attributes": {
                            "access_ip_v4": "10.39.20.140",
                            "access_ip_v6": "",
                            "all_metadata.%": "0",
                            "availability_zone": "nova",
                            "flavor_id": "d2d56ca5-511b-4a4b-89eb-1d6f06ee58b1",
                            "flavor_name": "c8-30gb-186",
                            "force_delete": "false",
                            "id": "d4b0f00f-ed01-4204-a03e-ae85d05c0eca",
                            "image_id": "5550b32e-f335-468a-9d21-751822294afb",
                            "image_name": "butler_base",
                            "key_pair": "sergei",
                            "name": "butler-worker-14",
                            "network.#": "1",
                            "network.0.access_network": "false",
                            "network.0.fixed_ip_v4": "10.39.20.140",
                            "network.0.fixed_ip_v6": "",
                            "network.0.floating_ip": "",
                            "network.0.mac": "fa:16:3e:b5:30:fd",
                            "network.0.name": "VLAN3331_network",
                            "network.0.port": "",
                            "network.0.uuid": "dedbfee7-55a0-4201-8b19-a50b673f822d",
                            "security_groups.#": "2",
                            "security_groups.2299581210": "butler-firewall",
                            "security_groups.3814588639": "default",
                            "stop_before_destroy": "false",
                            "volume.#": "0"
                        },
                        "meta": {
                            "e2bfb730-ecaa-11e6-8f88-34363bc7c4c0": {
                                "create": 1800000000000,
                                "delete": 1800000000000,
                                "update": 1800000000000
                            }
                        },
                        "tainted": true
                    },
                    "deposed": [],
                    "provider": ""
                },
                "openstack_compute_instance_v2.worker.15": {
                    "type": "openstack_compute_instance_v2",
                    "depends_on": [
                        "null_resource.masterip",
                        "openstack_compute_instance_v2.salt-master",
                        "openstack_compute_secgroup_v2.allow-traffic"
                    ],
                    "primary": {
                        "id": "e1ef0a47-f45d-4476-bcea-4c9a24c12081",
                        "attributes": {
                            "access_ip_v4": "10.39.20.43",
                            "access_ip_v6": "",
                            "all_metadata.%": "0",
                            "availability_zone": "nova",
                            "flavor_id": "d2d56ca5-511b-4a4b-89eb-1d6f06ee58b1",
                            "flavor_name": "c8-30gb-186",
                            "force_delete": "false",
                            "id": "e1ef0a47-f45d-4476-bcea-4c9a24c12081",
                            "image_id": "5550b32e-f335-468a-9d21-751822294afb",
                            "image_name": "butler_base",
                            "key_pair": "sergei",
                            "name": "butler-worker-15",
                            "network.#": "1",
                            "network.0.access_network": "false",
                            "network.0.fixed_ip_v4": "10.39.20.43",
                            "network.0.fixed_ip_v6": "",
                            "network.0.floating_ip": "",
                            "network.0.mac": "fa:16:3e:60:dc:dc",
                            "network.0.name": "VLAN3331_network",
                            "network.0.port": "",
                            "network.0.uuid": "dedbfee7-55a0-4201-8b19-a50b673f822d",
                            "security_groups.#": "2",
                            "security_groups.2299581210": "butler-firewall",
                            "security_groups.3814588639": "default",
                            "stop_before_destroy": "false",
                            "volume.#": "0"
                        },
                        "meta": {
                            "e2bfb730-ecaa-11e6-8f88-34363bc7c4c0": {
                                "create": 1800000000000,
                                "delete": 1800000000000,
                                "update": 1800000000000
                            }
                        },
                        "tainted": false
                    },
                    "deposed": [],
                    "provider": ""
                },
                "openstack_compute_instance_v2.worker.16": {
                    "type": "openstack_compute_instance_v2",
                    "depends_on": [
                        "null_resource.masterip",
                        "openstack_compute_instance_v2.salt-master",
                        "openstack_compute_secgroup_v2.allow-traffic"
                    ],
                    "primary": {
                        "id": "35931f63-e842-42d8-8c5d-ae34b96f9b49",
                        "attributes": {
                            "access_ip_v4": "10.39.20.173",
                            "access_ip_v6": "",
                            "all_metadata.%": "0",
                            "availability_zone": "nova",
                            "flavor_id": "d2d56ca5-511b-4a4b-89eb-1d6f06ee58b1",
                            "flavor_name": "c8-30gb-186",
                            "force_delete": "false",
                            "id": "35931f63-e842-42d8-8c5d-ae34b96f9b49",
                            "image_id": "5550b32e-f335-468a-9d21-751822294afb",
                            "image_name": "butler_base",
                            "key_pair": "sergei",
                            "name": "butler-worker-16",
                            "network.#": "1",
                            "network.0.access_network": "false",
                            "network.0.fixed_ip_v4": "10.39.20.173",
                            "network.0.fixed_ip_v6": "",
                            "network.0.floating_ip": "",
                            "network.0.mac": "fa:16:3e:6a:d0:5a",
                            "network.0.name": "VLAN3331_network",
                            "network.0.port": "",
                            "network.0.uuid": "dedbfee7-55a0-4201-8b19-a50b673f822d",
                            "security_groups.#": "2",
                            "security_groups.2299581210": "butler-firewall",
                            "security_groups.3814588639": "default",
                            "stop_before_destroy": "false",
                            "volume.#": "0"
                        },
                        "meta": {
                            "e2bfb730-ecaa-11e6-8f88-34363bc7c4c0": {
                                "create": 1800000000000,
                                "delete": 1800000000000,
                                "update": 1800000000000
                            }
                        },
                        "tainted": true
                    },
                    "deposed": [],
                    "provider": ""
                },
                "openstack_compute_instance_v2.worker.17": {
                    "type": "openstack_compute_instance_v2",
                    "depends_on": [
                        "null_resource.masterip",
                        "openstack_compute_instance_v2.salt-master",
                        "openstack_compute_secgroup_v2.allow-traffic"
                    ],
                    "primary": {
                        "id": "d50d9c99-ebe5-40a4-b0a3-ad9ea515f39e",
                        "attributes": {
                            "access_ip_v4": "10.39.20.47",
                            "access_ip_v6": "",
                            "all_metadata.%": "0",
                            "availability_zone": "nova",
                            "flavor_id": "d2d56ca5-511b-4a4b-89eb-1d6f06ee58b1",
                            "flavor_name": "c8-30gb-186",
                            "force_delete": "false",
                            "id": "d50d9c99-ebe5-40a4-b0a3-ad9ea515f39e",
                            "image_id": "5550b32e-f335-468a-9d21-751822294afb",
                            "image_name": "butler_base",
                            "key_pair": "sergei",
                            "name": "butler-worker-17",
                            "network.#": "1",
                            "network.0.access_network": "false",
                            "network.0.fixed_ip_v4": "10.39.20.47",
                            "network.0.fixed_ip_v6": "",
                            "network.0.floating_ip": "",
                            "network.0.mac": "fa:16:3e:7d:a4:47",
                            "network.0.name": "VLAN3331_network",
                            "network.0.port": "",
                            "network.0.uuid": "dedbfee7-55a0-4201-8b19-a50b673f822d",
                            "security_groups.#": "2",
                            "security_groups.2299581210": "butler-firewall",
                            "security_groups.3814588639": "default",
                            "stop_before_destroy": "false",
                            "volume.#": "0"
                        },
                        "meta": {
                            "e2bfb730-ecaa-11e6-8f88-34363bc7c4c0": {
                                "create": 1800000000000,
                                "delete": 1800000000000,
                                "update": 1800000000000
                            }
                        },
                        "tainted": false
                    },
                    "deposed": [],
                    "provider": ""
                },
                "openstack_compute_instance_v2.worker.18": {
                    "type": "openstack_compute_instance_v2",
                    "depends_on": [
                        "null_resource.masterip",
                        "openstack_compute_instance_v2.salt-master",
                        "openstack_compute_secgroup_v2.allow-traffic"
                    ],
                    "primary": {
                        "id": "69202246-e317-414f-bbd4-7a6b03419702",
                        "attributes": {
                            "access_ip_v4": "10.39.20.76",
                            "access_ip_v6": "",
                            "all_metadata.%": "0",
                            "availability_zone": "nova",
                            "flavor_id": "d2d56ca5-511b-4a4b-89eb-1d6f06ee58b1",
                            "flavor_name": "c8-30gb-186",
                            "force_delete": "false",
                            "id": "69202246-e317-414f-bbd4-7a6b03419702",
                            "image_id": "5550b32e-f335-468a-9d21-751822294afb",
                            "image_name": "butler_base",
                            "key_pair": "sergei",
                            "name": "butler-worker-18",
                            "network.#": "1",
                            "network.0.access_network": "false",
                            "network.0.fixed_ip_v4": "10.39.20.76",
                            "network.0.fixed_ip_v6": "",
                            "network.0.floating_ip": "",
                            "network.0.mac": "fa:16:3e:4c:d8:52",
                            "network.0.name": "VLAN3331_network",
                            "network.0.port": "",
                            "network.0.uuid": "dedbfee7-55a0-4201-8b19-a50b673f822d",
                            "security_groups.#": "2",
                            "security_groups.2299581210": "butler-firewall",
                            "security_groups.3814588639": "default",
                            "stop_before_destroy": "false",
                            "volume.#": "0"
                        },
                        "meta": {
                            "e2bfb730-ecaa-11e6-8f88-34363bc7c4c0": {
                                "create": 1800000000000,
                                "delete": 1800000000000,
                                "update": 1800000000000
                            }
                        },
                        "tainted": false
                    },
                    "deposed": [],
                    "provider": ""
                },
                "openstack_compute_instance_v2.worker.19": {
                    "type": "openstack_compute_instance_v2",
                    "depends_on": [
                        "null_resource.masterip",
                        "openstack_compute_instance_v2.salt-master",
                        "openstack_compute_secgroup_v2.allow-traffic"
                    ],
                    "primary": {
                        "id": "ece00d35-ae93-4b0d-969b-1c67605aaa40",
                        "attributes": {
                            "access_ip_v4": "10.39.20.87",
                            "access_ip_v6": "",
                            "all_metadata.%": "0",
                            "availability_zone": "nova",
                            "flavor_id": "d2d56ca5-511b-4a4b-89eb-1d6f06ee58b1",
                            "flavor_name": "c8-30gb-186",
                            "force_delete": "false",
                            "id": "ece00d35-ae93-4b0d-969b-1c67605aaa40",
                            "image_id": "5550b32e-f335-468a-9d21-751822294afb",
                            "image_name": "butler_base",
                            "key_pair": "sergei",
                            "name": "butler-worker-19",
                            "network.#": "1",
                            "network.0.access_network": "false",
                            "network.0.fixed_ip_v4": "10.39.20.87",
                            "network.0.fixed_ip_v6": "",
                            "network.0.floating_ip": "",
                            "network.0.mac": "fa:16:3e:65:5b:1e",
                            "network.0.name": "VLAN3331_network",
                            "network.0.port": "",
                            "network.0.uuid": "dedbfee7-55a0-4201-8b19-a50b673f822d",
                            "security_groups.#": "2",
                            "security_groups.2299581210": "butler-firewall",
                            "security_groups.3814588639": "default",
                            "stop_before_destroy": "false",
                            "volume.#": "0"
                        },
                        "meta": {
                            "e2bfb730-ecaa-11e6-8f88-34363bc7c4c0": {
                                "create": 1800000000000,
                                "delete": 1800000000000,
                                "update": 1800000000000
                            }
                        },
                        "tainted": false
                    },
                    "deposed": [],
                    "provider": ""
                },
                "openstack_compute_instance_v2.worker.2": {
                    "type": "openstack_compute_instance_v2",
                    "depends_on": [
                        "null_resource.masterip",
                        "openstack_compute_instance_v2.salt-master",
                        "openstack_compute_secgroup_v2.allow-traffic"
                    ],
                    "primary": {
                        "id": "f4d0810b-14d2-403b-9ee6-30c369b867cd",
                        "attributes": {
                            "flavor_name": "c8-30gb-186",
                            "force_delete": "false",
                            "id": "f4d0810b-14d2-403b-9ee6-30c369b867cd",
                            "image_id": "5550b32e-f335-468a-9d21-751822294afb",
                            "key_pair": "sergei",
                            "name": "butler-worker-2",
                            "network.#": "1",
                            "network.0.access_network": "false",
                            "network.0.fixed_ip_v4": "",
                            "network.0.fixed_ip_v6": "",
                            "network.0.floating_ip": "",
                            "network.0.mac": "",
                            "network.0.name": "",
                            "network.0.port": "",
                            "network.0.uuid": "dedbfee7-55a0-4201-8b19-a50b673f822d",
                            "security_groups.#": "2",
                            "security_groups.2299581210": "butler-firewall",
                            "security_groups.3814588639": "default",
                            "stop_before_destroy": "false"
                        },
                        "meta": {
                            "e2bfb730-ecaa-11e6-8f88-34363bc7c4c0": {
                                "create": 1800000000000,
                                "delete": 1800000000000,
                                "update": 1800000000000
                            }
                        },
                        "tainted": true
                    },
                    "deposed": [],
                    "provider": ""
                },
                "openstack_compute_instance_v2.worker.20": {
                    "type": "openstack_compute_instance_v2",
                    "depends_on": [
                        "null_resource.masterip",
                        "openstack_compute_instance_v2.salt-master",
                        "openstack_compute_secgroup_v2.allow-traffic"
                    ],
                    "primary": {
                        "id": "d9e95e0e-8422-4323-9234-ccd61aa20a4b",
                        "attributes": {
                            "access_ip_v4": "10.39.20.150",
                            "access_ip_v6": "",
                            "all_metadata.%": "0",
                            "availability_zone": "nova",
                            "flavor_id": "d2d56ca5-511b-4a4b-89eb-1d6f06ee58b1",
                            "flavor_name": "c8-30gb-186",
                            "force_delete": "false",
                            "id": "d9e95e0e-8422-4323-9234-ccd61aa20a4b",
                            "image_id": "5550b32e-f335-468a-9d21-751822294afb",
                            "image_name": "butler_base",
                            "key_pair": "sergei",
                            "name": "butler-worker-20",
                            "network.#": "1",
                            "network.0.access_network": "false",
                            "network.0.fixed_ip_v4": "10.39.20.150",
                            "network.0.fixed_ip_v6": "",
                            "network.0.floating_ip": "",
                            "network.0.mac": "fa:16:3e:06:d2:ce",
                            "network.0.name": "VLAN3331_network",
                            "network.0.port": "",
                            "network.0.uuid": "dedbfee7-55a0-4201-8b19-a50b673f822d",
                            "security_groups.#": "2",
                            "security_groups.2299581210": "butler-firewall",
                            "security_groups.3814588639": "default",
                            "stop_before_destroy": "false",
                            "volume.#": "0"
                        },
                        "meta": {
                            "e2bfb730-ecaa-11e6-8f88-34363bc7c4c0": {
                                "create": 1800000000000,
                                "delete": 1800000000000,
                                "update": 1800000000000
                            }
                        },
                        "tainted": true
                    },
                    "deposed": [],
                    "provider": ""
                },
                "openstack_compute_instance_v2.worker.21": {
                    "type": "openstack_compute_instance_v2",
                    "depends_on": [
                        "null_resource.masterip",
                        "openstack_compute_instance_v2.salt-master",
                        "openstack_compute_secgroup_v2.allow-traffic"
                    ],
                    "primary": {
                        "id": "a3285dba-cdbc-4615-bdb2-b1ca0d4957c5",
                        "attributes": {
                            "access_ip_v4": "10.39.20.91",
                            "access_ip_v6": "",
                            "all_metadata.%": "0",
                            "availability_zone": "nova",
                            "flavor_id": "d2d56ca5-511b-4a4b-89eb-1d6f06ee58b1",
                            "flavor_name": "c8-30gb-186",
                            "force_delete": "false",
                            "id": "a3285dba-cdbc-4615-bdb2-b1ca0d4957c5",
                            "image_id": "5550b32e-f335-468a-9d21-751822294afb",
                            "image_name": "butler_base",
                            "key_pair": "sergei",
                            "name": "butler-worker-21",
                            "network.#": "1",
                            "network.0.access_network": "false",
                            "network.0.fixed_ip_v4": "10.39.20.91",
                            "network.0.fixed_ip_v6": "",
                            "network.0.floating_ip": "",
                            "network.0.mac": "fa:16:3e:ef:b6:b5",
                            "network.0.name": "VLAN3331_network",
                            "network.0.port": "",
                            "network.0.uuid": "dedbfee7-55a0-4201-8b19-a50b673f822d",
                            "security_groups.#": "2",
                            "security_groups.2299581210": "butler-firewall",
                            "security_groups.3814588639": "default",
                            "stop_before_destroy": "false",
                            "volume.#": "0"
                        },
                        "meta": {
                            "e2bfb730-ecaa-11e6-8f88-34363bc7c4c0": {
                                "create": 1800000000000,
                                "delete": 1800000000000,
                                "update": 1800000000000
                            }
                        },
                        "tainted": false
                    },
                    "deposed": [],
                    "provider": ""
                },
                "openstack_compute_instance_v2.worker.22": {
                    "type": "openstack_compute_instance_v2",
                    "depends_on": [
                        "null_resource.masterip",
                        "openstack_compute_instance_v2.salt-master",
                        "openstack_compute_secgroup_v2.allow-traffic"
                    ],
                    "primary": {
                        "id": "42af0ae7-d645-486b-92fe-3a7c7f926ed7",
                        "attributes": {
                            "access_ip_v4": "10.39.20.151",
                            "access_ip_v6": "",
                            "all_metadata.%": "0",
                            "availability_zone": "nova",
                            "flavor_id": "d2d56ca5-511b-4a4b-89eb-1d6f06ee58b1",
                            "flavor_name": "c8-30gb-186",
                            "force_delete": "false",
                            "id": "42af0ae7-d645-486b-92fe-3a7c7f926ed7",
                            "image_id": "5550b32e-f335-468a-9d21-751822294afb",
                            "image_name": "butler_base",
                            "key_pair": "sergei",
                            "name": "butler-worker-22",
                            "network.#": "1",
                            "network.0.access_network": "false",
                            "network.0.fixed_ip_v4": "10.39.20.151",
                            "network.0.fixed_ip_v6": "",
                            "network.0.floating_ip": "",
                            "network.0.mac": "fa:16:3e:72:7e:74",
                            "network.0.name": "VLAN3331_network",
                            "network.0.port": "",
                            "network.0.uuid": "dedbfee7-55a0-4201-8b19-a50b673f822d",
                            "security_groups.#": "2",
                            "security_groups.2299581210": "butler-firewall",
                            "security_groups.3814588639": "default",
                            "stop_before_destroy": "false",
                            "volume.#": "0"
                        },
                        "meta": {
                            "e2bfb730-ecaa-11e6-8f88-34363bc7c4c0": {
                                "create": 1800000000000,
                                "delete": 1800000000000,
                                "update": 1800000000000
                            }
                        },
                        "tainted": true
                    },
                    "deposed": [],
                    "provider": ""
                },
                "openstack_compute_instance_v2.worker.23": {
                    "type": "openstack_compute_instance_v2",
                    "depends_on": [
                        "null_resource.masterip",
                        "openstack_compute_instance_v2.salt-master",
                        "openstack_compute_secgroup_v2.allow-traffic"
                    ],
                    "primary": {
                        "id": "63a9fb57-f01d-4856-b6ec-377d05f9dcfd",
                        "attributes": {
                            "flavor_name": "c8-30gb-186",
                            "force_delete": "false",
                            "id": "63a9fb57-f01d-4856-b6ec-377d05f9dcfd",
                            "image_id": "5550b32e-f335-468a-9d21-751822294afb",
                            "key_pair": "sergei",
                            "name": "butler-worker-23",
                            "network.#": "1",
                            "network.0.access_network": "false",
                            "network.0.fixed_ip_v4": "",
                            "network.0.fixed_ip_v6": "",
                            "network.0.floating_ip": "",
                            "network.0.mac": "",
                            "network.0.name": "",
                            "network.0.port": "",
                            "network.0.uuid": "dedbfee7-55a0-4201-8b19-a50b673f822d",
                            "security_groups.#": "2",
                            "security_groups.2299581210": "butler-firewall",
                            "security_groups.3814588639": "default",
                            "stop_before_destroy": "false"
                        },
                        "meta": {
                            "e2bfb730-ecaa-11e6-8f88-34363bc7c4c0": {
                                "create": 1800000000000,
                                "delete": 1800000000000,
                                "update": 1800000000000
                            }
                        },
                        "tainted": true
                    },
                    "deposed": [],
                    "provider": ""
                },
                "openstack_compute_instance_v2.worker.24": {
                    "type": "openstack_compute_instance_v2",
                    "depends_on": [
                        "null_resource.masterip",
                        "openstack_compute_instance_v2.salt-master",
                        "openstack_compute_secgroup_v2.allow-traffic"
                    ],
                    "primary": {
                        "id": "e692de51-d4b4-4a29-8533-3c53eb4c8bdc",
                        "attributes": {
                            "access_ip_v4": "10.39.20.165",
                            "access_ip_v6": "",
                            "all_metadata.%": "0",
                            "availability_zone": "nova",
                            "flavor_id": "d2d56ca5-511b-4a4b-89eb-1d6f06ee58b1",
                            "flavor_name": "c8-30gb-186",
                            "force_delete": "false",
                            "id": "e692de51-d4b4-4a29-8533-3c53eb4c8bdc",
                            "image_id": "5550b32e-f335-468a-9d21-751822294afb",
                            "image_name": "butler_base",
                            "key_pair": "sergei",
                            "name": "butler-worker-24",
                            "network.#": "1",
                            "network.0.access_network": "false",
                            "network.0.fixed_ip_v4": "10.39.20.165",
                            "network.0.fixed_ip_v6": "",
                            "network.0.floating_ip": "",
                            "network.0.mac": "fa:16:3e:33:e5:8f",
                            "network.0.name": "VLAN3331_network",
                            "network.0.port": "",
                            "network.0.uuid": "dedbfee7-55a0-4201-8b19-a50b673f822d",
                            "security_groups.#": "2",
                            "security_groups.2299581210": "butler-firewall",
                            "security_groups.3814588639": "default",
                            "stop_before_destroy": "false",
                            "volume.#": "0"
                        },
                        "meta": {
                            "e2bfb730-ecaa-11e6-8f88-34363bc7c4c0": {
                                "create": 1800000000000,
                                "delete": 1800000000000,
                                "update": 1800000000000
                            }
                        },
                        "tainted": true
                    },
                    "deposed": [],
                    "provider": ""
                },
                "openstack_compute_instance_v2.worker.25": {
                    "type": "openstack_compute_instance_v2",
                    "depends_on": [
                        "null_resource.masterip",
                        "openstack_compute_instance_v2.salt-master",
                        "openstack_compute_secgroup_v2.allow-traffic"
                    ],
                    "primary": {
                        "id": "0c32fb1d-d6d4-41c4-8478-d673fbfae1ff",
                        "attributes": {
                            "access_ip_v4": "10.39.20.138",
                            "access_ip_v6": "",
                            "all_metadata.%": "0",
                            "availability_zone": "nova",
                            "flavor_id": "d2d56ca5-511b-4a4b-89eb-1d6f06ee58b1",
                            "flavor_name": "c8-30gb-186",
                            "force_delete": "false",
                            "id": "0c32fb1d-d6d4-41c4-8478-d673fbfae1ff",
                            "image_id": "5550b32e-f335-468a-9d21-751822294afb",
                            "image_name": "butler_base",
                            "key_pair": "sergei",
                            "name": "butler-worker-25",
                            "network.#": "1",
                            "network.0.access_network": "false",
                            "network.0.fixed_ip_v4": "10.39.20.138",
                            "network.0.fixed_ip_v6": "",
                            "network.0.floating_ip": "",
                            "network.0.mac": "fa:16:3e:bd:97:e1",
                            "network.0.name": "VLAN3331_network",
                            "network.0.port": "",
                            "network.0.uuid": "dedbfee7-55a0-4201-8b19-a50b673f822d",
                            "security_groups.#": "2",
                            "security_groups.2299581210": "butler-firewall",
                            "security_groups.3814588639": "default",
                            "stop_before_destroy": "false",
                            "volume.#": "0"
                        },
                        "meta": {
                            "e2bfb730-ecaa-11e6-8f88-34363bc7c4c0": {
                                "create": 1800000000000,
                                "delete": 1800000000000,
                                "update": 1800000000000
                            }
                        },
                        "tainted": true
                    },
                    "deposed": [],
                    "provider": ""
                },
                "openstack_compute_instance_v2.worker.26": {
                    "type": "openstack_compute_instance_v2",
                    "depends_on": [
                        "null_resource.masterip",
                        "openstack_compute_instance_v2.salt-master",
                        "openstack_compute_secgroup_v2.allow-traffic"
                    ],
                    "primary": {
                        "id": "7e4c0e99-4922-40d8-bca9-8eb293d2d8d1",
                        "attributes": {
                            "access_ip_v4": "10.39.20.143",
                            "access_ip_v6": "",
                            "all_metadata.%": "0",
                            "availability_zone": "nova",
                            "flavor_id": "d2d56ca5-511b-4a4b-89eb-1d6f06ee58b1",
                            "flavor_name": "c8-30gb-186",
                            "force_delete": "false",
                            "id": "7e4c0e99-4922-40d8-bca9-8eb293d2d8d1",
                            "image_id": "5550b32e-f335-468a-9d21-751822294afb",
                            "image_name": "butler_base",
                            "key_pair": "sergei",
                            "name": "butler-worker-26",
                            "network.#": "1",
                            "network.0.access_network": "false",
                            "network.0.fixed_ip_v4": "10.39.20.143",
                            "network.0.fixed_ip_v6": "",
                            "network.0.floating_ip": "",
                            "network.0.mac": "fa:16:3e:ac:f0:77",
                            "network.0.name": "VLAN3331_network",
                            "network.0.port": "",
                            "network.0.uuid": "dedbfee7-55a0-4201-8b19-a50b673f822d",
                            "security_groups.#": "2",
                            "security_groups.2299581210": "butler-firewall",
                            "security_groups.3814588639": "default",
                            "stop_before_destroy": "false",
                            "volume.#": "0"
                        },
                        "meta": {
                            "e2bfb730-ecaa-11e6-8f88-34363bc7c4c0": {
                                "create": 1800000000000,
                                "delete": 1800000000000,
                                "update": 1800000000000
                            }
                        },
                        "tainted": true
                    },
                    "deposed": [],
                    "provider": ""
                },
                "openstack_compute_instance_v2.worker.27": {
                    "type": "openstack_compute_instance_v2",
                    "depends_on": [
                        "null_resource.masterip",
                        "openstack_compute_instance_v2.salt-master",
                        "openstack_compute_secgroup_v2.allow-traffic"
                    ],
                    "primary": {
                        "id": "4cc3da09-b788-487d-808c-8636498b1391",
                        "attributes": {
                            "flavor_name": "c8-30gb-186",
                            "force_delete": "false",
                            "id": "4cc3da09-b788-487d-808c-8636498b1391",
                            "image_id": "5550b32e-f335-468a-9d21-751822294afb",
                            "key_pair": "sergei",
                            "name": "butler-worker-27",
                            "network.#": "1",
                            "network.0.access_network": "false",
                            "network.0.fixed_ip_v4": "",
                            "network.0.fixed_ip_v6": "",
                            "network.0.floating_ip": "",
                            "network.0.mac": "",
                            "network.0.name": "",
                            "network.0.port": "",
                            "network.0.uuid": "dedbfee7-55a0-4201-8b19-a50b673f822d",
                            "security_groups.#": "2",
                            "security_groups.2299581210": "butler-firewall",
                            "security_groups.3814588639": "default",
                            "stop_before_destroy": "false"
                        },
                        "meta": {
                            "e2bfb730-ecaa-11e6-8f88-34363bc7c4c0": {
                                "create": 1800000000000,
                                "delete": 1800000000000,
                                "update": 1800000000000
                            }
                        },
                        "tainted": true
                    },
                    "deposed": [],
                    "provider": ""
                },
                "openstack_compute_instance_v2.worker.28": {
                    "type": "openstack_compute_instance_v2",
                    "depends_on": [
                        "null_resource.masterip",
                        "openstack_compute_instance_v2.salt-master",
                        "openstack_compute_secgroup_v2.allow-traffic"
                    ],
                    "primary": {
                        "id": "19d9eff1-c18c-42a2-945f-6dcb2e214225",
                        "attributes": {
                            "flavor_name": "c8-30gb-186",
                            "force_delete": "false",
                            "id": "19d9eff1-c18c-42a2-945f-6dcb2e214225",
                            "image_id": "5550b32e-f335-468a-9d21-751822294afb",
                            "key_pair": "sergei",
                            "name": "butler-worker-28",
                            "network.#": "1",
                            "network.0.access_network": "false",
                            "network.0.fixed_ip_v4": "",
                            "network.0.fixed_ip_v6": "",
                            "network.0.floating_ip": "",
                            "network.0.mac": "",
                            "network.0.name": "",
                            "network.0.port": "",
                            "network.0.uuid": "dedbfee7-55a0-4201-8b19-a50b673f822d",
                            "security_groups.#": "2",
                            "security_groups.2299581210": "butler-firewall",
                            "security_groups.3814588639": "default",
                            "stop_before_destroy": "false"
                        },
                        "meta": {
                            "e2bfb730-ecaa-11e6-8f88-34363bc7c4c0": {
                                "create": 1800000000000,
                                "delete": 1800000000000,
                                "update": 1800000000000
                            }
                        },
                        "tainted": true
                    },
                    "deposed": [],
                    "provider": ""
                },
                "openstack_compute_instance_v2.worker.29": {
                    "type": "openstack_compute_instance_v2",
                    "depends_on": [
                        "null_resource.masterip",
                        "openstack_compute_instance_v2.salt-master",
                        "openstack_compute_secgroup_v2.allow-traffic"
                    ],
                    "primary": {
                        "id": "14cb5bd1-cdea-4eb1-8337-c3b19d448890",
                        "attributes": {
                            "access_ip_v4": "10.39.20.66",
                            "access_ip_v6": "",
                            "all_metadata.%": "0",
                            "availability_zone": "nova",
                            "flavor_id": "d2d56ca5-511b-4a4b-89eb-1d6f06ee58b1",
                            "flavor_name": "c8-30gb-186",
                            "force_delete": "false",
                            "id": "14cb5bd1-cdea-4eb1-8337-c3b19d448890",
                            "image_id": "5550b32e-f335-468a-9d21-751822294afb",
                            "image_name": "butler_base",
                            "key_pair": "sergei",
                            "name": "butler-worker-29",
                            "network.#": "1",
                            "network.0.access_network": "false",
                            "network.0.fixed_ip_v4": "10.39.20.66",
                            "network.0.fixed_ip_v6": "",
                            "network.0.floating_ip": "",
                            "network.0.mac": "fa:16:3e:ca:76:ea",
                            "network.0.name": "VLAN3331_network",
                            "network.0.port": "",
                            "network.0.uuid": "dedbfee7-55a0-4201-8b19-a50b673f822d",
                            "security_groups.#": "2",
                            "security_groups.2299581210": "butler-firewall",
                            "security_groups.3814588639": "default",
                            "stop_before_destroy": "false",
                            "volume.#": "0"
                        },
                        "meta": {
                            "e2bfb730-ecaa-11e6-8f88-34363bc7c4c0": {
                                "create": 1800000000000,
                                "delete": 1800000000000,
                                "update": 1800000000000
                            }
                        },
                        "tainted": false
                    },
                    "deposed": [],
                    "provider": ""
                },
                "openstack_compute_instance_v2.worker.3": {
                    "type": "openstack_compute_instance_v2",
                    "depends_on": [
                        "null_resource.masterip",
                        "openstack_compute_instance_v2.salt-master",
                        "openstack_compute_secgroup_v2.allow-traffic"
                    ],
                    "primary": {
                        "id": "5164be74-2e1c-473a-818c-64cc7a7d9257",
                        "attributes": {
                            "access_ip_v4": "10.39.20.50",
                            "access_ip_v6": "",
                            "all_metadata.%": "0",
                            "availability_zone": "nova",
                            "flavor_id": "d2d56ca5-511b-4a4b-89eb-1d6f06ee58b1",
                            "flavor_name": "c8-30gb-186",
                            "force_delete": "false",
                            "id": "5164be74-2e1c-473a-818c-64cc7a7d9257",
                            "image_id": "5550b32e-f335-468a-9d21-751822294afb",
                            "image_name": "butler_base",
                            "key_pair": "sergei",
                            "name": "butler-worker-3",
                            "network.#": "1",
                            "network.0.access_network": "false",
                            "network.0.fixed_ip_v4": "10.39.20.50",
                            "network.0.fixed_ip_v6": "",
                            "network.0.floating_ip": "",
                            "network.0.mac": "fa:16:3e:64:5b:2a",
                            "network.0.name": "VLAN3331_network",
                            "network.0.port": "",
                            "network.0.uuid": "dedbfee7-55a0-4201-8b19-a50b673f822d",
                            "security_groups.#": "2",
                            "security_groups.2299581210": "butler-firewall",
                            "security_groups.3814588639": "default",
                            "stop_before_destroy": "false",
                            "volume.#": "0"
                        },
                        "meta": {
                            "e2bfb730-ecaa-11e6-8f88-34363bc7c4c0": {
                                "create": 1800000000000,
                                "delete": 1800000000000,
                                "update": 1800000000000
                            }
                        },
                        "tainted": false
                    },
                    "deposed": [],
                    "provider": ""
                },
                "openstack_compute_instance_v2.worker.30": {
                    "type": "openstack_compute_instance_v2",
                    "depends_on": [
                        "null_resource.masterip",
                        "openstack_compute_instance_v2.salt-master",
                        "openstack_compute_secgroup_v2.allow-traffic"
                    ],
                    "primary": {
                        "id": "ef91d0f6-c09c-4a3a-8003-b83511769b40",
                        "attributes": {
                            "flavor_name": "c8-30gb-186",
                            "force_delete": "false",
                            "id": "ef91d0f6-c09c-4a3a-8003-b83511769b40",
                            "image_id": "5550b32e-f335-468a-9d21-751822294afb",
                            "key_pair": "sergei",
                            "name": "butler-worker-30",
                            "network.#": "1",
                            "network.0.access_network": "false",
                            "network.0.fixed_ip_v4": "",
                            "network.0.fixed_ip_v6": "",
                            "network.0.floating_ip": "",
                            "network.0.mac": "",
                            "network.0.name": "",
                            "network.0.port": "",
                            "network.0.uuid": "dedbfee7-55a0-4201-8b19-a50b673f822d",
                            "security_groups.#": "2",
                            "security_groups.2299581210": "butler-firewall",
                            "security_groups.3814588639": "default",
                            "stop_before_destroy": "false"
                        },
                        "meta": {
                            "e2bfb730-ecaa-11e6-8f88-34363bc7c4c0": {
                                "create": 1800000000000,
                                "delete": 1800000000000,
                                "update": 1800000000000
                            }
                        },
                        "tainted": true
                    },
                    "deposed": [],
                    "provider": ""
                },
                "openstack_compute_instance_v2.worker.31": {
                    "type": "openstack_compute_instance_v2",
                    "depends_on": [
                        "null_resource.masterip",
                        "openstack_compute_instance_v2.salt-master",
                        "openstack_compute_secgroup_v2.allow-traffic"
                    ],
                    "primary": {
                        "id": "351f7688-3b81-443c-8e5e-b682f40f68c2",
                        "attributes": {
                            "access_ip_v4": "10.39.20.147",
                            "access_ip_v6": "",
                            "all_metadata.%": "0",
                            "availability_zone": "nova",
                            "flavor_id": "d2d56ca5-511b-4a4b-89eb-1d6f06ee58b1",
                            "flavor_name": "c8-30gb-186",
                            "force_delete": "false",
                            "id": "351f7688-3b81-443c-8e5e-b682f40f68c2",
                            "image_id": "5550b32e-f335-468a-9d21-751822294afb",
                            "image_name": "butler_base",
                            "key_pair": "sergei",
                            "name": "butler-worker-31",
                            "network.#": "1",
                            "network.0.access_network": "false",
                            "network.0.fixed_ip_v4": "10.39.20.147",
                            "network.0.fixed_ip_v6": "",
                            "network.0.floating_ip": "",
                            "network.0.mac": "fa:16:3e:30:51:8b",
                            "network.0.name": "VLAN3331_network",
                            "network.0.port": "",
                            "network.0.uuid": "dedbfee7-55a0-4201-8b19-a50b673f822d",
                            "security_groups.#": "2",
                            "security_groups.2299581210": "butler-firewall",
                            "security_groups.3814588639": "default",
                            "stop_before_destroy": "false",
                            "volume.#": "0"
                        },
                        "meta": {
                            "e2bfb730-ecaa-11e6-8f88-34363bc7c4c0": {
                                "create": 1800000000000,
                                "delete": 1800000000000,
                                "update": 1800000000000
                            }
                        },
                        "tainted": true
                    },
                    "deposed": [],
                    "provider": ""
                },
                "openstack_compute_instance_v2.worker.32": {
                    "type": "openstack_compute_instance_v2",
                    "depends_on": [
                        "null_resource.masterip",
                        "openstack_compute_instance_v2.salt-master",
                        "openstack_compute_secgroup_v2.allow-traffic"
                    ],
                    "primary": {
                        "id": "7e4825e2-32f2-4ed8-9653-b14ff38238fc",
                        "attributes": {
                            "flavor_name": "c8-30gb-186",
                            "force_delete": "false",
                            "id": "7e4825e2-32f2-4ed8-9653-b14ff38238fc",
                            "image_id": "5550b32e-f335-468a-9d21-751822294afb",
                            "key_pair": "sergei",
                            "name": "butler-worker-32",
                            "network.#": "1",
                            "network.0.access_network": "false",
                            "network.0.fixed_ip_v4": "",
                            "network.0.fixed_ip_v6": "",
                            "network.0.floating_ip": "",
                            "network.0.mac": "",
                            "network.0.name": "",
                            "network.0.port": "",
                            "network.0.uuid": "dedbfee7-55a0-4201-8b19-a50b673f822d",
                            "security_groups.#": "2",
                            "security_groups.2299581210": "butler-firewall",
                            "security_groups.3814588639": "default",
                            "stop_before_destroy": "false"
                        },
                        "meta": {
                            "e2bfb730-ecaa-11e6-8f88-34363bc7c4c0": {
                                "create": 1800000000000,
                                "delete": 1800000000000,
                                "update": 1800000000000
                            }
                        },
                        "tainted": true
                    },
                    "deposed": [],
                    "provider": ""
                },
                "openstack_compute_instance_v2.worker.33": {
                    "type": "openstack_compute_instance_v2",
                    "depends_on": [
                        "null_resource.masterip",
                        "openstack_compute_instance_v2.salt-master",
                        "openstack_compute_secgroup_v2.allow-traffic"
                    ],
                    "primary": {
                        "id": "f31b4dfa-5400-411b-a476-11dff3eda1e9",
                        "attributes": {
                            "access_ip_v4": "10.39.20.128",
                            "access_ip_v6": "",
                            "all_metadata.%": "0",
                            "availability_zone": "nova",
                            "flavor_id": "d2d56ca5-511b-4a4b-89eb-1d6f06ee58b1",
                            "flavor_name": "c8-30gb-186",
                            "force_delete": "false",
                            "id": "f31b4dfa-5400-411b-a476-11dff3eda1e9",
                            "image_id": "5550b32e-f335-468a-9d21-751822294afb",
                            "image_name": "butler_base",
                            "key_pair": "sergei",
                            "name": "butler-worker-33",
                            "network.#": "1",
                            "network.0.access_network": "false",
                            "network.0.fixed_ip_v4": "10.39.20.128",
                            "network.0.fixed_ip_v6": "",
                            "network.0.floating_ip": "",
                            "network.0.mac": "fa:16:3e:be:bf:5d",
                            "network.0.name": "VLAN3331_network",
                            "network.0.port": "",
                            "network.0.uuid": "dedbfee7-55a0-4201-8b19-a50b673f822d",
                            "security_groups.#": "2",
                            "security_groups.2299581210": "butler-firewall",
                            "security_groups.3814588639": "default",
                            "stop_before_destroy": "false",
                            "volume.#": "0"
                        },
                        "meta": {
                            "e2bfb730-ecaa-11e6-8f88-34363bc7c4c0": {
                                "create": 1800000000000,
                                "delete": 1800000000000,
                                "update": 1800000000000
                            }
                        },
                        "tainted": true
                    },
                    "deposed": [],
                    "provider": ""
                },
                "openstack_compute_instance_v2.worker.34": {
                    "type": "openstack_compute_instance_v2",
                    "depends_on": [
                        "null_resource.masterip",
                        "openstack_compute_instance_v2.salt-master",
                        "openstack_compute_secgroup_v2.allow-traffic"
                    ],
                    "primary": {
                        "id": "c862ebe0-dd73-45d9-aad1-b0511190632e",
                        "attributes": {
                            "flavor_name": "c8-30gb-186",
                            "force_delete": "false",
                            "id": "c862ebe0-dd73-45d9-aad1-b0511190632e",
                            "image_id": "5550b32e-f335-468a-9d21-751822294afb",
                            "key_pair": "sergei",
                            "name": "butler-worker-34",
                            "network.#": "1",
                            "network.0.access_network": "false",
                            "network.0.fixed_ip_v4": "",
                            "network.0.fixed_ip_v6": "",
                            "network.0.floating_ip": "",
                            "network.0.mac": "",
                            "network.0.name": "",
                            "network.0.port": "",
                            "network.0.uuid": "dedbfee7-55a0-4201-8b19-a50b673f822d",
                            "security_groups.#": "2",
                            "security_groups.2299581210": "butler-firewall",
                            "security_groups.3814588639": "default",
                            "stop_before_destroy": "false"
                        },
                        "meta": {
                            "e2bfb730-ecaa-11e6-8f88-34363bc7c4c0": {
                                "create": 1800000000000,
                                "delete": 1800000000000,
                                "update": 1800000000000
                            }
                        },
                        "tainted": true
                    },
                    "deposed": [],
                    "provider": ""
                },
                "openstack_compute_instance_v2.worker.35": {
                    "type": "openstack_compute_instance_v2",
                    "depends_on": [
                        "null_resource.masterip",
                        "openstack_compute_instance_v2.salt-master",
                        "openstack_compute_secgroup_v2.allow-traffic"
                    ],
                    "primary": {
                        "id": "cb366b8a-4f3a-4aa2-b181-4eb61fd185a3",
                        "attributes": {
                            "access_ip_v4": "10.39.20.41",
                            "access_ip_v6": "",
                            "all_metadata.%": "0",
                            "availability_zone": "nova",
                            "flavor_id": "d2d56ca5-511b-4a4b-89eb-1d6f06ee58b1",
                            "flavor_name": "c8-30gb-186",
                            "force_delete": "false",
                            "id": "cb366b8a-4f3a-4aa2-b181-4eb61fd185a3",
                            "image_id": "5550b32e-f335-468a-9d21-751822294afb",
                            "image_name": "butler_base",
                            "key_pair": "sergei",
                            "name": "butler-worker-35",
                            "network.#": "1",
                            "network.0.access_network": "false",
                            "network.0.fixed_ip_v4": "10.39.20.41",
                            "network.0.fixed_ip_v6": "",
                            "network.0.floating_ip": "",
                            "network.0.mac": "fa:16:3e:28:33:a3",
                            "network.0.name": "VLAN3331_network",
                            "network.0.port": "",
                            "network.0.uuid": "dedbfee7-55a0-4201-8b19-a50b673f822d",
                            "security_groups.#": "2",
                            "security_groups.2299581210": "butler-firewall",
                            "security_groups.3814588639": "default",
                            "stop_before_destroy": "false",
                            "volume.#": "0"
                        },
                        "meta": {
                            "e2bfb730-ecaa-11e6-8f88-34363bc7c4c0": {
                                "create": 1800000000000,
                                "delete": 1800000000000,
                                "update": 1800000000000
                            }
                        },
                        "tainted": false
                    },
                    "deposed": [],
                    "provider": ""
                },
                "openstack_compute_instance_v2.worker.36": {
                    "type": "openstack_compute_instance_v2",
                    "depends_on": [
                        "null_resource.masterip",
                        "openstack_compute_instance_v2.salt-master",
                        "openstack_compute_secgroup_v2.allow-traffic"
                    ],
                    "primary": {
                        "id": "bc54dd82-045c-4770-8eac-1959615f2790",
                        "attributes": {
                            "flavor_name": "c8-30gb-186",
                            "force_delete": "false",
                            "id": "bc54dd82-045c-4770-8eac-1959615f2790",
                            "image_id": "5550b32e-f335-468a-9d21-751822294afb",
                            "key_pair": "sergei",
                            "name": "butler-worker-36",
                            "network.#": "1",
                            "network.0.access_network": "false",
                            "network.0.fixed_ip_v4": "",
                            "network.0.fixed_ip_v6": "",
                            "network.0.floating_ip": "",
                            "network.0.mac": "",
                            "network.0.name": "",
                            "network.0.port": "",
                            "network.0.uuid": "dedbfee7-55a0-4201-8b19-a50b673f822d",
                            "security_groups.#": "2",
                            "security_groups.2299581210": "butler-firewall",
                            "security_groups.3814588639": "default",
                            "stop_before_destroy": "false"
                        },
                        "meta": {
                            "e2bfb730-ecaa-11e6-8f88-34363bc7c4c0": {
                                "create": 1800000000000,
                                "delete": 1800000000000,
                                "update": 1800000000000
                            }
                        },
                        "tainted": true
                    },
                    "deposed": [],
                    "provider": ""
                },
                "openstack_compute_instance_v2.worker.37": {
                    "type": "openstack_compute_instance_v2",
                    "depends_on": [
                        "null_resource.masterip",
                        "openstack_compute_instance_v2.salt-master",
                        "openstack_compute_secgroup_v2.allow-traffic"
                    ],
                    "primary": {
                        "id": "50b956de-fe15-484a-82c6-b86a4992e383",
                        "attributes": {
                            "flavor_name": "c8-30gb-186",
                            "force_delete": "false",
                            "id": "50b956de-fe15-484a-82c6-b86a4992e383",
                            "image_id": "5550b32e-f335-468a-9d21-751822294afb",
                            "key_pair": "sergei",
                            "name": "butler-worker-37",
                            "network.#": "1",
                            "network.0.access_network": "false",
                            "network.0.fixed_ip_v4": "",
                            "network.0.fixed_ip_v6": "",
                            "network.0.floating_ip": "",
                            "network.0.mac": "",
                            "network.0.name": "",
                            "network.0.port": "",
                            "network.0.uuid": "dedbfee7-55a0-4201-8b19-a50b673f822d",
                            "security_groups.#": "2",
                            "security_groups.2299581210": "butler-firewall",
                            "security_groups.3814588639": "default",
                            "stop_before_destroy": "false"
                        },
                        "meta": {
                            "e2bfb730-ecaa-11e6-8f88-34363bc7c4c0": {
                                "create": 1800000000000,
                                "delete": 1800000000000,
                                "update": 1800000000000
                            }
                        },
                        "tainted": true
                    },
                    "deposed": [],
                    "provider": ""
                },
                "openstack_compute_instance_v2.worker.38": {
                    "type": "openstack_compute_instance_v2",
                    "depends_on": [
                        "null_resource.masterip",
                        "openstack_compute_instance_v2.salt-master",
                        "openstack_compute_secgroup_v2.allow-traffic"
                    ],
                    "primary": {
                        "id": "b54d747f-2323-465d-9899-14383a25a54d",
                        "attributes": {
                            "flavor_name": "c8-30gb-186",
                            "force_delete": "false",
                            "id": "b54d747f-2323-465d-9899-14383a25a54d",
                            "image_id": "5550b32e-f335-468a-9d21-751822294afb",
                            "key_pair": "sergei",
                            "name": "butler-worker-38",
                            "network.#": "1",
                            "network.0.access_network": "false",
                            "network.0.fixed_ip_v4": "",
                            "network.0.fixed_ip_v6": "",
                            "network.0.floating_ip": "",
                            "network.0.mac": "",
                            "network.0.name": "",
                            "network.0.port": "",
                            "network.0.uuid": "dedbfee7-55a0-4201-8b19-a50b673f822d",
                            "security_groups.#": "2",
                            "security_groups.2299581210": "butler-firewall",
                            "security_groups.3814588639": "default",
                            "stop_before_destroy": "false"
                        },
                        "meta": {
                            "e2bfb730-ecaa-11e6-8f88-34363bc7c4c0": {
                                "create": 1800000000000,
                                "delete": 1800000000000,
                                "update": 1800000000000
                            }
                        },
                        "tainted": true
                    },
                    "deposed": [],
                    "provider": ""
                },
                "openstack_compute_instance_v2.worker.39": {
                    "type": "openstack_compute_instance_v2",
                    "depends_on": [
                        "null_resource.masterip",
                        "openstack_compute_instance_v2.salt-master",
                        "openstack_compute_secgroup_v2.allow-traffic"
                    ],
                    "primary": {
                        "id": "a48a2149-5adc-4fd9-afb3-1fbfc4104559",
                        "attributes": {
                            "access_ip_v4": "10.39.20.129",
                            "access_ip_v6": "",
                            "all_metadata.%": "0",
                            "availability_zone": "nova",
                            "flavor_id": "d2d56ca5-511b-4a4b-89eb-1d6f06ee58b1",
                            "flavor_name": "c8-30gb-186",
                            "force_delete": "false",
                            "id": "a48a2149-5adc-4fd9-afb3-1fbfc4104559",
                            "image_id": "5550b32e-f335-468a-9d21-751822294afb",
                            "image_name": "butler_base",
                            "key_pair": "sergei",
                            "name": "butler-worker-39",
                            "network.#": "1",
                            "network.0.access_network": "false",
                            "network.0.fixed_ip_v4": "10.39.20.129",
                            "network.0.fixed_ip_v6": "",
                            "network.0.floating_ip": "",
                            "network.0.mac": "fa:16:3e:e1:66:7c",
                            "network.0.name": "VLAN3331_network",
                            "network.0.port": "",
                            "network.0.uuid": "dedbfee7-55a0-4201-8b19-a50b673f822d",
                            "security_groups.#": "2",
                            "security_groups.2299581210": "butler-firewall",
                            "security_groups.3814588639": "default",
                            "stop_before_destroy": "false",
                            "volume.#": "0"
                        },
                        "meta": {
                            "e2bfb730-ecaa-11e6-8f88-34363bc7c4c0": {
                                "create": 1800000000000,
                                "delete": 1800000000000,
                                "update": 1800000000000
                            }
                        },
                        "tainted": true
                    },
                    "deposed": [],
                    "provider": ""
                },
                "openstack_compute_instance_v2.worker.4": {
                    "type": "openstack_compute_instance_v2",
                    "depends_on": [
                        "null_resource.masterip",
                        "openstack_compute_instance_v2.salt-master",
                        "openstack_compute_secgroup_v2.allow-traffic"
                    ],
                    "primary": {
                        "id": "9ac267c6-cd41-4479-9027-0969b8bc1554",
                        "attributes": {
                            "flavor_name": "c8-30gb-186",
                            "force_delete": "false",
                            "id": "9ac267c6-cd41-4479-9027-0969b8bc1554",
                            "image_id": "5550b32e-f335-468a-9d21-751822294afb",
                            "key_pair": "sergei",
                            "name": "butler-worker-4",
                            "network.#": "1",
                            "network.0.access_network": "false",
                            "network.0.fixed_ip_v4": "",
                            "network.0.fixed_ip_v6": "",
                            "network.0.floating_ip": "",
                            "network.0.mac": "",
                            "network.0.name": "",
                            "network.0.port": "",
                            "network.0.uuid": "dedbfee7-55a0-4201-8b19-a50b673f822d",
                            "security_groups.#": "2",
                            "security_groups.2299581210": "butler-firewall",
                            "security_groups.3814588639": "default",
                            "stop_before_destroy": "false"
                        },
                        "meta": {
                            "e2bfb730-ecaa-11e6-8f88-34363bc7c4c0": {
                                "create": 1800000000000,
                                "delete": 1800000000000,
                                "update": 1800000000000
                            }
                        },
                        "tainted": true
                    },
                    "deposed": [],
                    "provider": ""
                },
                "openstack_compute_instance_v2.worker.40": {
                    "type": "openstack_compute_instance_v2",
                    "depends_on": [
                        "null_resource.masterip",
                        "openstack_compute_instance_v2.salt-master",
                        "openstack_compute_secgroup_v2.allow-traffic"
                    ],
                    "primary": {
                        "id": "c4225751-eda9-4908-836e-0adeab59c0da",
                        "attributes": {
                            "access_ip_v4": "10.39.20.39",
                            "access_ip_v6": "",
                            "all_metadata.%": "0",
                            "availability_zone": "nova",
                            "flavor_id": "d2d56ca5-511b-4a4b-89eb-1d6f06ee58b1",
                            "flavor_name": "c8-30gb-186",
                            "force_delete": "false",
                            "id": "c4225751-eda9-4908-836e-0adeab59c0da",
                            "image_id": "5550b32e-f335-468a-9d21-751822294afb",
                            "image_name": "butler_base",
                            "key_pair": "sergei",
                            "name": "butler-worker-40",
                            "network.#": "1",
                            "network.0.access_network": "false",
                            "network.0.fixed_ip_v4": "10.39.20.39",
                            "network.0.fixed_ip_v6": "",
                            "network.0.floating_ip": "",
                            "network.0.mac": "fa:16:3e:0f:59:be",
                            "network.0.name": "VLAN3331_network",
                            "network.0.port": "",
                            "network.0.uuid": "dedbfee7-55a0-4201-8b19-a50b673f822d",
                            "security_groups.#": "2",
                            "security_groups.2299581210": "butler-firewall",
                            "security_groups.3814588639": "default",
                            "stop_before_destroy": "false",
                            "volume.#": "0"
                        },
                        "meta": {
                            "e2bfb730-ecaa-11e6-8f88-34363bc7c4c0": {
                                "create": 1800000000000,
                                "delete": 1800000000000,
                                "update": 1800000000000
                            }
                        },
                        "tainted": false
                    },
                    "deposed": [],
                    "provider": ""
                },
                "openstack_compute_instance_v2.worker.41": {
                    "type": "openstack_compute_instance_v2",
                    "depends_on": [
                        "null_resource.masterip",
                        "openstack_compute_instance_v2.salt-master",
                        "openstack_compute_secgroup_v2.allow-traffic"
                    ],
                    "primary": {
                        "id": "96b82ae1-ae2a-4e93-a44a-c194786b05d7",
                        "attributes": {
                            "access_ip_v4": "10.39.20.37",
                            "access_ip_v6": "",
                            "all_metadata.%": "0",
                            "availability_zone": "nova",
                            "flavor_id": "d2d56ca5-511b-4a4b-89eb-1d6f06ee58b1",
                            "flavor_name": "c8-30gb-186",
                            "force_delete": "false",
                            "id": "96b82ae1-ae2a-4e93-a44a-c194786b05d7",
                            "image_id": "5550b32e-f335-468a-9d21-751822294afb",
                            "image_name": "butler_base",
                            "key_pair": "sergei",
                            "name": "butler-worker-41",
                            "network.#": "1",
                            "network.0.access_network": "false",
                            "network.0.fixed_ip_v4": "10.39.20.37",
                            "network.0.fixed_ip_v6": "",
                            "network.0.floating_ip": "",
                            "network.0.mac": "fa:16:3e:f1:8f:b0",
                            "network.0.name": "VLAN3331_network",
                            "network.0.port": "",
                            "network.0.uuid": "dedbfee7-55a0-4201-8b19-a50b673f822d",
                            "security_groups.#": "2",
                            "security_groups.2299581210": "butler-firewall",
                            "security_groups.3814588639": "default",
                            "stop_before_destroy": "false",
                            "volume.#": "0"
                        },
                        "meta": {
                            "e2bfb730-ecaa-11e6-8f88-34363bc7c4c0": {
                                "create": 1800000000000,
                                "delete": 1800000000000,
                                "update": 1800000000000
                            }
                        },
                        "tainted": false
                    },
                    "deposed": [],
                    "provider": ""
                },
                "openstack_compute_instance_v2.worker.42": {
                    "type": "openstack_compute_instance_v2",
                    "depends_on": [
                        "null_resource.masterip",
                        "openstack_compute_instance_v2.salt-master",
                        "openstack_compute_secgroup_v2.allow-traffic"
                    ],
                    "primary": {
                        "id": "e485b010-8fd1-4d9e-9e2b-0e440d559cbf",
                        "attributes": {
                            "access_ip_v4": "10.39.20.57",
                            "access_ip_v6": "",
                            "all_metadata.%": "0",
                            "availability_zone": "nova",
                            "flavor_id": "d2d56ca5-511b-4a4b-89eb-1d6f06ee58b1",
                            "flavor_name": "c8-30gb-186",
                            "force_delete": "false",
                            "id": "e485b010-8fd1-4d9e-9e2b-0e440d559cbf",
                            "image_id": "5550b32e-f335-468a-9d21-751822294afb",
                            "image_name": "butler_base",
                            "key_pair": "sergei",
                            "name": "butler-worker-42",
                            "network.#": "1",
                            "network.0.access_network": "false",
                            "network.0.fixed_ip_v4": "10.39.20.57",
                            "network.0.fixed_ip_v6": "",
                            "network.0.floating_ip": "",
                            "network.0.mac": "fa:16:3e:14:3c:7f",
                            "network.0.name": "VLAN3331_network",
                            "network.0.port": "",
                            "network.0.uuid": "dedbfee7-55a0-4201-8b19-a50b673f822d",
                            "security_groups.#": "2",
                            "security_groups.2299581210": "butler-firewall",
                            "security_groups.3814588639": "default",
                            "stop_before_destroy": "false",
                            "volume.#": "0"
                        },
                        "meta": {
                            "e2bfb730-ecaa-11e6-8f88-34363bc7c4c0": {
                                "create": 1800000000000,
                                "delete": 1800000000000,
                                "update": 1800000000000
                            }
                        },
                        "tainted": false
                    },
                    "deposed": [],
                    "provider": ""
                },
                "openstack_compute_instance_v2.worker.43": {
                    "type": "openstack_compute_instance_v2",
                    "depends_on": [
                        "null_resource.masterip",
                        "openstack_compute_instance_v2.salt-master",
                        "openstack_compute_secgroup_v2.allow-traffic"
                    ],
                    "primary": {
                        "id": "5829e4f0-4a4a-4f8d-b6fd-6cf58944f9d3",
                        "attributes": {
                            "flavor_name": "c8-30gb-186",
                            "force_delete": "false",
                            "id": "5829e4f0-4a4a-4f8d-b6fd-6cf58944f9d3",
                            "image_id": "5550b32e-f335-468a-9d21-751822294afb",
                            "key_pair": "sergei",
                            "name": "butler-worker-43",
                            "network.#": "1",
                            "network.0.access_network": "false",
                            "network.0.fixed_ip_v4": "",
                            "network.0.fixed_ip_v6": "",
                            "network.0.floating_ip": "",
                            "network.0.mac": "",
                            "network.0.name": "",
                            "network.0.port": "",
                            "network.0.uuid": "dedbfee7-55a0-4201-8b19-a50b673f822d",
                            "security_groups.#": "2",
                            "security_groups.2299581210": "butler-firewall",
                            "security_groups.3814588639": "default",
                            "stop_before_destroy": "false"
                        },
                        "meta": {
                            "e2bfb730-ecaa-11e6-8f88-34363bc7c4c0": {
                                "create": 1800000000000,
                                "delete": 1800000000000,
                                "update": 1800000000000
                            }
                        },
                        "tainted": true
                    },
                    "deposed": [],
                    "provider": ""
                },
                "openstack_compute_instance_v2.worker.44": {
                    "type": "openstack_compute_instance_v2",
                    "depends_on": [
                        "null_resource.masterip",
                        "openstack_compute_instance_v2.salt-master",
                        "openstack_compute_secgroup_v2.allow-traffic"
                    ],
                    "primary": {
                        "id": "5c0e57a9-dceb-42d6-9a78-243c8071437f",
                        "attributes": {
                            "access_ip_v4": "10.39.20.139",
                            "access_ip_v6": "",
                            "all_metadata.%": "0",
                            "availability_zone": "nova",
                            "flavor_id": "d2d56ca5-511b-4a4b-89eb-1d6f06ee58b1",
                            "flavor_name": "c8-30gb-186",
                            "force_delete": "false",
                            "id": "5c0e57a9-dceb-42d6-9a78-243c8071437f",
                            "image_id": "5550b32e-f335-468a-9d21-751822294afb",
                            "image_name": "butler_base",
                            "key_pair": "sergei",
                            "name": "butler-worker-44",
                            "network.#": "1",
                            "network.0.access_network": "false",
                            "network.0.fixed_ip_v4": "10.39.20.139",
                            "network.0.fixed_ip_v6": "",
                            "network.0.floating_ip": "",
                            "network.0.mac": "fa:16:3e:cd:62:9e",
                            "network.0.name": "VLAN3331_network",
                            "network.0.port": "",
                            "network.0.uuid": "dedbfee7-55a0-4201-8b19-a50b673f822d",
                            "security_groups.#": "2",
                            "security_groups.2299581210": "butler-firewall",
                            "security_groups.3814588639": "default",
                            "stop_before_destroy": "false",
                            "volume.#": "0"
                        },
                        "meta": {
                            "e2bfb730-ecaa-11e6-8f88-34363bc7c4c0": {
                                "create": 1800000000000,
                                "delete": 1800000000000,
                                "update": 1800000000000
                            }
                        },
                        "tainted": true
                    },
                    "deposed": [],
                    "provider": ""
                },
                "openstack_compute_instance_v2.worker.45": {
                    "type": "openstack_compute_instance_v2",
                    "depends_on": [
                        "null_resource.masterip",
                        "openstack_compute_instance_v2.salt-master",
                        "openstack_compute_secgroup_v2.allow-traffic"
                    ],
                    "primary": {
                        "id": "45388fcd-5ee3-49ed-a43b-383b7e271685",
                        "attributes": {
                            "access_ip_v4": "10.39.20.166",
                            "access_ip_v6": "",
                            "all_metadata.%": "0",
                            "availability_zone": "nova",
                            "flavor_id": "d2d56ca5-511b-4a4b-89eb-1d6f06ee58b1",
                            "flavor_name": "c8-30gb-186",
                            "force_delete": "false",
                            "id": "45388fcd-5ee3-49ed-a43b-383b7e271685",
                            "image_id": "5550b32e-f335-468a-9d21-751822294afb",
                            "image_name": "butler_base",
                            "key_pair": "sergei",
                            "name": "butler-worker-45",
                            "network.#": "1",
                            "network.0.access_network": "false",
                            "network.0.fixed_ip_v4": "10.39.20.166",
                            "network.0.fixed_ip_v6": "",
                            "network.0.floating_ip": "",
                            "network.0.mac": "fa:16:3e:ba:34:d8",
                            "network.0.name": "VLAN3331_network",
                            "network.0.port": "",
                            "network.0.uuid": "dedbfee7-55a0-4201-8b19-a50b673f822d",
                            "security_groups.#": "2",
                            "security_groups.2299581210": "butler-firewall",
                            "security_groups.3814588639": "default",
                            "stop_before_destroy": "false",
                            "volume.#": "0"
                        },
                        "meta": {
                            "e2bfb730-ecaa-11e6-8f88-34363bc7c4c0": {
                                "create": 1800000000000,
                                "delete": 1800000000000,
                                "update": 1800000000000
                            }
                        },
                        "tainted": true
                    },
                    "deposed": [],
                    "provider": ""
                },
                "openstack_compute_instance_v2.worker.46": {
                    "type": "openstack_compute_instance_v2",
                    "depends_on": [
                        "null_resource.masterip",
                        "openstack_compute_instance_v2.salt-master",
                        "openstack_compute_secgroup_v2.allow-traffic"
                    ],
                    "primary": {
                        "id": "e3a51557-b918-4790-84b7-87b4116d9db8",
                        "attributes": {
                            "access_ip_v4": "10.39.20.144",
                            "access_ip_v6": "",
                            "all_metadata.%": "0",
                            "availability_zone": "nova",
                            "flavor_id": "d2d56ca5-511b-4a4b-89eb-1d6f06ee58b1",
                            "flavor_name": "c8-30gb-186",
                            "force_delete": "false",
                            "id": "e3a51557-b918-4790-84b7-87b4116d9db8",
                            "image_id": "5550b32e-f335-468a-9d21-751822294afb",
                            "image_name": "butler_base",
                            "key_pair": "sergei",
                            "name": "butler-worker-46",
                            "network.#": "1",
                            "network.0.access_network": "false",
                            "network.0.fixed_ip_v4": "10.39.20.144",
                            "network.0.fixed_ip_v6": "",
                            "network.0.floating_ip": "",
                            "network.0.mac": "fa:16:3e:5d:fa:0c",
                            "network.0.name": "VLAN3331_network",
                            "network.0.port": "",
                            "network.0.uuid": "dedbfee7-55a0-4201-8b19-a50b673f822d",
                            "security_groups.#": "2",
                            "security_groups.2299581210": "butler-firewall",
                            "security_groups.3814588639": "default",
                            "stop_before_destroy": "false",
                            "volume.#": "0"
                        },
                        "meta": {
                            "e2bfb730-ecaa-11e6-8f88-34363bc7c4c0": {
                                "create": 1800000000000,
                                "delete": 1800000000000,
                                "update": 1800000000000
                            }
                        },
                        "tainted": true
                    },
                    "deposed": [],
                    "provider": ""
                },
                "openstack_compute_instance_v2.worker.47": {
                    "type": "openstack_compute_instance_v2",
                    "depends_on": [
                        "null_resource.masterip",
                        "openstack_compute_instance_v2.salt-master",
                        "openstack_compute_secgroup_v2.allow-traffic"
                    ],
                    "primary": {
                        "id": "5251704f-5171-48b4-8777-e09060384dbc",
                        "attributes": {
                            "access_ip_v4": "10.39.20.85",
                            "access_ip_v6": "",
                            "all_metadata.%": "0",
                            "availability_zone": "nova",
                            "flavor_id": "d2d56ca5-511b-4a4b-89eb-1d6f06ee58b1",
                            "flavor_name": "c8-30gb-186",
                            "force_delete": "false",
                            "id": "5251704f-5171-48b4-8777-e09060384dbc",
                            "image_id": "5550b32e-f335-468a-9d21-751822294afb",
                            "image_name": "butler_base",
                            "key_pair": "sergei",
                            "name": "butler-worker-47",
                            "network.#": "1",
                            "network.0.access_network": "false",
                            "network.0.fixed_ip_v4": "10.39.20.85",
                            "network.0.fixed_ip_v6": "",
                            "network.0.floating_ip": "",
                            "network.0.mac": "fa:16:3e:a5:e7:3f",
                            "network.0.name": "VLAN3331_network",
                            "network.0.port": "",
                            "network.0.uuid": "dedbfee7-55a0-4201-8b19-a50b673f822d",
                            "security_groups.#": "2",
                            "security_groups.2299581210": "butler-firewall",
                            "security_groups.3814588639": "default",
                            "stop_before_destroy": "false",
                            "volume.#": "0"
                        },
                        "meta": {
                            "e2bfb730-ecaa-11e6-8f88-34363bc7c4c0": {
                                "create": 1800000000000,
                                "delete": 1800000000000,
                                "update": 1800000000000
                            }
                        },
                        "tainted": false
                    },
                    "deposed": [],
                    "provider": ""
                },
                "openstack_compute_instance_v2.worker.48": {
                    "type": "openstack_compute_instance_v2",
                    "depends_on": [
                        "null_resource.masterip",
                        "openstack_compute_instance_v2.salt-master",
                        "openstack_compute_secgroup_v2.allow-traffic"
                    ],
                    "primary": {
                        "id": "6e4eb8b6-e618-49bc-927d-290b0977305e",
                        "attributes": {
                            "access_ip_v4": "10.39.20.81",
                            "access_ip_v6": "",
                            "all_metadata.%": "0",
                            "availability_zone": "nova",
                            "flavor_id": "d2d56ca5-511b-4a4b-89eb-1d6f06ee58b1",
                            "flavor_name": "c8-30gb-186",
                            "force_delete": "false",
                            "id": "6e4eb8b6-e618-49bc-927d-290b0977305e",
                            "image_id": "5550b32e-f335-468a-9d21-751822294afb",
                            "image_name": "butler_base",
                            "key_pair": "sergei",
                            "name": "butler-worker-48",
                            "network.#": "1",
                            "network.0.access_network": "false",
                            "network.0.fixed_ip_v4": "10.39.20.81",
                            "network.0.fixed_ip_v6": "",
                            "network.0.floating_ip": "",
                            "network.0.mac": "fa:16:3e:d7:0b:31",
                            "network.0.name": "VLAN3331_network",
                            "network.0.port": "",
                            "network.0.uuid": "dedbfee7-55a0-4201-8b19-a50b673f822d",
                            "security_groups.#": "2",
                            "security_groups.2299581210": "butler-firewall",
                            "security_groups.3814588639": "default",
                            "stop_before_destroy": "false",
                            "volume.#": "0"
                        },
                        "meta": {
                            "e2bfb730-ecaa-11e6-8f88-34363bc7c4c0": {
                                "create": 1800000000000,
                                "delete": 1800000000000,
                                "update": 1800000000000
                            }
                        },
                        "tainted": false
                    },
                    "deposed": [],
                    "provider": ""
                },
                "openstack_compute_instance_v2.worker.49": {
                    "type": "openstack_compute_instance_v2",
                    "depends_on": [
                        "null_resource.masterip",
                        "openstack_compute_instance_v2.salt-master",
                        "openstack_compute_secgroup_v2.allow-traffic"
                    ],
                    "primary": {
                        "id": "bc71d3ec-41ab-4f4a-950e-1f0704a993ed",
                        "attributes": {
                            "flavor_name": "c8-30gb-186",
                            "force_delete": "false",
                            "id": "bc71d3ec-41ab-4f4a-950e-1f0704a993ed",
                            "image_id": "5550b32e-f335-468a-9d21-751822294afb",
                            "key_pair": "sergei",
                            "name": "butler-worker-49",
                            "network.#": "1",
                            "network.0.access_network": "false",
                            "network.0.fixed_ip_v4": "",
                            "network.0.fixed_ip_v6": "",
                            "network.0.floating_ip": "",
                            "network.0.mac": "",
                            "network.0.name": "",
                            "network.0.port": "",
                            "network.0.uuid": "dedbfee7-55a0-4201-8b19-a50b673f822d",
                            "security_groups.#": "2",
                            "security_groups.2299581210": "butler-firewall",
                            "security_groups.3814588639": "default",
                            "stop_before_destroy": "false"
                        },
                        "meta": {
                            "e2bfb730-ecaa-11e6-8f88-34363bc7c4c0": {
                                "create": 1800000000000,
                                "delete": 1800000000000,
                                "update": 1800000000000
                            }
                        },
                        "tainted": true
                    },
                    "deposed": [],
                    "provider": ""
                },
                "openstack_compute_instance_v2.worker.5": {
                    "type": "openstack_compute_instance_v2",
                    "depends_on": [
                        "null_resource.masterip",
                        "openstack_compute_instance_v2.salt-master",
                        "openstack_compute_secgroup_v2.allow-traffic"
                    ],
                    "primary": {
                        "id": "f399c80b-464d-4a5b-8798-6010a3b7deea",
                        "attributes": {
                            "access_ip_v4": "10.39.20.134",
                            "access_ip_v6": "",
                            "all_metadata.%": "0",
                            "availability_zone": "nova",
                            "flavor_id": "d2d56ca5-511b-4a4b-89eb-1d6f06ee58b1",
                            "flavor_name": "c8-30gb-186",
                            "force_delete": "false",
                            "id": "f399c80b-464d-4a5b-8798-6010a3b7deea",
                            "image_id": "5550b32e-f335-468a-9d21-751822294afb",
                            "image_name": "butler_base",
                            "key_pair": "sergei",
                            "name": "butler-worker-5",
                            "network.#": "1",
                            "network.0.access_network": "false",
                            "network.0.fixed_ip_v4": "10.39.20.134",
                            "network.0.fixed_ip_v6": "",
                            "network.0.floating_ip": "",
                            "network.0.mac": "fa:16:3e:68:01:c9",
                            "network.0.name": "VLAN3331_network",
                            "network.0.port": "",
                            "network.0.uuid": "dedbfee7-55a0-4201-8b19-a50b673f822d",
                            "security_groups.#": "2",
                            "security_groups.2299581210": "butler-firewall",
                            "security_groups.3814588639": "default",
                            "stop_before_destroy": "false",
                            "volume.#": "0"
                        },
                        "meta": {
                            "e2bfb730-ecaa-11e6-8f88-34363bc7c4c0": {
                                "create": 1800000000000,
                                "delete": 1800000000000,
                                "update": 1800000000000
                            }
                        },
                        "tainted": true
                    },
                    "deposed": [],
                    "provider": ""
                },
                "openstack_compute_instance_v2.worker.50": {
                    "type": "openstack_compute_instance_v2",
                    "depends_on": [
                        "null_resource.masterip",
                        "openstack_compute_instance_v2.salt-master",
                        "openstack_compute_secgroup_v2.allow-traffic"
                    ],
                    "primary": {
                        "id": "437330d0-5f3d-484c-a2f1-ef4d2fd2b08c",
                        "attributes": {
                            "access_ip_v4": "10.39.20.40",
                            "access_ip_v6": "",
                            "all_metadata.%": "0",
                            "availability_zone": "nova",
                            "flavor_id": "d2d56ca5-511b-4a4b-89eb-1d6f06ee58b1",
                            "flavor_name": "c8-30gb-186",
                            "force_delete": "false",
                            "id": "437330d0-5f3d-484c-a2f1-ef4d2fd2b08c",
                            "image_id": "5550b32e-f335-468a-9d21-751822294afb",
                            "image_name": "butler_base",
                            "key_pair": "sergei",
                            "name": "butler-worker-50",
                            "network.#": "1",
                            "network.0.access_network": "false",
                            "network.0.fixed_ip_v4": "10.39.20.40",
                            "network.0.fixed_ip_v6": "",
                            "network.0.floating_ip": "",
                            "network.0.mac": "fa:16:3e:46:b4:f4",
                            "network.0.name": "VLAN3331_network",
                            "network.0.port": "",
                            "network.0.uuid": "dedbfee7-55a0-4201-8b19-a50b673f822d",
                            "security_groups.#": "2",
                            "security_groups.2299581210": "butler-firewall",
                            "security_groups.3814588639": "default",
                            "stop_before_destroy": "false",
                            "volume.#": "0"
                        },
                        "meta": {
                            "e2bfb730-ecaa-11e6-8f88-34363bc7c4c0": {
                                "create": 1800000000000,
                                "delete": 1800000000000,
                                "update": 1800000000000
                            }
                        },
                        "tainted": false
                    },
                    "deposed": [],
                    "provider": ""
                },
                "openstack_compute_instance_v2.worker.51": {
                    "type": "openstack_compute_instance_v2",
                    "depends_on": [
                        "null_resource.masterip",
                        "openstack_compute_instance_v2.salt-master",
                        "openstack_compute_secgroup_v2.allow-traffic"
                    ],
                    "primary": {
                        "id": "435533e2-5da4-4f21-bf39-87750ac1b82f",
                        "attributes": {
                            "access_ip_v4": "10.39.20.38",
                            "access_ip_v6": "",
                            "all_metadata.%": "0",
                            "availability_zone": "nova",
                            "flavor_id": "d2d56ca5-511b-4a4b-89eb-1d6f06ee58b1",
                            "flavor_name": "c8-30gb-186",
                            "force_delete": "false",
                            "id": "435533e2-5da4-4f21-bf39-87750ac1b82f",
                            "image_id": "5550b32e-f335-468a-9d21-751822294afb",
                            "image_name": "butler_base",
                            "key_pair": "sergei",
                            "name": "butler-worker-51",
                            "network.#": "1",
                            "network.0.access_network": "false",
                            "network.0.fixed_ip_v4": "10.39.20.38",
                            "network.0.fixed_ip_v6": "",
                            "network.0.floating_ip": "",
                            "network.0.mac": "fa:16:3e:58:4d:be",
                            "network.0.name": "VLAN3331_network",
                            "network.0.port": "",
                            "network.0.uuid": "dedbfee7-55a0-4201-8b19-a50b673f822d",
                            "security_groups.#": "2",
                            "security_groups.2299581210": "butler-firewall",
                            "security_groups.3814588639": "default",
                            "stop_before_destroy": "false",
                            "volume.#": "0"
                        },
                        "meta": {
                            "e2bfb730-ecaa-11e6-8f88-34363bc7c4c0": {
                                "create": 1800000000000,
                                "delete": 1800000000000,
                                "update": 1800000000000
                            }
                        },
                        "tainted": false
                    },
                    "deposed": [],
                    "provider": ""
                },
                "openstack_compute_instance_v2.worker.52": {
                    "type": "openstack_compute_instance_v2",
                    "depends_on": [
                        "null_resource.masterip",
                        "openstack_compute_instance_v2.salt-master",
                        "openstack_compute_secgroup_v2.allow-traffic"
                    ],
                    "primary": {
                        "id": "9d4b1e14-e66d-4c8f-afbf-a01f9ee8b676",
                        "attributes": {
                            "flavor_name": "c8-30gb-186",
                            "force_delete": "false",
                            "id": "9d4b1e14-e66d-4c8f-afbf-a01f9ee8b676",
                            "image_id": "5550b32e-f335-468a-9d21-751822294afb",
                            "key_pair": "sergei",
                            "name": "butler-worker-52",
                            "network.#": "1",
                            "network.0.access_network": "false",
                            "network.0.fixed_ip_v4": "",
                            "network.0.fixed_ip_v6": "",
                            "network.0.floating_ip": "",
                            "network.0.mac": "",
                            "network.0.name": "",
                            "network.0.port": "",
                            "network.0.uuid": "dedbfee7-55a0-4201-8b19-a50b673f822d",
                            "security_groups.#": "2",
                            "security_groups.2299581210": "butler-firewall",
                            "security_groups.3814588639": "default",
                            "stop_before_destroy": "false"
                        },
                        "meta": {
                            "e2bfb730-ecaa-11e6-8f88-34363bc7c4c0": {
                                "create": 1800000000000,
                                "delete": 1800000000000,
                                "update": 1800000000000
                            }
                        },
                        "tainted": true
                    },
                    "deposed": [],
                    "provider": ""
                },
                "openstack_compute_instance_v2.worker.53": {
                    "type": "openstack_compute_instance_v2",
                    "depends_on": [
                        "null_resource.masterip",
                        "openstack_compute_instance_v2.salt-master",
                        "openstack_compute_secgroup_v2.allow-traffic"
                    ],
                    "primary": {
                        "id": "a3b8a421-18ad-4c08-a0ed-ccf56a59f3d5",
                        "attributes": {
                            "flavor_name": "c8-30gb-186",
                            "force_delete": "false",
                            "id": "a3b8a421-18ad-4c08-a0ed-ccf56a59f3d5",
                            "image_id": "5550b32e-f335-468a-9d21-751822294afb",
                            "key_pair": "sergei",
                            "name": "butler-worker-53",
                            "network.#": "1",
                            "network.0.access_network": "false",
                            "network.0.fixed_ip_v4": "",
                            "network.0.fixed_ip_v6": "",
                            "network.0.floating_ip": "",
                            "network.0.mac": "",
                            "network.0.name": "",
                            "network.0.port": "",
                            "network.0.uuid": "dedbfee7-55a0-4201-8b19-a50b673f822d",
                            "security_groups.#": "2",
                            "security_groups.2299581210": "butler-firewall",
                            "security_groups.3814588639": "default",
                            "stop_before_destroy": "false"
                        },
                        "meta": {
                            "e2bfb730-ecaa-11e6-8f88-34363bc7c4c0": {
                                "create": 1800000000000,
                                "delete": 1800000000000,
                                "update": 1800000000000
                            }
                        },
                        "tainted": true
                    },
                    "deposed": [],
                    "provider": ""
                },
                "openstack_compute_instance_v2.worker.54": {
                    "type": "openstack_compute_instance_v2",
                    "depends_on": [
                        "null_resource.masterip",
                        "openstack_compute_instance_v2.salt-master",
                        "openstack_compute_secgroup_v2.allow-traffic"
                    ],
                    "primary": {
                        "id": "94a72812-f9e6-444a-8a3d-af0452ff0874",
                        "attributes": {
                            "flavor_name": "c8-30gb-186",
                            "force_delete": "false",
                            "id": "94a72812-f9e6-444a-8a3d-af0452ff0874",
                            "image_id": "5550b32e-f335-468a-9d21-751822294afb",
                            "key_pair": "sergei",
                            "name": "butler-worker-54",
                            "network.#": "1",
                            "network.0.access_network": "false",
                            "network.0.fixed_ip_v4": "",
                            "network.0.fixed_ip_v6": "",
                            "network.0.floating_ip": "",
                            "network.0.mac": "",
                            "network.0.name": "",
                            "network.0.port": "",
                            "network.0.uuid": "dedbfee7-55a0-4201-8b19-a50b673f822d",
                            "security_groups.#": "2",
                            "security_groups.2299581210": "butler-firewall",
                            "security_groups.3814588639": "default",
                            "stop_before_destroy": "false"
                        },
                        "meta": {
                            "e2bfb730-ecaa-11e6-8f88-34363bc7c4c0": {
                                "create": 1800000000000,
                                "delete": 1800000000000,
                                "update": 1800000000000
                            }
                        },
                        "tainted": true
                    },
                    "deposed": [],
                    "provider": ""
                },
                "openstack_compute_instance_v2.worker.55": {
                    "type": "openstack_compute_instance_v2",
                    "depends_on": [
                        "null_resource.masterip",
                        "openstack_compute_instance_v2.salt-master",
                        "openstack_compute_secgroup_v2.allow-traffic"
                    ],
                    "primary": {
                        "id": "98027e97-03a6-4bdd-96e6-f6dc87cc608e",
                        "attributes": {
                            "access_ip_v4": "10.39.20.74",
                            "access_ip_v6": "",
                            "all_metadata.%": "0",
                            "availability_zone": "nova",
                            "flavor_id": "d2d56ca5-511b-4a4b-89eb-1d6f06ee58b1",
                            "flavor_name": "c8-30gb-186",
                            "force_delete": "false",
                            "id": "98027e97-03a6-4bdd-96e6-f6dc87cc608e",
                            "image_id": "5550b32e-f335-468a-9d21-751822294afb",
                            "image_name": "butler_base",
                            "key_pair": "sergei",
                            "name": "butler-worker-55",
                            "network.#": "1",
                            "network.0.access_network": "false",
                            "network.0.fixed_ip_v4": "10.39.20.74",
                            "network.0.fixed_ip_v6": "",
                            "network.0.floating_ip": "",
                            "network.0.mac": "fa:16:3e:11:b0:14",
                            "network.0.name": "VLAN3331_network",
                            "network.0.port": "",
                            "network.0.uuid": "dedbfee7-55a0-4201-8b19-a50b673f822d",
                            "security_groups.#": "2",
                            "security_groups.2299581210": "butler-firewall",
                            "security_groups.3814588639": "default",
                            "stop_before_destroy": "false",
                            "volume.#": "0"
                        },
                        "meta": {
                            "e2bfb730-ecaa-11e6-8f88-34363bc7c4c0": {
                                "create": 1800000000000,
                                "delete": 1800000000000,
                                "update": 1800000000000
                            }
                        },
                        "tainted": false
                    },
                    "deposed": [],
                    "provider": ""
                },
                "openstack_compute_instance_v2.worker.56": {
                    "type": "openstack_compute_instance_v2",
                    "depends_on": [
                        "null_resource.masterip",
                        "openstack_compute_instance_v2.salt-master",
                        "openstack_compute_secgroup_v2.allow-traffic"
                    ],
                    "primary": {
                        "id": "bb953424-91d4-4e05-a674-0c8b3064ed0e",
                        "attributes": {
                            "flavor_name": "c8-30gb-186",
                            "force_delete": "false",
                            "id": "bb953424-91d4-4e05-a674-0c8b3064ed0e",
                            "image_id": "5550b32e-f335-468a-9d21-751822294afb",
                            "key_pair": "sergei",
                            "name": "butler-worker-56",
                            "network.#": "1",
                            "network.0.access_network": "false",
                            "network.0.fixed_ip_v4": "",
                            "network.0.fixed_ip_v6": "",
                            "network.0.floating_ip": "",
                            "network.0.mac": "",
                            "network.0.name": "",
                            "network.0.port": "",
                            "network.0.uuid": "dedbfee7-55a0-4201-8b19-a50b673f822d",
                            "security_groups.#": "2",
                            "security_groups.2299581210": "butler-firewall",
                            "security_groups.3814588639": "default",
                            "stop_before_destroy": "false"
                        },
                        "meta": {
                            "e2bfb730-ecaa-11e6-8f88-34363bc7c4c0": {
                                "create": 1800000000000,
                                "delete": 1800000000000,
                                "update": 1800000000000
                            }
                        },
                        "tainted": true
                    },
                    "deposed": [],
                    "provider": ""
                },
                "openstack_compute_instance_v2.worker.57": {
                    "type": "openstack_compute_instance_v2",
                    "depends_on": [
                        "null_resource.masterip",
                        "openstack_compute_instance_v2.salt-master",
                        "openstack_compute_secgroup_v2.allow-traffic"
                    ],
                    "primary": {
                        "id": "739aa5e8-4329-493a-a30b-7d611abb3961",
                        "attributes": {
                            "access_ip_v4": "10.39.20.145",
                            "access_ip_v6": "",
                            "all_metadata.%": "0",
                            "availability_zone": "nova",
                            "flavor_id": "d2d56ca5-511b-4a4b-89eb-1d6f06ee58b1",
                            "flavor_name": "c8-30gb-186",
                            "force_delete": "false",
                            "id": "739aa5e8-4329-493a-a30b-7d611abb3961",
                            "image_id": "5550b32e-f335-468a-9d21-751822294afb",
                            "image_name": "butler_base",
                            "key_pair": "sergei",
                            "name": "butler-worker-57",
                            "network.#": "1",
                            "network.0.access_network": "false",
                            "network.0.fixed_ip_v4": "10.39.20.145",
                            "network.0.fixed_ip_v6": "",
                            "network.0.floating_ip": "",
                            "network.0.mac": "fa:16:3e:37:cc:1d",
                            "network.0.name": "VLAN3331_network",
                            "network.0.port": "",
                            "network.0.uuid": "dedbfee7-55a0-4201-8b19-a50b673f822d",
                            "security_groups.#": "2",
                            "security_groups.2299581210": "butler-firewall",
                            "security_groups.3814588639": "default",
                            "stop_before_destroy": "false",
                            "volume.#": "0"
                        },
                        "meta": {
                            "e2bfb730-ecaa-11e6-8f88-34363bc7c4c0": {
                                "create": 1800000000000,
                                "delete": 1800000000000,
                                "update": 1800000000000
                            }
                        },
                        "tainted": true
                    },
                    "deposed": [],
                    "provider": ""
                },
                "openstack_compute_instance_v2.worker.58": {
                    "type": "openstack_compute_instance_v2",
                    "depends_on": [
                        "null_resource.masterip",
                        "openstack_compute_instance_v2.salt-master",
                        "openstack_compute_secgroup_v2.allow-traffic"
                    ],
                    "primary": {
                        "id": "6b98288c-7e0a-41ee-b938-2d2583eba5ba",
                        "attributes": {
                            "access_ip_v4": "10.39.20.62",
                            "access_ip_v6": "",
                            "all_metadata.%": "0",
                            "availability_zone": "nova",
                            "flavor_id": "d2d56ca5-511b-4a4b-89eb-1d6f06ee58b1",
                            "flavor_name": "c8-30gb-186",
                            "force_delete": "false",
                            "id": "6b98288c-7e0a-41ee-b938-2d2583eba5ba",
                            "image_id": "5550b32e-f335-468a-9d21-751822294afb",
                            "image_name": "butler_base",
                            "key_pair": "sergei",
                            "name": "butler-worker-58",
                            "network.#": "1",
                            "network.0.access_network": "false",
                            "network.0.fixed_ip_v4": "10.39.20.62",
                            "network.0.fixed_ip_v6": "",
                            "network.0.floating_ip": "",
                            "network.0.mac": "fa:16:3e:51:25:59",
                            "network.0.name": "VLAN3331_network",
                            "network.0.port": "",
                            "network.0.uuid": "dedbfee7-55a0-4201-8b19-a50b673f822d",
                            "security_groups.#": "2",
                            "security_groups.2299581210": "butler-firewall",
                            "security_groups.3814588639": "default",
                            "stop_before_destroy": "false",
                            "volume.#": "0"
                        },
                        "meta": {
                            "e2bfb730-ecaa-11e6-8f88-34363bc7c4c0": {
                                "create": 1800000000000,
                                "delete": 1800000000000,
                                "update": 1800000000000
                            }
                        },
                        "tainted": false
                    },
                    "deposed": [],
                    "provider": ""
                },
                "openstack_compute_instance_v2.worker.59": {
                    "type": "openstack_compute_instance_v2",
                    "depends_on": [
                        "null_resource.masterip",
                        "openstack_compute_instance_v2.salt-master",
                        "openstack_compute_secgroup_v2.allow-traffic"
                    ],
                    "primary": {
                        "id": "92c8091b-3cad-4cb3-bba1-272fc42d7181",
                        "attributes": {
                            "access_ip_v4": "10.39.20.135",
                            "access_ip_v6": "",
                            "all_metadata.%": "0",
                            "availability_zone": "nova",
                            "flavor_id": "d2d56ca5-511b-4a4b-89eb-1d6f06ee58b1",
                            "flavor_name": "c8-30gb-186",
                            "force_delete": "false",
                            "id": "92c8091b-3cad-4cb3-bba1-272fc42d7181",
                            "image_id": "5550b32e-f335-468a-9d21-751822294afb",
                            "image_name": "butler_base",
                            "key_pair": "sergei",
                            "name": "butler-worker-59",
                            "network.#": "1",
                            "network.0.access_network": "false",
                            "network.0.fixed_ip_v4": "10.39.20.135",
                            "network.0.fixed_ip_v6": "",
                            "network.0.floating_ip": "",
                            "network.0.mac": "fa:16:3e:ec:00:72",
                            "network.0.name": "VLAN3331_network",
                            "network.0.port": "",
                            "network.0.uuid": "dedbfee7-55a0-4201-8b19-a50b673f822d",
                            "security_groups.#": "2",
                            "security_groups.2299581210": "butler-firewall",
                            "security_groups.3814588639": "default",
                            "stop_before_destroy": "false",
                            "volume.#": "0"
                        },
                        "meta": {
                            "e2bfb730-ecaa-11e6-8f88-34363bc7c4c0": {
                                "create": 1800000000000,
                                "delete": 1800000000000,
                                "update": 1800000000000
                            }
                        },
                        "tainted": true
                    },
                    "deposed": [],
                    "provider": ""
                },
                "openstack_compute_instance_v2.worker.6": {
                    "type": "openstack_compute_instance_v2",
                    "depends_on": [
                        "null_resource.masterip",
                        "openstack_compute_instance_v2.salt-master",
                        "openstack_compute_secgroup_v2.allow-traffic"
                    ],
                    "primary": {
                        "id": "547d267b-2836-440a-99a8-7b7954dda074",
                        "attributes": {
                            "access_ip_v4": "10.39.20.136",
                            "access_ip_v6": "",
                            "all_metadata.%": "0",
                            "availability_zone": "nova",
                            "flavor_id": "d2d56ca5-511b-4a4b-89eb-1d6f06ee58b1",
                            "flavor_name": "c8-30gb-186",
                            "force_delete": "false",
                            "id": "547d267b-2836-440a-99a8-7b7954dda074",
                            "image_id": "5550b32e-f335-468a-9d21-751822294afb",
                            "image_name": "butler_base",
                            "key_pair": "sergei",
                            "name": "butler-worker-6",
                            "network.#": "1",
                            "network.0.access_network": "false",
                            "network.0.fixed_ip_v4": "10.39.20.136",
                            "network.0.fixed_ip_v6": "",
                            "network.0.floating_ip": "",
                            "network.0.mac": "fa:16:3e:bc:67:a4",
                            "network.0.name": "VLAN3331_network",
                            "network.0.port": "",
                            "network.0.uuid": "dedbfee7-55a0-4201-8b19-a50b673f822d",
                            "security_groups.#": "2",
                            "security_groups.2299581210": "butler-firewall",
                            "security_groups.3814588639": "default",
                            "stop_before_destroy": "false",
                            "volume.#": "0"
                        },
                        "meta": {
                            "e2bfb730-ecaa-11e6-8f88-34363bc7c4c0": {
                                "create": 1800000000000,
                                "delete": 1800000000000,
                                "update": 1800000000000
                            }
                        },
                        "tainted": true
                    },
                    "deposed": [],
                    "provider": ""
                },
                "openstack_compute_instance_v2.worker.60": {
                    "type": "openstack_compute_instance_v2",
                    "depends_on": [
                        "null_resource.masterip",
                        "openstack_compute_instance_v2.salt-master",
                        "openstack_compute_secgroup_v2.allow-traffic"
                    ],
                    "primary": {
                        "id": "69b5a125-7881-487d-8d41-9d7b57ba3c11",
                        "attributes": {
                            "flavor_name": "c8-30gb-186",
                            "force_delete": "false",
                            "id": "69b5a125-7881-487d-8d41-9d7b57ba3c11",
                            "image_id": "5550b32e-f335-468a-9d21-751822294afb",
                            "key_pair": "sergei",
                            "name": "butler-worker-60",
                            "network.#": "1",
                            "network.0.access_network": "false",
                            "network.0.fixed_ip_v4": "",
                            "network.0.fixed_ip_v6": "",
                            "network.0.floating_ip": "",
                            "network.0.mac": "",
                            "network.0.name": "",
                            "network.0.port": "",
                            "network.0.uuid": "dedbfee7-55a0-4201-8b19-a50b673f822d",
                            "security_groups.#": "2",
                            "security_groups.2299581210": "butler-firewall",
                            "security_groups.3814588639": "default",
                            "stop_before_destroy": "false"
                        },
                        "meta": {
                            "e2bfb730-ecaa-11e6-8f88-34363bc7c4c0": {
                                "create": 1800000000000,
                                "delete": 1800000000000,
                                "update": 1800000000000
                            }
                        },
                        "tainted": true
                    },
                    "deposed": [],
                    "provider": ""
                },
                "openstack_compute_instance_v2.worker.61": {
                    "type": "openstack_compute_instance_v2",
                    "depends_on": [
                        "null_resource.masterip",
                        "openstack_compute_instance_v2.salt-master",
                        "openstack_compute_secgroup_v2.allow-traffic"
                    ],
                    "primary": {
                        "id": "a5dd1e84-6180-43eb-af7d-70755bbb07ad",
                        "attributes": {
                            "access_ip_v4": "10.39.20.141",
                            "access_ip_v6": "",
                            "all_metadata.%": "0",
                            "availability_zone": "nova",
                            "flavor_id": "d2d56ca5-511b-4a4b-89eb-1d6f06ee58b1",
                            "flavor_name": "c8-30gb-186",
                            "force_delete": "false",
                            "id": "a5dd1e84-6180-43eb-af7d-70755bbb07ad",
                            "image_id": "5550b32e-f335-468a-9d21-751822294afb",
                            "image_name": "butler_base",
                            "key_pair": "sergei",
                            "name": "butler-worker-61",
                            "network.#": "1",
                            "network.0.access_network": "false",
                            "network.0.fixed_ip_v4": "10.39.20.141",
                            "network.0.fixed_ip_v6": "",
                            "network.0.floating_ip": "",
                            "network.0.mac": "fa:16:3e:86:68:63",
                            "network.0.name": "VLAN3331_network",
                            "network.0.port": "",
                            "network.0.uuid": "dedbfee7-55a0-4201-8b19-a50b673f822d",
                            "security_groups.#": "2",
                            "security_groups.2299581210": "butler-firewall",
                            "security_groups.3814588639": "default",
                            "stop_before_destroy": "false",
                            "volume.#": "0"
                        },
                        "meta": {
                            "e2bfb730-ecaa-11e6-8f88-34363bc7c4c0": {
                                "create": 1800000000000,
                                "delete": 1800000000000,
                                "update": 1800000000000
                            }
                        },
                        "tainted": true
                    },
                    "deposed": [],
                    "provider": ""
                },
                "openstack_compute_instance_v2.worker.62": {
                    "type": "openstack_compute_instance_v2",
                    "depends_on": [
                        "null_resource.masterip",
                        "openstack_compute_instance_v2.salt-master",
                        "openstack_compute_secgroup_v2.allow-traffic"
                    ],
                    "primary": {
                        "id": "318b3c48-c7ef-4e32-9e38-abb6b51c91df",
                        "attributes": {
                            "flavor_name": "c8-30gb-186",
                            "force_delete": "false",
                            "id": "318b3c48-c7ef-4e32-9e38-abb6b51c91df",
                            "image_id": "5550b32e-f335-468a-9d21-751822294afb",
                            "key_pair": "sergei",
                            "name": "butler-worker-62",
                            "network.#": "1",
                            "network.0.access_network": "false",
                            "network.0.fixed_ip_v4": "",
                            "network.0.fixed_ip_v6": "",
                            "network.0.floating_ip": "",
                            "network.0.mac": "",
                            "network.0.name": "",
                            "network.0.port": "",
                            "network.0.uuid": "dedbfee7-55a0-4201-8b19-a50b673f822d",
                            "security_groups.#": "2",
                            "security_groups.2299581210": "butler-firewall",
                            "security_groups.3814588639": "default",
                            "stop_before_destroy": "false"
                        },
                        "meta": {
                            "e2bfb730-ecaa-11e6-8f88-34363bc7c4c0": {
                                "create": 1800000000000,
                                "delete": 1800000000000,
                                "update": 1800000000000
                            }
                        },
                        "tainted": true
                    },
                    "deposed": [],
                    "provider": ""
                },
                "openstack_compute_instance_v2.worker.63": {
                    "type": "openstack_compute_instance_v2",
                    "depends_on": [
                        "null_resource.masterip",
                        "openstack_compute_instance_v2.salt-master",
                        "openstack_compute_secgroup_v2.allow-traffic"
                    ],
                    "primary": {
                        "id": "d44ca0cc-5b96-4980-9fbf-0ee95be64832",
                        "attributes": {
                            "flavor_name": "c8-30gb-186",
                            "force_delete": "false",
                            "id": "d44ca0cc-5b96-4980-9fbf-0ee95be64832",
                            "image_id": "5550b32e-f335-468a-9d21-751822294afb",
                            "key_pair": "sergei",
                            "name": "butler-worker-63",
                            "network.#": "1",
                            "network.0.access_network": "false",
                            "network.0.fixed_ip_v4": "",
                            "network.0.fixed_ip_v6": "",
                            "network.0.floating_ip": "",
                            "network.0.mac": "",
                            "network.0.name": "",
                            "network.0.port": "",
                            "network.0.uuid": "dedbfee7-55a0-4201-8b19-a50b673f822d",
                            "security_groups.#": "2",
                            "security_groups.2299581210": "butler-firewall",
                            "security_groups.3814588639": "default",
                            "stop_before_destroy": "false"
                        },
                        "meta": {
                            "e2bfb730-ecaa-11e6-8f88-34363bc7c4c0": {
                                "create": 1800000000000,
                                "delete": 1800000000000,
                                "update": 1800000000000
                            }
                        },
                        "tainted": true
                    },
                    "deposed": [],
                    "provider": ""
                },
                "openstack_compute_instance_v2.worker.64": {
                    "type": "openstack_compute_instance_v2",
                    "depends_on": [
                        "null_resource.masterip",
                        "openstack_compute_instance_v2.salt-master",
                        "openstack_compute_secgroup_v2.allow-traffic"
                    ],
                    "primary": {
                        "id": "8f4a67f1-e0e8-4185-8c38-afbb9763bda2",
                        "attributes": {
                            "access_ip_v4": "10.39.20.175",
                            "access_ip_v6": "",
                            "all_metadata.%": "0",
                            "availability_zone": "nova",
                            "flavor_id": "d2d56ca5-511b-4a4b-89eb-1d6f06ee58b1",
                            "flavor_name": "c8-30gb-186",
                            "force_delete": "false",
                            "id": "8f4a67f1-e0e8-4185-8c38-afbb9763bda2",
                            "image_id": "5550b32e-f335-468a-9d21-751822294afb",
                            "image_name": "butler_base",
                            "key_pair": "sergei",
                            "name": "butler-worker-64",
                            "network.#": "1",
                            "network.0.access_network": "false",
                            "network.0.fixed_ip_v4": "10.39.20.175",
                            "network.0.fixed_ip_v6": "",
                            "network.0.floating_ip": "",
                            "network.0.mac": "fa:16:3e:a1:58:bb",
                            "network.0.name": "VLAN3331_network",
                            "network.0.port": "",
                            "network.0.uuid": "dedbfee7-55a0-4201-8b19-a50b673f822d",
                            "security_groups.#": "2",
                            "security_groups.2299581210": "butler-firewall",
                            "security_groups.3814588639": "default",
                            "stop_before_destroy": "false",
                            "volume.#": "0"
                        },
                        "meta": {
                            "e2bfb730-ecaa-11e6-8f88-34363bc7c4c0": {
                                "create": 1800000000000,
                                "delete": 1800000000000,
                                "update": 1800000000000
                            }
                        },
                        "tainted": true
                    },
                    "deposed": [],
                    "provider": ""
                },
                "openstack_compute_instance_v2.worker.65": {
                    "type": "openstack_compute_instance_v2",
                    "depends_on": [
                        "null_resource.masterip",
                        "openstack_compute_instance_v2.salt-master",
                        "openstack_compute_secgroup_v2.allow-traffic"
                    ],
                    "primary": {
                        "id": "486e7bbe-d304-4a81-8f08-1f53bc43ec9e",
                        "attributes": {
                            "flavor_name": "c8-30gb-186",
                            "force_delete": "false",
                            "id": "486e7bbe-d304-4a81-8f08-1f53bc43ec9e",
                            "image_id": "5550b32e-f335-468a-9d21-751822294afb",
                            "key_pair": "sergei",
                            "name": "butler-worker-65",
                            "network.#": "1",
                            "network.0.access_network": "false",
                            "network.0.fixed_ip_v4": "",
                            "network.0.fixed_ip_v6": "",
                            "network.0.floating_ip": "",
                            "network.0.mac": "",
                            "network.0.name": "",
                            "network.0.port": "",
                            "network.0.uuid": "dedbfee7-55a0-4201-8b19-a50b673f822d",
                            "security_groups.#": "2",
                            "security_groups.2299581210": "butler-firewall",
                            "security_groups.3814588639": "default",
                            "stop_before_destroy": "false"
                        },
                        "meta": {
                            "e2bfb730-ecaa-11e6-8f88-34363bc7c4c0": {
                                "create": 1800000000000,
                                "delete": 1800000000000,
                                "update": 1800000000000
                            }
                        },
                        "tainted": true
                    },
                    "deposed": [],
                    "provider": ""
                },
                "openstack_compute_instance_v2.worker.66": {
                    "type": "openstack_compute_instance_v2",
                    "depends_on": [
                        "null_resource.masterip",
                        "openstack_compute_instance_v2.salt-master",
                        "openstack_compute_secgroup_v2.allow-traffic"
                    ],
                    "primary": {
                        "id": "20cb562d-84df-4ca5-8456-89f4dcd9ba2e",
                        "attributes": {
                            "access_ip_v4": "10.39.20.157",
                            "access_ip_v6": "",
                            "all_metadata.%": "0",
                            "availability_zone": "nova",
                            "flavor_id": "d2d56ca5-511b-4a4b-89eb-1d6f06ee58b1",
                            "flavor_name": "c8-30gb-186",
                            "force_delete": "false",
                            "id": "20cb562d-84df-4ca5-8456-89f4dcd9ba2e",
                            "image_id": "5550b32e-f335-468a-9d21-751822294afb",
                            "image_name": "butler_base",
                            "key_pair": "sergei",
                            "name": "butler-worker-66",
                            "network.#": "1",
                            "network.0.access_network": "false",
                            "network.0.fixed_ip_v4": "10.39.20.157",
                            "network.0.fixed_ip_v6": "",
                            "network.0.floating_ip": "",
                            "network.0.mac": "fa:16:3e:51:6e:76",
                            "network.0.name": "VLAN3331_network",
                            "network.0.port": "",
                            "network.0.uuid": "dedbfee7-55a0-4201-8b19-a50b673f822d",
                            "security_groups.#": "2",
                            "security_groups.2299581210": "butler-firewall",
                            "security_groups.3814588639": "default",
                            "stop_before_destroy": "false",
                            "volume.#": "0"
                        },
                        "meta": {
                            "e2bfb730-ecaa-11e6-8f88-34363bc7c4c0": {
                                "create": 1800000000000,
                                "delete": 1800000000000,
                                "update": 1800000000000
                            }
                        },
                        "tainted": true
                    },
                    "deposed": [],
                    "provider": ""
                },
                "openstack_compute_instance_v2.worker.67": {
                    "type": "openstack_compute_instance_v2",
                    "depends_on": [
                        "null_resource.masterip",
                        "openstack_compute_instance_v2.salt-master",
                        "openstack_compute_secgroup_v2.allow-traffic"
                    ],
                    "primary": {
                        "id": "18bc6bc2-901d-4f99-8f72-357211093955",
                        "attributes": {
                            "access_ip_v4": "10.39.20.130",
                            "access_ip_v6": "",
                            "all_metadata.%": "0",
                            "availability_zone": "nova",
                            "flavor_id": "d2d56ca5-511b-4a4b-89eb-1d6f06ee58b1",
                            "flavor_name": "c8-30gb-186",
                            "force_delete": "false",
                            "id": "18bc6bc2-901d-4f99-8f72-357211093955",
                            "image_id": "5550b32e-f335-468a-9d21-751822294afb",
                            "image_name": "butler_base",
                            "key_pair": "sergei",
                            "name": "butler-worker-67",
                            "network.#": "1",
                            "network.0.access_network": "false",
                            "network.0.fixed_ip_v4": "10.39.20.130",
                            "network.0.fixed_ip_v6": "",
                            "network.0.floating_ip": "",
                            "network.0.mac": "fa:16:3e:bc:f7:1d",
                            "network.0.name": "VLAN3331_network",
                            "network.0.port": "",
                            "network.0.uuid": "dedbfee7-55a0-4201-8b19-a50b673f822d",
                            "security_groups.#": "2",
                            "security_groups.2299581210": "butler-firewall",
                            "security_groups.3814588639": "default",
                            "stop_before_destroy": "false",
                            "volume.#": "0"
                        },
                        "meta": {
                            "e2bfb730-ecaa-11e6-8f88-34363bc7c4c0": {
                                "create": 1800000000000,
                                "delete": 1800000000000,
                                "update": 1800000000000
                            }
                        },
                        "tainted": true
                    },
                    "deposed": [],
                    "provider": ""
                },
                "openstack_compute_instance_v2.worker.68": {
                    "type": "openstack_compute_instance_v2",
                    "depends_on": [
                        "null_resource.masterip",
                        "openstack_compute_instance_v2.salt-master",
                        "openstack_compute_secgroup_v2.allow-traffic"
                    ],
                    "primary": {
                        "id": "ad1cd8ce-5fc7-4c22-af63-a051148bb12c",
                        "attributes": {
                            "access_ip_v4": "10.39.20.176",
                            "access_ip_v6": "",
                            "all_metadata.%": "0",
                            "availability_zone": "nova",
                            "flavor_id": "d2d56ca5-511b-4a4b-89eb-1d6f06ee58b1",
                            "flavor_name": "c8-30gb-186",
                            "force_delete": "false",
                            "id": "ad1cd8ce-5fc7-4c22-af63-a051148bb12c",
                            "image_id": "5550b32e-f335-468a-9d21-751822294afb",
                            "image_name": "butler_base",
                            "key_pair": "sergei",
                            "name": "butler-worker-68",
                            "network.#": "1",
                            "network.0.access_network": "false",
                            "network.0.fixed_ip_v4": "10.39.20.176",
                            "network.0.fixed_ip_v6": "",
                            "network.0.floating_ip": "",
                            "network.0.mac": "fa:16:3e:11:64:b8",
                            "network.0.name": "VLAN3331_network",
                            "network.0.port": "",
                            "network.0.uuid": "dedbfee7-55a0-4201-8b19-a50b673f822d",
                            "security_groups.#": "2",
                            "security_groups.2299581210": "butler-firewall",
                            "security_groups.3814588639": "default",
                            "stop_before_destroy": "false",
                            "volume.#": "0"
                        },
                        "meta": {
                            "e2bfb730-ecaa-11e6-8f88-34363bc7c4c0": {
                                "create": 1800000000000,
                                "delete": 1800000000000,
                                "update": 1800000000000
                            }
                        },
                        "tainted": false
                    },
                    "deposed": [],
                    "provider": ""
                },
                "openstack_compute_instance_v2.worker.69": {
                    "type": "openstack_compute_instance_v2",
                    "depends_on": [
                        "null_resource.masterip",
                        "openstack_compute_instance_v2.salt-master",
                        "openstack_compute_secgroup_v2.allow-traffic"
                    ],
                    "primary": {
                        "id": "c462196b-ce35-43f9-b6a5-ff234729ea87",
                        "attributes": {
                            "access_ip_v4": "10.39.20.86",
                            "access_ip_v6": "",
                            "all_metadata.%": "0",
                            "availability_zone": "nova",
                            "flavor_id": "d2d56ca5-511b-4a4b-89eb-1d6f06ee58b1",
                            "flavor_name": "c8-30gb-186",
                            "force_delete": "false",
                            "id": "c462196b-ce35-43f9-b6a5-ff234729ea87",
                            "image_id": "5550b32e-f335-468a-9d21-751822294afb",
                            "image_name": "butler_base",
                            "key_pair": "sergei",
                            "name": "butler-worker-69",
                            "network.#": "1",
                            "network.0.access_network": "false",
                            "network.0.fixed_ip_v4": "10.39.20.86",
                            "network.0.fixed_ip_v6": "",
                            "network.0.floating_ip": "",
                            "network.0.mac": "fa:16:3e:4b:29:09",
                            "network.0.name": "VLAN3331_network",
                            "network.0.port": "",
                            "network.0.uuid": "dedbfee7-55a0-4201-8b19-a50b673f822d",
                            "security_groups.#": "2",
                            "security_groups.2299581210": "butler-firewall",
                            "security_groups.3814588639": "default",
                            "stop_before_destroy": "false",
                            "volume.#": "0"
                        },
                        "meta": {
                            "e2bfb730-ecaa-11e6-8f88-34363bc7c4c0": {
                                "create": 1800000000000,
                                "delete": 1800000000000,
                                "update": 1800000000000
                            }
                        },
                        "tainted": false
                    },
                    "deposed": [],
                    "provider": ""
                },
                "openstack_compute_instance_v2.worker.7": {
                    "type": "openstack_compute_instance_v2",
                    "depends_on": [
                        "null_resource.masterip",
                        "openstack_compute_instance_v2.salt-master",
                        "openstack_compute_secgroup_v2.allow-traffic"
                    ],
                    "primary": {
                        "id": "0c5371aa-c167-423a-804e-de1848b4a8b8",
                        "attributes": {
                            "access_ip_v4": "10.39.20.42",
                            "access_ip_v6": "",
                            "all_metadata.%": "0",
                            "availability_zone": "nova",
                            "flavor_id": "d2d56ca5-511b-4a4b-89eb-1d6f06ee58b1",
                            "flavor_name": "c8-30gb-186",
                            "force_delete": "false",
                            "id": "0c5371aa-c167-423a-804e-de1848b4a8b8",
                            "image_id": "5550b32e-f335-468a-9d21-751822294afb",
                            "image_name": "butler_base",
                            "key_pair": "sergei",
                            "name": "butler-worker-7",
                            "network.#": "1",
                            "network.0.access_network": "false",
                            "network.0.fixed_ip_v4": "10.39.20.42",
                            "network.0.fixed_ip_v6": "",
                            "network.0.floating_ip": "",
                            "network.0.mac": "fa:16:3e:0e:b2:63",
                            "network.0.name": "VLAN3331_network",
                            "network.0.port": "",
                            "network.0.uuid": "dedbfee7-55a0-4201-8b19-a50b673f822d",
                            "security_groups.#": "2",
                            "security_groups.2299581210": "butler-firewall",
                            "security_groups.3814588639": "default",
                            "stop_before_destroy": "false",
                            "volume.#": "0"
                        },
                        "meta": {
                            "e2bfb730-ecaa-11e6-8f88-34363bc7c4c0": {
                                "create": 1800000000000,
                                "delete": 1800000000000,
                                "update": 1800000000000
                            }
                        },
                        "tainted": false
                    },
                    "deposed": [],
                    "provider": ""
                },
                "openstack_compute_instance_v2.worker.70": {
                    "type": "openstack_compute_instance_v2",
                    "depends_on": [
                        "null_resource.masterip",
                        "openstack_compute_instance_v2.salt-master",
                        "openstack_compute_secgroup_v2.allow-traffic"
                    ],
                    "primary": {
                        "id": "160a9236-bc7e-45f3-8909-b837c82d9c03",
                        "attributes": {
                            "flavor_name": "c8-30gb-186",
                            "force_delete": "false",
                            "id": "160a9236-bc7e-45f3-8909-b837c82d9c03",
                            "image_id": "5550b32e-f335-468a-9d21-751822294afb",
                            "key_pair": "sergei",
                            "name": "butler-worker-70",
                            "network.#": "1",
                            "network.0.access_network": "false",
                            "network.0.fixed_ip_v4": "",
                            "network.0.fixed_ip_v6": "",
                            "network.0.floating_ip": "",
                            "network.0.mac": "",
                            "network.0.name": "",
                            "network.0.port": "",
                            "network.0.uuid": "dedbfee7-55a0-4201-8b19-a50b673f822d",
                            "security_groups.#": "2",
                            "security_groups.2299581210": "butler-firewall",
                            "security_groups.3814588639": "default",
                            "stop_before_destroy": "false"
                        },
                        "meta": {
                            "e2bfb730-ecaa-11e6-8f88-34363bc7c4c0": {
                                "create": 1800000000000,
                                "delete": 1800000000000,
                                "update": 1800000000000
                            }
                        },
                        "tainted": true
                    },
                    "deposed": [],
                    "provider": ""
                },
                "openstack_compute_instance_v2.worker.71": {
                    "type": "openstack_compute_instance_v2",
                    "depends_on": [
                        "null_resource.masterip",
                        "openstack_compute_instance_v2.salt-master",
                        "openstack_compute_secgroup_v2.allow-traffic"
                    ],
                    "primary": {
                        "id": "c814d27f-49bf-4077-9f19-ffbeddf9386a",
                        "attributes": {
                            "access_ip_v4": "10.39.20.169",
                            "access_ip_v6": "",
                            "all_metadata.%": "0",
                            "availability_zone": "nova",
                            "flavor_id": "d2d56ca5-511b-4a4b-89eb-1d6f06ee58b1",
                            "flavor_name": "c8-30gb-186",
                            "force_delete": "false",
                            "id": "c814d27f-49bf-4077-9f19-ffbeddf9386a",
                            "image_id": "5550b32e-f335-468a-9d21-751822294afb",
                            "image_name": "butler_base",
                            "key_pair": "sergei",
                            "name": "butler-worker-71",
                            "network.#": "1",
                            "network.0.access_network": "false",
                            "network.0.fixed_ip_v4": "10.39.20.169",
                            "network.0.fixed_ip_v6": "",
                            "network.0.floating_ip": "",
                            "network.0.mac": "fa:16:3e:7f:aa:fa",
                            "network.0.name": "VLAN3331_network",
                            "network.0.port": "",
                            "network.0.uuid": "dedbfee7-55a0-4201-8b19-a50b673f822d",
                            "security_groups.#": "2",
                            "security_groups.2299581210": "butler-firewall",
                            "security_groups.3814588639": "default",
                            "stop_before_destroy": "false",
                            "volume.#": "0"
                        },
                        "meta": {
                            "e2bfb730-ecaa-11e6-8f88-34363bc7c4c0": {
                                "create": 1800000000000,
                                "delete": 1800000000000,
                                "update": 1800000000000
                            }
                        },
                        "tainted": true
                    },
                    "deposed": [],
                    "provider": ""
                },
                "openstack_compute_instance_v2.worker.72": {
                    "type": "openstack_compute_instance_v2",
                    "depends_on": [
                        "null_resource.masterip",
                        "openstack_compute_instance_v2.salt-master",
                        "openstack_compute_secgroup_v2.allow-traffic"
                    ],
                    "primary": {
                        "id": "80900b21-9de0-4282-b0f6-c06a9e6ac1ba",
                        "attributes": {
                            "access_ip_v4": "10.39.20.60",
                            "access_ip_v6": "",
                            "all_metadata.%": "0",
                            "availability_zone": "nova",
                            "flavor_id": "d2d56ca5-511b-4a4b-89eb-1d6f06ee58b1",
                            "flavor_name": "c8-30gb-186",
                            "force_delete": "false",
                            "id": "80900b21-9de0-4282-b0f6-c06a9e6ac1ba",
                            "image_id": "5550b32e-f335-468a-9d21-751822294afb",
                            "image_name": "butler_base",
                            "key_pair": "sergei",
                            "name": "butler-worker-72",
                            "network.#": "1",
                            "network.0.access_network": "false",
                            "network.0.fixed_ip_v4": "10.39.20.60",
                            "network.0.fixed_ip_v6": "",
                            "network.0.floating_ip": "",
                            "network.0.mac": "fa:16:3e:c8:ef:87",
                            "network.0.name": "VLAN3331_network",
                            "network.0.port": "",
                            "network.0.uuid": "dedbfee7-55a0-4201-8b19-a50b673f822d",
                            "security_groups.#": "2",
                            "security_groups.2299581210": "butler-firewall",
                            "security_groups.3814588639": "default",
                            "stop_before_destroy": "false",
                            "volume.#": "0"
                        },
                        "meta": {
                            "e2bfb730-ecaa-11e6-8f88-34363bc7c4c0": {
                                "create": 1800000000000,
                                "delete": 1800000000000,
                                "update": 1800000000000
                            }
                        },
                        "tainted": false
                    },
                    "deposed": [],
                    "provider": ""
                },
                "openstack_compute_instance_v2.worker.73": {
                    "type": "openstack_compute_instance_v2",
                    "depends_on": [
                        "null_resource.masterip",
                        "openstack_compute_instance_v2.salt-master",
                        "openstack_compute_secgroup_v2.allow-traffic"
                    ],
                    "primary": {
                        "id": "b8824d23-17e0-4501-88cc-167d1c6f4e70",
                        "attributes": {
                            "access_ip_v4": "10.39.20.54",
                            "access_ip_v6": "",
                            "all_metadata.%": "0",
                            "availability_zone": "nova",
                            "flavor_id": "d2d56ca5-511b-4a4b-89eb-1d6f06ee58b1",
                            "flavor_name": "c8-30gb-186",
                            "force_delete": "false",
                            "id": "b8824d23-17e0-4501-88cc-167d1c6f4e70",
                            "image_id": "5550b32e-f335-468a-9d21-751822294afb",
                            "image_name": "butler_base",
                            "key_pair": "sergei",
                            "name": "butler-worker-73",
                            "network.#": "1",
                            "network.0.access_network": "false",
                            "network.0.fixed_ip_v4": "10.39.20.54",
                            "network.0.fixed_ip_v6": "",
                            "network.0.floating_ip": "",
                            "network.0.mac": "fa:16:3e:da:bb:18",
                            "network.0.name": "VLAN3331_network",
                            "network.0.port": "",
                            "network.0.uuid": "dedbfee7-55a0-4201-8b19-a50b673f822d",
                            "security_groups.#": "2",
                            "security_groups.2299581210": "butler-firewall",
                            "security_groups.3814588639": "default",
                            "stop_before_destroy": "false",
                            "volume.#": "0"
                        },
                        "meta": {
                            "e2bfb730-ecaa-11e6-8f88-34363bc7c4c0": {
                                "create": 1800000000000,
                                "delete": 1800000000000,
                                "update": 1800000000000
                            }
                        },
                        "tainted": false
                    },
                    "deposed": [],
                    "provider": ""
                },
                "openstack_compute_instance_v2.worker.74": {
                    "type": "openstack_compute_instance_v2",
                    "depends_on": [
                        "null_resource.masterip",
                        "openstack_compute_instance_v2.salt-master",
                        "openstack_compute_secgroup_v2.allow-traffic"
                    ],
                    "primary": {
                        "id": "942b72fd-c3cf-4096-acd8-9395eb1ba8a2",
                        "attributes": {
                            "flavor_name": "c8-30gb-186",
                            "force_delete": "false",
                            "id": "942b72fd-c3cf-4096-acd8-9395eb1ba8a2",
                            "image_id": "5550b32e-f335-468a-9d21-751822294afb",
                            "key_pair": "sergei",
                            "name": "butler-worker-74",
                            "network.#": "1",
                            "network.0.access_network": "false",
                            "network.0.fixed_ip_v4": "",
                            "network.0.fixed_ip_v6": "",
                            "network.0.floating_ip": "",
                            "network.0.mac": "",
                            "network.0.name": "",
                            "network.0.port": "",
                            "network.0.uuid": "dedbfee7-55a0-4201-8b19-a50b673f822d",
                            "security_groups.#": "2",
                            "security_groups.2299581210": "butler-firewall",
                            "security_groups.3814588639": "default",
                            "stop_before_destroy": "false"
                        },
                        "meta": {
                            "e2bfb730-ecaa-11e6-8f88-34363bc7c4c0": {
                                "create": 1800000000000,
                                "delete": 1800000000000,
                                "update": 1800000000000
                            }
                        },
                        "tainted": true
                    },
                    "deposed": [],
                    "provider": ""
                },
                "openstack_compute_instance_v2.worker.75": {
                    "type": "openstack_compute_instance_v2",
                    "depends_on": [
                        "null_resource.masterip",
                        "openstack_compute_instance_v2.salt-master",
                        "openstack_compute_secgroup_v2.allow-traffic"
                    ],
                    "primary": {
                        "id": "73ac7589-e7fc-4cdd-a558-c04b61b0ae3c",
                        "attributes": {
                            "access_ip_v4": "10.39.20.160",
                            "access_ip_v6": "",
                            "all_metadata.%": "0",
                            "availability_zone": "nova",
                            "flavor_id": "d2d56ca5-511b-4a4b-89eb-1d6f06ee58b1",
                            "flavor_name": "c8-30gb-186",
                            "force_delete": "false",
                            "id": "73ac7589-e7fc-4cdd-a558-c04b61b0ae3c",
                            "image_id": "5550b32e-f335-468a-9d21-751822294afb",
                            "image_name": "butler_base",
                            "key_pair": "sergei",
                            "name": "butler-worker-75",
                            "network.#": "1",
                            "network.0.access_network": "false",
                            "network.0.fixed_ip_v4": "10.39.20.160",
                            "network.0.fixed_ip_v6": "",
                            "network.0.floating_ip": "",
                            "network.0.mac": "fa:16:3e:5d:78:c3",
                            "network.0.name": "VLAN3331_network",
                            "network.0.port": "",
                            "network.0.uuid": "dedbfee7-55a0-4201-8b19-a50b673f822d",
                            "security_groups.#": "2",
                            "security_groups.2299581210": "butler-firewall",
                            "security_groups.3814588639": "default",
                            "stop_before_destroy": "false",
                            "volume.#": "0"
                        },
                        "meta": {
                            "e2bfb730-ecaa-11e6-8f88-34363bc7c4c0": {
                                "create": 1800000000000,
                                "delete": 1800000000000,
                                "update": 1800000000000
                            }
                        },
                        "tainted": true
                    },
                    "deposed": [],
                    "provider": ""
                },
                "openstack_compute_instance_v2.worker.76": {
                    "type": "openstack_compute_instance_v2",
                    "depends_on": [
                        "null_resource.masterip",
                        "openstack_compute_instance_v2.salt-master",
                        "openstack_compute_secgroup_v2.allow-traffic"
                    ],
                    "primary": {
                        "id": "e7c8867b-9577-4a6d-875d-121bc7a3fd4d",
                        "attributes": {
                            "access_ip_v4": "10.39.20.58",
                            "access_ip_v6": "",
                            "all_metadata.%": "0",
                            "availability_zone": "nova",
                            "flavor_id": "d2d56ca5-511b-4a4b-89eb-1d6f06ee58b1",
                            "flavor_name": "c8-30gb-186",
                            "force_delete": "false",
                            "id": "e7c8867b-9577-4a6d-875d-121bc7a3fd4d",
                            "image_id": "5550b32e-f335-468a-9d21-751822294afb",
                            "image_name": "butler_base",
                            "key_pair": "sergei",
                            "name": "butler-worker-76",
                            "network.#": "1",
                            "network.0.access_network": "false",
                            "network.0.fixed_ip_v4": "10.39.20.58",
                            "network.0.fixed_ip_v6": "",
                            "network.0.floating_ip": "",
                            "network.0.mac": "fa:16:3e:c0:38:c2",
                            "network.0.name": "VLAN3331_network",
                            "network.0.port": "",
                            "network.0.uuid": "dedbfee7-55a0-4201-8b19-a50b673f822d",
                            "security_groups.#": "2",
                            "security_groups.2299581210": "butler-firewall",
                            "security_groups.3814588639": "default",
                            "stop_before_destroy": "false",
                            "volume.#": "0"
                        },
                        "meta": {
                            "e2bfb730-ecaa-11e6-8f88-34363bc7c4c0": {
                                "create": 1800000000000,
                                "delete": 1800000000000,
                                "update": 1800000000000
                            }
                        },
                        "tainted": false
                    },
                    "deposed": [],
                    "provider": ""
                },
                "openstack_compute_instance_v2.worker.77": {
                    "type": "openstack_compute_instance_v2",
                    "depends_on": [
                        "null_resource.masterip",
                        "openstack_compute_instance_v2.salt-master",
                        "openstack_compute_secgroup_v2.allow-traffic"
                    ],
                    "primary": {
                        "id": "e10c3382-ea72-4cca-bac1-8b6f2e2eefec",
                        "attributes": {
                            "access_ip_v4": "10.39.20.75",
                            "access_ip_v6": "",
                            "all_metadata.%": "0",
                            "availability_zone": "nova",
                            "flavor_id": "d2d56ca5-511b-4a4b-89eb-1d6f06ee58b1",
                            "flavor_name": "c8-30gb-186",
                            "force_delete": "false",
                            "id": "e10c3382-ea72-4cca-bac1-8b6f2e2eefec",
                            "image_id": "5550b32e-f335-468a-9d21-751822294afb",
                            "image_name": "butler_base",
                            "key_pair": "sergei",
                            "name": "butler-worker-77",
                            "network.#": "1",
                            "network.0.access_network": "false",
                            "network.0.fixed_ip_v4": "10.39.20.75",
                            "network.0.fixed_ip_v6": "",
                            "network.0.floating_ip": "",
                            "network.0.mac": "fa:16:3e:61:b8:d0",
                            "network.0.name": "VLAN3331_network",
                            "network.0.port": "",
                            "network.0.uuid": "dedbfee7-55a0-4201-8b19-a50b673f822d",
                            "security_groups.#": "2",
                            "security_groups.2299581210": "butler-firewall",
                            "security_groups.3814588639": "default",
                            "stop_before_destroy": "false",
                            "volume.#": "0"
                        },
                        "meta": {
                            "e2bfb730-ecaa-11e6-8f88-34363bc7c4c0": {
                                "create": 1800000000000,
                                "delete": 1800000000000,
                                "update": 1800000000000
                            }
                        },
                        "tainted": false
                    },
                    "deposed": [],
                    "provider": ""
                },
                "openstack_compute_instance_v2.worker.78": {
                    "type": "openstack_compute_instance_v2",
                    "depends_on": [
                        "null_resource.masterip",
                        "openstack_compute_instance_v2.salt-master",
                        "openstack_compute_secgroup_v2.allow-traffic"
                    ],
                    "primary": {
                        "id": "dcc70e6b-ee73-49a4-bae0-3f06989c44dc",
                        "attributes": {
                            "flavor_name": "c8-30gb-186",
                            "force_delete": "false",
                            "id": "dcc70e6b-ee73-49a4-bae0-3f06989c44dc",
                            "image_id": "5550b32e-f335-468a-9d21-751822294afb",
                            "key_pair": "sergei",
                            "name": "butler-worker-78",
                            "network.#": "1",
                            "network.0.access_network": "false",
                            "network.0.fixed_ip_v4": "",
                            "network.0.fixed_ip_v6": "",
                            "network.0.floating_ip": "",
                            "network.0.mac": "",
                            "network.0.name": "",
                            "network.0.port": "",
                            "network.0.uuid": "dedbfee7-55a0-4201-8b19-a50b673f822d",
                            "security_groups.#": "2",
                            "security_groups.2299581210": "butler-firewall",
                            "security_groups.3814588639": "default",
                            "stop_before_destroy": "false"
                        },
                        "meta": {
                            "e2bfb730-ecaa-11e6-8f88-34363bc7c4c0": {
                                "create": 1800000000000,
                                "delete": 1800000000000,
                                "update": 1800000000000
                            }
                        },
                        "tainted": true
                    },
                    "deposed": [],
                    "provider": ""
                },
                "openstack_compute_instance_v2.worker.79": {
                    "type": "openstack_compute_instance_v2",
                    "depends_on": [
                        "null_resource.masterip",
                        "openstack_compute_instance_v2.salt-master",
                        "openstack_compute_secgroup_v2.allow-traffic"
                    ],
                    "primary": {
                        "id": "460bbdac-49aa-404c-b536-1b337b8446bd",
                        "attributes": {
                            "access_ip_v4": "10.39.20.153",
                            "access_ip_v6": "",
                            "all_metadata.%": "0",
                            "availability_zone": "nova",
                            "flavor_id": "d2d56ca5-511b-4a4b-89eb-1d6f06ee58b1",
                            "flavor_name": "c8-30gb-186",
                            "force_delete": "false",
                            "id": "460bbdac-49aa-404c-b536-1b337b8446bd",
                            "image_id": "5550b32e-f335-468a-9d21-751822294afb",
                            "image_name": "butler_base",
                            "key_pair": "sergei",
                            "name": "butler-worker-79",
                            "network.#": "1",
                            "network.0.access_network": "false",
                            "network.0.fixed_ip_v4": "10.39.20.153",
                            "network.0.fixed_ip_v6": "",
                            "network.0.floating_ip": "",
                            "network.0.mac": "fa:16:3e:2f:30:01",
                            "network.0.name": "VLAN3331_network",
                            "network.0.port": "",
                            "network.0.uuid": "dedbfee7-55a0-4201-8b19-a50b673f822d",
                            "security_groups.#": "2",
                            "security_groups.2299581210": "butler-firewall",
                            "security_groups.3814588639": "default",
                            "stop_before_destroy": "false",
                            "volume.#": "0"
                        },
                        "meta": {
                            "e2bfb730-ecaa-11e6-8f88-34363bc7c4c0": {
                                "create": 1800000000000,
                                "delete": 1800000000000,
                                "update": 1800000000000
                            }
                        },
                        "tainted": true
                    },
                    "deposed": [],
                    "provider": ""
                },
                "openstack_compute_instance_v2.worker.8": {
                    "type": "openstack_compute_instance_v2",
                    "depends_on": [
                        "null_resource.masterip",
                        "openstack_compute_instance_v2.salt-master",
                        "openstack_compute_secgroup_v2.allow-traffic"
                    ],
                    "primary": {
                        "id": "e494a67b-5773-4660-bf89-1b5e5531da37",
                        "attributes": {
                            "flavor_name": "c8-30gb-186",
                            "force_delete": "false",
                            "id": "e494a67b-5773-4660-bf89-1b5e5531da37",
                            "image_id": "5550b32e-f335-468a-9d21-751822294afb",
                            "key_pair": "sergei",
                            "name": "butler-worker-8",
                            "network.#": "1",
                            "network.0.access_network": "false",
                            "network.0.fixed_ip_v4": "",
                            "network.0.fixed_ip_v6": "",
                            "network.0.floating_ip": "",
                            "network.0.mac": "",
                            "network.0.name": "",
                            "network.0.port": "",
                            "network.0.uuid": "dedbfee7-55a0-4201-8b19-a50b673f822d",
                            "security_groups.#": "2",
                            "security_groups.2299581210": "butler-firewall",
                            "security_groups.3814588639": "default",
                            "stop_before_destroy": "false"
                        },
                        "meta": {
                            "e2bfb730-ecaa-11e6-8f88-34363bc7c4c0": {
                                "create": 1800000000000,
                                "delete": 1800000000000,
                                "update": 1800000000000
                            }
                        },
                        "tainted": true
                    },
                    "deposed": [],
                    "provider": ""
                },
                "openstack_compute_instance_v2.worker.80": {
                    "type": "openstack_compute_instance_v2",
                    "depends_on": [
                        "null_resource.masterip",
                        "openstack_compute_instance_v2.salt-master",
                        "openstack_compute_secgroup_v2.allow-traffic"
                    ],
                    "primary": {
                        "id": "e6b64ed7-640f-4cf3-b695-64977b477b69",
                        "attributes": {
                            "access_ip_v4": "10.39.20.167",
                            "access_ip_v6": "",
                            "all_metadata.%": "0",
                            "availability_zone": "nova",
                            "flavor_id": "d2d56ca5-511b-4a4b-89eb-1d6f06ee58b1",
                            "flavor_name": "c8-30gb-186",
                            "force_delete": "false",
                            "id": "e6b64ed7-640f-4cf3-b695-64977b477b69",
                            "image_id": "5550b32e-f335-468a-9d21-751822294afb",
                            "image_name": "butler_base",
                            "key_pair": "sergei",
                            "name": "butler-worker-80",
                            "network.#": "1",
                            "network.0.access_network": "false",
                            "network.0.fixed_ip_v4": "10.39.20.167",
                            "network.0.fixed_ip_v6": "",
                            "network.0.floating_ip": "",
                            "network.0.mac": "fa:16:3e:cb:cd:48",
                            "network.0.name": "VLAN3331_network",
                            "network.0.port": "",
                            "network.0.uuid": "dedbfee7-55a0-4201-8b19-a50b673f822d",
                            "security_groups.#": "2",
                            "security_groups.2299581210": "butler-firewall",
                            "security_groups.3814588639": "default",
                            "stop_before_destroy": "false",
                            "volume.#": "0"
                        },
                        "meta": {
                            "e2bfb730-ecaa-11e6-8f88-34363bc7c4c0": {
                                "create": 1800000000000,
                                "delete": 1800000000000,
                                "update": 1800000000000
                            }
                        },
                        "tainted": true
                    },
                    "deposed": [],
                    "provider": ""
                },
                "openstack_compute_instance_v2.worker.81": {
                    "type": "openstack_compute_instance_v2",
                    "depends_on": [
                        "null_resource.masterip",
                        "openstack_compute_instance_v2.salt-master",
                        "openstack_compute_secgroup_v2.allow-traffic"
                    ],
                    "primary": {
                        "id": "ef580de3-ea1d-4faa-b0e7-d9664838f4b9",
                        "attributes": {
                            "access_ip_v4": "10.39.20.63",
                            "access_ip_v6": "",
                            "all_metadata.%": "0",
                            "availability_zone": "nova",
                            "flavor_id": "d2d56ca5-511b-4a4b-89eb-1d6f06ee58b1",
                            "flavor_name": "c8-30gb-186",
                            "force_delete": "false",
                            "id": "ef580de3-ea1d-4faa-b0e7-d9664838f4b9",
                            "image_id": "5550b32e-f335-468a-9d21-751822294afb",
                            "image_name": "butler_base",
                            "key_pair": "sergei",
                            "name": "butler-worker-81",
                            "network.#": "1",
                            "network.0.access_network": "false",
                            "network.0.fixed_ip_v4": "10.39.20.63",
                            "network.0.fixed_ip_v6": "",
                            "network.0.floating_ip": "",
                            "network.0.mac": "fa:16:3e:b5:95:5f",
                            "network.0.name": "VLAN3331_network",
                            "network.0.port": "",
                            "network.0.uuid": "dedbfee7-55a0-4201-8b19-a50b673f822d",
                            "security_groups.#": "2",
                            "security_groups.2299581210": "butler-firewall",
                            "security_groups.3814588639": "default",
                            "stop_before_destroy": "false",
                            "volume.#": "0"
                        },
                        "meta": {
                            "e2bfb730-ecaa-11e6-8f88-34363bc7c4c0": {
                                "create": 1800000000000,
                                "delete": 1800000000000,
                                "update": 1800000000000
                            }
                        },
                        "tainted": false
                    },
                    "deposed": [],
                    "provider": ""
                },
                "openstack_compute_instance_v2.worker.82": {
                    "type": "openstack_compute_instance_v2",
                    "depends_on": [
                        "null_resource.masterip",
                        "openstack_compute_instance_v2.salt-master",
                        "openstack_compute_secgroup_v2.allow-traffic"
                    ],
                    "primary": {
                        "id": "e72af8f5-328c-470e-abcd-94277f35cf5d",
                        "attributes": {
                            "flavor_name": "c8-30gb-186",
                            "force_delete": "false",
                            "id": "e72af8f5-328c-470e-abcd-94277f35cf5d",
                            "image_id": "5550b32e-f335-468a-9d21-751822294afb",
                            "key_pair": "sergei",
                            "name": "butler-worker-82",
                            "network.#": "1",
                            "network.0.access_network": "false",
                            "network.0.fixed_ip_v4": "",
                            "network.0.fixed_ip_v6": "",
                            "network.0.floating_ip": "",
                            "network.0.mac": "",
                            "network.0.name": "",
                            "network.0.port": "",
                            "network.0.uuid": "dedbfee7-55a0-4201-8b19-a50b673f822d",
                            "security_groups.#": "2",
                            "security_groups.2299581210": "butler-firewall",
                            "security_groups.3814588639": "default",
                            "stop_before_destroy": "false"
                        },
                        "meta": {
                            "e2bfb730-ecaa-11e6-8f88-34363bc7c4c0": {
                                "create": 1800000000000,
                                "delete": 1800000000000,
                                "update": 1800000000000
                            }
                        },
                        "tainted": true
                    },
                    "deposed": [],
                    "provider": ""
                },
                "openstack_compute_instance_v2.worker.83": {
                    "type": "openstack_compute_instance_v2",
                    "depends_on": [
                        "null_resource.masterip",
                        "openstack_compute_instance_v2.salt-master",
                        "openstack_compute_secgroup_v2.allow-traffic"
                    ],
                    "primary": {
                        "id": "37108a91-d1f6-484f-a0c2-351a7743a3ee",
                        "attributes": {
                            "access_ip_v4": "10.39.20.155",
                            "access_ip_v6": "",
                            "all_metadata.%": "0",
                            "availability_zone": "nova",
                            "flavor_id": "d2d56ca5-511b-4a4b-89eb-1d6f06ee58b1",
                            "flavor_name": "c8-30gb-186",
                            "force_delete": "false",
                            "id": "37108a91-d1f6-484f-a0c2-351a7743a3ee",
                            "image_id": "5550b32e-f335-468a-9d21-751822294afb",
                            "image_name": "butler_base",
                            "key_pair": "sergei",
                            "name": "butler-worker-83",
                            "network.#": "1",
                            "network.0.access_network": "false",
                            "network.0.fixed_ip_v4": "10.39.20.155",
                            "network.0.fixed_ip_v6": "",
                            "network.0.floating_ip": "",
                            "network.0.mac": "fa:16:3e:df:2d:94",
                            "network.0.name": "VLAN3331_network",
                            "network.0.port": "",
                            "network.0.uuid": "dedbfee7-55a0-4201-8b19-a50b673f822d",
                            "security_groups.#": "2",
                            "security_groups.2299581210": "butler-firewall",
                            "security_groups.3814588639": "default",
                            "stop_before_destroy": "false",
                            "volume.#": "0"
                        },
                        "meta": {
                            "e2bfb730-ecaa-11e6-8f88-34363bc7c4c0": {
                                "create": 1800000000000,
                                "delete": 1800000000000,
                                "update": 1800000000000
                            }
                        },
                        "tainted": true
                    },
                    "deposed": [],
                    "provider": ""
                },
                "openstack_compute_instance_v2.worker.84": {
                    "type": "openstack_compute_instance_v2",
                    "depends_on": [
                        "null_resource.masterip",
                        "openstack_compute_instance_v2.salt-master",
                        "openstack_compute_secgroup_v2.allow-traffic"
                    ],
                    "primary": {
                        "id": "23070708-39bc-46e1-a4f8-4f6e6f284bd8",
                        "attributes": {
                            "access_ip_v4": "10.39.20.89",
                            "access_ip_v6": "",
                            "all_metadata.%": "0",
                            "availability_zone": "nova",
                            "flavor_id": "d2d56ca5-511b-4a4b-89eb-1d6f06ee58b1",
                            "flavor_name": "c8-30gb-186",
                            "force_delete": "false",
                            "id": "23070708-39bc-46e1-a4f8-4f6e6f284bd8",
                            "image_id": "5550b32e-f335-468a-9d21-751822294afb",
                            "image_name": "butler_base",
                            "key_pair": "sergei",
                            "name": "butler-worker-84",
                            "network.#": "1",
                            "network.0.access_network": "false",
                            "network.0.fixed_ip_v4": "10.39.20.89",
                            "network.0.fixed_ip_v6": "",
                            "network.0.floating_ip": "",
                            "network.0.mac": "fa:16:3e:ac:4f:50",
                            "network.0.name": "VLAN3331_network",
                            "network.0.port": "",
                            "network.0.uuid": "dedbfee7-55a0-4201-8b19-a50b673f822d",
                            "security_groups.#": "2",
                            "security_groups.2299581210": "butler-firewall",
                            "security_groups.3814588639": "default",
                            "stop_before_destroy": "false",
                            "volume.#": "0"
                        },
                        "meta": {
                            "e2bfb730-ecaa-11e6-8f88-34363bc7c4c0": {
                                "create": 1800000000000,
                                "delete": 1800000000000,
                                "update": 1800000000000
                            }
                        },
                        "tainted": false
                    },
                    "deposed": [],
                    "provider": ""
                },
                "openstack_compute_instance_v2.worker.85": {
                    "type": "openstack_compute_instance_v2",
                    "depends_on": [
                        "null_resource.masterip",
                        "openstack_compute_instance_v2.salt-master",
                        "openstack_compute_secgroup_v2.allow-traffic"
                    ],
                    "primary": {
                        "id": "ffae93e7-cb18-402c-91d0-82afdfb974d1",
                        "attributes": {
                            "flavor_name": "c8-30gb-186",
                            "force_delete": "false",
                            "id": "ffae93e7-cb18-402c-91d0-82afdfb974d1",
                            "image_id": "5550b32e-f335-468a-9d21-751822294afb",
                            "key_pair": "sergei",
                            "name": "butler-worker-85",
                            "network.#": "1",
                            "network.0.access_network": "false",
                            "network.0.fixed_ip_v4": "",
                            "network.0.fixed_ip_v6": "",
                            "network.0.floating_ip": "",
                            "network.0.mac": "",
                            "network.0.name": "",
                            "network.0.port": "",
                            "network.0.uuid": "dedbfee7-55a0-4201-8b19-a50b673f822d",
                            "security_groups.#": "2",
                            "security_groups.2299581210": "butler-firewall",
                            "security_groups.3814588639": "default",
                            "stop_before_destroy": "false"
                        },
                        "meta": {
                            "e2bfb730-ecaa-11e6-8f88-34363bc7c4c0": {
                                "create": 1800000000000,
                                "delete": 1800000000000,
                                "update": 1800000000000
                            }
                        },
                        "tainted": true
                    },
                    "deposed": [],
                    "provider": ""
                },
                "openstack_compute_instance_v2.worker.86": {
                    "type": "openstack_compute_instance_v2",
                    "depends_on": [
                        "null_resource.masterip",
                        "openstack_compute_instance_v2.salt-master",
                        "openstack_compute_secgroup_v2.allow-traffic"
                    ],
                    "primary": {
                        "id": "b56763a1-666a-49c4-aab2-1d2f98838f94",
                        "attributes": {
                            "access_ip_v4": "10.39.20.133",
                            "access_ip_v6": "",
                            "all_metadata.%": "0",
                            "availability_zone": "nova",
                            "flavor_id": "d2d56ca5-511b-4a4b-89eb-1d6f06ee58b1",
                            "flavor_name": "c8-30gb-186",
                            "force_delete": "false",
                            "id": "b56763a1-666a-49c4-aab2-1d2f98838f94",
                            "image_id": "5550b32e-f335-468a-9d21-751822294afb",
                            "image_name": "butler_base",
                            "key_pair": "sergei",
                            "name": "butler-worker-86",
                            "network.#": "1",
                            "network.0.access_network": "false",
                            "network.0.fixed_ip_v4": "10.39.20.133",
                            "network.0.fixed_ip_v6": "",
                            "network.0.floating_ip": "",
                            "network.0.mac": "fa:16:3e:b5:18:0c",
                            "network.0.name": "VLAN3331_network",
                            "network.0.port": "",
                            "network.0.uuid": "dedbfee7-55a0-4201-8b19-a50b673f822d",
                            "security_groups.#": "2",
                            "security_groups.2299581210": "butler-firewall",
                            "security_groups.3814588639": "default",
                            "stop_before_destroy": "false",
                            "volume.#": "0"
                        },
                        "meta": {
                            "e2bfb730-ecaa-11e6-8f88-34363bc7c4c0": {
                                "create": 1800000000000,
                                "delete": 1800000000000,
                                "update": 1800000000000
                            }
                        },
                        "tainted": true
                    },
                    "deposed": [],
                    "provider": ""
                },
                "openstack_compute_instance_v2.worker.87": {
                    "type": "openstack_compute_instance_v2",
                    "depends_on": [
                        "null_resource.masterip",
                        "openstack_compute_instance_v2.salt-master",
                        "openstack_compute_secgroup_v2.allow-traffic"
                    ],
                    "primary": {
                        "id": "b6ab1074-3ca4-4dd8-8e01-65685072f989",
                        "attributes": {
                            "flavor_name": "c8-30gb-186",
                            "force_delete": "false",
                            "id": "b6ab1074-3ca4-4dd8-8e01-65685072f989",
                            "image_id": "5550b32e-f335-468a-9d21-751822294afb",
                            "key_pair": "sergei",
                            "name": "butler-worker-87",
                            "network.#": "1",
                            "network.0.access_network": "false",
                            "network.0.fixed_ip_v4": "",
                            "network.0.fixed_ip_v6": "",
                            "network.0.floating_ip": "",
                            "network.0.mac": "",
                            "network.0.name": "",
                            "network.0.port": "",
                            "network.0.uuid": "dedbfee7-55a0-4201-8b19-a50b673f822d",
                            "security_groups.#": "2",
                            "security_groups.2299581210": "butler-firewall",
                            "security_groups.3814588639": "default",
                            "stop_before_destroy": "false"
                        },
                        "meta": {
                            "e2bfb730-ecaa-11e6-8f88-34363bc7c4c0": {
                                "create": 1800000000000,
                                "delete": 1800000000000,
                                "update": 1800000000000
                            }
                        },
                        "tainted": true
                    },
                    "deposed": [],
                    "provider": ""
                },
                "openstack_compute_instance_v2.worker.88": {
                    "type": "openstack_compute_instance_v2",
                    "depends_on": [
                        "null_resource.masterip",
                        "openstack_compute_instance_v2.salt-master",
                        "openstack_compute_secgroup_v2.allow-traffic"
                    ],
                    "primary": {
                        "id": "19372c08-03d5-4696-9871-a040d664fb60",
                        "attributes": {
                            "flavor_name": "c8-30gb-186",
                            "force_delete": "false",
                            "id": "19372c08-03d5-4696-9871-a040d664fb60",
                            "image_id": "5550b32e-f335-468a-9d21-751822294afb",
                            "key_pair": "sergei",
                            "name": "butler-worker-88",
                            "network.#": "1",
                            "network.0.access_network": "false",
                            "network.0.fixed_ip_v4": "",
                            "network.0.fixed_ip_v6": "",
                            "network.0.floating_ip": "",
                            "network.0.mac": "",
                            "network.0.name": "",
                            "network.0.port": "",
                            "network.0.uuid": "dedbfee7-55a0-4201-8b19-a50b673f822d",
                            "security_groups.#": "2",
                            "security_groups.2299581210": "butler-firewall",
                            "security_groups.3814588639": "default",
                            "stop_before_destroy": "false"
                        },
                        "meta": {
                            "e2bfb730-ecaa-11e6-8f88-34363bc7c4c0": {
                                "create": 1800000000000,
                                "delete": 1800000000000,
                                "update": 1800000000000
                            }
                        },
                        "tainted": true
                    },
                    "deposed": [],
                    "provider": ""
                },
                "openstack_compute_instance_v2.worker.89": {
                    "type": "openstack_compute_instance_v2",
                    "depends_on": [
                        "null_resource.masterip",
                        "openstack_compute_instance_v2.salt-master",
                        "openstack_compute_secgroup_v2.allow-traffic"
                    ],
                    "primary": {
                        "id": "c50918b2-797e-4574-b057-44dfd8a1cee8",
                        "attributes": {
                            "access_ip_v4": "10.39.20.174",
                            "access_ip_v6": "",
                            "all_metadata.%": "0",
                            "availability_zone": "nova",
                            "flavor_id": "d2d56ca5-511b-4a4b-89eb-1d6f06ee58b1",
                            "flavor_name": "c8-30gb-186",
                            "force_delete": "false",
                            "id": "c50918b2-797e-4574-b057-44dfd8a1cee8",
                            "image_id": "5550b32e-f335-468a-9d21-751822294afb",
                            "image_name": "butler_base",
                            "key_pair": "sergei",
                            "name": "butler-worker-89",
                            "network.#": "1",
                            "network.0.access_network": "false",
                            "network.0.fixed_ip_v4": "10.39.20.174",
                            "network.0.fixed_ip_v6": "",
                            "network.0.floating_ip": "",
                            "network.0.mac": "fa:16:3e:11:aa:de",
                            "network.0.name": "VLAN3331_network",
                            "network.0.port": "",
                            "network.0.uuid": "dedbfee7-55a0-4201-8b19-a50b673f822d",
                            "security_groups.#": "2",
                            "security_groups.2299581210": "butler-firewall",
                            "security_groups.3814588639": "default",
                            "stop_before_destroy": "false",
                            "volume.#": "0"
                        },
                        "meta": {
                            "e2bfb730-ecaa-11e6-8f88-34363bc7c4c0": {
                                "create": 1800000000000,
                                "delete": 1800000000000,
                                "update": 1800000000000
                            }
                        },
                        "tainted": true
                    },
                    "deposed": [],
                    "provider": ""
                },
                "openstack_compute_instance_v2.worker.9": {
                    "type": "openstack_compute_instance_v2",
                    "depends_on": [
                        "null_resource.masterip",
                        "openstack_compute_instance_v2.salt-master",
                        "openstack_compute_secgroup_v2.allow-traffic"
                    ],
                    "primary": {
                        "id": "d150633f-0929-4596-914d-159f8d1390d7",
                        "attributes": {
                            "access_ip_v4": "10.39.20.158",
                            "access_ip_v6": "",
                            "all_metadata.%": "0",
                            "availability_zone": "nova",
                            "flavor_id": "d2d56ca5-511b-4a4b-89eb-1d6f06ee58b1",
                            "flavor_name": "c8-30gb-186",
                            "force_delete": "false",
                            "id": "d150633f-0929-4596-914d-159f8d1390d7",
                            "image_id": "5550b32e-f335-468a-9d21-751822294afb",
                            "image_name": "butler_base",
                            "key_pair": "sergei",
                            "name": "butler-worker-9",
                            "network.#": "1",
                            "network.0.access_network": "false",
                            "network.0.fixed_ip_v4": "10.39.20.158",
                            "network.0.fixed_ip_v6": "",
                            "network.0.floating_ip": "",
                            "network.0.mac": "fa:16:3e:b2:c0:2b",
                            "network.0.name": "VLAN3331_network",
                            "network.0.port": "",
                            "network.0.uuid": "dedbfee7-55a0-4201-8b19-a50b673f822d",
                            "security_groups.#": "2",
                            "security_groups.2299581210": "butler-firewall",
                            "security_groups.3814588639": "default",
                            "stop_before_destroy": "false",
                            "volume.#": "0"
                        },
                        "meta": {
                            "e2bfb730-ecaa-11e6-8f88-34363bc7c4c0": {
                                "create": 1800000000000,
                                "delete": 1800000000000,
                                "update": 1800000000000
                            }
                        },
                        "tainted": true
                    },
                    "deposed": [],
                    "provider": ""
                },
                "openstack_compute_instance_v2.worker.90": {
                    "type": "openstack_compute_instance_v2",
                    "depends_on": [
                        "null_resource.masterip",
                        "openstack_compute_instance_v2.salt-master",
                        "openstack_compute_secgroup_v2.allow-traffic"
                    ],
                    "primary": {
                        "id": "c6efc03a-2a08-45bb-b9b4-358bc0a1e82b",
                        "attributes": {
                            "access_ip_v4": "10.39.20.49",
                            "access_ip_v6": "",
                            "all_metadata.%": "0",
                            "availability_zone": "nova",
                            "flavor_id": "d2d56ca5-511b-4a4b-89eb-1d6f06ee58b1",
                            "flavor_name": "c8-30gb-186",
                            "force_delete": "false",
                            "id": "c6efc03a-2a08-45bb-b9b4-358bc0a1e82b",
                            "image_id": "5550b32e-f335-468a-9d21-751822294afb",
                            "image_name": "butler_base",
                            "key_pair": "sergei",
                            "name": "butler-worker-90",
                            "network.#": "1",
                            "network.0.access_network": "false",
                            "network.0.fixed_ip_v4": "10.39.20.49",
                            "network.0.fixed_ip_v6": "",
                            "network.0.floating_ip": "",
                            "network.0.mac": "fa:16:3e:05:39:88",
                            "network.0.name": "VLAN3331_network",
                            "network.0.port": "",
                            "network.0.uuid": "dedbfee7-55a0-4201-8b19-a50b673f822d",
                            "security_groups.#": "2",
                            "security_groups.2299581210": "butler-firewall",
                            "security_groups.3814588639": "default",
                            "stop_before_destroy": "false",
                            "volume.#": "0"
                        },
                        "meta": {
                            "e2bfb730-ecaa-11e6-8f88-34363bc7c4c0": {
                                "create": 1800000000000,
                                "delete": 1800000000000,
                                "update": 1800000000000
                            }
                        },
                        "tainted": false
                    },
                    "deposed": [],
                    "provider": ""
                },
                "openstack_compute_instance_v2.worker.91": {
                    "type": "openstack_compute_instance_v2",
                    "depends_on": [
                        "null_resource.masterip",
                        "openstack_compute_instance_v2.salt-master",
                        "openstack_compute_secgroup_v2.allow-traffic"
                    ],
                    "primary": {
                        "id": "63742440-7b68-419f-898d-52a016fb379e",
                        "attributes": {
                            "flavor_name": "c8-30gb-186",
                            "force_delete": "false",
                            "id": "63742440-7b68-419f-898d-52a016fb379e",
                            "image_id": "5550b32e-f335-468a-9d21-751822294afb",
                            "key_pair": "sergei",
                            "name": "butler-worker-91",
                            "network.#": "1",
                            "network.0.access_network": "false",
                            "network.0.fixed_ip_v4": "",
                            "network.0.fixed_ip_v6": "",
                            "network.0.floating_ip": "",
                            "network.0.mac": "",
                            "network.0.name": "",
                            "network.0.port": "",
                            "network.0.uuid": "dedbfee7-55a0-4201-8b19-a50b673f822d",
                            "security_groups.#": "2",
                            "security_groups.2299581210": "butler-firewall",
                            "security_groups.3814588639": "default",
                            "stop_before_destroy": "false"
                        },
                        "meta": {
                            "e2bfb730-ecaa-11e6-8f88-34363bc7c4c0": {
                                "create": 1800000000000,
                                "delete": 1800000000000,
                                "update": 1800000000000
                            }
                        },
                        "tainted": true
                    },
                    "deposed": [],
                    "provider": ""
                },
                "openstack_compute_instance_v2.worker.92": {
                    "type": "openstack_compute_instance_v2",
                    "depends_on": [
                        "null_resource.masterip",
                        "openstack_compute_instance_v2.salt-master",
                        "openstack_compute_secgroup_v2.allow-traffic"
                    ],
                    "primary": {
                        "id": "ccb78b1d-14df-4185-8d42-6c9451af36e9",
                        "attributes": {
                            "flavor_name": "c8-30gb-186",
                            "force_delete": "false",
                            "id": "ccb78b1d-14df-4185-8d42-6c9451af36e9",
                            "image_id": "5550b32e-f335-468a-9d21-751822294afb",
                            "key_pair": "sergei",
                            "name": "butler-worker-92",
                            "network.#": "1",
                            "network.0.access_network": "false",
                            "network.0.fixed_ip_v4": "",
                            "network.0.fixed_ip_v6": "",
                            "network.0.floating_ip": "",
                            "network.0.mac": "",
                            "network.0.name": "",
                            "network.0.port": "",
                            "network.0.uuid": "dedbfee7-55a0-4201-8b19-a50b673f822d",
                            "security_groups.#": "2",
                            "security_groups.2299581210": "butler-firewall",
                            "security_groups.3814588639": "default",
                            "stop_before_destroy": "false"
                        },
                        "meta": {
                            "e2bfb730-ecaa-11e6-8f88-34363bc7c4c0": {
                                "create": 1800000000000,
                                "delete": 1800000000000,
                                "update": 1800000000000
                            }
                        },
                        "tainted": true
                    },
                    "deposed": [],
                    "provider": ""
                },
                "openstack_compute_instance_v2.worker.93": {
                    "type": "openstack_compute_instance_v2",
                    "depends_on": [
                        "null_resource.masterip",
                        "openstack_compute_instance_v2.salt-master",
                        "openstack_compute_secgroup_v2.allow-traffic"
                    ],
                    "primary": {
                        "id": "87a7a7f4-dbfd-4558-a195-5623388cdfda",
                        "attributes": {
                            "access_ip_v4": "10.39.20.154",
                            "access_ip_v6": "",
                            "all_metadata.%": "0",
                            "availability_zone": "nova",
                            "flavor_id": "d2d56ca5-511b-4a4b-89eb-1d6f06ee58b1",
                            "flavor_name": "c8-30gb-186",
                            "force_delete": "false",
                            "id": "87a7a7f4-dbfd-4558-a195-5623388cdfda",
                            "image_id": "5550b32e-f335-468a-9d21-751822294afb",
                            "image_name": "butler_base",
                            "key_pair": "sergei",
                            "name": "butler-worker-93",
                            "network.#": "1",
                            "network.0.access_network": "false",
                            "network.0.fixed_ip_v4": "10.39.20.154",
                            "network.0.fixed_ip_v6": "",
                            "network.0.floating_ip": "",
                            "network.0.mac": "fa:16:3e:1e:16:6f",
                            "network.0.name": "VLAN3331_network",
                            "network.0.port": "",
                            "network.0.uuid": "dedbfee7-55a0-4201-8b19-a50b673f822d",
                            "security_groups.#": "2",
                            "security_groups.2299581210": "butler-firewall",
                            "security_groups.3814588639": "default",
                            "stop_before_destroy": "false",
                            "volume.#": "0"
                        },
                        "meta": {
                            "e2bfb730-ecaa-11e6-8f88-34363bc7c4c0": {
                                "create": 1800000000000,
                                "delete": 1800000000000,
                                "update": 1800000000000
                            }
                        },
                        "tainted": true
                    },
                    "deposed": [],
                    "provider": ""
                },
                "openstack_compute_instance_v2.worker.94": {
                    "type": "openstack_compute_instance_v2",
                    "depends_on": [
                        "null_resource.masterip",
                        "openstack_compute_instance_v2.salt-master",
                        "openstack_compute_secgroup_v2.allow-traffic"
                    ],
                    "primary": {
                        "id": "52dc5e66-ff65-4a47-a792-ac16bb26e3e6",
                        "attributes": {
                            "access_ip_v4": "10.39.20.99",
                            "access_ip_v6": "",
                            "all_metadata.%": "0",
                            "availability_zone": "nova",
                            "flavor_id": "d2d56ca5-511b-4a4b-89eb-1d6f06ee58b1",
                            "flavor_name": "c8-30gb-186",
                            "force_delete": "false",
                            "id": "52dc5e66-ff65-4a47-a792-ac16bb26e3e6",
                            "image_id": "5550b32e-f335-468a-9d21-751822294afb",
                            "image_name": "butler_base",
                            "key_pair": "sergei",
                            "name": "butler-worker-94",
                            "network.#": "1",
                            "network.0.access_network": "false",
                            "network.0.fixed_ip_v4": "10.39.20.99",
                            "network.0.fixed_ip_v6": "",
                            "network.0.floating_ip": "",
                            "network.0.mac": "fa:16:3e:59:82:7d",
                            "network.0.name": "VLAN3331_network",
                            "network.0.port": "",
                            "network.0.uuid": "dedbfee7-55a0-4201-8b19-a50b673f822d",
                            "security_groups.#": "2",
                            "security_groups.2299581210": "butler-firewall",
                            "security_groups.3814588639": "default",
                            "stop_before_destroy": "false",
                            "volume.#": "0"
                        },
                        "meta": {
                            "e2bfb730-ecaa-11e6-8f88-34363bc7c4c0": {
                                "create": 1800000000000,
                                "delete": 1800000000000,
                                "update": 1800000000000
                            }
                        },
                        "tainted": false
                    },
                    "deposed": [],
                    "provider": ""
                },
                "openstack_compute_instance_v2.worker.95": {
                    "type": "openstack_compute_instance_v2",
                    "depends_on": [
                        "null_resource.masterip",
                        "openstack_compute_instance_v2.salt-master",
                        "openstack_compute_secgroup_v2.allow-traffic"
                    ],
                    "primary": {
                        "id": "6c6e8a91-63a8-4e7f-a526-06d213950d10",
                        "attributes": {
                            "access_ip_v4": "10.39.20.170",
                            "access_ip_v6": "",
                            "all_metadata.%": "0",
                            "availability_zone": "nova",
                            "flavor_id": "d2d56ca5-511b-4a4b-89eb-1d6f06ee58b1",
                            "flavor_name": "c8-30gb-186",
                            "force_delete": "false",
                            "id": "6c6e8a91-63a8-4e7f-a526-06d213950d10",
                            "image_id": "5550b32e-f335-468a-9d21-751822294afb",
                            "image_name": "butler_base",
                            "key_pair": "sergei",
                            "name": "butler-worker-95",
                            "network.#": "1",
                            "network.0.access_network": "false",
                            "network.0.fixed_ip_v4": "10.39.20.170",
                            "network.0.fixed_ip_v6": "",
                            "network.0.floating_ip": "",
                            "network.0.mac": "fa:16:3e:d5:26:59",
                            "network.0.name": "VLAN3331_network",
                            "network.0.port": "",
                            "network.0.uuid": "dedbfee7-55a0-4201-8b19-a50b673f822d",
                            "security_groups.#": "2",
                            "security_groups.2299581210": "butler-firewall",
                            "security_groups.3814588639": "default",
                            "stop_before_destroy": "false",
                            "volume.#": "0"
                        },
                        "meta": {
                            "e2bfb730-ecaa-11e6-8f88-34363bc7c4c0": {
                                "create": 1800000000000,
                                "delete": 1800000000000,
                                "update": 1800000000000
                            }
                        },
                        "tainted": true
                    },
                    "deposed": [],
                    "provider": ""
                },
                "openstack_compute_instance_v2.worker.96": {
                    "type": "openstack_compute_instance_v2",
                    "depends_on": [
                        "null_resource.masterip",
                        "openstack_compute_instance_v2.salt-master",
                        "openstack_compute_secgroup_v2.allow-traffic"
                    ],
                    "primary": {
                        "id": "3a8a3b81-b033-4e88-a0d0-67e24f3de0a8",
                        "attributes": {
                            "flavor_name": "c8-30gb-186",
                            "force_delete": "false",
                            "id": "3a8a3b81-b033-4e88-a0d0-67e24f3de0a8",
                            "image_id": "5550b32e-f335-468a-9d21-751822294afb",
                            "key_pair": "sergei",
                            "name": "butler-worker-96",
                            "network.#": "1",
                            "network.0.access_network": "false",
                            "network.0.fixed_ip_v4": "",
                            "network.0.fixed_ip_v6": "",
                            "network.0.floating_ip": "",
                            "network.0.mac": "",
                            "network.0.name": "",
                            "network.0.port": "",
                            "network.0.uuid": "dedbfee7-55a0-4201-8b19-a50b673f822d",
                            "security_groups.#": "2",
                            "security_groups.2299581210": "butler-firewall",
                            "security_groups.3814588639": "default",
                            "stop_before_destroy": "false"
                        },
                        "meta": {
                            "e2bfb730-ecaa-11e6-8f88-34363bc7c4c0": {
                                "create": 1800000000000,
                                "delete": 1800000000000,
                                "update": 1800000000000
                            }
                        },
                        "tainted": true
                    },
                    "deposed": [],
                    "provider": ""
                },
                "openstack_compute_instance_v2.worker.97": {
                    "type": "openstack_compute_instance_v2",
                    "depends_on": [
                        "null_resource.masterip",
                        "openstack_compute_instance_v2.salt-master",
                        "openstack_compute_secgroup_v2.allow-traffic"
                    ],
                    "primary": {
                        "id": "8230bb08-92a8-4a0e-9867-d4509c387db8",
                        "attributes": {
                            "access_ip_v4": "10.39.20.177",
                            "access_ip_v6": "",
                            "all_metadata.%": "0",
                            "availability_zone": "nova",
                            "flavor_id": "d2d56ca5-511b-4a4b-89eb-1d6f06ee58b1",
                            "flavor_name": "c8-30gb-186",
                            "force_delete": "false",
                            "id": "8230bb08-92a8-4a0e-9867-d4509c387db8",
                            "image_id": "5550b32e-f335-468a-9d21-751822294afb",
                            "image_name": "butler_base",
                            "key_pair": "sergei",
                            "name": "butler-worker-97",
                            "network.#": "1",
                            "network.0.access_network": "false",
                            "network.0.fixed_ip_v4": "10.39.20.177",
                            "network.0.fixed_ip_v6": "",
                            "network.0.floating_ip": "",
                            "network.0.mac": "fa:16:3e:82:46:4c",
                            "network.0.name": "VLAN3331_network",
                            "network.0.port": "",
                            "network.0.uuid": "dedbfee7-55a0-4201-8b19-a50b673f822d",
                            "security_groups.#": "2",
                            "security_groups.2299581210": "butler-firewall",
                            "security_groups.3814588639": "default",
                            "stop_before_destroy": "false",
                            "volume.#": "0"
                        },
                        "meta": {
                            "e2bfb730-ecaa-11e6-8f88-34363bc7c4c0": {
                                "create": 1800000000000,
                                "delete": 1800000000000,
                                "update": 1800000000000
                            }
                        },
                        "tainted": true
                    },
                    "deposed": [],
                    "provider": ""
                },
                "openstack_compute_instance_v2.worker.98": {
                    "type": "openstack_compute_instance_v2",
                    "depends_on": [
                        "null_resource.masterip",
                        "openstack_compute_instance_v2.salt-master",
                        "openstack_compute_secgroup_v2.allow-traffic"
                    ],
                    "primary": {
                        "id": "c372776d-973b-4f6b-a5d0-2bb35f253e9b",
                        "attributes": {
                            "access_ip_v4": "10.39.20.172",
                            "access_ip_v6": "",
                            "all_metadata.%": "0",
                            "availability_zone": "nova",
                            "flavor_id": "d2d56ca5-511b-4a4b-89eb-1d6f06ee58b1",
                            "flavor_name": "c8-30gb-186",
                            "force_delete": "false",
                            "id": "c372776d-973b-4f6b-a5d0-2bb35f253e9b",
                            "image_id": "5550b32e-f335-468a-9d21-751822294afb",
                            "image_name": "butler_base",
                            "key_pair": "sergei",
                            "name": "butler-worker-98",
                            "network.#": "1",
                            "network.0.access_network": "false",
                            "network.0.fixed_ip_v4": "10.39.20.172",
                            "network.0.fixed_ip_v6": "",
                            "network.0.floating_ip": "",
                            "network.0.mac": "fa:16:3e:89:11:4d",
                            "network.0.name": "VLAN3331_network",
                            "network.0.port": "",
                            "network.0.uuid": "dedbfee7-55a0-4201-8b19-a50b673f822d",
                            "security_groups.#": "2",
                            "security_groups.2299581210": "butler-firewall",
                            "security_groups.3814588639": "default",
                            "stop_before_destroy": "false",
                            "volume.#": "0"
                        },
                        "meta": {
                            "e2bfb730-ecaa-11e6-8f88-34363bc7c4c0": {
                                "create": 1800000000000,
                                "delete": 1800000000000,
                                "update": 1800000000000
                            }
                        },
                        "tainted": true
                    },
                    "deposed": [],
                    "provider": ""
                },
                "openstack_compute_instance_v2.worker.99": {
                    "type": "openstack_compute_instance_v2",
                    "depends_on": [
                        "null_resource.masterip",
                        "openstack_compute_instance_v2.salt-master",
                        "openstack_compute_secgroup_v2.allow-traffic"
                    ],
                    "primary": {
                        "id": "5c892436-a306-40ac-8d20-182b019d7112",
                        "attributes": {
                            "access_ip_v4": "10.39.20.171",
                            "access_ip_v6": "",
                            "all_metadata.%": "0",
                            "availability_zone": "nova",
                            "flavor_id": "d2d56ca5-511b-4a4b-89eb-1d6f06ee58b1",
                            "flavor_name": "c8-30gb-186",
                            "force_delete": "false",
                            "id": "5c892436-a306-40ac-8d20-182b019d7112",
                            "image_id": "5550b32e-f335-468a-9d21-751822294afb",
                            "image_name": "butler_base",
                            "key_pair": "sergei",
                            "name": "butler-worker-99",
                            "network.#": "1",
                            "network.0.access_network": "false",
                            "network.0.fixed_ip_v4": "10.39.20.171",
                            "network.0.fixed_ip_v6": "",
                            "network.0.floating_ip": "",
                            "network.0.mac": "fa:16:3e:91:72:24",
                            "network.0.name": "VLAN3331_network",
                            "network.0.port": "",
                            "network.0.uuid": "dedbfee7-55a0-4201-8b19-a50b673f822d",
                            "security_groups.#": "2",
                            "security_groups.2299581210": "butler-firewall",
                            "security_groups.3814588639": "default",
                            "stop_before_destroy": "false",
                            "volume.#": "0"
                        },
                        "meta": {
                            "e2bfb730-ecaa-11e6-8f88-34363bc7c4c0": {
                                "create": 1800000000000,
                                "delete": 1800000000000,
                                "update": 1800000000000
                            }
                        },
                        "tainted": true
                    },
                    "deposed": [],
                    "provider": ""
                },
                "openstack_compute_secgroup_v2.allow-traffic": {
                    "type": "openstack_compute_secgroup_v2",
                    "depends_on": [],
                    "primary": {
                        "id": "3bdf4c7a-1909-4c60-bfeb-7dd036955d9a",
                        "attributes": {
                            "description": "Allow traffic across butler instances",
                            "id": "3bdf4c7a-1909-4c60-bfeb-7dd036955d9a",
                            "name": "butler-firewall",
                            "region": "",
                            "rule.#": "4",
                            "rule.112275015.cidr": "",
                            "rule.112275015.from_group_id": "",
                            "rule.112275015.from_port": "1",
                            "rule.112275015.id": "a2d8442c-2cf2-4afb-9d28-1a48f94c23aa",
                            "rule.112275015.ip_protocol": "tcp",
                            "rule.112275015.self": "true",
                            "rule.112275015.to_port": "65535",
                            "rule.2180185248.cidr": "0.0.0.0/0",
                            "rule.2180185248.from_group_id": "",
                            "rule.2180185248.from_port": "-1",
                            "rule.2180185248.id": "6f267257-c74c-4e07-9ace-defd399265fe",
                            "rule.2180185248.ip_protocol": "icmp",
                            "rule.2180185248.self": "false",
                            "rule.2180185248.to_port": "-1",
                            "rule.3811720511.cidr": "0.0.0.0/0",
                            "rule.3811720511.from_group_id": "",
                            "rule.3811720511.from_port": "3000",
                            "rule.3811720511.id": "64ab329f-620f-4287-aacf-5a1b05eb64c7",
                            "rule.3811720511.ip_protocol": "tcp",
                            "rule.3811720511.self": "false",
                            "rule.3811720511.to_port": "3000",
                            "rule.836640770.cidr": "0.0.0.0/0",
                            "rule.836640770.from_group_id": "",
                            "rule.836640770.from_port": "22",
                            "rule.836640770.id": "0bd9379b-9243-4e0a-9ce2-eb7751c4c07d",
                            "rule.836640770.ip_protocol": "tcp",
                            "rule.836640770.self": "false",
                            "rule.836640770.to_port": "22"
                        },
                        "meta": {
                            "e2bfb730-ecaa-11e6-8f88-34363bc7c4c0": {
                                "delete": 600000000000
                            }
                        },
                        "tainted": false
                    },
                    "deposed": [],
                    "provider": ""
                }
            },
            "depends_on": []
        }
    ]
}
